{"format_version": "1.0", "provider_schemas": {"registry.terraform.io/incident-io/incident": {"provider": {"version": 0, "block": {"attributes": {"api_key": {"type": "string", "description": "API key for incident.io (https://app.incident.io/settings/api-keys). Sourced from the `INCIDENT_API_KEY` environment variable, if set.", "description_kind": "markdown", "optional": true, "sensitive": true}, "endpoint": {"type": "string", "description": "URL of the incident.io API", "description_kind": "markdown", "optional": true}}, "description": "\nThis project is the official Terraform provider for incident.io.\n\nWith this provider you manage configuration such as incident severities, roles,\ncustom fields and more inside of your incident.io account.\n\nTo view the full documentation of this provider, we recommend reading the\ndocumentation on the [Terraform\nRegistry](https://registry.terraform.io/providers/incident-io/incident/latest).\n", "description_kind": "markdown"}}, "resource_schemas": {"incident_alert_attribute": {"version": 0, "block": {"attributes": {"array": {"type": "bool", "description": "Whether this attribute is an array", "description_kind": "markdown", "required": true}, "emoji": {"type": "string", "description": "The emoji to display alongside this attribute in chat messages, stored without colons", "description_kind": "markdown", "optional": true}, "id": {"type": "string", "description": "The ID of this attribute", "description_kind": "markdown", "computed": true}, "name": {"type": "string", "description": "Unique name of this attribute", "description_kind": "markdown", "required": true}, "required": {"type": "bool", "description": "Whether this attribute is required. If this field is not set, the existing setting will be preserved.", "description_kind": "markdown", "optional": true, "computed": true}, "type": {"type": "string", "description": "Engine resource name for this attribute", "description_kind": "markdown", "required": true}}, "description": "View and manage alert attributes.\n\nAlert attributes are used to parse structured data from alerts coming in via alert sources.", "description_kind": "markdown"}}, "incident_alert_route": {"version": 0, "block": {"attributes": {"enabled": {"type": "bool", "description": "Whether this alert route is enabled or not", "description_kind": "markdown", "required": true}, "id": {"type": "string", "description": "Unique identifier for this alert route config", "description_kind": "markdown", "computed": true}, "is_private": {"type": "bool", "description": "Whether this alert route is private. Private alert routes will only create private incidents from alerts.", "description_kind": "markdown", "required": true}, "name": {"type": "string", "description": "The name of this alert route config, for the user's reference", "description_kind": "markdown", "required": true}, "owning_team_ids": {"type": ["set", "string"], "description": "IDs of teams that own this alert route", "description_kind": "markdown", "optional": true}}, "description": "Configure your alert routes in incident.io.\n\nAlert routes define how alerts from different sources are processed, grouped, and routed to the right teams and people.\n\nWe'd generally recommend building alert routes in our [web dashboard](https://app.incident.io/~/alerts/configuration), and using the 'Export' flow to generate your Terraform, as it's easier to see what you've configured. You can also make changes to an existing alert route and copy the resulting Terraform without persisting it.", "description_kind": "markdown", "block_types": {"alert_sources": {"nesting_mode": "set", "block": {"attributes": {"alert_source_id": {"type": "string", "description": "The alert source ID that will match for the route", "description_kind": "markdown", "required": true}}, "description": "Which alert sources should this alert route match?", "description_kind": "markdown", "block_types": {"condition_groups": {"nesting_mode": "list", "block": {"attributes": {}, "description": "Groups of prerequisite conditions. All conditions in at least one group must be satisfied", "description_kind": "markdown", "block_types": {"conditions": {"nesting_mode": "list", "block": {"attributes": {"operation": {"type": "string", "description": "The logical operation to be applied", "description_kind": "markdown", "required": true}, "subject": {"type": "string", "description": "The subject of the condition, on which the operation is applied", "description_kind": "markdown", "required": true}}, "description": "The prerequisite conditions that must all be satisfied", "description_kind": "markdown", "block_types": {"param_bindings": {"nesting_mode": "list", "block": {"attributes": {}, "description": "Bindings for the operation parameters", "description_kind": "markdown", "block_types": {"array_value": {"nesting_mode": "list", "block": {"attributes": {"literal": {"type": "string", "description": "If set, this is the literal value of the step parameter", "description_kind": "markdown", "optional": true}, "reference": {"type": "string", "description": "If set, this is the reference into the trigger scope that is the value of this parameter", "description_kind": "markdown", "optional": true}}, "description": "The array of literal or reference parameter values", "description_kind": "markdown"}}, "value": {"nesting_mode": "single", "block": {"attributes": {"literal": {"type": "string", "description": "If set, this is the literal value of the step parameter", "description_kind": "markdown", "optional": true}, "reference": {"type": "string", "description": "If set, this is the reference into the trigger scope that is the value of this parameter", "description_kind": "markdown", "optional": true}}, "description": "The literal or reference parameter value", "description_kind": "markdown"}, "max_items": 1}}}, "min_items": 1}}}, "min_items": 1}}}, "min_items": 1}}}, "min_items": 1}, "channel_config": {"nesting_mode": "set", "block": {"attributes": {}, "description": "The channel configuration for this alert route", "description_kind": "markdown", "block_types": {"condition_groups": {"nesting_mode": "list", "block": {"attributes": {}, "description": "Groups of prerequisite conditions. All conditions in at least one group must be satisfied", "description_kind": "markdown", "block_types": {"conditions": {"nesting_mode": "list", "block": {"attributes": {"operation": {"type": "string", "description": "The logical operation to be applied", "description_kind": "markdown", "required": true}, "subject": {"type": "string", "description": "The subject of the condition, on which the operation is applied", "description_kind": "markdown", "required": true}}, "description": "The prerequisite conditions that must all be satisfied", "description_kind": "markdown", "block_types": {"param_bindings": {"nesting_mode": "list", "block": {"attributes": {}, "description": "Bindings for the operation parameters", "description_kind": "markdown", "block_types": {"array_value": {"nesting_mode": "list", "block": {"attributes": {"literal": {"type": "string", "description": "If set, this is the literal value of the step parameter", "description_kind": "markdown", "optional": true}, "reference": {"type": "string", "description": "If set, this is the reference into the trigger scope that is the value of this parameter", "description_kind": "markdown", "optional": true}}, "description": "The array of literal or reference parameter values", "description_kind": "markdown"}}, "value": {"nesting_mode": "single", "block": {"attributes": {"literal": {"type": "string", "description": "If set, this is the literal value of the step parameter", "description_kind": "markdown", "optional": true}, "reference": {"type": "string", "description": "If set, this is the reference into the trigger scope that is the value of this parameter", "description_kind": "markdown", "optional": true}}, "description": "The literal or reference parameter value", "description_kind": "markdown"}, "max_items": 1}}}, "min_items": 1}}}, "min_items": 1}}}, "min_items": 1}, "ms_teams_targets": {"nesting_mode": "single", "block": {"attributes": {"channel_visibility": {"type": "string", "description": "The visibility of the channel", "description_kind": "markdown", "required": true}}, "description": "", "description_kind": "plain", "block_types": {"binding": {"nesting_mode": "single", "block": {"attributes": {}, "description": "", "description_kind": "plain", "block_types": {"array_value": {"nesting_mode": "list", "block": {"attributes": {"literal": {"type": "string", "description": "If set, this is the literal value of the step parameter", "description_kind": "markdown", "optional": true}, "reference": {"type": "string", "description": "If set, this is the reference into the trigger scope that is the value of this parameter", "description_kind": "markdown", "optional": true}}, "description": "The array of literal or reference parameter values", "description_kind": "markdown"}}, "value": {"nesting_mode": "single", "block": {"attributes": {"literal": {"type": "string", "description": "If set, this is the literal value of the step parameter", "description_kind": "markdown", "optional": true}, "reference": {"type": "string", "description": "If set, this is the reference into the trigger scope that is the value of this parameter", "description_kind": "markdown", "optional": true}}, "description": "The literal or reference parameter value", "description_kind": "markdown"}, "max_items": 1}}}, "max_items": 1, "min_items": 1}}}, "max_items": 1}, "slack_targets": {"nesting_mode": "single", "block": {"attributes": {"channel_visibility": {"type": "string", "description": "The visibility of the channel", "description_kind": "markdown", "required": true}}, "description": "", "description_kind": "plain", "block_types": {"binding": {"nesting_mode": "single", "block": {"attributes": {}, "description": "", "description_kind": "plain", "block_types": {"array_value": {"nesting_mode": "list", "block": {"attributes": {"literal": {"type": "string", "description": "If set, this is the literal value of the step parameter", "description_kind": "markdown", "optional": true}, "reference": {"type": "string", "description": "If set, this is the reference into the trigger scope that is the value of this parameter", "description_kind": "markdown", "optional": true}}, "description": "The array of literal or reference parameter values", "description_kind": "markdown"}}, "value": {"nesting_mode": "single", "block": {"attributes": {"literal": {"type": "string", "description": "If set, this is the literal value of the step parameter", "description_kind": "markdown", "optional": true}, "reference": {"type": "string", "description": "If set, this is the reference into the trigger scope that is the value of this parameter", "description_kind": "markdown", "optional": true}}, "description": "The literal or reference parameter value", "description_kind": "markdown"}, "max_items": 1}}}, "max_items": 1, "min_items": 1}}}, "max_items": 1}}}}, "condition_groups": {"nesting_mode": "list", "block": {"attributes": {}, "description": "Groups of prerequisite conditions. All conditions in at least one group must be satisfied", "description_kind": "markdown", "block_types": {"conditions": {"nesting_mode": "list", "block": {"attributes": {"operation": {"type": "string", "description": "The logical operation to be applied", "description_kind": "markdown", "required": true}, "subject": {"type": "string", "description": "The subject of the condition, on which the operation is applied", "description_kind": "markdown", "required": true}}, "description": "The prerequisite conditions that must all be satisfied", "description_kind": "markdown", "block_types": {"param_bindings": {"nesting_mode": "list", "block": {"attributes": {}, "description": "Bindings for the operation parameters", "description_kind": "markdown", "block_types": {"array_value": {"nesting_mode": "list", "block": {"attributes": {"literal": {"type": "string", "description": "If set, this is the literal value of the step parameter", "description_kind": "markdown", "optional": true}, "reference": {"type": "string", "description": "If set, this is the reference into the trigger scope that is the value of this parameter", "description_kind": "markdown", "optional": true}}, "description": "The array of literal or reference parameter values", "description_kind": "markdown"}}, "value": {"nesting_mode": "single", "block": {"attributes": {"literal": {"type": "string", "description": "If set, this is the literal value of the step parameter", "description_kind": "markdown", "optional": true}, "reference": {"type": "string", "description": "If set, this is the reference into the trigger scope that is the value of this parameter", "description_kind": "markdown", "optional": true}}, "description": "The literal or reference parameter value", "description_kind": "markdown"}, "max_items": 1}}}, "min_items": 1}}}, "min_items": 1}}}, "min_items": 1}, "escalation_config": {"nesting_mode": "single", "block": {"attributes": {"auto_cancel_escalations": {"type": "bool", "description": "Should we auto cancel escalations when all alerts are resolved?", "description_kind": "markdown", "required": true}}, "description": "", "description_kind": "plain", "block_types": {"escalation_targets": {"nesting_mode": "set", "block": {"attributes": {}, "description": "Targets for escalation", "description_kind": "markdown", "block_types": {"escalation_paths": {"nesting_mode": "single", "block": {"attributes": {}, "description": "", "description_kind": "plain", "block_types": {"array_value": {"nesting_mode": "list", "block": {"attributes": {"literal": {"type": "string", "description": "If set, this is the literal value of the step parameter", "description_kind": "markdown", "optional": true}, "reference": {"type": "string", "description": "If set, this is the reference into the trigger scope that is the value of this parameter", "description_kind": "markdown", "optional": true}}, "description": "The array of literal or reference parameter values", "description_kind": "markdown"}}, "value": {"nesting_mode": "single", "block": {"attributes": {"literal": {"type": "string", "description": "If set, this is the literal value of the step parameter", "description_kind": "markdown", "optional": true}, "reference": {"type": "string", "description": "If set, this is the reference into the trigger scope that is the value of this parameter", "description_kind": "markdown", "optional": true}}, "description": "The literal or reference parameter value", "description_kind": "markdown"}, "max_items": 1}}}, "max_items": 1}, "users": {"nesting_mode": "single", "block": {"attributes": {}, "description": "", "description_kind": "plain", "block_types": {"array_value": {"nesting_mode": "list", "block": {"attributes": {"literal": {"type": "string", "description": "If set, this is the literal value of the step parameter", "description_kind": "markdown", "optional": true}, "reference": {"type": "string", "description": "If set, this is the reference into the trigger scope that is the value of this parameter", "description_kind": "markdown", "optional": true}}, "description": "The array of literal or reference parameter values", "description_kind": "markdown"}}, "value": {"nesting_mode": "single", "block": {"attributes": {"literal": {"type": "string", "description": "If set, this is the literal value of the step parameter", "description_kind": "markdown", "optional": true}, "reference": {"type": "string", "description": "If set, this is the reference into the trigger scope that is the value of this parameter", "description_kind": "markdown", "optional": true}}, "description": "The literal or reference parameter value", "description_kind": "markdown"}, "max_items": 1}}}, "max_items": 1}}}, "min_items": 1}}}, "max_items": 1, "min_items": 1}, "expressions": {"nesting_mode": "set", "block": {"attributes": {"label": {"type": "string", "description": "The human readable label of the expression", "description_kind": "markdown", "required": true}, "reference": {"type": "string", "description": "A short ID that can be used to reference the expression", "description_kind": "markdown", "required": true}, "root_reference": {"type": "string", "description": "The root reference for this expression (i.e. where the expression starts)", "description_kind": "markdown", "required": true}}, "description": "The expressions to be prepared for use by steps and conditions", "description_kind": "markdown", "block_types": {"else_branch": {"nesting_mode": "single", "block": {"attributes": {}, "description": "The else branch to resort to if all operations fail", "description_kind": "markdown", "block_types": {"result": {"nesting_mode": "single", "block": {"attributes": {}, "description": "The result assumed if the else branch is reached", "description_kind": "markdown", "block_types": {"array_value": {"nesting_mode": "list", "block": {"attributes": {"literal": {"type": "string", "description": "If set, this is the literal value of the step parameter", "description_kind": "markdown", "optional": true}, "reference": {"type": "string", "description": "If set, this is the reference into the trigger scope that is the value of this parameter", "description_kind": "markdown", "optional": true}}, "description": "The array of literal or reference parameter values", "description_kind": "markdown"}}, "value": {"nesting_mode": "single", "block": {"attributes": {"literal": {"type": "string", "description": "If set, this is the literal value of the step parameter", "description_kind": "markdown", "optional": true}, "reference": {"type": "string", "description": "If set, this is the reference into the trigger scope that is the value of this parameter", "description_kind": "markdown", "optional": true}}, "description": "The literal or reference parameter value", "description_kind": "markdown"}, "max_items": 1}}}, "max_items": 1, "min_items": 1}}}, "max_items": 1}, "operations": {"nesting_mode": "list", "block": {"attributes": {"operation_type": {"type": "string", "description": "Indicates which operation type to execute", "description_kind": "markdown", "required": true}}, "description": "The operations to execute in sequence for this expression", "description_kind": "markdown", "block_types": {"branches": {"nesting_mode": "single", "block": {"attributes": {}, "description": "An operation type that allows for a value to be set conditionally by a series of logical branches", "description_kind": "markdown", "block_types": {"branches": {"nesting_mode": "list", "block": {"attributes": {}, "description": "The branches to apply for this operation", "description_kind": "markdown", "block_types": {"condition_groups": {"nesting_mode": "list", "block": {"attributes": {}, "description": "Groups of prerequisite conditions. All conditions in at least one group must be satisfied", "description_kind": "markdown", "block_types": {"conditions": {"nesting_mode": "list", "block": {"attributes": {"operation": {"type": "string", "description": "The logical operation to be applied", "description_kind": "markdown", "required": true}, "subject": {"type": "string", "description": "The subject of the condition, on which the operation is applied", "description_kind": "markdown", "required": true}}, "description": "The prerequisite conditions that must all be satisfied", "description_kind": "markdown", "block_types": {"param_bindings": {"nesting_mode": "list", "block": {"attributes": {}, "description": "Bindings for the operation parameters", "description_kind": "markdown", "block_types": {"array_value": {"nesting_mode": "list", "block": {"attributes": {"literal": {"type": "string", "description": "If set, this is the literal value of the step parameter", "description_kind": "markdown", "optional": true}, "reference": {"type": "string", "description": "If set, this is the reference into the trigger scope that is the value of this parameter", "description_kind": "markdown", "optional": true}}, "description": "The array of literal or reference parameter values", "description_kind": "markdown"}}, "value": {"nesting_mode": "single", "block": {"attributes": {"literal": {"type": "string", "description": "If set, this is the literal value of the step parameter", "description_kind": "markdown", "optional": true}, "reference": {"type": "string", "description": "If set, this is the reference into the trigger scope that is the value of this parameter", "description_kind": "markdown", "optional": true}}, "description": "The literal or reference parameter value", "description_kind": "markdown"}, "max_items": 1}}}, "min_items": 1}}}, "min_items": 1}}}, "min_items": 1}, "result": {"nesting_mode": "single", "block": {"attributes": {}, "description": "The result assumed if the condition groups are satisfied", "description_kind": "markdown", "block_types": {"array_value": {"nesting_mode": "list", "block": {"attributes": {"literal": {"type": "string", "description": "If set, this is the literal value of the step parameter", "description_kind": "markdown", "optional": true}, "reference": {"type": "string", "description": "If set, this is the reference into the trigger scope that is the value of this parameter", "description_kind": "markdown", "optional": true}}, "description": "The array of literal or reference parameter values", "description_kind": "markdown"}}, "value": {"nesting_mode": "single", "block": {"attributes": {"literal": {"type": "string", "description": "If set, this is the literal value of the step parameter", "description_kind": "markdown", "optional": true}, "reference": {"type": "string", "description": "If set, this is the reference into the trigger scope that is the value of this parameter", "description_kind": "markdown", "optional": true}}, "description": "The literal or reference parameter value", "description_kind": "markdown"}, "max_items": 1}}}, "max_items": 1, "min_items": 1}}}, "min_items": 1}, "returns": {"nesting_mode": "single", "block": {"attributes": {"array": {"type": "bool", "description": "Whether the return value should be single or multi-value", "description_kind": "markdown", "required": true}, "type": {"type": "string", "description": "Expected return type of this expression (what to try casting the result to)", "description_kind": "markdown", "required": true}}, "description": "The return type of an operation", "description_kind": "markdown"}, "max_items": 1, "min_items": 1}}}, "max_items": 1}, "filter": {"nesting_mode": "single", "block": {"attributes": {}, "description": "An operation type that allows values to be filtered out by conditions", "description_kind": "markdown", "block_types": {"condition_groups": {"nesting_mode": "list", "block": {"attributes": {}, "description": "Groups of prerequisite conditions. All conditions in at least one group must be satisfied", "description_kind": "markdown", "block_types": {"conditions": {"nesting_mode": "list", "block": {"attributes": {"operation": {"type": "string", "description": "The logical operation to be applied", "description_kind": "markdown", "required": true}, "subject": {"type": "string", "description": "The subject of the condition, on which the operation is applied", "description_kind": "markdown", "required": true}}, "description": "The prerequisite conditions that must all be satisfied", "description_kind": "markdown", "block_types": {"param_bindings": {"nesting_mode": "list", "block": {"attributes": {}, "description": "Bindings for the operation parameters", "description_kind": "markdown", "block_types": {"array_value": {"nesting_mode": "list", "block": {"attributes": {"literal": {"type": "string", "description": "If set, this is the literal value of the step parameter", "description_kind": "markdown", "optional": true}, "reference": {"type": "string", "description": "If set, this is the reference into the trigger scope that is the value of this parameter", "description_kind": "markdown", "optional": true}}, "description": "The array of literal or reference parameter values", "description_kind": "markdown"}}, "value": {"nesting_mode": "single", "block": {"attributes": {"literal": {"type": "string", "description": "If set, this is the literal value of the step parameter", "description_kind": "markdown", "optional": true}, "reference": {"type": "string", "description": "If set, this is the reference into the trigger scope that is the value of this parameter", "description_kind": "markdown", "optional": true}}, "description": "The literal or reference parameter value", "description_kind": "markdown"}, "max_items": 1}}}, "min_items": 1}}}, "min_items": 1}}}, "min_items": 1}}}, "max_items": 1}, "navigate": {"nesting_mode": "single", "block": {"attributes": {"reference": {"type": "string", "description_kind": "plain", "required": true}}, "description": "An operation type that allows attributes of a type to be accessed by reference", "description_kind": "markdown"}, "max_items": 1}, "parse": {"nesting_mode": "single", "block": {"attributes": {"source": {"type": "string", "description": "The ES5 Javascript expression to execute", "description_kind": "markdown", "required": true}}, "description": "An operation type that allows a value to parsed from within a JSON object", "description_kind": "markdown", "block_types": {"returns": {"nesting_mode": "single", "block": {"attributes": {"array": {"type": "bool", "description": "Whether the return value should be single or multi-value", "description_kind": "markdown", "required": true}, "type": {"type": "string", "description": "Expected return type of this expression (what to try casting the result to)", "description_kind": "markdown", "required": true}}, "description": "The return type of an operation", "description_kind": "markdown"}, "max_items": 1, "min_items": 1}}}, "max_items": 1}}}, "min_items": 1}}}, "min_items": 1}, "incident_config": {"nesting_mode": "single", "block": {"attributes": {"auto_decline_enabled": {"type": "bool", "description": "Should triage incidents be declined when alerts are resolved?", "description_kind": "markdown", "required": true}, "auto_relate_grouped_alerts": {"type": "bool", "description": "Should grouped alerts automatically be related to active incidents without confirmation?", "description_kind": "markdown", "optional": true, "computed": true}, "defer_time_seconds": {"type": "number", "description": "How long should the escalation defer time be?", "description_kind": "markdown", "required": true}, "enabled": {"type": "bool", "description": "Whether incident creation is enabled for this alert route", "description_kind": "markdown", "required": true}, "grouping_window_seconds": {"type": "number", "description": "How large should the grouping window be?", "description_kind": "markdown", "required": true}}, "description": "", "description_kind": "plain", "block_types": {"condition_groups": {"nesting_mode": "list", "block": {"attributes": {}, "description": "Groups of prerequisite conditions. All conditions in at least one group must be satisfied", "description_kind": "markdown", "block_types": {"conditions": {"nesting_mode": "list", "block": {"attributes": {"operation": {"type": "string", "description": "The logical operation to be applied", "description_kind": "markdown", "required": true}, "subject": {"type": "string", "description": "The subject of the condition, on which the operation is applied", "description_kind": "markdown", "required": true}}, "description": "The prerequisite conditions that must all be satisfied", "description_kind": "markdown", "block_types": {"param_bindings": {"nesting_mode": "list", "block": {"attributes": {}, "description": "Bindings for the operation parameters", "description_kind": "markdown", "block_types": {"array_value": {"nesting_mode": "list", "block": {"attributes": {"literal": {"type": "string", "description": "If set, this is the literal value of the step parameter", "description_kind": "markdown", "optional": true}, "reference": {"type": "string", "description": "If set, this is the reference into the trigger scope that is the value of this parameter", "description_kind": "markdown", "optional": true}}, "description": "The array of literal or reference parameter values", "description_kind": "markdown"}}, "value": {"nesting_mode": "single", "block": {"attributes": {"literal": {"type": "string", "description": "If set, this is the literal value of the step parameter", "description_kind": "markdown", "optional": true}, "reference": {"type": "string", "description": "If set, this is the reference into the trigger scope that is the value of this parameter", "description_kind": "markdown", "optional": true}}, "description": "The literal or reference parameter value", "description_kind": "markdown"}, "max_items": 1}}}, "min_items": 1}}}, "min_items": 1}}}, "min_items": 1}, "grouping_keys": {"nesting_mode": "set", "block": {"attributes": {"reference": {"type": "string", "description": "The alert attribute ID to use as a grouping key", "description_kind": "markdown", "required": true}}, "description": "Which attributes should this alert route use to group alerts?", "description_kind": "markdown"}, "min_items": 1}}}, "max_items": 1, "min_items": 1}, "incident_template": {"nesting_mode": "single", "block": {"attributes": {}, "description": "", "description_kind": "plain", "block_types": {"custom_fields": {"nesting_mode": "set", "block": {"attributes": {"custom_field_id": {"type": "string", "description": "ID of the custom field", "description_kind": "markdown", "required": true}, "merge_strategy": {"type": "string", "description": "The strategy to use when multiple alerts match this route. Possible values are: `first-wins`, `last-wins`, `append`.", "description_kind": "markdown", "required": true}}, "description": "Custom fields configuration", "description_kind": "markdown", "block_types": {"binding": {"nesting_mode": "single", "block": {"attributes": {}, "description": "Binding for the custom field", "description_kind": "markdown", "block_types": {"array_value": {"nesting_mode": "list", "block": {"attributes": {"literal": {"type": "string", "description": "If set, this is the literal value of the step parameter", "description_kind": "markdown", "optional": true}, "reference": {"type": "string", "description": "If set, this is the reference into the trigger scope that is the value of this parameter", "description_kind": "markdown", "optional": true}}, "description": "The array of literal or reference parameter values", "description_kind": "markdown"}}, "value": {"nesting_mode": "single", "block": {"attributes": {"literal": {"type": "string", "description": "If set, this is the literal value of the step parameter", "description_kind": "markdown", "optional": true}, "reference": {"type": "string", "description": "If set, this is the reference into the trigger scope that is the value of this parameter", "description_kind": "markdown", "optional": true}}, "description": "The literal or reference parameter value", "description_kind": "markdown"}, "max_items": 1}}}, "max_items": 1, "min_items": 1}}}}, "incident_mode": {"nesting_mode": "single", "block": {"attributes": {}, "description": "", "description_kind": "plain", "block_types": {"array_value": {"nesting_mode": "list", "block": {"attributes": {"literal": {"type": "string", "description": "If set, this is the literal value of the step parameter", "description_kind": "markdown", "optional": true}, "reference": {"type": "string", "description": "If set, this is the reference into the trigger scope that is the value of this parameter", "description_kind": "markdown", "optional": true}}, "description": "The array of literal or reference parameter values", "description_kind": "markdown"}}, "value": {"nesting_mode": "single", "block": {"attributes": {"literal": {"type": "string", "description": "If set, this is the literal value of the step parameter", "description_kind": "markdown", "optional": true}, "reference": {"type": "string", "description": "If set, this is the reference into the trigger scope that is the value of this parameter", "description_kind": "markdown", "optional": true}}, "description": "The literal or reference parameter value", "description_kind": "markdown"}, "max_items": 1}}}, "max_items": 1}, "incident_type": {"nesting_mode": "single", "block": {"attributes": {}, "description": "", "description_kind": "plain", "block_types": {"array_value": {"nesting_mode": "list", "block": {"attributes": {"literal": {"type": "string", "description": "If set, this is the literal value of the step parameter", "description_kind": "markdown", "optional": true}, "reference": {"type": "string", "description": "If set, this is the reference into the trigger scope that is the value of this parameter", "description_kind": "markdown", "optional": true}}, "description": "The array of literal or reference parameter values", "description_kind": "markdown"}}, "value": {"nesting_mode": "single", "block": {"attributes": {"literal": {"type": "string", "description": "If set, this is the literal value of the step parameter", "description_kind": "markdown", "optional": true}, "reference": {"type": "string", "description": "If set, this is the reference into the trigger scope that is the value of this parameter", "description_kind": "markdown", "optional": true}}, "description": "The literal or reference parameter value", "description_kind": "markdown"}, "max_items": 1}}}, "max_items": 1}, "name": {"nesting_mode": "single", "block": {"attributes": {"autogenerated": {"type": "bool", "description": "Whether this attribute should be autogenerated using AI", "description_kind": "markdown", "optional": true, "computed": true}}, "description": "", "description_kind": "plain", "block_types": {"array_value": {"nesting_mode": "list", "block": {"attributes": {"literal": {"type": "string", "description": "If set, this is the literal value of the step parameter", "description_kind": "markdown", "optional": true}, "reference": {"type": "string", "description": "If set, this is the reference into the trigger scope that is the value of this parameter", "description_kind": "markdown", "optional": true}}, "description": "The array of literal or reference parameter values", "description_kind": "markdown"}}, "value": {"nesting_mode": "single", "block": {"attributes": {"literal": {"type": "string", "description": "If set, this is the literal value of the step parameter", "description_kind": "markdown", "optional": true}, "reference": {"type": "string", "description": "If set, this is the reference into the trigger scope that is the value of this parameter", "description_kind": "markdown", "optional": true}}, "description": "The literal or reference parameter value", "description_kind": "markdown"}, "max_items": 1}}}, "max_items": 1, "min_items": 1}, "severity": {"nesting_mode": "single", "block": {"attributes": {"merge_strategy": {"type": "string", "description": "Strategy for merging severity when multiple alerts create/update the same incident. Possible values are: `first-wins`, `max`.", "description_kind": "markdown", "required": true}}, "description": "", "description_kind": "plain", "block_types": {"binding": {"nesting_mode": "single", "block": {"attributes": {}, "description": "", "description_kind": "plain", "block_types": {"array_value": {"nesting_mode": "list", "block": {"attributes": {"literal": {"type": "string", "description": "If set, this is the literal value of the step parameter", "description_kind": "markdown", "optional": true}, "reference": {"type": "string", "description": "If set, this is the reference into the trigger scope that is the value of this parameter", "description_kind": "markdown", "optional": true}}, "description": "The array of literal or reference parameter values", "description_kind": "markdown"}}, "value": {"nesting_mode": "single", "block": {"attributes": {"literal": {"type": "string", "description": "If set, this is the literal value of the step parameter", "description_kind": "markdown", "optional": true}, "reference": {"type": "string", "description": "If set, this is the reference into the trigger scope that is the value of this parameter", "description_kind": "markdown", "optional": true}}, "description": "The literal or reference parameter value", "description_kind": "markdown"}, "max_items": 1}}}, "max_items": 1}}}, "max_items": 1}, "start_in_triage": {"nesting_mode": "single", "block": {"attributes": {}, "description": "", "description_kind": "plain", "block_types": {"array_value": {"nesting_mode": "list", "block": {"attributes": {"literal": {"type": "string", "description": "If set, this is the literal value of the step parameter", "description_kind": "markdown", "optional": true}, "reference": {"type": "string", "description": "If set, this is the reference into the trigger scope that is the value of this parameter", "description_kind": "markdown", "optional": true}}, "description": "The array of literal or reference parameter values", "description_kind": "markdown"}}, "value": {"nesting_mode": "single", "block": {"attributes": {"literal": {"type": "string", "description": "If set, this is the literal value of the step parameter", "description_kind": "markdown", "optional": true}, "reference": {"type": "string", "description": "If set, this is the reference into the trigger scope that is the value of this parameter", "description_kind": "markdown", "optional": true}}, "description": "The literal or reference parameter value", "description_kind": "markdown"}, "max_items": 1}}}, "max_items": 1}, "summary": {"nesting_mode": "single", "block": {"attributes": {"autogenerated": {"type": "bool", "description": "Whether this attribute should be autogenerated using AI", "description_kind": "markdown", "optional": true, "computed": true}}, "description": "", "description_kind": "plain", "block_types": {"array_value": {"nesting_mode": "list", "block": {"attributes": {"literal": {"type": "string", "description": "If set, this is the literal value of the step parameter", "description_kind": "markdown", "optional": true}, "reference": {"type": "string", "description": "If set, this is the reference into the trigger scope that is the value of this parameter", "description_kind": "markdown", "optional": true}}, "description": "The array of literal or reference parameter values", "description_kind": "markdown"}}, "value": {"nesting_mode": "single", "block": {"attributes": {"literal": {"type": "string", "description": "If set, this is the literal value of the step parameter", "description_kind": "markdown", "optional": true}, "reference": {"type": "string", "description": "If set, this is the reference into the trigger scope that is the value of this parameter", "description_kind": "markdown", "optional": true}}, "description": "The literal or reference parameter value", "description_kind": "markdown"}, "max_items": 1}}}, "max_items": 1, "min_items": 1}, "workspace": {"nesting_mode": "single", "block": {"attributes": {}, "description": "", "description_kind": "plain", "block_types": {"array_value": {"nesting_mode": "list", "block": {"attributes": {"literal": {"type": "string", "description": "If set, this is the literal value of the step parameter", "description_kind": "markdown", "optional": true}, "reference": {"type": "string", "description": "If set, this is the reference into the trigger scope that is the value of this parameter", "description_kind": "markdown", "optional": true}}, "description": "The array of literal or reference parameter values", "description_kind": "markdown"}}, "value": {"nesting_mode": "single", "block": {"attributes": {"literal": {"type": "string", "description": "If set, this is the literal value of the step parameter", "description_kind": "markdown", "optional": true}, "reference": {"type": "string", "description": "If set, this is the reference into the trigger scope that is the value of this parameter", "description_kind": "markdown", "optional": true}}, "description": "The literal or reference parameter value", "description_kind": "markdown"}, "max_items": 1}}}, "max_items": 1}}}, "max_items": 1, "min_items": 1}, "message_template": {"nesting_mode": "single", "block": {"attributes": {}, "description": "", "description_kind": "plain", "block_types": {"array_value": {"nesting_mode": "list", "block": {"attributes": {"literal": {"type": "string", "description": "If set, this is the literal value of the step parameter", "description_kind": "markdown", "optional": true}, "reference": {"type": "string", "description": "If set, this is the reference into the trigger scope that is the value of this parameter", "description_kind": "markdown", "optional": true}}, "description": "The array of literal or reference parameter values", "description_kind": "markdown"}}, "value": {"nesting_mode": "single", "block": {"attributes": {"literal": {"type": "string", "description": "If set, this is the literal value of the step parameter", "description_kind": "markdown", "optional": true}, "reference": {"type": "string", "description": "If set, this is the reference into the trigger scope that is the value of this parameter", "description_kind": "markdown", "optional": true}}, "description": "The literal or reference parameter value", "description_kind": "markdown"}, "max_items": 1}}}, "max_items": 1}}}}, "incident_alert_source": {"version": 0, "block": {"attributes": {"alert_events_url": {"type": "string", "description": "URL that can be used to send alert events to this source. This is only set for sources that accept webhook/HTTP events; email sources use the email_address field, and integration-based sources (like Jira) receive events through their native integrations.", "description_kind": "markdown", "computed": true}, "auto_resolve_incident_alerts": {"type": "bool", "description": "Whether to auto-resolve incident alerts when the alert auto-resolves. Defaults to true. Only use in conjunction with auto_resolve_timeout_minutes.", "description_kind": "markdown", "optional": true, "computed": true}, "auto_resolve_timeout_minutes": {"type": "number", "description": "When set, alerts from this source will automatically resolve after this many minutes.", "description_kind": "markdown", "optional": true}, "email_address": {"type": "string", "description": "Email address this alert source receives alerts to", "description_kind": "markdown", "optional": true, "computed": true}, "id": {"type": "string", "description": "The ID of this alert source", "description_kind": "markdown", "computed": true}, "name": {"type": "string", "description": "Unique name of the alert source", "description_kind": "markdown", "required": true}, "owning_team_ids": {"type": ["set", "string"], "description": "IDs of teams that own this alert source", "description_kind": "markdown", "optional": true}, "secret_token": {"type": "string", "description": "Secret token used to authenticate this source, if applicable. If applicable, this is the token that must be included in either the query string or the 'Authorization' header when sending events to this alert source.", "description_kind": "markdown", "computed": true}, "source_type": {"type": "string", "description": "Type of alert source", "description_kind": "markdown", "required": true}}, "description": "Configure your alert sources in incident.io.\n\nAlert sources are the systems that send alerts to incident.io, which can then be routed to the right people and teams.\n\nWe'd generally recommend building alert sources in our [web dashboard](https://app.incident.io/~/alerts/configuration), and using the 'Export' flow to generate your Terraform, as it's easier to see what you've configured. You can also make changes to an existing alert source and copy the resulting Terraform without persisting it.", "description_kind": "markdown", "block_types": {"heartbeat_options": {"nesting_mode": "single", "block": {"attributes": {"failure_threshold": {"type": "number", "description": "Number of consecutive missed pings before an alert fires.", "description_kind": "markdown", "optional": true, "computed": true}, "grace_period_seconds": {"type": "number", "description": "How long after a missed ping before the heartbeat is considered late, in seconds. If zero, it transitions directly to failing.", "description_kind": "markdown", "optional": true, "computed": true}, "interval_seconds": {"type": "number", "description": "How often a ping is expected, in seconds.", "description_kind": "markdown", "required": true}, "ping_url": {"type": "string", "description": "The URL to POST to in order to send a heartbeat ping.", "description_kind": "markdown", "computed": true}}, "description": "", "description_kind": "plain"}, "max_items": 1}, "http_custom_options": {"nesting_mode": "single", "block": {"attributes": {"deduplication_key_path": {"type": "string", "description": "JSON path to extract the deduplication key from the payload", "description_kind": "markdown", "required": true}, "transform_expression": {"type": "string", "description": "JavaScript expression that returns an object with all alert fields", "description_kind": "markdown", "required": true}}, "description": "", "description_kind": "plain"}, "max_items": 1}, "jira_options": {"nesting_mode": "single", "block": {"attributes": {"project_ids": {"type": ["list", "string"], "description": "Which projects in Jira should this alert source watch for new issues? IDs can either be IDs of the projects in Jira, or ID of catalog entries in the 'Jira Project' catalog type.", "description_kind": "markdown", "optional": true}}, "description": "", "description_kind": "plain"}, "max_items": 1}, "template": {"nesting_mode": "single", "block": {"attributes": {"is_private": {"type": "bool", "description": "Whether or not alerts produced by this source should be private", "description_kind": "markdown", "optional": true, "computed": true}}, "description": "", "description_kind": "plain", "block_types": {"attributes": {"nesting_mode": "set", "block": {"attributes": {"alert_attribute_id": {"type": "string", "description": "ID of the alert attribute to set with this binding", "description_kind": "markdown", "required": true}}, "description": "Attributes to set on alerts coming from this source, with a binding describing how to set them.", "description_kind": "markdown", "block_types": {"binding": {"nesting_mode": "single", "block": {"attributes": {"merge_strategy": {"type": "string", "description": "Merge strategy for this attribute when alert updates. Possible values are: `first_wins`, `last_wins`, `append`, `max`, `min`.", "description_kind": "markdown", "optional": true, "computed": true}}, "description": "", "description_kind": "plain", "block_types": {"array_value": {"nesting_mode": "list", "block": {"attributes": {"literal": {"type": "string", "description": "If set, this is the literal value of the step parameter", "description_kind": "markdown", "optional": true}, "reference": {"type": "string", "description": "If set, this is the reference into the trigger scope that is the value of this parameter", "description_kind": "markdown", "optional": true}}, "description": "The array of literal or reference parameter values", "description_kind": "markdown"}}, "value": {"nesting_mode": "single", "block": {"attributes": {"literal": {"type": "string", "description": "If set, this is the literal value of the step parameter", "description_kind": "markdown", "optional": true}, "reference": {"type": "string", "description": "If set, this is the reference into the trigger scope that is the value of this parameter", "description_kind": "markdown", "optional": true}}, "description": "The literal or reference parameter value", "description_kind": "markdown"}, "max_items": 1}}}, "max_items": 1, "min_items": 1}}}, "min_items": 1}, "description": {"nesting_mode": "single", "block": {"attributes": {"literal": {"type": "string", "description": "If set, this is the literal value of the step parameter", "description_kind": "markdown", "optional": true}, "reference": {"type": "string", "description": "If set, this is the reference into the trigger scope that is the value of this parameter", "description_kind": "markdown", "optional": true}}, "description": "", "description_kind": "plain"}, "max_items": 1, "min_items": 1}, "expressions": {"nesting_mode": "set", "block": {"attributes": {"label": {"type": "string", "description": "The human readable label of the expression", "description_kind": "markdown", "required": true}, "reference": {"type": "string", "description": "A short ID that can be used to reference the expression", "description_kind": "markdown", "required": true}, "root_reference": {"type": "string", "description": "The root reference for this expression (i.e. where the expression starts)", "description_kind": "markdown", "required": true}}, "description": "The expressions to be prepared for use by steps and conditions", "description_kind": "markdown", "block_types": {"else_branch": {"nesting_mode": "single", "block": {"attributes": {}, "description": "The else branch to resort to if all operations fail", "description_kind": "markdown", "block_types": {"result": {"nesting_mode": "single", "block": {"attributes": {}, "description": "The result assumed if the else branch is reached", "description_kind": "markdown", "block_types": {"array_value": {"nesting_mode": "list", "block": {"attributes": {"literal": {"type": "string", "description": "If set, this is the literal value of the step parameter", "description_kind": "markdown", "optional": true}, "reference": {"type": "string", "description": "If set, this is the reference into the trigger scope that is the value of this parameter", "description_kind": "markdown", "optional": true}}, "description": "The array of literal or reference parameter values", "description_kind": "markdown"}}, "value": {"nesting_mode": "single", "block": {"attributes": {"literal": {"type": "string", "description": "If set, this is the literal value of the step parameter", "description_kind": "markdown", "optional": true}, "reference": {"type": "string", "description": "If set, this is the reference into the trigger scope that is the value of this parameter", "description_kind": "markdown", "optional": true}}, "description": "The literal or reference parameter value", "description_kind": "markdown"}, "max_items": 1}}}, "max_items": 1, "min_items": 1}}}, "max_items": 1}, "operations": {"nesting_mode": "list", "block": {"attributes": {"operation_type": {"type": "string", "description": "Indicates which operation type to execute", "description_kind": "markdown", "required": true}}, "description": "The operations to execute in sequence for this expression", "description_kind": "markdown", "block_types": {"branches": {"nesting_mode": "single", "block": {"attributes": {}, "description": "An operation type that allows for a value to be set conditionally by a series of logical branches", "description_kind": "markdown", "block_types": {"branches": {"nesting_mode": "list", "block": {"attributes": {}, "description": "The branches to apply for this operation", "description_kind": "markdown", "block_types": {"condition_groups": {"nesting_mode": "list", "block": {"attributes": {}, "description": "Groups of prerequisite conditions. All conditions in at least one group must be satisfied", "description_kind": "markdown", "block_types": {"conditions": {"nesting_mode": "list", "block": {"attributes": {"operation": {"type": "string", "description": "The logical operation to be applied", "description_kind": "markdown", "required": true}, "subject": {"type": "string", "description": "The subject of the condition, on which the operation is applied", "description_kind": "markdown", "required": true}}, "description": "The prerequisite conditions that must all be satisfied", "description_kind": "markdown", "block_types": {"param_bindings": {"nesting_mode": "list", "block": {"attributes": {}, "description": "Bindings for the operation parameters", "description_kind": "markdown", "block_types": {"array_value": {"nesting_mode": "list", "block": {"attributes": {"literal": {"type": "string", "description": "If set, this is the literal value of the step parameter", "description_kind": "markdown", "optional": true}, "reference": {"type": "string", "description": "If set, this is the reference into the trigger scope that is the value of this parameter", "description_kind": "markdown", "optional": true}}, "description": "The array of literal or reference parameter values", "description_kind": "markdown"}}, "value": {"nesting_mode": "single", "block": {"attributes": {"literal": {"type": "string", "description": "If set, this is the literal value of the step parameter", "description_kind": "markdown", "optional": true}, "reference": {"type": "string", "description": "If set, this is the reference into the trigger scope that is the value of this parameter", "description_kind": "markdown", "optional": true}}, "description": "The literal or reference parameter value", "description_kind": "markdown"}, "max_items": 1}}}, "min_items": 1}}}, "min_items": 1}}}, "min_items": 1}, "result": {"nesting_mode": "single", "block": {"attributes": {}, "description": "The result assumed if the condition groups are satisfied", "description_kind": "markdown", "block_types": {"array_value": {"nesting_mode": "list", "block": {"attributes": {"literal": {"type": "string", "description": "If set, this is the literal value of the step parameter", "description_kind": "markdown", "optional": true}, "reference": {"type": "string", "description": "If set, this is the reference into the trigger scope that is the value of this parameter", "description_kind": "markdown", "optional": true}}, "description": "The array of literal or reference parameter values", "description_kind": "markdown"}}, "value": {"nesting_mode": "single", "block": {"attributes": {"literal": {"type": "string", "description": "If set, this is the literal value of the step parameter", "description_kind": "markdown", "optional": true}, "reference": {"type": "string", "description": "If set, this is the reference into the trigger scope that is the value of this parameter", "description_kind": "markdown", "optional": true}}, "description": "The literal or reference parameter value", "description_kind": "markdown"}, "max_items": 1}}}, "max_items": 1, "min_items": 1}}}, "min_items": 1}, "returns": {"nesting_mode": "single", "block": {"attributes": {"array": {"type": "bool", "description": "Whether the return value should be single or multi-value", "description_kind": "markdown", "required": true}, "type": {"type": "string", "description": "Expected return type of this expression (what to try casting the result to)", "description_kind": "markdown", "required": true}}, "description": "The return type of an operation", "description_kind": "markdown"}, "max_items": 1, "min_items": 1}}}, "max_items": 1}, "filter": {"nesting_mode": "single", "block": {"attributes": {}, "description": "An operation type that allows values to be filtered out by conditions", "description_kind": "markdown", "block_types": {"condition_groups": {"nesting_mode": "list", "block": {"attributes": {}, "description": "Groups of prerequisite conditions. All conditions in at least one group must be satisfied", "description_kind": "markdown", "block_types": {"conditions": {"nesting_mode": "list", "block": {"attributes": {"operation": {"type": "string", "description": "The logical operation to be applied", "description_kind": "markdown", "required": true}, "subject": {"type": "string", "description": "The subject of the condition, on which the operation is applied", "description_kind": "markdown", "required": true}}, "description": "The prerequisite conditions that must all be satisfied", "description_kind": "markdown", "block_types": {"param_bindings": {"nesting_mode": "list", "block": {"attributes": {}, "description": "Bindings for the operation parameters", "description_kind": "markdown", "block_types": {"array_value": {"nesting_mode": "list", "block": {"attributes": {"literal": {"type": "string", "description": "If set, this is the literal value of the step parameter", "description_kind": "markdown", "optional": true}, "reference": {"type": "string", "description": "If set, this is the reference into the trigger scope that is the value of this parameter", "description_kind": "markdown", "optional": true}}, "description": "The array of literal or reference parameter values", "description_kind": "markdown"}}, "value": {"nesting_mode": "single", "block": {"attributes": {"literal": {"type": "string", "description": "If set, this is the literal value of the step parameter", "description_kind": "markdown", "optional": true}, "reference": {"type": "string", "description": "If set, this is the reference into the trigger scope that is the value of this parameter", "description_kind": "markdown", "optional": true}}, "description": "The literal or reference parameter value", "description_kind": "markdown"}, "max_items": 1}}}, "min_items": 1}}}, "min_items": 1}}}, "min_items": 1}}}, "max_items": 1}, "navigate": {"nesting_mode": "single", "block": {"attributes": {"reference": {"type": "string", "description_kind": "plain", "required": true}}, "description": "An operation type that allows attributes of a type to be accessed by reference", "description_kind": "markdown"}, "max_items": 1}, "parse": {"nesting_mode": "single", "block": {"attributes": {"source": {"type": "string", "description": "The ES5 Javascript expression to execute", "description_kind": "markdown", "required": true}}, "description": "An operation type that allows a value to parsed from within a JSON object", "description_kind": "markdown", "block_types": {"returns": {"nesting_mode": "single", "block": {"attributes": {"array": {"type": "bool", "description": "Whether the return value should be single or multi-value", "description_kind": "markdown", "required": true}, "type": {"type": "string", "description": "Expected return type of this expression (what to try casting the result to)", "description_kind": "markdown", "required": true}}, "description": "The return type of an operation", "description_kind": "markdown"}, "max_items": 1, "min_items": 1}}}, "max_items": 1}}}, "min_items": 1}}}, "min_items": 1}, "title": {"nesting_mode": "single", "block": {"attributes": {"literal": {"type": "string", "description": "If set, this is the literal value of the step parameter", "description_kind": "markdown", "optional": true}, "reference": {"type": "string", "description": "If set, this is the reference into the trigger scope that is the value of this parameter", "description_kind": "markdown", "optional": true}}, "description": "", "description_kind": "plain"}, "max_items": 1, "min_items": 1}, "visible_to_teams": {"nesting_mode": "single", "block": {"attributes": {}, "description": "", "description_kind": "plain", "block_types": {"array_value": {"nesting_mode": "list", "block": {"attributes": {"literal": {"type": "string", "description": "If set, this is the literal value of the step parameter", "description_kind": "markdown", "optional": true}, "reference": {"type": "string", "description": "If set, this is the reference into the trigger scope that is the value of this parameter", "description_kind": "markdown", "optional": true}}, "description": "The array of literal or reference parameter values", "description_kind": "markdown"}}, "value": {"nesting_mode": "single", "block": {"attributes": {"literal": {"type": "string", "description": "If set, this is the literal value of the step parameter", "description_kind": "markdown", "optional": true}, "reference": {"type": "string", "description": "If set, this is the reference into the trigger scope that is the value of this parameter", "description_kind": "markdown", "optional": true}}, "description": "The literal or reference parameter value", "description_kind": "markdown"}, "max_items": 1}}}, "max_items": 1}}}, "max_items": 1, "min_items": 1}}}}, "incident_catalog_entries": {"version": 0, "block": {"attributes": {"id": {"type": "string", "description": "ID of this catalog type", "description_kind": "markdown", "required": true}, "managed_attributes": {"type": ["set", "string"], "description": "The set of attributes that are managed by this resource. By default, all attributes are managed by this resource.\n\nThis can be used to allow other attributes of a catalog entry to be managed elsewhere, for example in another Terraform repository or the incident.io web UI.", "description_kind": "markdown", "optional": true}}, "description": "\nThis resource manages all entries for a given catalog type and should be used when\nloading many (>100) catalog entries to ensure fast and reliable plans.\n\nPlease note that this resource is authoritative, in that it will delete _all_ entries from\nthe catalog type that it doesn't manage, even those created outside of Terraform.\n\nIf you have a catalog source such as Backstage or some custom catalog you'd like to sync\ninto incident.io, this is the recommended way of achieving that.\n\n## External IDs\n\nAs this resource loads content from an existing catalog source into the incident.io\ncatalog, it requires that each entry is given a stable identifier that can uniquely\nidentify it in the upstream system.\n\nWe call this the 'external ID' and it might be something like:\n\n- The ID of the entry in a custom catalog, often the primary key of the entry\n- Any stable human identifier (often called a slug) that uniquely reference the entry\n\nThis external ID is what we use as a map key for the entries attribute, and how we map\nchanges to one entry to an update to that same entry when the upstream changes.\n\t\t", "description_kind": "markdown", "block_types": {"entries": {"nesting_mode": "list", "block": {"attributes": {"aliases": {"type": ["list", "string"], "description": "Optional aliases that can be used to reference this entry", "description_kind": "markdown", "optional": true, "computed": true}, "id": {"type": "string", "description": "ID of this catalog entry", "description_kind": "markdown", "computed": true}, "name": {"type": "string", "description": "Name is the human readable name of this entry", "description_kind": "markdown", "required": true}, "rank": {"type": "number", "description": "When catalog type is ranked, this is used to help order things", "description_kind": "markdown", "optional": true, "computed": true}}, "description": "Map of external ID to entry in the catalog.", "description_kind": "markdown", "block_types": {"attribute_values": {"nesting_mode": "list", "block": {"attributes": {"array_value": {"type": ["list", "string"], "description": "The value of this element of the array, in a format suitable for this attribute type.", "description_kind": "plain", "optional": true}, "value": {"type": "string", "description": "The value of this attribute, in a format suitable for this attribute type.", "description_kind": "plain", "optional": true}}, "description": "", "description_kind": "plain"}}}}}}}}, "incident_catalog_entry": {"version": 0, "block": {"attributes": {"aliases": {"type": ["list", "string"], "description": "Optional aliases that can be used to reference this entry", "description_kind": "markdown", "optional": true, "computed": true}, "catalog_type_id": {"type": "string", "description": "ID of this catalog type", "description_kind": "markdown", "required": true}, "external_id": {"type": "string", "description": "An optional alternative ID for this entry, which is ensured to be unique for the type", "description_kind": "markdown", "optional": true, "computed": true}, "id": {"type": "string", "description": "ID of this catalog entry", "description_kind": "markdown", "computed": true}, "managed_attributes": {"type": ["set", "string"], "description": "The set of attributes that are managed by this resource. By default, all attributes are managed by this resource.\n\nThis can be used to allow other attributes of a catalog entry to be managed elsewhere, for example in another Terraform repository or the incident.io web UI.\n\nWhen `managed_attributes` is set, destroying the Terraform resource will clear only those attributes instead of deleting the catalog entry. This enables partial management of entries owned by external systems (e.g., Schedules from the on-call product).", "description_kind": "markdown", "optional": true}, "name": {"type": "string", "description": "Name is the human readable name of this entry", "description_kind": "markdown", "required": true}, "rank": {"type": "number", "description": "When catalog type is ranked, this is used to help order things", "description_kind": "markdown", "optional": true, "computed": true}}, "description": "\nThis resource manages a single entry for a given catalog type. It should be used when\nyou're loading a small number (<100) of catalog entries and want to do so with a Terraform\nfor_each, or you don't want terraform to remove any entries that it is not managing.\n\nIf you're working with a large number of entries (>100) or want to be authoritative\n(remove anything Terraform does not manage) then prefer `incident_catalog_entries`.\n\n## Managing attributes on internal catalog types\n\nSome catalog types like Schedule are managed internally by incident.io - their entries are\ncreated and maintained by the product (e.g., the on-call system). You can't create or delete\nthese entries via Terraform, but you can extend them with custom attributes.\n\nTo do this:\n1. Add a custom attribute to the catalog type via the incident.io web UI\n2. Use data sources to look up the existing type, attribute, and entry\n3. Set `managed_attributes` to manage only your custom attribute\n\nWhen you run `terraform destroy`, Terraform will clear the managed attributes rather than\nattempting to delete the entry.\n\t\t", "description_kind": "markdown", "block_types": {"attribute_values": {"nesting_mode": "set", "block": {"attributes": {"array_value": {"type": ["list", "string"], "description": "The value of this element of the array, in a format suitable for this attribute type.", "description_kind": "plain", "optional": true}, "attribute": {"type": "string", "description": "The ID of this attribute, usually loaded from the incident_catalog_type_attribute resource.", "description_kind": "plain", "required": true}, "value": {"type": "string", "description": "The value of this attribute, in a format suitable for this attribute type.", "description_kind": "plain", "optional": true}}, "description": "", "description_kind": "plain"}, "min_items": 1}}}}, "incident_catalog_type": {"version": 0, "block": {"attributes": {"categories": {"type": ["list", "string"], "description": "The categories that this type belongs to, to be shown in the web dashboard. Possible values are: `customer`, `issue-tracker`, `product-feature`, `service`, `on-call`, `team`, `user`.", "description_kind": "markdown", "optional": true, "computed": true}, "description": {"type": "string", "description": "Human readble description of this type", "description_kind": "markdown", "required": true}, "id": {"type": "string", "description": "ID of this catalog type", "description_kind": "markdown", "computed": true}, "name": {"type": "string", "description": "Name is the human readable name of this type", "description_kind": "markdown", "required": true}, "source_repo_url": {"type": "string", "description": "The url of the external repository where this type is managed. Users will not be able to edit the catalog type (or its entries) via the UI, and will instead be provided a link to this URL.", "description_kind": "markdown", "required": true}, "type_name": {"type": "string", "description": "The type name of this catalog type, to be used when defining attributes. This is immutable once a CatalogType has been created. For non-externally sync types, it must follow the pattern Custom[\"SomeName\"]", "description_kind": "markdown", "optional": true, "computed": true}, "use_name_as_identifier": {"type": "bool", "description": "If enabled, you can refer to entries of this type by their name, as well as their external ID and any aliases.", "description_kind": "markdown", "optional": true, "computed": true}}, "description": "Manage and browse catalog resources.\n\nUse the incident.io catalog to track services, teams, product features and anything\nelse that helps build a map of your organisation. These different categories of thing\nbecome catalog types, and each instance (like a particular service or team) is a\ncatalog entry.\n\nEach type is made up of a series of attributes, and each attribute has a type. Types\ncan even have attributes that refer to other catalog types.\n\nWe automatically create catalog types when you connect an integration, such as GitHub\nrepositories or PagerDuty services and teams. You can use this API to create custom\ntypes, that are specifically tailored to your organisation.\n\nExamples might be a 'Service' type with an 'Alert channel' which you can point at a\nSlack channel, or 'Team' which specifies its 'Manager' and 'Technical Lead' as Slack\nusers. You can then use these types to create powerful new workflows.\n\nConsider using our official [catalog importer](https://github.com/incident-io/catalog-importer).\nIt can be used to sync catalog data from sources like local files or GitHub and push\nthem into the incident.io catalog without having to directly interact with our public API.\n", "description_kind": "markdown"}}, "incident_catalog_type_attribute": {"version": 0, "block": {"attributes": {"array": {"type": "bool", "description": "Whether this attribute is an array or scalar.", "description_kind": "plain", "optional": true, "computed": true}, "backlink_attribute": {"type": "string", "description": "If this is a backlink, the id of the attribute that it's linked from", "description_kind": "plain", "optional": true}, "catalog_type_id": {"type": "string", "description": "ID of this catalog type", "description_kind": "markdown", "required": true}, "id": {"type": "string", "description_kind": "plain", "computed": true}, "name": {"type": "string", "description": "The name of this attribute.", "description_kind": "plain", "required": true}, "path": {"type": ["list", "string"], "description": "If this is a path attribute, the path that we should use to pull the data", "description_kind": "plain", "optional": true}, "schema_only": {"type": "bool", "description": "If true, Terraform will only manage the schema of the attribute. Values for this attribute can be managed from the incident.io web dashboard.\n\nNOTE: When enabled, you should use the `managed_attributes` argument on either `incident_catalog_entry` or `incident_catalog_entries` to manage the values of other attributes on this type, without Terraform overwriting values set in the dashboard.", "description_kind": "plain", "optional": true, "computed": true}, "type": {"type": "string", "description": "The type of this attribute.", "description_kind": "plain", "required": true}}, "description": "Manage and browse catalog resources.\n\nUse the incident.io catalog to track services, teams, product features and anything\nelse that helps build a map of your organisation. These different categories of thing\nbecome catalog types, and each instance (like a particular service or team) is a\ncatalog entry.\n\nEach type is made up of a series of attributes, and each attribute has a type. Types\ncan even have attributes that refer to other catalog types.\n\nWe automatically create catalog types when you connect an integration, such as GitHub\nrepositories or PagerDuty services and teams. You can use this API to create custom\ntypes, that are specifically tailored to your organisation.\n\nExamples might be a 'Service' type with an 'Alert channel' which you can point at a\nSlack channel, or 'Team' which specifies its 'Manager' and 'Technical Lead' as Slack\nusers. You can then use these types to create powerful new workflows.\n\nConsider using our official [catalog importer](https://github.com/incident-io/catalog-importer).\nIt can be used to sync catalog data from sources like local files or GitHub and push\nthem into the incident.io catalog without having to directly interact with our public API.\n", "description_kind": "markdown"}}, "incident_custom_field": {"version": 0, "block": {"attributes": {"catalog_type_id": {"type": "string", "description": "For catalog fields, the ID of the associated catalog type", "description_kind": "markdown", "optional": true}, "description": {"type": "string", "description": "Description of the custom field", "description_kind": "markdown", "required": true}, "field_type": {"type": "string", "description": "Type of custom field. Possible values are: `single_select`, `multi_select`, `text`, `link`, `numeric`.", "description_kind": "markdown", "required": true}, "group_by_catalog_attribute_id": {"type": "string", "description": "For catalog fields, the ID of the attribute used to group catalog entries (if applicable)", "description_kind": "markdown", "optional": true}, "helptext_catalog_attribute_id": {"type": "string", "description": "Which catalog attribute provides helptext for the options", "description_kind": "markdown", "optional": true}, "id": {"type": "string", "description": "Unique identifier for the custom field", "description_kind": "markdown", "computed": true}, "name": {"type": "string", "description": "Human readable name for the custom field", "description_kind": "markdown", "required": true}}, "description": "Manage custom fields.\n\nCustom fields are used to attach metadata to incidents, which you can use when searching\nfor incidents in the dashboard, triggering workflows, building announcement rules or for\nyour own data needs.\n\nEach field has a type:\n\n- Single-select, single value selected from a predefined list of options (e.g. Detection Method)\n- Multi-select, as above but you can pick more than one option (e.g. Affected Teams)\n- Text, freeform text field (e.g. Customer ID)\n- Link, link URL that is synced to Slack bookmarks on the incident channel (e.g. External Status Page)\n- Number, integer or fractional numbers (e.g. # Customers Affected)\n\nWe may add more custom field types in the future - we'd love to hear any other types you'd like to use!\n", "description_kind": "markdown", "block_types": {"filter_by": {"nesting_mode": "single", "block": {"attributes": {"catalog_attribute_id": {"type": "string", "description": "This must be an attribute of the catalog type of this custom field. It must be an attribute that points to another catalog type (so not a plain string, number, or boolean attribute).", "description_kind": "markdown", "required": true}, "custom_field_id": {"type": "string", "description": "This must be the ID of a custom field, which must have values of the same type as the attribute you are filtering by.\n\nWhen this filtering field is set on an incident, the options for this custom field will be filtered to only those with the attribute value that matches the value of the filtering field.", "description_kind": "markdown", "required": true}}, "description": "", "description_kind": "plain"}, "max_items": 1}}}}, "incident_custom_field_option": {"version": 0, "block": {"attributes": {"custom_field_id": {"type": "string", "description": "ID of the custom field this option belongs to", "description_kind": "markdown", "required": true}, "id": {"type": "string", "description": "Unique identifier for the custom field option", "description_kind": "markdown", "computed": true}, "sort_key": {"type": "number", "description": "Sort key used to order the custom field options correctly", "description_kind": "markdown", "optional": true, "computed": true}, "value": {"type": "string", "description": "Human readable name for the custom field option", "description_kind": "markdown", "required": true}}, "description": "Manage custom field options.\n\nSingle- and multi-select custom fields have a list of all available options,\nwhich have a value, and a sort key. The value must be unique to the custom\nfield. For example, you might have an Incident Type custom field, with options\n\"Data breach\", \"Performance degradation\", \"API downtime\", etc.", "description_kind": "markdown"}}, "incident_escalation_path": {"version": 0, "block": {"attributes": {"id": {"type": "string", "description": "Unique identifier for this escalation path.", "description_kind": "markdown", "computed": true}, "name": {"type": "string", "description": "The name of this escalation path, for the user's reference.", "description_kind": "markdown", "required": true}, "team_ids": {"type": ["set", "string"], "description": "IDs of the teams that own this escalation path. This will automatically sync escalation paths with the right teams in Catalog. If you have an escalation paths attribute on your Teams, this attribute is required.", "description_kind": "markdown", "optional": true}}, "description": "Create and manage escalation paths.\n\nWe'd generally recommend building escalation paths in our [web dashboard](https://app.incident.io/~/on-call/escalation-paths), and using the 'Export' flow to generate your Terraform, as it's easier to see what you've configured. You can also make changes to an existing escalation path and copy the resulting Terraform without persisting it.", "description_kind": "markdown", "block_types": {"path": {"nesting_mode": "list", "block": {"attributes": {"id": {"type": "string", "description": "An ID for this node, unique within the escalation path.\n\nThis allows you to reference the node in other nodes, such as when configuring a 'repeat' node.", "description_kind": "markdown", "optional": true, "computed": true}, "type": {"type": "string", "description": "The type of this node. Available types are:\n* level: A set of targets (users or schedules) that should be paged, either all at once, or with a round-robin configuration.\n* notify_channel: Send the escalation to a Slack channel, where it can be acked by anyone in the channel.\n* if_else: Branch the escalation based on a set of conditions.\n* repeat: Go back to a previous node and repeat the logic from there.\n* delay: Pause the escalation for a configured duration before advancing to the next node.", "description_kind": "markdown", "required": true}}, "description": "The nodes that form the levels and branches of this escalation path.\n\n-->**Note** Although the `if_else` block is recursive, currently a maximum of 3 levels are supported. Attempting to configure more than 3 levels of nesting will result in a schema error.\n", "description_kind": "markdown", "block_types": {"delay": {"nesting_mode": "single", "block": {"attributes": {"delay_interval_condition": {"type": "string", "description": "If the delay is relative to a time window, this defines whether we advance when the window is active or inactive", "description_kind": "markdown", "optional": true}, "delay_seconds": {"type": "number", "description": "How long to delay before advancing to the next node in the path, in seconds", "description_kind": "markdown", "optional": true}, "delay_weekday_interval_config_id": {"type": "string", "description": "If the delay is relative to a time window, this identifies which window it is relative to", "description_kind": "markdown", "optional": true}}, "description": "", "description_kind": "plain"}, "max_items": 1}, "if_else": {"nesting_mode": "single", "block": {"attributes": {}, "description": "", "description_kind": "plain", "block_types": {"conditions": {"nesting_mode": "list", "block": {"attributes": {"operation": {"type": "string", "description": "The logical operation to be applied", "description_kind": "markdown", "required": true}, "subject": {"type": "string", "description": "The subject of the condition, on which the operation is applied", "description_kind": "markdown", "required": true}}, "description": "The prerequisite conditions that must all be satisfied", "description_kind": "markdown", "block_types": {"param_bindings": {"nesting_mode": "list", "block": {"attributes": {}, "description": "Bindings for the operation parameters", "description_kind": "markdown", "block_types": {"array_value": {"nesting_mode": "list", "block": {"attributes": {"literal": {"type": "string", "description": "If set, this is the literal value of the step parameter", "description_kind": "markdown", "optional": true}, "reference": {"type": "string", "description": "If set, this is the reference into the trigger scope that is the value of this parameter", "description_kind": "markdown", "optional": true}}, "description": "The array of literal or reference parameter values", "description_kind": "markdown"}}, "value": {"nesting_mode": "single", "block": {"attributes": {"literal": {"type": "string", "description": "If set, this is the literal value of the step parameter", "description_kind": "markdown", "optional": true}, "reference": {"type": "string", "description": "If set, this is the reference into the trigger scope that is the value of this parameter", "description_kind": "markdown", "optional": true}}, "description": "The literal or reference parameter value", "description_kind": "markdown"}, "max_items": 1}}}, "min_items": 1}}}, "min_items": 1}, "else_path": {"nesting_mode": "list", "block": {"attributes": {"id": {"type": "string", "description": "An ID for this node, unique within the escalation path.\n\nThis allows you to reference the node in other nodes, such as when configuring a 'repeat' node.", "description_kind": "markdown", "optional": true, "computed": true}, "type": {"type": "string", "description": "The type of this node. Available types are:\n* level: A set of targets (users or schedules) that should be paged, either all at once, or with a round-robin configuration.\n* notify_channel: Send the escalation to a Slack channel, where it can be acked by anyone in the channel.\n* if_else: Branch the escalation based on a set of conditions.\n* repeat: Go back to a previous node and repeat the logic from there.\n* delay: Pause the escalation for a configured duration before advancing to the next node.", "description_kind": "markdown", "required": true}}, "description": "The nodes that form the levels if our condition is not met", "description_kind": "markdown", "block_types": {"delay": {"nesting_mode": "single", "block": {"attributes": {"delay_interval_condition": {"type": "string", "description": "If the delay is relative to a time window, this defines whether we advance when the window is active or inactive", "description_kind": "markdown", "optional": true}, "delay_seconds": {"type": "number", "description": "How long to delay before advancing to the next node in the path, in seconds", "description_kind": "markdown", "optional": true}, "delay_weekday_interval_config_id": {"type": "string", "description": "If the delay is relative to a time window, this identifies which window it is relative to", "description_kind": "markdown", "optional": true}}, "description": "", "description_kind": "plain"}, "max_items": 1}, "if_else": {"nesting_mode": "single", "block": {"attributes": {}, "description": "", "description_kind": "plain", "block_types": {"conditions": {"nesting_mode": "list", "block": {"attributes": {"operation": {"type": "string", "description": "The logical operation to be applied", "description_kind": "markdown", "required": true}, "subject": {"type": "string", "description": "The subject of the condition, on which the operation is applied", "description_kind": "markdown", "required": true}}, "description": "The prerequisite conditions that must all be satisfied", "description_kind": "markdown", "block_types": {"param_bindings": {"nesting_mode": "list", "block": {"attributes": {}, "description": "Bindings for the operation parameters", "description_kind": "markdown", "block_types": {"array_value": {"nesting_mode": "list", "block": {"attributes": {"literal": {"type": "string", "description": "If set, this is the literal value of the step parameter", "description_kind": "markdown", "optional": true}, "reference": {"type": "string", "description": "If set, this is the reference into the trigger scope that is the value of this parameter", "description_kind": "markdown", "optional": true}}, "description": "The array of literal or reference parameter values", "description_kind": "markdown"}}, "value": {"nesting_mode": "single", "block": {"attributes": {"literal": {"type": "string", "description": "If set, this is the literal value of the step parameter", "description_kind": "markdown", "optional": true}, "reference": {"type": "string", "description": "If set, this is the reference into the trigger scope that is the value of this parameter", "description_kind": "markdown", "optional": true}}, "description": "The literal or reference parameter value", "description_kind": "markdown"}, "max_items": 1}}}, "min_items": 1}}}, "min_items": 1}, "else_path": {"nesting_mode": "list", "block": {"attributes": {"id": {"type": "string", "description": "An ID for this node, unique within the escalation path.\n\nThis allows you to reference the node in other nodes, such as when configuring a 'repeat' node.", "description_kind": "markdown", "optional": true, "computed": true}, "type": {"type": "string", "description": "The type of this node. Available types are:\n* level: A set of targets (users or schedules) that should be paged, either all at once, or with a round-robin configuration.\n* notify_channel: Send the escalation to a Slack channel, where it can be acked by anyone in the channel.\n* if_else: Branch the escalation based on a set of conditions.\n* repeat: Go back to a previous node and repeat the logic from there.\n* delay: Pause the escalation for a configured duration before advancing to the next node.", "description_kind": "markdown", "required": true}}, "description": "The nodes that form the levels if our condition is not met", "description_kind": "markdown", "block_types": {"delay": {"nesting_mode": "single", "block": {"attributes": {"delay_interval_condition": {"type": "string", "description": "If the delay is relative to a time window, this defines whether we advance when the window is active or inactive", "description_kind": "markdown", "optional": true}, "delay_seconds": {"type": "number", "description": "How long to delay before advancing to the next node in the path, in seconds", "description_kind": "markdown", "optional": true}, "delay_weekday_interval_config_id": {"type": "string", "description": "If the delay is relative to a time window, this identifies which window it is relative to", "description_kind": "markdown", "optional": true}}, "description": "", "description_kind": "plain"}, "max_items": 1}, "if_else": {"nesting_mode": "single", "block": {"attributes": {}, "description": "", "description_kind": "plain", "block_types": {"conditions": {"nesting_mode": "list", "block": {"attributes": {"operation": {"type": "string", "description": "The logical operation to be applied", "description_kind": "markdown", "required": true}, "subject": {"type": "string", "description": "The subject of the condition, on which the operation is applied", "description_kind": "markdown", "required": true}}, "description": "The prerequisite conditions that must all be satisfied", "description_kind": "markdown", "block_types": {"param_bindings": {"nesting_mode": "list", "block": {"attributes": {}, "description": "Bindings for the operation parameters", "description_kind": "markdown", "block_types": {"array_value": {"nesting_mode": "list", "block": {"attributes": {"literal": {"type": "string", "description": "If set, this is the literal value of the step parameter", "description_kind": "markdown", "optional": true}, "reference": {"type": "string", "description": "If set, this is the reference into the trigger scope that is the value of this parameter", "description_kind": "markdown", "optional": true}}, "description": "The array of literal or reference parameter values", "description_kind": "markdown"}}, "value": {"nesting_mode": "single", "block": {"attributes": {"literal": {"type": "string", "description": "If set, this is the literal value of the step parameter", "description_kind": "markdown", "optional": true}, "reference": {"type": "string", "description": "If set, this is the reference into the trigger scope that is the value of this parameter", "description_kind": "markdown", "optional": true}}, "description": "The literal or reference parameter value", "description_kind": "markdown"}, "max_items": 1}}}, "min_items": 1}}}, "min_items": 1}, "else_path": {"nesting_mode": "list", "block": {"attributes": {"id": {"type": "string", "description": "An ID for this node, unique within the escalation path.\n\nThis allows you to reference the node in other nodes, such as when configuring a 'repeat' node.", "description_kind": "markdown", "optional": true, "computed": true}, "type": {"type": "string", "description": "The type of this node. Available types are:\n* level: A set of targets (users or schedules) that should be paged, either all at once, or with a round-robin configuration.\n* notify_channel: Send the escalation to a Slack channel, where it can be acked by anyone in the channel.\n* if_else: Branch the escalation based on a set of conditions.\n* repeat: Go back to a previous node and repeat the logic from there.\n* delay: Pause the escalation for a configured duration before advancing to the next node.", "description_kind": "markdown", "required": true}}, "description": "The nodes that form the levels if our condition is not met", "description_kind": "markdown", "block_types": {"delay": {"nesting_mode": "single", "block": {"attributes": {"delay_interval_condition": {"type": "string", "description": "If the delay is relative to a time window, this defines whether we advance when the window is active or inactive", "description_kind": "markdown", "optional": true}, "delay_seconds": {"type": "number", "description": "How long to delay before advancing to the next node in the path, in seconds", "description_kind": "markdown", "optional": true}, "delay_weekday_interval_config_id": {"type": "string", "description": "If the delay is relative to a time window, this identifies which window it is relative to", "description_kind": "markdown", "optional": true}}, "description": "", "description_kind": "plain"}, "max_items": 1}, "if_else": {"nesting_mode": "single", "block": {"attributes": {}, "description": "", "description_kind": "plain", "block_types": {"conditions": {"nesting_mode": "list", "block": {"attributes": {"operation": {"type": "string", "description": "The logical operation to be applied", "description_kind": "markdown", "required": true}, "subject": {"type": "string", "description": "The subject of the condition, on which the operation is applied", "description_kind": "markdown", "required": true}}, "description": "The prerequisite conditions that must all be satisfied", "description_kind": "markdown", "block_types": {"param_bindings": {"nesting_mode": "list", "block": {"attributes": {}, "description": "Bindings for the operation parameters", "description_kind": "markdown", "block_types": {"array_value": {"nesting_mode": "list", "block": {"attributes": {"literal": {"type": "string", "description": "If set, this is the literal value of the step parameter", "description_kind": "markdown", "optional": true}, "reference": {"type": "string", "description": "If set, this is the reference into the trigger scope that is the value of this parameter", "description_kind": "markdown", "optional": true}}, "description": "The array of literal or reference parameter values", "description_kind": "markdown"}}, "value": {"nesting_mode": "single", "block": {"attributes": {"literal": {"type": "string", "description": "If set, this is the literal value of the step parameter", "description_kind": "markdown", "optional": true}, "reference": {"type": "string", "description": "If set, this is the reference into the trigger scope that is the value of this parameter", "description_kind": "markdown", "optional": true}}, "description": "The literal or reference parameter value", "description_kind": "markdown"}, "max_items": 1}}}, "min_items": 1}}}, "min_items": 1}, "else_path": {"nesting_mode": "list", "block": {"attributes": {"id": {"type": "string", "description": "An ID for this node, unique within the escalation path.\n\nThis allows you to reference the node in other nodes, such as when configuring a 'repeat' node.", "description_kind": "markdown", "optional": true, "computed": true}, "type": {"type": "string", "description": "The type of this node. Available types are:\n* level: A set of targets (users or schedules) that should be paged, either all at once, or with a round-robin configuration.\n* notify_channel: Send the escalation to a Slack channel, where it can be acked by anyone in the channel.\n* if_else: Branch the escalation based on a set of conditions.\n* repeat: Go back to a previous node and repeat the logic from there.\n* delay: Pause the escalation for a configured duration before advancing to the next node.", "description_kind": "markdown", "required": true}}, "description": "The nodes that form the levels if our condition is not met", "description_kind": "markdown", "block_types": {"delay": {"nesting_mode": "single", "block": {"attributes": {"delay_interval_condition": {"type": "string", "description": "If the delay is relative to a time window, this defines whether we advance when the window is active or inactive", "description_kind": "markdown", "optional": true}, "delay_seconds": {"type": "number", "description": "How long to delay before advancing to the next node in the path, in seconds", "description_kind": "markdown", "optional": true}, "delay_weekday_interval_config_id": {"type": "string", "description": "If the delay is relative to a time window, this identifies which window it is relative to", "description_kind": "markdown", "optional": true}}, "description": "", "description_kind": "plain"}, "max_items": 1}, "level": {"nesting_mode": "single", "block": {"attributes": {"ack_mode": {"type": "string", "description": "Controls the behaviour of acknowledgements for this level, with 'first' cancelling all other escalations on the same level when someone acks", "description_kind": "markdown", "optional": true, "computed": true}, "time_to_ack_interval_condition": {"type": "string", "description": "If the time to ack is relative to a time window, this defines whether we move when the window is active or inactive", "description_kind": "markdown", "optional": true}, "time_to_ack_seconds": {"type": "number", "description": "How long should we wait for this level to acknowledge before proceeding to the next node in the path?", "description_kind": "markdown", "optional": true}, "time_to_ack_weekday_interval_config_id": {"type": "string", "description": "If the time to ack is relative to a time window, this identifies which window it is relative to", "description_kind": "markdown", "optional": true}}, "description": "", "description_kind": "plain", "block_types": {"round_robin_config": {"nesting_mode": "single", "block": {"attributes": {"enabled": {"type": "bool", "description": "Whether round robin is enabled for this level", "description_kind": "markdown", "required": true}, "rotate_after_seconds": {"type": "number", "description": "How long should we wait before rotating to the next target in a round robin, if not set will stick with a single target per level.", "description_kind": "markdown", "optional": true}}, "description": "", "description_kind": "plain"}, "max_items": 1}, "targets": {"nesting_mode": "list", "block": {"attributes": {"id": {"type": "string", "description": "Uniquely identifies an entity of this type", "description_kind": "markdown", "required": true}, "schedule_mode": {"type": "string", "description": "Only set for schedule targets, and either currently_on_call, all_users or all_users_for_rota and specifies which users to fetch from the schedule", "description_kind": "markdown", "optional": true, "computed": true}, "type": {"type": "string", "description": "Controls what type of entity this target identifies, such as EscalationPolicy or User. Possible values are: `schedule`, `user`, `slack_channel`, `msteams_channel`.", "description_kind": "markdown", "required": true}, "urgency": {"type": "string", "description": "The urgency of this escalation path target. Possible values are: `high`, `low`.", "description_kind": "markdown", "required": true}}, "description": "The targets (users or schedules) for this level", "description_kind": "markdown"}, "min_items": 1}}}, "max_items": 1}, "notify_channel": {"nesting_mode": "single", "block": {"attributes": {"time_to_ack_interval_condition": {"type": "string", "description": "If the time to ack is relative to a time window, this defines whether we move when the window is active or inactive", "description_kind": "markdown", "optional": true}, "time_to_ack_seconds": {"type": "number", "description": "How long should we wait for this level to acknowledge before moving on to the next node in the path?", "description_kind": "markdown", "optional": true}, "time_to_ack_weekday_interval_config_id": {"type": "string", "description": "If the time to ack is relative to a time window, this identifies which window it is relative to", "description_kind": "markdown", "optional": true}}, "description": "", "description_kind": "plain", "block_types": {"targets": {"nesting_mode": "list", "block": {"attributes": {"id": {"type": "string", "description": "Uniquely identifies an entity of this type", "description_kind": "markdown", "required": true}, "schedule_mode": {"type": "string", "description": "Only set for schedule targets, and either currently_on_call, all_users or all_users_for_rota and specifies which users to fetch from the schedule", "description_kind": "markdown", "optional": true, "computed": true}, "type": {"type": "string", "description": "Controls what type of entity this target identifies, such as EscalationPolicy or User. Possible values are: `schedule`, `user`, `slack_channel`, `msteams_channel`.", "description_kind": "markdown", "required": true}, "urgency": {"type": "string", "description": "The urgency of this escalation path target. Possible values are: `high`, `low`.", "description_kind": "markdown", "required": true}}, "description": "The targets (Slack channels) for this level", "description_kind": "markdown"}, "min_items": 1}}}, "max_items": 1}, "repeat": {"nesting_mode": "single", "block": {"attributes": {"repeat_times": {"type": "number", "description": "How many times to repeat these nodes", "description_kind": "markdown", "required": true}, "to_node": {"type": "string", "description": "Which node ID we begin repeating from.", "description_kind": "markdown", "required": true}}, "description": "", "description_kind": "plain"}, "max_items": 1}}}}, "then_path": {"nesting_mode": "list", "block": {"attributes": {"id": {"type": "string", "description": "An ID for this node, unique within the escalation path.\n\nThis allows you to reference the node in other nodes, such as when configuring a 'repeat' node.", "description_kind": "markdown", "optional": true, "computed": true}, "type": {"type": "string", "description": "The type of this node. Available types are:\n* level: A set of targets (users or schedules) that should be paged, either all at once, or with a round-robin configuration.\n* notify_channel: Send the escalation to a Slack channel, where it can be acked by anyone in the channel.\n* if_else: Branch the escalation based on a set of conditions.\n* repeat: Go back to a previous node and repeat the logic from there.\n* delay: Pause the escalation for a configured duration before advancing to the next node.", "description_kind": "markdown", "required": true}}, "description": "Then path nodes", "description_kind": "markdown", "block_types": {"delay": {"nesting_mode": "single", "block": {"attributes": {"delay_interval_condition": {"type": "string", "description": "If the delay is relative to a time window, this defines whether we advance when the window is active or inactive", "description_kind": "markdown", "optional": true}, "delay_seconds": {"type": "number", "description": "How long to delay before advancing to the next node in the path, in seconds", "description_kind": "markdown", "optional": true}, "delay_weekday_interval_config_id": {"type": "string", "description": "If the delay is relative to a time window, this identifies which window it is relative to", "description_kind": "markdown", "optional": true}}, "description": "", "description_kind": "plain"}, "max_items": 1}, "level": {"nesting_mode": "single", "block": {"attributes": {"ack_mode": {"type": "string", "description": "Controls the behaviour of acknowledgements for this level, with 'first' cancelling all other escalations on the same level when someone acks", "description_kind": "markdown", "optional": true, "computed": true}, "time_to_ack_interval_condition": {"type": "string", "description": "If the time to ack is relative to a time window, this defines whether we move when the window is active or inactive", "description_kind": "markdown", "optional": true}, "time_to_ack_seconds": {"type": "number", "description": "How long should we wait for this level to acknowledge before proceeding to the next node in the path?", "description_kind": "markdown", "optional": true}, "time_to_ack_weekday_interval_config_id": {"type": "string", "description": "If the time to ack is relative to a time window, this identifies which window it is relative to", "description_kind": "markdown", "optional": true}}, "description": "", "description_kind": "plain", "block_types": {"round_robin_config": {"nesting_mode": "single", "block": {"attributes": {"enabled": {"type": "bool", "description": "Whether round robin is enabled for this level", "description_kind": "markdown", "required": true}, "rotate_after_seconds": {"type": "number", "description": "How long should we wait before rotating to the next target in a round robin, if not set will stick with a single target per level.", "description_kind": "markdown", "optional": true}}, "description": "", "description_kind": "plain"}, "max_items": 1}, "targets": {"nesting_mode": "list", "block": {"attributes": {"id": {"type": "string", "description": "Uniquely identifies an entity of this type", "description_kind": "markdown", "required": true}, "schedule_mode": {"type": "string", "description": "Only set for schedule targets, and either currently_on_call, all_users or all_users_for_rota and specifies which users to fetch from the schedule", "description_kind": "markdown", "optional": true, "computed": true}, "type": {"type": "string", "description": "Controls what type of entity this target identifies, such as EscalationPolicy or User. Possible values are: `schedule`, `user`, `slack_channel`, `msteams_channel`.", "description_kind": "markdown", "required": true}, "urgency": {"type": "string", "description": "The urgency of this escalation path target. Possible values are: `high`, `low`.", "description_kind": "markdown", "required": true}}, "description": "The targets (users or schedules) for this level", "description_kind": "markdown"}, "min_items": 1}}}, "max_items": 1}, "notify_channel": {"nesting_mode": "single", "block": {"attributes": {"time_to_ack_interval_condition": {"type": "string", "description": "If the time to ack is relative to a time window, this defines whether we move when the window is active or inactive", "description_kind": "markdown", "optional": true}, "time_to_ack_seconds": {"type": "number", "description": "How long should we wait for this level to acknowledge before moving on to the next node in the path?", "description_kind": "markdown", "optional": true}, "time_to_ack_weekday_interval_config_id": {"type": "string", "description": "If the time to ack is relative to a time window, this identifies which window it is relative to", "description_kind": "markdown", "optional": true}}, "description": "", "description_kind": "plain", "block_types": {"targets": {"nesting_mode": "list", "block": {"attributes": {"id": {"type": "string", "description": "Uniquely identifies an entity of this type", "description_kind": "markdown", "required": true}, "schedule_mode": {"type": "string", "description": "Only set for schedule targets, and either currently_on_call, all_users or all_users_for_rota and specifies which users to fetch from the schedule", "description_kind": "markdown", "optional": true, "computed": true}, "type": {"type": "string", "description": "Controls what type of entity this target identifies, such as EscalationPolicy or User. Possible values are: `schedule`, `user`, `slack_channel`, `msteams_channel`.", "description_kind": "markdown", "required": true}, "urgency": {"type": "string", "description": "The urgency of this escalation path target. Possible values are: `high`, `low`.", "description_kind": "markdown", "required": true}}, "description": "The targets (Slack channels) for this level", "description_kind": "markdown"}, "min_items": 1}}}, "max_items": 1}, "repeat": {"nesting_mode": "single", "block": {"attributes": {"repeat_times": {"type": "number", "description": "How many times to repeat these nodes", "description_kind": "markdown", "required": true}, "to_node": {"type": "string", "description": "Which node ID we begin repeating from.", "description_kind": "markdown", "required": true}}, "description": "", "description_kind": "plain"}, "max_items": 1}}}, "min_items": 1}}}, "max_items": 1}, "level": {"nesting_mode": "single", "block": {"attributes": {"ack_mode": {"type": "string", "description": "Controls the behaviour of acknowledgements for this level, with 'first' cancelling all other escalations on the same level when someone acks", "description_kind": "markdown", "optional": true, "computed": true}, "time_to_ack_interval_condition": {"type": "string", "description": "If the time to ack is relative to a time window, this defines whether we move when the window is active or inactive", "description_kind": "markdown", "optional": true}, "time_to_ack_seconds": {"type": "number", "description": "How long should we wait for this level to acknowledge before proceeding to the next node in the path?", "description_kind": "markdown", "optional": true}, "time_to_ack_weekday_interval_config_id": {"type": "string", "description": "If the time to ack is relative to a time window, this identifies which window it is relative to", "description_kind": "markdown", "optional": true}}, "description": "", "description_kind": "plain", "block_types": {"round_robin_config": {"nesting_mode": "single", "block": {"attributes": {"enabled": {"type": "bool", "description": "Whether round robin is enabled for this level", "description_kind": "markdown", "required": true}, "rotate_after_seconds": {"type": "number", "description": "How long should we wait before rotating to the next target in a round robin, if not set will stick with a single target per level.", "description_kind": "markdown", "optional": true}}, "description": "", "description_kind": "plain"}, "max_items": 1}, "targets": {"nesting_mode": "list", "block": {"attributes": {"id": {"type": "string", "description": "Uniquely identifies an entity of this type", "description_kind": "markdown", "required": true}, "schedule_mode": {"type": "string", "description": "Only set for schedule targets, and either currently_on_call, all_users or all_users_for_rota and specifies which users to fetch from the schedule", "description_kind": "markdown", "optional": true, "computed": true}, "type": {"type": "string", "description": "Controls what type of entity this target identifies, such as EscalationPolicy or User. Possible values are: `schedule`, `user`, `slack_channel`, `msteams_channel`.", "description_kind": "markdown", "required": true}, "urgency": {"type": "string", "description": "The urgency of this escalation path target. Possible values are: `high`, `low`.", "description_kind": "markdown", "required": true}}, "description": "The targets (users or schedules) for this level", "description_kind": "markdown"}, "min_items": 1}}}, "max_items": 1}, "notify_channel": {"nesting_mode": "single", "block": {"attributes": {"time_to_ack_interval_condition": {"type": "string", "description": "If the time to ack is relative to a time window, this defines whether we move when the window is active or inactive", "description_kind": "markdown", "optional": true}, "time_to_ack_seconds": {"type": "number", "description": "How long should we wait for this level to acknowledge before moving on to the next node in the path?", "description_kind": "markdown", "optional": true}, "time_to_ack_weekday_interval_config_id": {"type": "string", "description": "If the time to ack is relative to a time window, this identifies which window it is relative to", "description_kind": "markdown", "optional": true}}, "description": "", "description_kind": "plain", "block_types": {"targets": {"nesting_mode": "list", "block": {"attributes": {"id": {"type": "string", "description": "Uniquely identifies an entity of this type", "description_kind": "markdown", "required": true}, "schedule_mode": {"type": "string", "description": "Only set for schedule targets, and either currently_on_call, all_users or all_users_for_rota and specifies which users to fetch from the schedule", "description_kind": "markdown", "optional": true, "computed": true}, "type": {"type": "string", "description": "Controls what type of entity this target identifies, such as EscalationPolicy or User. Possible values are: `schedule`, `user`, `slack_channel`, `msteams_channel`.", "description_kind": "markdown", "required": true}, "urgency": {"type": "string", "description": "The urgency of this escalation path target. Possible values are: `high`, `low`.", "description_kind": "markdown", "required": true}}, "description": "The targets (Slack channels) for this level", "description_kind": "markdown"}, "min_items": 1}}}, "max_items": 1}, "repeat": {"nesting_mode": "single", "block": {"attributes": {"repeat_times": {"type": "number", "description": "How many times to repeat these nodes", "description_kind": "markdown", "required": true}, "to_node": {"type": "string", "description": "Which node ID we begin repeating from.", "description_kind": "markdown", "required": true}}, "description": "", "description_kind": "plain"}, "max_items": 1}}}}, "then_path": {"nesting_mode": "list", "block": {"attributes": {"id": {"type": "string", "description": "An ID for this node, unique within the escalation path.\n\nThis allows you to reference the node in other nodes, such as when configuring a 'repeat' node.", "description_kind": "markdown", "optional": true, "computed": true}, "type": {"type": "string", "description": "The type of this node. Available types are:\n* level: A set of targets (users or schedules) that should be paged, either all at once, or with a round-robin configuration.\n* notify_channel: Send the escalation to a Slack channel, where it can be acked by anyone in the channel.\n* if_else: Branch the escalation based on a set of conditions.\n* repeat: Go back to a previous node and repeat the logic from there.\n* delay: Pause the escalation for a configured duration before advancing to the next node.", "description_kind": "markdown", "required": true}}, "description": "Then path nodes", "description_kind": "markdown", "block_types": {"delay": {"nesting_mode": "single", "block": {"attributes": {"delay_interval_condition": {"type": "string", "description": "If the delay is relative to a time window, this defines whether we advance when the window is active or inactive", "description_kind": "markdown", "optional": true}, "delay_seconds": {"type": "number", "description": "How long to delay before advancing to the next node in the path, in seconds", "description_kind": "markdown", "optional": true}, "delay_weekday_interval_config_id": {"type": "string", "description": "If the delay is relative to a time window, this identifies which window it is relative to", "description_kind": "markdown", "optional": true}}, "description": "", "description_kind": "plain"}, "max_items": 1}, "if_else": {"nesting_mode": "single", "block": {"attributes": {}, "description": "", "description_kind": "plain", "block_types": {"conditions": {"nesting_mode": "list", "block": {"attributes": {"operation": {"type": "string", "description": "The logical operation to be applied", "description_kind": "markdown", "required": true}, "subject": {"type": "string", "description": "The subject of the condition, on which the operation is applied", "description_kind": "markdown", "required": true}}, "description": "The prerequisite conditions that must all be satisfied", "description_kind": "markdown", "block_types": {"param_bindings": {"nesting_mode": "list", "block": {"attributes": {}, "description": "Bindings for the operation parameters", "description_kind": "markdown", "block_types": {"array_value": {"nesting_mode": "list", "block": {"attributes": {"literal": {"type": "string", "description": "If set, this is the literal value of the step parameter", "description_kind": "markdown", "optional": true}, "reference": {"type": "string", "description": "If set, this is the reference into the trigger scope that is the value of this parameter", "description_kind": "markdown", "optional": true}}, "description": "The array of literal or reference parameter values", "description_kind": "markdown"}}, "value": {"nesting_mode": "single", "block": {"attributes": {"literal": {"type": "string", "description": "If set, this is the literal value of the step parameter", "description_kind": "markdown", "optional": true}, "reference": {"type": "string", "description": "If set, this is the reference into the trigger scope that is the value of this parameter", "description_kind": "markdown", "optional": true}}, "description": "The literal or reference parameter value", "description_kind": "markdown"}, "max_items": 1}}}, "min_items": 1}}}, "min_items": 1}, "else_path": {"nesting_mode": "list", "block": {"attributes": {"id": {"type": "string", "description": "An ID for this node, unique within the escalation path.\n\nThis allows you to reference the node in other nodes, such as when configuring a 'repeat' node.", "description_kind": "markdown", "optional": true, "computed": true}, "type": {"type": "string", "description": "The type of this node. Available types are:\n* level: A set of targets (users or schedules) that should be paged, either all at once, or with a round-robin configuration.\n* notify_channel: Send the escalation to a Slack channel, where it can be acked by anyone in the channel.\n* if_else: Branch the escalation based on a set of conditions.\n* repeat: Go back to a previous node and repeat the logic from there.\n* delay: Pause the escalation for a configured duration before advancing to the next node.", "description_kind": "markdown", "required": true}}, "description": "The nodes that form the levels if our condition is not met", "description_kind": "markdown", "block_types": {"delay": {"nesting_mode": "single", "block": {"attributes": {"delay_interval_condition": {"type": "string", "description": "If the delay is relative to a time window, this defines whether we advance when the window is active or inactive", "description_kind": "markdown", "optional": true}, "delay_seconds": {"type": "number", "description": "How long to delay before advancing to the next node in the path, in seconds", "description_kind": "markdown", "optional": true}, "delay_weekday_interval_config_id": {"type": "string", "description": "If the delay is relative to a time window, this identifies which window it is relative to", "description_kind": "markdown", "optional": true}}, "description": "", "description_kind": "plain"}, "max_items": 1}, "level": {"nesting_mode": "single", "block": {"attributes": {"ack_mode": {"type": "string", "description": "Controls the behaviour of acknowledgements for this level, with 'first' cancelling all other escalations on the same level when someone acks", "description_kind": "markdown", "optional": true, "computed": true}, "time_to_ack_interval_condition": {"type": "string", "description": "If the time to ack is relative to a time window, this defines whether we move when the window is active or inactive", "description_kind": "markdown", "optional": true}, "time_to_ack_seconds": {"type": "number", "description": "How long should we wait for this level to acknowledge before proceeding to the next node in the path?", "description_kind": "markdown", "optional": true}, "time_to_ack_weekday_interval_config_id": {"type": "string", "description": "If the time to ack is relative to a time window, this identifies which window it is relative to", "description_kind": "markdown", "optional": true}}, "description": "", "description_kind": "plain", "block_types": {"round_robin_config": {"nesting_mode": "single", "block": {"attributes": {"enabled": {"type": "bool", "description": "Whether round robin is enabled for this level", "description_kind": "markdown", "required": true}, "rotate_after_seconds": {"type": "number", "description": "How long should we wait before rotating to the next target in a round robin, if not set will stick with a single target per level.", "description_kind": "markdown", "optional": true}}, "description": "", "description_kind": "plain"}, "max_items": 1}, "targets": {"nesting_mode": "list", "block": {"attributes": {"id": {"type": "string", "description": "Uniquely identifies an entity of this type", "description_kind": "markdown", "required": true}, "schedule_mode": {"type": "string", "description": "Only set for schedule targets, and either currently_on_call, all_users or all_users_for_rota and specifies which users to fetch from the schedule", "description_kind": "markdown", "optional": true, "computed": true}, "type": {"type": "string", "description": "Controls what type of entity this target identifies, such as EscalationPolicy or User. Possible values are: `schedule`, `user`, `slack_channel`, `msteams_channel`.", "description_kind": "markdown", "required": true}, "urgency": {"type": "string", "description": "The urgency of this escalation path target. Possible values are: `high`, `low`.", "description_kind": "markdown", "required": true}}, "description": "The targets (users or schedules) for this level", "description_kind": "markdown"}, "min_items": 1}}}, "max_items": 1}, "notify_channel": {"nesting_mode": "single", "block": {"attributes": {"time_to_ack_interval_condition": {"type": "string", "description": "If the time to ack is relative to a time window, this defines whether we move when the window is active or inactive", "description_kind": "markdown", "optional": true}, "time_to_ack_seconds": {"type": "number", "description": "How long should we wait for this level to acknowledge before moving on to the next node in the path?", "description_kind": "markdown", "optional": true}, "time_to_ack_weekday_interval_config_id": {"type": "string", "description": "If the time to ack is relative to a time window, this identifies which window it is relative to", "description_kind": "markdown", "optional": true}}, "description": "", "description_kind": "plain", "block_types": {"targets": {"nesting_mode": "list", "block": {"attributes": {"id": {"type": "string", "description": "Uniquely identifies an entity of this type", "description_kind": "markdown", "required": true}, "schedule_mode": {"type": "string", "description": "Only set for schedule targets, and either currently_on_call, all_users or all_users_for_rota and specifies which users to fetch from the schedule", "description_kind": "markdown", "optional": true, "computed": true}, "type": {"type": "string", "description": "Controls what type of entity this target identifies, such as EscalationPolicy or User. Possible values are: `schedule`, `user`, `slack_channel`, `msteams_channel`.", "description_kind": "markdown", "required": true}, "urgency": {"type": "string", "description": "The urgency of this escalation path target. Possible values are: `high`, `low`.", "description_kind": "markdown", "required": true}}, "description": "The targets (Slack channels) for this level", "description_kind": "markdown"}, "min_items": 1}}}, "max_items": 1}, "repeat": {"nesting_mode": "single", "block": {"attributes": {"repeat_times": {"type": "number", "description": "How many times to repeat these nodes", "description_kind": "markdown", "required": true}, "to_node": {"type": "string", "description": "Which node ID we begin repeating from.", "description_kind": "markdown", "required": true}}, "description": "", "description_kind": "plain"}, "max_items": 1}}}}, "then_path": {"nesting_mode": "list", "block": {"attributes": {"id": {"type": "string", "description": "An ID for this node, unique within the escalation path.\n\nThis allows you to reference the node in other nodes, such as when configuring a 'repeat' node.", "description_kind": "markdown", "optional": true, "computed": true}, "type": {"type": "string", "description": "The type of this node. Available types are:\n* level: A set of targets (users or schedules) that should be paged, either all at once, or with a round-robin configuration.\n* notify_channel: Send the escalation to a Slack channel, where it can be acked by anyone in the channel.\n* if_else: Branch the escalation based on a set of conditions.\n* repeat: Go back to a previous node and repeat the logic from there.\n* delay: Pause the escalation for a configured duration before advancing to the next node.", "description_kind": "markdown", "required": true}}, "description": "Then path nodes", "description_kind": "markdown", "block_types": {"delay": {"nesting_mode": "single", "block": {"attributes": {"delay_interval_condition": {"type": "string", "description": "If the delay is relative to a time window, this defines whether we advance when the window is active or inactive", "description_kind": "markdown", "optional": true}, "delay_seconds": {"type": "number", "description": "How long to delay before advancing to the next node in the path, in seconds", "description_kind": "markdown", "optional": true}, "delay_weekday_interval_config_id": {"type": "string", "description": "If the delay is relative to a time window, this identifies which window it is relative to", "description_kind": "markdown", "optional": true}}, "description": "", "description_kind": "plain"}, "max_items": 1}, "level": {"nesting_mode": "single", "block": {"attributes": {"ack_mode": {"type": "string", "description": "Controls the behaviour of acknowledgements for this level, with 'first' cancelling all other escalations on the same level when someone acks", "description_kind": "markdown", "optional": true, "computed": true}, "time_to_ack_interval_condition": {"type": "string", "description": "If the time to ack is relative to a time window, this defines whether we move when the window is active or inactive", "description_kind": "markdown", "optional": true}, "time_to_ack_seconds": {"type": "number", "description": "How long should we wait for this level to acknowledge before proceeding to the next node in the path?", "description_kind": "markdown", "optional": true}, "time_to_ack_weekday_interval_config_id": {"type": "string", "description": "If the time to ack is relative to a time window, this identifies which window it is relative to", "description_kind": "markdown", "optional": true}}, "description": "", "description_kind": "plain", "block_types": {"round_robin_config": {"nesting_mode": "single", "block": {"attributes": {"enabled": {"type": "bool", "description": "Whether round robin is enabled for this level", "description_kind": "markdown", "required": true}, "rotate_after_seconds": {"type": "number", "description": "How long should we wait before rotating to the next target in a round robin, if not set will stick with a single target per level.", "description_kind": "markdown", "optional": true}}, "description": "", "description_kind": "plain"}, "max_items": 1}, "targets": {"nesting_mode": "list", "block": {"attributes": {"id": {"type": "string", "description": "Uniquely identifies an entity of this type", "description_kind": "markdown", "required": true}, "schedule_mode": {"type": "string", "description": "Only set for schedule targets, and either currently_on_call, all_users or all_users_for_rota and specifies which users to fetch from the schedule", "description_kind": "markdown", "optional": true, "computed": true}, "type": {"type": "string", "description": "Controls what type of entity this target identifies, such as EscalationPolicy or User. Possible values are: `schedule`, `user`, `slack_channel`, `msteams_channel`.", "description_kind": "markdown", "required": true}, "urgency": {"type": "string", "description": "The urgency of this escalation path target. Possible values are: `high`, `low`.", "description_kind": "markdown", "required": true}}, "description": "The targets (users or schedules) for this level", "description_kind": "markdown"}, "min_items": 1}}}, "max_items": 1}, "notify_channel": {"nesting_mode": "single", "block": {"attributes": {"time_to_ack_interval_condition": {"type": "string", "description": "If the time to ack is relative to a time window, this defines whether we move when the window is active or inactive", "description_kind": "markdown", "optional": true}, "time_to_ack_seconds": {"type": "number", "description": "How long should we wait for this level to acknowledge before moving on to the next node in the path?", "description_kind": "markdown", "optional": true}, "time_to_ack_weekday_interval_config_id": {"type": "string", "description": "If the time to ack is relative to a time window, this identifies which window it is relative to", "description_kind": "markdown", "optional": true}}, "description": "", "description_kind": "plain", "block_types": {"targets": {"nesting_mode": "list", "block": {"attributes": {"id": {"type": "string", "description": "Uniquely identifies an entity of this type", "description_kind": "markdown", "required": true}, "schedule_mode": {"type": "string", "description": "Only set for schedule targets, and either currently_on_call, all_users or all_users_for_rota and specifies which users to fetch from the schedule", "description_kind": "markdown", "optional": true, "computed": true}, "type": {"type": "string", "description": "Controls what type of entity this target identifies, such as EscalationPolicy or User. Possible values are: `schedule`, `user`, `slack_channel`, `msteams_channel`.", "description_kind": "markdown", "required": true}, "urgency": {"type": "string", "description": "The urgency of this escalation path target. Possible values are: `high`, `low`.", "description_kind": "markdown", "required": true}}, "description": "The targets (Slack channels) for this level", "description_kind": "markdown"}, "min_items": 1}}}, "max_items": 1}, "repeat": {"nesting_mode": "single", "block": {"attributes": {"repeat_times": {"type": "number", "description": "How many times to repeat these nodes", "description_kind": "markdown", "required": true}, "to_node": {"type": "string", "description": "Which node ID we begin repeating from.", "description_kind": "markdown", "required": true}}, "description": "", "description_kind": "plain"}, "max_items": 1}}}, "min_items": 1}}}, "max_items": 1}, "level": {"nesting_mode": "single", "block": {"attributes": {"ack_mode": {"type": "string", "description": "Controls the behaviour of acknowledgements for this level, with 'first' cancelling all other escalations on the same level when someone acks", "description_kind": "markdown", "optional": true, "computed": true}, "time_to_ack_interval_condition": {"type": "string", "description": "If the time to ack is relative to a time window, this defines whether we move when the window is active or inactive", "description_kind": "markdown", "optional": true}, "time_to_ack_seconds": {"type": "number", "description": "How long should we wait for this level to acknowledge before proceeding to the next node in the path?", "description_kind": "markdown", "optional": true}, "time_to_ack_weekday_interval_config_id": {"type": "string", "description": "If the time to ack is relative to a time window, this identifies which window it is relative to", "description_kind": "markdown", "optional": true}}, "description": "", "description_kind": "plain", "block_types": {"round_robin_config": {"nesting_mode": "single", "block": {"attributes": {"enabled": {"type": "bool", "description": "Whether round robin is enabled for this level", "description_kind": "markdown", "required": true}, "rotate_after_seconds": {"type": "number", "description": "How long should we wait before rotating to the next target in a round robin, if not set will stick with a single target per level.", "description_kind": "markdown", "optional": true}}, "description": "", "description_kind": "plain"}, "max_items": 1}, "targets": {"nesting_mode": "list", "block": {"attributes": {"id": {"type": "string", "description": "Uniquely identifies an entity of this type", "description_kind": "markdown", "required": true}, "schedule_mode": {"type": "string", "description": "Only set for schedule targets, and either currently_on_call, all_users or all_users_for_rota and specifies which users to fetch from the schedule", "description_kind": "markdown", "optional": true, "computed": true}, "type": {"type": "string", "description": "Controls what type of entity this target identifies, such as EscalationPolicy or User. Possible values are: `schedule`, `user`, `slack_channel`, `msteams_channel`.", "description_kind": "markdown", "required": true}, "urgency": {"type": "string", "description": "The urgency of this escalation path target. Possible values are: `high`, `low`.", "description_kind": "markdown", "required": true}}, "description": "The targets (users or schedules) for this level", "description_kind": "markdown"}, "min_items": 1}}}, "max_items": 1}, "notify_channel": {"nesting_mode": "single", "block": {"attributes": {"time_to_ack_interval_condition": {"type": "string", "description": "If the time to ack is relative to a time window, this defines whether we move when the window is active or inactive", "description_kind": "markdown", "optional": true}, "time_to_ack_seconds": {"type": "number", "description": "How long should we wait for this level to acknowledge before moving on to the next node in the path?", "description_kind": "markdown", "optional": true}, "time_to_ack_weekday_interval_config_id": {"type": "string", "description": "If the time to ack is relative to a time window, this identifies which window it is relative to", "description_kind": "markdown", "optional": true}}, "description": "", "description_kind": "plain", "block_types": {"targets": {"nesting_mode": "list", "block": {"attributes": {"id": {"type": "string", "description": "Uniquely identifies an entity of this type", "description_kind": "markdown", "required": true}, "schedule_mode": {"type": "string", "description": "Only set for schedule targets, and either currently_on_call, all_users or all_users_for_rota and specifies which users to fetch from the schedule", "description_kind": "markdown", "optional": true, "computed": true}, "type": {"type": "string", "description": "Controls what type of entity this target identifies, such as EscalationPolicy or User. Possible values are: `schedule`, `user`, `slack_channel`, `msteams_channel`.", "description_kind": "markdown", "required": true}, "urgency": {"type": "string", "description": "The urgency of this escalation path target. Possible values are: `high`, `low`.", "description_kind": "markdown", "required": true}}, "description": "The targets (Slack channels) for this level", "description_kind": "markdown"}, "min_items": 1}}}, "max_items": 1}, "repeat": {"nesting_mode": "single", "block": {"attributes": {"repeat_times": {"type": "number", "description": "How many times to repeat these nodes", "description_kind": "markdown", "required": true}, "to_node": {"type": "string", "description": "Which node ID we begin repeating from.", "description_kind": "markdown", "required": true}}, "description": "", "description_kind": "plain"}, "max_items": 1}}}, "min_items": 1}}}, "max_items": 1}, "level": {"nesting_mode": "single", "block": {"attributes": {"ack_mode": {"type": "string", "description": "Controls the behaviour of acknowledgements for this level, with 'first' cancelling all other escalations on the same level when someone acks", "description_kind": "markdown", "optional": true, "computed": true}, "time_to_ack_interval_condition": {"type": "string", "description": "If the time to ack is relative to a time window, this defines whether we move when the window is active or inactive", "description_kind": "markdown", "optional": true}, "time_to_ack_seconds": {"type": "number", "description": "How long should we wait for this level to acknowledge before proceeding to the next node in the path?", "description_kind": "markdown", "optional": true}, "time_to_ack_weekday_interval_config_id": {"type": "string", "description": "If the time to ack is relative to a time window, this identifies which window it is relative to", "description_kind": "markdown", "optional": true}}, "description": "", "description_kind": "plain", "block_types": {"round_robin_config": {"nesting_mode": "single", "block": {"attributes": {"enabled": {"type": "bool", "description": "Whether round robin is enabled for this level", "description_kind": "markdown", "required": true}, "rotate_after_seconds": {"type": "number", "description": "How long should we wait before rotating to the next target in a round robin, if not set will stick with a single target per level.", "description_kind": "markdown", "optional": true}}, "description": "", "description_kind": "plain"}, "max_items": 1}, "targets": {"nesting_mode": "list", "block": {"attributes": {"id": {"type": "string", "description": "Uniquely identifies an entity of this type", "description_kind": "markdown", "required": true}, "schedule_mode": {"type": "string", "description": "Only set for schedule targets, and either currently_on_call, all_users or all_users_for_rota and specifies which users to fetch from the schedule", "description_kind": "markdown", "optional": true, "computed": true}, "type": {"type": "string", "description": "Controls what type of entity this target identifies, such as EscalationPolicy or User. Possible values are: `schedule`, `user`, `slack_channel`, `msteams_channel`.", "description_kind": "markdown", "required": true}, "urgency": {"type": "string", "description": "The urgency of this escalation path target. Possible values are: `high`, `low`.", "description_kind": "markdown", "required": true}}, "description": "The targets (users or schedules) for this level", "description_kind": "markdown"}, "min_items": 1}}}, "max_items": 1}, "notify_channel": {"nesting_mode": "single", "block": {"attributes": {"time_to_ack_interval_condition": {"type": "string", "description": "If the time to ack is relative to a time window, this defines whether we move when the window is active or inactive", "description_kind": "markdown", "optional": true}, "time_to_ack_seconds": {"type": "number", "description": "How long should we wait for this level to acknowledge before moving on to the next node in the path?", "description_kind": "markdown", "optional": true}, "time_to_ack_weekday_interval_config_id": {"type": "string", "description": "If the time to ack is relative to a time window, this identifies which window it is relative to", "description_kind": "markdown", "optional": true}}, "description": "", "description_kind": "plain", "block_types": {"targets": {"nesting_mode": "list", "block": {"attributes": {"id": {"type": "string", "description": "Uniquely identifies an entity of this type", "description_kind": "markdown", "required": true}, "schedule_mode": {"type": "string", "description": "Only set for schedule targets, and either currently_on_call, all_users or all_users_for_rota and specifies which users to fetch from the schedule", "description_kind": "markdown", "optional": true, "computed": true}, "type": {"type": "string", "description": "Controls what type of entity this target identifies, such as EscalationPolicy or User. Possible values are: `schedule`, `user`, `slack_channel`, `msteams_channel`.", "description_kind": "markdown", "required": true}, "urgency": {"type": "string", "description": "The urgency of this escalation path target. Possible values are: `high`, `low`.", "description_kind": "markdown", "required": true}}, "description": "The targets (Slack channels) for this level", "description_kind": "markdown"}, "min_items": 1}}}, "max_items": 1}, "repeat": {"nesting_mode": "single", "block": {"attributes": {"repeat_times": {"type": "number", "description": "How many times to repeat these nodes", "description_kind": "markdown", "required": true}, "to_node": {"type": "string", "description": "Which node ID we begin repeating from.", "description_kind": "markdown", "required": true}}, "description": "", "description_kind": "plain"}, "max_items": 1}}}}, "then_path": {"nesting_mode": "list", "block": {"attributes": {"id": {"type": "string", "description": "An ID for this node, unique within the escalation path.\n\nThis allows you to reference the node in other nodes, such as when configuring a 'repeat' node.", "description_kind": "markdown", "optional": true, "computed": true}, "type": {"type": "string", "description": "The type of this node. Available types are:\n* level: A set of targets (users or schedules) that should be paged, either all at once, or with a round-robin configuration.\n* notify_channel: Send the escalation to a Slack channel, where it can be acked by anyone in the channel.\n* if_else: Branch the escalation based on a set of conditions.\n* repeat: Go back to a previous node and repeat the logic from there.\n* delay: Pause the escalation for a configured duration before advancing to the next node.", "description_kind": "markdown", "required": true}}, "description": "Then path nodes", "description_kind": "markdown", "block_types": {"delay": {"nesting_mode": "single", "block": {"attributes": {"delay_interval_condition": {"type": "string", "description": "If the delay is relative to a time window, this defines whether we advance when the window is active or inactive", "description_kind": "markdown", "optional": true}, "delay_seconds": {"type": "number", "description": "How long to delay before advancing to the next node in the path, in seconds", "description_kind": "markdown", "optional": true}, "delay_weekday_interval_config_id": {"type": "string", "description": "If the delay is relative to a time window, this identifies which window it is relative to", "description_kind": "markdown", "optional": true}}, "description": "", "description_kind": "plain"}, "max_items": 1}, "if_else": {"nesting_mode": "single", "block": {"attributes": {}, "description": "", "description_kind": "plain", "block_types": {"conditions": {"nesting_mode": "list", "block": {"attributes": {"operation": {"type": "string", "description": "The logical operation to be applied", "description_kind": "markdown", "required": true}, "subject": {"type": "string", "description": "The subject of the condition, on which the operation is applied", "description_kind": "markdown", "required": true}}, "description": "The prerequisite conditions that must all be satisfied", "description_kind": "markdown", "block_types": {"param_bindings": {"nesting_mode": "list", "block": {"attributes": {}, "description": "Bindings for the operation parameters", "description_kind": "markdown", "block_types": {"array_value": {"nesting_mode": "list", "block": {"attributes": {"literal": {"type": "string", "description": "If set, this is the literal value of the step parameter", "description_kind": "markdown", "optional": true}, "reference": {"type": "string", "description": "If set, this is the reference into the trigger scope that is the value of this parameter", "description_kind": "markdown", "optional": true}}, "description": "The array of literal or reference parameter values", "description_kind": "markdown"}}, "value": {"nesting_mode": "single", "block": {"attributes": {"literal": {"type": "string", "description": "If set, this is the literal value of the step parameter", "description_kind": "markdown", "optional": true}, "reference": {"type": "string", "description": "If set, this is the reference into the trigger scope that is the value of this parameter", "description_kind": "markdown", "optional": true}}, "description": "The literal or reference parameter value", "description_kind": "markdown"}, "max_items": 1}}}, "min_items": 1}}}, "min_items": 1}, "else_path": {"nesting_mode": "list", "block": {"attributes": {"id": {"type": "string", "description": "An ID for this node, unique within the escalation path.\n\nThis allows you to reference the node in other nodes, such as when configuring a 'repeat' node.", "description_kind": "markdown", "optional": true, "computed": true}, "type": {"type": "string", "description": "The type of this node. Available types are:\n* level: A set of targets (users or schedules) that should be paged, either all at once, or with a round-robin configuration.\n* notify_channel: Send the escalation to a Slack channel, where it can be acked by anyone in the channel.\n* if_else: Branch the escalation based on a set of conditions.\n* repeat: Go back to a previous node and repeat the logic from there.\n* delay: Pause the escalation for a configured duration before advancing to the next node.", "description_kind": "markdown", "required": true}}, "description": "The nodes that form the levels if our condition is not met", "description_kind": "markdown", "block_types": {"delay": {"nesting_mode": "single", "block": {"attributes": {"delay_interval_condition": {"type": "string", "description": "If the delay is relative to a time window, this defines whether we advance when the window is active or inactive", "description_kind": "markdown", "optional": true}, "delay_seconds": {"type": "number", "description": "How long to delay before advancing to the next node in the path, in seconds", "description_kind": "markdown", "optional": true}, "delay_weekday_interval_config_id": {"type": "string", "description": "If the delay is relative to a time window, this identifies which window it is relative to", "description_kind": "markdown", "optional": true}}, "description": "", "description_kind": "plain"}, "max_items": 1}, "if_else": {"nesting_mode": "single", "block": {"attributes": {}, "description": "", "description_kind": "plain", "block_types": {"conditions": {"nesting_mode": "list", "block": {"attributes": {"operation": {"type": "string", "description": "The logical operation to be applied", "description_kind": "markdown", "required": true}, "subject": {"type": "string", "description": "The subject of the condition, on which the operation is applied", "description_kind": "markdown", "required": true}}, "description": "The prerequisite conditions that must all be satisfied", "description_kind": "markdown", "block_types": {"param_bindings": {"nesting_mode": "list", "block": {"attributes": {}, "description": "Bindings for the operation parameters", "description_kind": "markdown", "block_types": {"array_value": {"nesting_mode": "list", "block": {"attributes": {"literal": {"type": "string", "description": "If set, this is the literal value of the step parameter", "description_kind": "markdown", "optional": true}, "reference": {"type": "string", "description": "If set, this is the reference into the trigger scope that is the value of this parameter", "description_kind": "markdown", "optional": true}}, "description": "The array of literal or reference parameter values", "description_kind": "markdown"}}, "value": {"nesting_mode": "single", "block": {"attributes": {"literal": {"type": "string", "description": "If set, this is the literal value of the step parameter", "description_kind": "markdown", "optional": true}, "reference": {"type": "string", "description": "If set, this is the reference into the trigger scope that is the value of this parameter", "description_kind": "markdown", "optional": true}}, "description": "The literal or reference parameter value", "description_kind": "markdown"}, "max_items": 1}}}, "min_items": 1}}}, "min_items": 1}, "else_path": {"nesting_mode": "list", "block": {"attributes": {"id": {"type": "string", "description": "An ID for this node, unique within the escalation path.\n\nThis allows you to reference the node in other nodes, such as when configuring a 'repeat' node.", "description_kind": "markdown", "optional": true, "computed": true}, "type": {"type": "string", "description": "The type of this node. Available types are:\n* level: A set of targets (users or schedules) that should be paged, either all at once, or with a round-robin configuration.\n* notify_channel: Send the escalation to a Slack channel, where it can be acked by anyone in the channel.\n* if_else: Branch the escalation based on a set of conditions.\n* repeat: Go back to a previous node and repeat the logic from there.\n* delay: Pause the escalation for a configured duration before advancing to the next node.", "description_kind": "markdown", "required": true}}, "description": "The nodes that form the levels if our condition is not met", "description_kind": "markdown", "block_types": {"delay": {"nesting_mode": "single", "block": {"attributes": {"delay_interval_condition": {"type": "string", "description": "If the delay is relative to a time window, this defines whether we advance when the window is active or inactive", "description_kind": "markdown", "optional": true}, "delay_seconds": {"type": "number", "description": "How long to delay before advancing to the next node in the path, in seconds", "description_kind": "markdown", "optional": true}, "delay_weekday_interval_config_id": {"type": "string", "description": "If the delay is relative to a time window, this identifies which window it is relative to", "description_kind": "markdown", "optional": true}}, "description": "", "description_kind": "plain"}, "max_items": 1}, "level": {"nesting_mode": "single", "block": {"attributes": {"ack_mode": {"type": "string", "description": "Controls the behaviour of acknowledgements for this level, with 'first' cancelling all other escalations on the same level when someone acks", "description_kind": "markdown", "optional": true, "computed": true}, "time_to_ack_interval_condition": {"type": "string", "description": "If the time to ack is relative to a time window, this defines whether we move when the window is active or inactive", "description_kind": "markdown", "optional": true}, "time_to_ack_seconds": {"type": "number", "description": "How long should we wait for this level to acknowledge before proceeding to the next node in the path?", "description_kind": "markdown", "optional": true}, "time_to_ack_weekday_interval_config_id": {"type": "string", "description": "If the time to ack is relative to a time window, this identifies which window it is relative to", "description_kind": "markdown", "optional": true}}, "description": "", "description_kind": "plain", "block_types": {"round_robin_config": {"nesting_mode": "single", "block": {"attributes": {"enabled": {"type": "bool", "description": "Whether round robin is enabled for this level", "description_kind": "markdown", "required": true}, "rotate_after_seconds": {"type": "number", "description": "How long should we wait before rotating to the next target in a round robin, if not set will stick with a single target per level.", "description_kind": "markdown", "optional": true}}, "description": "", "description_kind": "plain"}, "max_items": 1}, "targets": {"nesting_mode": "list", "block": {"attributes": {"id": {"type": "string", "description": "Uniquely identifies an entity of this type", "description_kind": "markdown", "required": true}, "schedule_mode": {"type": "string", "description": "Only set for schedule targets, and either currently_on_call, all_users or all_users_for_rota and specifies which users to fetch from the schedule", "description_kind": "markdown", "optional": true, "computed": true}, "type": {"type": "string", "description": "Controls what type of entity this target identifies, such as EscalationPolicy or User. Possible values are: `schedule`, `user`, `slack_channel`, `msteams_channel`.", "description_kind": "markdown", "required": true}, "urgency": {"type": "string", "description": "The urgency of this escalation path target. Possible values are: `high`, `low`.", "description_kind": "markdown", "required": true}}, "description": "The targets (users or schedules) for this level", "description_kind": "markdown"}, "min_items": 1}}}, "max_items": 1}, "notify_channel": {"nesting_mode": "single", "block": {"attributes": {"time_to_ack_interval_condition": {"type": "string", "description": "If the time to ack is relative to a time window, this defines whether we move when the window is active or inactive", "description_kind": "markdown", "optional": true}, "time_to_ack_seconds": {"type": "number", "description": "How long should we wait for this level to acknowledge before moving on to the next node in the path?", "description_kind": "markdown", "optional": true}, "time_to_ack_weekday_interval_config_id": {"type": "string", "description": "If the time to ack is relative to a time window, this identifies which window it is relative to", "description_kind": "markdown", "optional": true}}, "description": "", "description_kind": "plain", "block_types": {"targets": {"nesting_mode": "list", "block": {"attributes": {"id": {"type": "string", "description": "Uniquely identifies an entity of this type", "description_kind": "markdown", "required": true}, "schedule_mode": {"type": "string", "description": "Only set for schedule targets, and either currently_on_call, all_users or all_users_for_rota and specifies which users to fetch from the schedule", "description_kind": "markdown", "optional": true, "computed": true}, "type": {"type": "string", "description": "Controls what type of entity this target identifies, such as EscalationPolicy or User. Possible values are: `schedule`, `user`, `slack_channel`, `msteams_channel`.", "description_kind": "markdown", "required": true}, "urgency": {"type": "string", "description": "The urgency of this escalation path target. Possible values are: `high`, `low`.", "description_kind": "markdown", "required": true}}, "description": "The targets (Slack channels) for this level", "description_kind": "markdown"}, "min_items": 1}}}, "max_items": 1}, "repeat": {"nesting_mode": "single", "block": {"attributes": {"repeat_times": {"type": "number", "description": "How many times to repeat these nodes", "description_kind": "markdown", "required": true}, "to_node": {"type": "string", "description": "Which node ID we begin repeating from.", "description_kind": "markdown", "required": true}}, "description": "", "description_kind": "plain"}, "max_items": 1}}}}, "then_path": {"nesting_mode": "list", "block": {"attributes": {"id": {"type": "string", "description": "An ID for this node, unique within the escalation path.\n\nThis allows you to reference the node in other nodes, such as when configuring a 'repeat' node.", "description_kind": "markdown", "optional": true, "computed": true}, "type": {"type": "string", "description": "The type of this node. Available types are:\n* level: A set of targets (users or schedules) that should be paged, either all at once, or with a round-robin configuration.\n* notify_channel: Send the escalation to a Slack channel, where it can be acked by anyone in the channel.\n* if_else: Branch the escalation based on a set of conditions.\n* repeat: Go back to a previous node and repeat the logic from there.\n* delay: Pause the escalation for a configured duration before advancing to the next node.", "description_kind": "markdown", "required": true}}, "description": "Then path nodes", "description_kind": "markdown", "block_types": {"delay": {"nesting_mode": "single", "block": {"attributes": {"delay_interval_condition": {"type": "string", "description": "If the delay is relative to a time window, this defines whether we advance when the window is active or inactive", "description_kind": "markdown", "optional": true}, "delay_seconds": {"type": "number", "description": "How long to delay before advancing to the next node in the path, in seconds", "description_kind": "markdown", "optional": true}, "delay_weekday_interval_config_id": {"type": "string", "description": "If the delay is relative to a time window, this identifies which window it is relative to", "description_kind": "markdown", "optional": true}}, "description": "", "description_kind": "plain"}, "max_items": 1}, "level": {"nesting_mode": "single", "block": {"attributes": {"ack_mode": {"type": "string", "description": "Controls the behaviour of acknowledgements for this level, with 'first' cancelling all other escalations on the same level when someone acks", "description_kind": "markdown", "optional": true, "computed": true}, "time_to_ack_interval_condition": {"type": "string", "description": "If the time to ack is relative to a time window, this defines whether we move when the window is active or inactive", "description_kind": "markdown", "optional": true}, "time_to_ack_seconds": {"type": "number", "description": "How long should we wait for this level to acknowledge before proceeding to the next node in the path?", "description_kind": "markdown", "optional": true}, "time_to_ack_weekday_interval_config_id": {"type": "string", "description": "If the time to ack is relative to a time window, this identifies which window it is relative to", "description_kind": "markdown", "optional": true}}, "description": "", "description_kind": "plain", "block_types": {"round_robin_config": {"nesting_mode": "single", "block": {"attributes": {"enabled": {"type": "bool", "description": "Whether round robin is enabled for this level", "description_kind": "markdown", "required": true}, "rotate_after_seconds": {"type": "number", "description": "How long should we wait before rotating to the next target in a round robin, if not set will stick with a single target per level.", "description_kind": "markdown", "optional": true}}, "description": "", "description_kind": "plain"}, "max_items": 1}, "targets": {"nesting_mode": "list", "block": {"attributes": {"id": {"type": "string", "description": "Uniquely identifies an entity of this type", "description_kind": "markdown", "required": true}, "schedule_mode": {"type": "string", "description": "Only set for schedule targets, and either currently_on_call, all_users or all_users_for_rota and specifies which users to fetch from the schedule", "description_kind": "markdown", "optional": true, "computed": true}, "type": {"type": "string", "description": "Controls what type of entity this target identifies, such as EscalationPolicy or User. Possible values are: `schedule`, `user`, `slack_channel`, `msteams_channel`.", "description_kind": "markdown", "required": true}, "urgency": {"type": "string", "description": "The urgency of this escalation path target. Possible values are: `high`, `low`.", "description_kind": "markdown", "required": true}}, "description": "The targets (users or schedules) for this level", "description_kind": "markdown"}, "min_items": 1}}}, "max_items": 1}, "notify_channel": {"nesting_mode": "single", "block": {"attributes": {"time_to_ack_interval_condition": {"type": "string", "description": "If the time to ack is relative to a time window, this defines whether we move when the window is active or inactive", "description_kind": "markdown", "optional": true}, "time_to_ack_seconds": {"type": "number", "description": "How long should we wait for this level to acknowledge before moving on to the next node in the path?", "description_kind": "markdown", "optional": true}, "time_to_ack_weekday_interval_config_id": {"type": "string", "description": "If the time to ack is relative to a time window, this identifies which window it is relative to", "description_kind": "markdown", "optional": true}}, "description": "", "description_kind": "plain", "block_types": {"targets": {"nesting_mode": "list", "block": {"attributes": {"id": {"type": "string", "description": "Uniquely identifies an entity of this type", "description_kind": "markdown", "required": true}, "schedule_mode": {"type": "string", "description": "Only set for schedule targets, and either currently_on_call, all_users or all_users_for_rota and specifies which users to fetch from the schedule", "description_kind": "markdown", "optional": true, "computed": true}, "type": {"type": "string", "description": "Controls what type of entity this target identifies, such as EscalationPolicy or User. Possible values are: `schedule`, `user`, `slack_channel`, `msteams_channel`.", "description_kind": "markdown", "required": true}, "urgency": {"type": "string", "description": "The urgency of this escalation path target. Possible values are: `high`, `low`.", "description_kind": "markdown", "required": true}}, "description": "The targets (Slack channels) for this level", "description_kind": "markdown"}, "min_items": 1}}}, "max_items": 1}, "repeat": {"nesting_mode": "single", "block": {"attributes": {"repeat_times": {"type": "number", "description": "How many times to repeat these nodes", "description_kind": "markdown", "required": true}, "to_node": {"type": "string", "description": "Which node ID we begin repeating from.", "description_kind": "markdown", "required": true}}, "description": "", "description_kind": "plain"}, "max_items": 1}}}, "min_items": 1}}}, "max_items": 1}, "level": {"nesting_mode": "single", "block": {"attributes": {"ack_mode": {"type": "string", "description": "Controls the behaviour of acknowledgements for this level, with 'first' cancelling all other escalations on the same level when someone acks", "description_kind": "markdown", "optional": true, "computed": true}, "time_to_ack_interval_condition": {"type": "string", "description": "If the time to ack is relative to a time window, this defines whether we move when the window is active or inactive", "description_kind": "markdown", "optional": true}, "time_to_ack_seconds": {"type": "number", "description": "How long should we wait for this level to acknowledge before proceeding to the next node in the path?", "description_kind": "markdown", "optional": true}, "time_to_ack_weekday_interval_config_id": {"type": "string", "description": "If the time to ack is relative to a time window, this identifies which window it is relative to", "description_kind": "markdown", "optional": true}}, "description": "", "description_kind": "plain", "block_types": {"round_robin_config": {"nesting_mode": "single", "block": {"attributes": {"enabled": {"type": "bool", "description": "Whether round robin is enabled for this level", "description_kind": "markdown", "required": true}, "rotate_after_seconds": {"type": "number", "description": "How long should we wait before rotating to the next target in a round robin, if not set will stick with a single target per level.", "description_kind": "markdown", "optional": true}}, "description": "", "description_kind": "plain"}, "max_items": 1}, "targets": {"nesting_mode": "list", "block": {"attributes": {"id": {"type": "string", "description": "Uniquely identifies an entity of this type", "description_kind": "markdown", "required": true}, "schedule_mode": {"type": "string", "description": "Only set for schedule targets, and either currently_on_call, all_users or all_users_for_rota and specifies which users to fetch from the schedule", "description_kind": "markdown", "optional": true, "computed": true}, "type": {"type": "string", "description": "Controls what type of entity this target identifies, such as EscalationPolicy or User. Possible values are: `schedule`, `user`, `slack_channel`, `msteams_channel`.", "description_kind": "markdown", "required": true}, "urgency": {"type": "string", "description": "The urgency of this escalation path target. Possible values are: `high`, `low`.", "description_kind": "markdown", "required": true}}, "description": "The targets (users or schedules) for this level", "description_kind": "markdown"}, "min_items": 1}}}, "max_items": 1}, "notify_channel": {"nesting_mode": "single", "block": {"attributes": {"time_to_ack_interval_condition": {"type": "string", "description": "If the time to ack is relative to a time window, this defines whether we move when the window is active or inactive", "description_kind": "markdown", "optional": true}, "time_to_ack_seconds": {"type": "number", "description": "How long should we wait for this level to acknowledge before moving on to the next node in the path?", "description_kind": "markdown", "optional": true}, "time_to_ack_weekday_interval_config_id": {"type": "string", "description": "If the time to ack is relative to a time window, this identifies which window it is relative to", "description_kind": "markdown", "optional": true}}, "description": "", "description_kind": "plain", "block_types": {"targets": {"nesting_mode": "list", "block": {"attributes": {"id": {"type": "string", "description": "Uniquely identifies an entity of this type", "description_kind": "markdown", "required": true}, "schedule_mode": {"type": "string", "description": "Only set for schedule targets, and either currently_on_call, all_users or all_users_for_rota and specifies which users to fetch from the schedule", "description_kind": "markdown", "optional": true, "computed": true}, "type": {"type": "string", "description": "Controls what type of entity this target identifies, such as EscalationPolicy or User. Possible values are: `schedule`, `user`, `slack_channel`, `msteams_channel`.", "description_kind": "markdown", "required": true}, "urgency": {"type": "string", "description": "The urgency of this escalation path target. Possible values are: `high`, `low`.", "description_kind": "markdown", "required": true}}, "description": "The targets (Slack channels) for this level", "description_kind": "markdown"}, "min_items": 1}}}, "max_items": 1}, "repeat": {"nesting_mode": "single", "block": {"attributes": {"repeat_times": {"type": "number", "description": "How many times to repeat these nodes", "description_kind": "markdown", "required": true}, "to_node": {"type": "string", "description": "Which node ID we begin repeating from.", "description_kind": "markdown", "required": true}}, "description": "", "description_kind": "plain"}, "max_items": 1}}}}, "then_path": {"nesting_mode": "list", "block": {"attributes": {"id": {"type": "string", "description": "An ID for this node, unique within the escalation path.\n\nThis allows you to reference the node in other nodes, such as when configuring a 'repeat' node.", "description_kind": "markdown", "optional": true, "computed": true}, "type": {"type": "string", "description": "The type of this node. Available types are:\n* level: A set of targets (users or schedules) that should be paged, either all at once, or with a round-robin configuration.\n* notify_channel: Send the escalation to a Slack channel, where it can be acked by anyone in the channel.\n* if_else: Branch the escalation based on a set of conditions.\n* repeat: Go back to a previous node and repeat the logic from there.\n* delay: Pause the escalation for a configured duration before advancing to the next node.", "description_kind": "markdown", "required": true}}, "description": "Then path nodes", "description_kind": "markdown", "block_types": {"delay": {"nesting_mode": "single", "block": {"attributes": {"delay_interval_condition": {"type": "string", "description": "If the delay is relative to a time window, this defines whether we advance when the window is active or inactive", "description_kind": "markdown", "optional": true}, "delay_seconds": {"type": "number", "description": "How long to delay before advancing to the next node in the path, in seconds", "description_kind": "markdown", "optional": true}, "delay_weekday_interval_config_id": {"type": "string", "description": "If the delay is relative to a time window, this identifies which window it is relative to", "description_kind": "markdown", "optional": true}}, "description": "", "description_kind": "plain"}, "max_items": 1}, "if_else": {"nesting_mode": "single", "block": {"attributes": {}, "description": "", "description_kind": "plain", "block_types": {"conditions": {"nesting_mode": "list", "block": {"attributes": {"operation": {"type": "string", "description": "The logical operation to be applied", "description_kind": "markdown", "required": true}, "subject": {"type": "string", "description": "The subject of the condition, on which the operation is applied", "description_kind": "markdown", "required": true}}, "description": "The prerequisite conditions that must all be satisfied", "description_kind": "markdown", "block_types": {"param_bindings": {"nesting_mode": "list", "block": {"attributes": {}, "description": "Bindings for the operation parameters", "description_kind": "markdown", "block_types": {"array_value": {"nesting_mode": "list", "block": {"attributes": {"literal": {"type": "string", "description": "If set, this is the literal value of the step parameter", "description_kind": "markdown", "optional": true}, "reference": {"type": "string", "description": "If set, this is the reference into the trigger scope that is the value of this parameter", "description_kind": "markdown", "optional": true}}, "description": "The array of literal or reference parameter values", "description_kind": "markdown"}}, "value": {"nesting_mode": "single", "block": {"attributes": {"literal": {"type": "string", "description": "If set, this is the literal value of the step parameter", "description_kind": "markdown", "optional": true}, "reference": {"type": "string", "description": "If set, this is the reference into the trigger scope that is the value of this parameter", "description_kind": "markdown", "optional": true}}, "description": "The literal or reference parameter value", "description_kind": "markdown"}, "max_items": 1}}}, "min_items": 1}}}, "min_items": 1}, "else_path": {"nesting_mode": "list", "block": {"attributes": {"id": {"type": "string", "description": "An ID for this node, unique within the escalation path.\n\nThis allows you to reference the node in other nodes, such as when configuring a 'repeat' node.", "description_kind": "markdown", "optional": true, "computed": true}, "type": {"type": "string", "description": "The type of this node. Available types are:\n* level: A set of targets (users or schedules) that should be paged, either all at once, or with a round-robin configuration.\n* notify_channel: Send the escalation to a Slack channel, where it can be acked by anyone in the channel.\n* if_else: Branch the escalation based on a set of conditions.\n* repeat: Go back to a previous node and repeat the logic from there.\n* delay: Pause the escalation for a configured duration before advancing to the next node.", "description_kind": "markdown", "required": true}}, "description": "The nodes that form the levels if our condition is not met", "description_kind": "markdown", "block_types": {"delay": {"nesting_mode": "single", "block": {"attributes": {"delay_interval_condition": {"type": "string", "description": "If the delay is relative to a time window, this defines whether we advance when the window is active or inactive", "description_kind": "markdown", "optional": true}, "delay_seconds": {"type": "number", "description": "How long to delay before advancing to the next node in the path, in seconds", "description_kind": "markdown", "optional": true}, "delay_weekday_interval_config_id": {"type": "string", "description": "If the delay is relative to a time window, this identifies which window it is relative to", "description_kind": "markdown", "optional": true}}, "description": "", "description_kind": "plain"}, "max_items": 1}, "level": {"nesting_mode": "single", "block": {"attributes": {"ack_mode": {"type": "string", "description": "Controls the behaviour of acknowledgements for this level, with 'first' cancelling all other escalations on the same level when someone acks", "description_kind": "markdown", "optional": true, "computed": true}, "time_to_ack_interval_condition": {"type": "string", "description": "If the time to ack is relative to a time window, this defines whether we move when the window is active or inactive", "description_kind": "markdown", "optional": true}, "time_to_ack_seconds": {"type": "number", "description": "How long should we wait for this level to acknowledge before proceeding to the next node in the path?", "description_kind": "markdown", "optional": true}, "time_to_ack_weekday_interval_config_id": {"type": "string", "description": "If the time to ack is relative to a time window, this identifies which window it is relative to", "description_kind": "markdown", "optional": true}}, "description": "", "description_kind": "plain", "block_types": {"round_robin_config": {"nesting_mode": "single", "block": {"attributes": {"enabled": {"type": "bool", "description": "Whether round robin is enabled for this level", "description_kind": "markdown", "required": true}, "rotate_after_seconds": {"type": "number", "description": "How long should we wait before rotating to the next target in a round robin, if not set will stick with a single target per level.", "description_kind": "markdown", "optional": true}}, "description": "", "description_kind": "plain"}, "max_items": 1}, "targets": {"nesting_mode": "list", "block": {"attributes": {"id": {"type": "string", "description": "Uniquely identifies an entity of this type", "description_kind": "markdown", "required": true}, "schedule_mode": {"type": "string", "description": "Only set for schedule targets, and either currently_on_call, all_users or all_users_for_rota and specifies which users to fetch from the schedule", "description_kind": "markdown", "optional": true, "computed": true}, "type": {"type": "string", "description": "Controls what type of entity this target identifies, such as EscalationPolicy or User. Possible values are: `schedule`, `user`, `slack_channel`, `msteams_channel`.", "description_kind": "markdown", "required": true}, "urgency": {"type": "string", "description": "The urgency of this escalation path target. Possible values are: `high`, `low`.", "description_kind": "markdown", "required": true}}, "description": "The targets (users or schedules) for this level", "description_kind": "markdown"}, "min_items": 1}}}, "max_items": 1}, "notify_channel": {"nesting_mode": "single", "block": {"attributes": {"time_to_ack_interval_condition": {"type": "string", "description": "If the time to ack is relative to a time window, this defines whether we move when the window is active or inactive", "description_kind": "markdown", "optional": true}, "time_to_ack_seconds": {"type": "number", "description": "How long should we wait for this level to acknowledge before moving on to the next node in the path?", "description_kind": "markdown", "optional": true}, "time_to_ack_weekday_interval_config_id": {"type": "string", "description": "If the time to ack is relative to a time window, this identifies which window it is relative to", "description_kind": "markdown", "optional": true}}, "description": "", "description_kind": "plain", "block_types": {"targets": {"nesting_mode": "list", "block": {"attributes": {"id": {"type": "string", "description": "Uniquely identifies an entity of this type", "description_kind": "markdown", "required": true}, "schedule_mode": {"type": "string", "description": "Only set for schedule targets, and either currently_on_call, all_users or all_users_for_rota and specifies which users to fetch from the schedule", "description_kind": "markdown", "optional": true, "computed": true}, "type": {"type": "string", "description": "Controls what type of entity this target identifies, such as EscalationPolicy or User. Possible values are: `schedule`, `user`, `slack_channel`, `msteams_channel`.", "description_kind": "markdown", "required": true}, "urgency": {"type": "string", "description": "The urgency of this escalation path target. Possible values are: `high`, `low`.", "description_kind": "markdown", "required": true}}, "description": "The targets (Slack channels) for this level", "description_kind": "markdown"}, "min_items": 1}}}, "max_items": 1}, "repeat": {"nesting_mode": "single", "block": {"attributes": {"repeat_times": {"type": "number", "description": "How many times to repeat these nodes", "description_kind": "markdown", "required": true}, "to_node": {"type": "string", "description": "Which node ID we begin repeating from.", "description_kind": "markdown", "required": true}}, "description": "", "description_kind": "plain"}, "max_items": 1}}}}, "then_path": {"nesting_mode": "list", "block": {"attributes": {"id": {"type": "string", "description": "An ID for this node, unique within the escalation path.\n\nThis allows you to reference the node in other nodes, such as when configuring a 'repeat' node.", "description_kind": "markdown", "optional": true, "computed": true}, "type": {"type": "string", "description": "The type of this node. Available types are:\n* level: A set of targets (users or schedules) that should be paged, either all at once, or with a round-robin configuration.\n* notify_channel: Send the escalation to a Slack channel, where it can be acked by anyone in the channel.\n* if_else: Branch the escalation based on a set of conditions.\n* repeat: Go back to a previous node and repeat the logic from there.\n* delay: Pause the escalation for a configured duration before advancing to the next node.", "description_kind": "markdown", "required": true}}, "description": "Then path nodes", "description_kind": "markdown", "block_types": {"delay": {"nesting_mode": "single", "block": {"attributes": {"delay_interval_condition": {"type": "string", "description": "If the delay is relative to a time window, this defines whether we advance when the window is active or inactive", "description_kind": "markdown", "optional": true}, "delay_seconds": {"type": "number", "description": "How long to delay before advancing to the next node in the path, in seconds", "description_kind": "markdown", "optional": true}, "delay_weekday_interval_config_id": {"type": "string", "description": "If the delay is relative to a time window, this identifies which window it is relative to", "description_kind": "markdown", "optional": true}}, "description": "", "description_kind": "plain"}, "max_items": 1}, "level": {"nesting_mode": "single", "block": {"attributes": {"ack_mode": {"type": "string", "description": "Controls the behaviour of acknowledgements for this level, with 'first' cancelling all other escalations on the same level when someone acks", "description_kind": "markdown", "optional": true, "computed": true}, "time_to_ack_interval_condition": {"type": "string", "description": "If the time to ack is relative to a time window, this defines whether we move when the window is active or inactive", "description_kind": "markdown", "optional": true}, "time_to_ack_seconds": {"type": "number", "description": "How long should we wait for this level to acknowledge before proceeding to the next node in the path?", "description_kind": "markdown", "optional": true}, "time_to_ack_weekday_interval_config_id": {"type": "string", "description": "If the time to ack is relative to a time window, this identifies which window it is relative to", "description_kind": "markdown", "optional": true}}, "description": "", "description_kind": "plain", "block_types": {"round_robin_config": {"nesting_mode": "single", "block": {"attributes": {"enabled": {"type": "bool", "description": "Whether round robin is enabled for this level", "description_kind": "markdown", "required": true}, "rotate_after_seconds": {"type": "number", "description": "How long should we wait before rotating to the next target in a round robin, if not set will stick with a single target per level.", "description_kind": "markdown", "optional": true}}, "description": "", "description_kind": "plain"}, "max_items": 1}, "targets": {"nesting_mode": "list", "block": {"attributes": {"id": {"type": "string", "description": "Uniquely identifies an entity of this type", "description_kind": "markdown", "required": true}, "schedule_mode": {"type": "string", "description": "Only set for schedule targets, and either currently_on_call, all_users or all_users_for_rota and specifies which users to fetch from the schedule", "description_kind": "markdown", "optional": true, "computed": true}, "type": {"type": "string", "description": "Controls what type of entity this target identifies, such as EscalationPolicy or User. Possible values are: `schedule`, `user`, `slack_channel`, `msteams_channel`.", "description_kind": "markdown", "required": true}, "urgency": {"type": "string", "description": "The urgency of this escalation path target. Possible values are: `high`, `low`.", "description_kind": "markdown", "required": true}}, "description": "The targets (users or schedules) for this level", "description_kind": "markdown"}, "min_items": 1}}}, "max_items": 1}, "notify_channel": {"nesting_mode": "single", "block": {"attributes": {"time_to_ack_interval_condition": {"type": "string", "description": "If the time to ack is relative to a time window, this defines whether we move when the window is active or inactive", "description_kind": "markdown", "optional": true}, "time_to_ack_seconds": {"type": "number", "description": "How long should we wait for this level to acknowledge before moving on to the next node in the path?", "description_kind": "markdown", "optional": true}, "time_to_ack_weekday_interval_config_id": {"type": "string", "description": "If the time to ack is relative to a time window, this identifies which window it is relative to", "description_kind": "markdown", "optional": true}}, "description": "", "description_kind": "plain", "block_types": {"targets": {"nesting_mode": "list", "block": {"attributes": {"id": {"type": "string", "description": "Uniquely identifies an entity of this type", "description_kind": "markdown", "required": true}, "schedule_mode": {"type": "string", "description": "Only set for schedule targets, and either currently_on_call, all_users or all_users_for_rota and specifies which users to fetch from the schedule", "description_kind": "markdown", "optional": true, "computed": true}, "type": {"type": "string", "description": "Controls what type of entity this target identifies, such as EscalationPolicy or User. Possible values are: `schedule`, `user`, `slack_channel`, `msteams_channel`.", "description_kind": "markdown", "required": true}, "urgency": {"type": "string", "description": "The urgency of this escalation path target. Possible values are: `high`, `low`.", "description_kind": "markdown", "required": true}}, "description": "The targets (Slack channels) for this level", "description_kind": "markdown"}, "min_items": 1}}}, "max_items": 1}, "repeat": {"nesting_mode": "single", "block": {"attributes": {"repeat_times": {"type": "number", "description": "How many times to repeat these nodes", "description_kind": "markdown", "required": true}, "to_node": {"type": "string", "description": "Which node ID we begin repeating from.", "description_kind": "markdown", "required": true}}, "description": "", "description_kind": "plain"}, "max_items": 1}}}, "min_items": 1}}}, "max_items": 1}, "level": {"nesting_mode": "single", "block": {"attributes": {"ack_mode": {"type": "string", "description": "Controls the behaviour of acknowledgements for this level, with 'first' cancelling all other escalations on the same level when someone acks", "description_kind": "markdown", "optional": true, "computed": true}, "time_to_ack_interval_condition": {"type": "string", "description": "If the time to ack is relative to a time window, this defines whether we move when the window is active or inactive", "description_kind": "markdown", "optional": true}, "time_to_ack_seconds": {"type": "number", "description": "How long should we wait for this level to acknowledge before proceeding to the next node in the path?", "description_kind": "markdown", "optional": true}, "time_to_ack_weekday_interval_config_id": {"type": "string", "description": "If the time to ack is relative to a time window, this identifies which window it is relative to", "description_kind": "markdown", "optional": true}}, "description": "", "description_kind": "plain", "block_types": {"round_robin_config": {"nesting_mode": "single", "block": {"attributes": {"enabled": {"type": "bool", "description": "Whether round robin is enabled for this level", "description_kind": "markdown", "required": true}, "rotate_after_seconds": {"type": "number", "description": "How long should we wait before rotating to the next target in a round robin, if not set will stick with a single target per level.", "description_kind": "markdown", "optional": true}}, "description": "", "description_kind": "plain"}, "max_items": 1}, "targets": {"nesting_mode": "list", "block": {"attributes": {"id": {"type": "string", "description": "Uniquely identifies an entity of this type", "description_kind": "markdown", "required": true}, "schedule_mode": {"type": "string", "description": "Only set for schedule targets, and either currently_on_call, all_users or all_users_for_rota and specifies which users to fetch from the schedule", "description_kind": "markdown", "optional": true, "computed": true}, "type": {"type": "string", "description": "Controls what type of entity this target identifies, such as EscalationPolicy or User. Possible values are: `schedule`, `user`, `slack_channel`, `msteams_channel`.", "description_kind": "markdown", "required": true}, "urgency": {"type": "string", "description": "The urgency of this escalation path target. Possible values are: `high`, `low`.", "description_kind": "markdown", "required": true}}, "description": "The targets (users or schedules) for this level", "description_kind": "markdown"}, "min_items": 1}}}, "max_items": 1}, "notify_channel": {"nesting_mode": "single", "block": {"attributes": {"time_to_ack_interval_condition": {"type": "string", "description": "If the time to ack is relative to a time window, this defines whether we move when the window is active or inactive", "description_kind": "markdown", "optional": true}, "time_to_ack_seconds": {"type": "number", "description": "How long should we wait for this level to acknowledge before moving on to the next node in the path?", "description_kind": "markdown", "optional": true}, "time_to_ack_weekday_interval_config_id": {"type": "string", "description": "If the time to ack is relative to a time window, this identifies which window it is relative to", "description_kind": "markdown", "optional": true}}, "description": "", "description_kind": "plain", "block_types": {"targets": {"nesting_mode": "list", "block": {"attributes": {"id": {"type": "string", "description": "Uniquely identifies an entity of this type", "description_kind": "markdown", "required": true}, "schedule_mode": {"type": "string", "description": "Only set for schedule targets, and either currently_on_call, all_users or all_users_for_rota and specifies which users to fetch from the schedule", "description_kind": "markdown", "optional": true, "computed": true}, "type": {"type": "string", "description": "Controls what type of entity this target identifies, such as EscalationPolicy or User. Possible values are: `schedule`, `user`, `slack_channel`, `msteams_channel`.", "description_kind": "markdown", "required": true}, "urgency": {"type": "string", "description": "The urgency of this escalation path target. Possible values are: `high`, `low`.", "description_kind": "markdown", "required": true}}, "description": "The targets (Slack channels) for this level", "description_kind": "markdown"}, "min_items": 1}}}, "max_items": 1}, "repeat": {"nesting_mode": "single", "block": {"attributes": {"repeat_times": {"type": "number", "description": "How many times to repeat these nodes", "description_kind": "markdown", "required": true}, "to_node": {"type": "string", "description": "Which node ID we begin repeating from.", "description_kind": "markdown", "required": true}}, "description": "", "description_kind": "plain"}, "max_items": 1}}}, "min_items": 1}}}, "max_items": 1}, "level": {"nesting_mode": "single", "block": {"attributes": {"ack_mode": {"type": "string", "description": "Controls the behaviour of acknowledgements for this level, with 'first' cancelling all other escalations on the same level when someone acks", "description_kind": "markdown", "optional": true, "computed": true}, "time_to_ack_interval_condition": {"type": "string", "description": "If the time to ack is relative to a time window, this defines whether we move when the window is active or inactive", "description_kind": "markdown", "optional": true}, "time_to_ack_seconds": {"type": "number", "description": "How long should we wait for this level to acknowledge before proceeding to the next node in the path?", "description_kind": "markdown", "optional": true}, "time_to_ack_weekday_interval_config_id": {"type": "string", "description": "If the time to ack is relative to a time window, this identifies which window it is relative to", "description_kind": "markdown", "optional": true}}, "description": "", "description_kind": "plain", "block_types": {"round_robin_config": {"nesting_mode": "single", "block": {"attributes": {"enabled": {"type": "bool", "description": "Whether round robin is enabled for this level", "description_kind": "markdown", "required": true}, "rotate_after_seconds": {"type": "number", "description": "How long should we wait before rotating to the next target in a round robin, if not set will stick with a single target per level.", "description_kind": "markdown", "optional": true}}, "description": "", "description_kind": "plain"}, "max_items": 1}, "targets": {"nesting_mode": "list", "block": {"attributes": {"id": {"type": "string", "description": "Uniquely identifies an entity of this type", "description_kind": "markdown", "required": true}, "schedule_mode": {"type": "string", "description": "Only set for schedule targets, and either currently_on_call, all_users or all_users_for_rota and specifies which users to fetch from the schedule", "description_kind": "markdown", "optional": true, "computed": true}, "type": {"type": "string", "description": "Controls what type of entity this target identifies, such as EscalationPolicy or User. Possible values are: `schedule`, `user`, `slack_channel`, `msteams_channel`.", "description_kind": "markdown", "required": true}, "urgency": {"type": "string", "description": "The urgency of this escalation path target. Possible values are: `high`, `low`.", "description_kind": "markdown", "required": true}}, "description": "The targets (users or schedules) for this level", "description_kind": "markdown"}, "min_items": 1}}}, "max_items": 1}, "notify_channel": {"nesting_mode": "single", "block": {"attributes": {"time_to_ack_interval_condition": {"type": "string", "description": "If the time to ack is relative to a time window, this defines whether we move when the window is active or inactive", "description_kind": "markdown", "optional": true}, "time_to_ack_seconds": {"type": "number", "description": "How long should we wait for this level to acknowledge before moving on to the next node in the path?", "description_kind": "markdown", "optional": true}, "time_to_ack_weekday_interval_config_id": {"type": "string", "description": "If the time to ack is relative to a time window, this identifies which window it is relative to", "description_kind": "markdown", "optional": true}}, "description": "", "description_kind": "plain", "block_types": {"targets": {"nesting_mode": "list", "block": {"attributes": {"id": {"type": "string", "description": "Uniquely identifies an entity of this type", "description_kind": "markdown", "required": true}, "schedule_mode": {"type": "string", "description": "Only set for schedule targets, and either currently_on_call, all_users or all_users_for_rota and specifies which users to fetch from the schedule", "description_kind": "markdown", "optional": true, "computed": true}, "type": {"type": "string", "description": "Controls what type of entity this target identifies, such as EscalationPolicy or User. Possible values are: `schedule`, `user`, `slack_channel`, `msteams_channel`.", "description_kind": "markdown", "required": true}, "urgency": {"type": "string", "description": "The urgency of this escalation path target. Possible values are: `high`, `low`.", "description_kind": "markdown", "required": true}}, "description": "The targets (Slack channels) for this level", "description_kind": "markdown"}, "min_items": 1}}}, "max_items": 1}, "repeat": {"nesting_mode": "single", "block": {"attributes": {"repeat_times": {"type": "number", "description": "How many times to repeat these nodes", "description_kind": "markdown", "required": true}, "to_node": {"type": "string", "description": "Which node ID we begin repeating from.", "description_kind": "markdown", "required": true}}, "description": "", "description_kind": "plain"}, "max_items": 1}}}, "min_items": 1}}}, "max_items": 1}, "level": {"nesting_mode": "single", "block": {"attributes": {"ack_mode": {"type": "string", "description": "Controls the behaviour of acknowledgements for this level, with 'first' cancelling all other escalations on the same level when someone acks", "description_kind": "markdown", "optional": true, "computed": true}, "time_to_ack_interval_condition": {"type": "string", "description": "If the time to ack is relative to a time window, this defines whether we move when the window is active or inactive", "description_kind": "markdown", "optional": true}, "time_to_ack_seconds": {"type": "number", "description": "How long should we wait for this level to acknowledge before proceeding to the next node in the path?", "description_kind": "markdown", "optional": true}, "time_to_ack_weekday_interval_config_id": {"type": "string", "description": "If the time to ack is relative to a time window, this identifies which window it is relative to", "description_kind": "markdown", "optional": true}}, "description": "", "description_kind": "plain", "block_types": {"round_robin_config": {"nesting_mode": "single", "block": {"attributes": {"enabled": {"type": "bool", "description": "Whether round robin is enabled for this level", "description_kind": "markdown", "required": true}, "rotate_after_seconds": {"type": "number", "description": "How long should we wait before rotating to the next target in a round robin, if not set will stick with a single target per level.", "description_kind": "markdown", "optional": true}}, "description": "", "description_kind": "plain"}, "max_items": 1}, "targets": {"nesting_mode": "list", "block": {"attributes": {"id": {"type": "string", "description": "Uniquely identifies an entity of this type", "description_kind": "markdown", "required": true}, "schedule_mode": {"type": "string", "description": "Only set for schedule targets, and either currently_on_call, all_users or all_users_for_rota and specifies which users to fetch from the schedule", "description_kind": "markdown", "optional": true, "computed": true}, "type": {"type": "string", "description": "Controls what type of entity this target identifies, such as EscalationPolicy or User. Possible values are: `schedule`, `user`, `slack_channel`, `msteams_channel`.", "description_kind": "markdown", "required": true}, "urgency": {"type": "string", "description": "The urgency of this escalation path target. Possible values are: `high`, `low`.", "description_kind": "markdown", "required": true}}, "description": "The targets (users or schedules) for this level", "description_kind": "markdown"}, "min_items": 1}}}, "max_items": 1}, "notify_channel": {"nesting_mode": "single", "block": {"attributes": {"time_to_ack_interval_condition": {"type": "string", "description": "If the time to ack is relative to a time window, this defines whether we move when the window is active or inactive", "description_kind": "markdown", "optional": true}, "time_to_ack_seconds": {"type": "number", "description": "How long should we wait for this level to acknowledge before moving on to the next node in the path?", "description_kind": "markdown", "optional": true}, "time_to_ack_weekday_interval_config_id": {"type": "string", "description": "If the time to ack is relative to a time window, this identifies which window it is relative to", "description_kind": "markdown", "optional": true}}, "description": "", "description_kind": "plain", "block_types": {"targets": {"nesting_mode": "list", "block": {"attributes": {"id": {"type": "string", "description": "Uniquely identifies an entity of this type", "description_kind": "markdown", "required": true}, "schedule_mode": {"type": "string", "description": "Only set for schedule targets, and either currently_on_call, all_users or all_users_for_rota and specifies which users to fetch from the schedule", "description_kind": "markdown", "optional": true, "computed": true}, "type": {"type": "string", "description": "Controls what type of entity this target identifies, such as EscalationPolicy or User. Possible values are: `schedule`, `user`, `slack_channel`, `msteams_channel`.", "description_kind": "markdown", "required": true}, "urgency": {"type": "string", "description": "The urgency of this escalation path target. Possible values are: `high`, `low`.", "description_kind": "markdown", "required": true}}, "description": "The targets (Slack channels) for this level", "description_kind": "markdown"}, "min_items": 1}}}, "max_items": 1}, "repeat": {"nesting_mode": "single", "block": {"attributes": {"repeat_times": {"type": "number", "description": "How many times to repeat these nodes", "description_kind": "markdown", "required": true}, "to_node": {"type": "string", "description": "Which node ID we begin repeating from.", "description_kind": "markdown", "required": true}}, "description": "", "description_kind": "plain"}, "max_items": 1}}}}, "then_path": {"nesting_mode": "list", "block": {"attributes": {"id": {"type": "string", "description": "An ID for this node, unique within the escalation path.\n\nThis allows you to reference the node in other nodes, such as when configuring a 'repeat' node.", "description_kind": "markdown", "optional": true, "computed": true}, "type": {"type": "string", "description": "The type of this node. Available types are:\n* level: A set of targets (users or schedules) that should be paged, either all at once, or with a round-robin configuration.\n* notify_channel: Send the escalation to a Slack channel, where it can be acked by anyone in the channel.\n* if_else: Branch the escalation based on a set of conditions.\n* repeat: Go back to a previous node and repeat the logic from there.\n* delay: Pause the escalation for a configured duration before advancing to the next node.", "description_kind": "markdown", "required": true}}, "description": "Then path nodes", "description_kind": "markdown", "block_types": {"delay": {"nesting_mode": "single", "block": {"attributes": {"delay_interval_condition": {"type": "string", "description": "If the delay is relative to a time window, this defines whether we advance when the window is active or inactive", "description_kind": "markdown", "optional": true}, "delay_seconds": {"type": "number", "description": "How long to delay before advancing to the next node in the path, in seconds", "description_kind": "markdown", "optional": true}, "delay_weekday_interval_config_id": {"type": "string", "description": "If the delay is relative to a time window, this identifies which window it is relative to", "description_kind": "markdown", "optional": true}}, "description": "", "description_kind": "plain"}, "max_items": 1}, "if_else": {"nesting_mode": "single", "block": {"attributes": {}, "description": "", "description_kind": "plain", "block_types": {"conditions": {"nesting_mode": "list", "block": {"attributes": {"operation": {"type": "string", "description": "The logical operation to be applied", "description_kind": "markdown", "required": true}, "subject": {"type": "string", "description": "The subject of the condition, on which the operation is applied", "description_kind": "markdown", "required": true}}, "description": "The prerequisite conditions that must all be satisfied", "description_kind": "markdown", "block_types": {"param_bindings": {"nesting_mode": "list", "block": {"attributes": {}, "description": "Bindings for the operation parameters", "description_kind": "markdown", "block_types": {"array_value": {"nesting_mode": "list", "block": {"attributes": {"literal": {"type": "string", "description": "If set, this is the literal value of the step parameter", "description_kind": "markdown", "optional": true}, "reference": {"type": "string", "description": "If set, this is the reference into the trigger scope that is the value of this parameter", "description_kind": "markdown", "optional": true}}, "description": "The array of literal or reference parameter values", "description_kind": "markdown"}}, "value": {"nesting_mode": "single", "block": {"attributes": {"literal": {"type": "string", "description": "If set, this is the literal value of the step parameter", "description_kind": "markdown", "optional": true}, "reference": {"type": "string", "description": "If set, this is the reference into the trigger scope that is the value of this parameter", "description_kind": "markdown", "optional": true}}, "description": "The literal or reference parameter value", "description_kind": "markdown"}, "max_items": 1}}}, "min_items": 1}}}, "min_items": 1}, "else_path": {"nesting_mode": "list", "block": {"attributes": {"id": {"type": "string", "description": "An ID for this node, unique within the escalation path.\n\nThis allows you to reference the node in other nodes, such as when configuring a 'repeat' node.", "description_kind": "markdown", "optional": true, "computed": true}, "type": {"type": "string", "description": "The type of this node. Available types are:\n* level: A set of targets (users or schedules) that should be paged, either all at once, or with a round-robin configuration.\n* notify_channel: Send the escalation to a Slack channel, where it can be acked by anyone in the channel.\n* if_else: Branch the escalation based on a set of conditions.\n* repeat: Go back to a previous node and repeat the logic from there.\n* delay: Pause the escalation for a configured duration before advancing to the next node.", "description_kind": "markdown", "required": true}}, "description": "The nodes that form the levels if our condition is not met", "description_kind": "markdown", "block_types": {"delay": {"nesting_mode": "single", "block": {"attributes": {"delay_interval_condition": {"type": "string", "description": "If the delay is relative to a time window, this defines whether we advance when the window is active or inactive", "description_kind": "markdown", "optional": true}, "delay_seconds": {"type": "number", "description": "How long to delay before advancing to the next node in the path, in seconds", "description_kind": "markdown", "optional": true}, "delay_weekday_interval_config_id": {"type": "string", "description": "If the delay is relative to a time window, this identifies which window it is relative to", "description_kind": "markdown", "optional": true}}, "description": "", "description_kind": "plain"}, "max_items": 1}, "if_else": {"nesting_mode": "single", "block": {"attributes": {}, "description": "", "description_kind": "plain", "block_types": {"conditions": {"nesting_mode": "list", "block": {"attributes": {"operation": {"type": "string", "description": "The logical operation to be applied", "description_kind": "markdown", "required": true}, "subject": {"type": "string", "description": "The subject of the condition, on which the operation is applied", "description_kind": "markdown", "required": true}}, "description": "The prerequisite conditions that must all be satisfied", "description_kind": "markdown", "block_types": {"param_bindings": {"nesting_mode": "list", "block": {"attributes": {}, "description": "Bindings for the operation parameters", "description_kind": "markdown", "block_types": {"array_value": {"nesting_mode": "list", "block": {"attributes": {"literal": {"type": "string", "description": "If set, this is the literal value of the step parameter", "description_kind": "markdown", "optional": true}, "reference": {"type": "string", "description": "If set, this is the reference into the trigger scope that is the value of this parameter", "description_kind": "markdown", "optional": true}}, "description": "The array of literal or reference parameter values", "description_kind": "markdown"}}, "value": {"nesting_mode": "single", "block": {"attributes": {"literal": {"type": "string", "description": "If set, this is the literal value of the step parameter", "description_kind": "markdown", "optional": true}, "reference": {"type": "string", "description": "If set, this is the reference into the trigger scope that is the value of this parameter", "description_kind": "markdown", "optional": true}}, "description": "The literal or reference parameter value", "description_kind": "markdown"}, "max_items": 1}}}, "min_items": 1}}}, "min_items": 1}, "else_path": {"nesting_mode": "list", "block": {"attributes": {"id": {"type": "string", "description": "An ID for this node, unique within the escalation path.\n\nThis allows you to reference the node in other nodes, such as when configuring a 'repeat' node.", "description_kind": "markdown", "optional": true, "computed": true}, "type": {"type": "string", "description": "The type of this node. Available types are:\n* level: A set of targets (users or schedules) that should be paged, either all at once, or with a round-robin configuration.\n* notify_channel: Send the escalation to a Slack channel, where it can be acked by anyone in the channel.\n* if_else: Branch the escalation based on a set of conditions.\n* repeat: Go back to a previous node and repeat the logic from there.\n* delay: Pause the escalation for a configured duration before advancing to the next node.", "description_kind": "markdown", "required": true}}, "description": "The nodes that form the levels if our condition is not met", "description_kind": "markdown", "block_types": {"delay": {"nesting_mode": "single", "block": {"attributes": {"delay_interval_condition": {"type": "string", "description": "If the delay is relative to a time window, this defines whether we advance when the window is active or inactive", "description_kind": "markdown", "optional": true}, "delay_seconds": {"type": "number", "description": "How long to delay before advancing to the next node in the path, in seconds", "description_kind": "markdown", "optional": true}, "delay_weekday_interval_config_id": {"type": "string", "description": "If the delay is relative to a time window, this identifies which window it is relative to", "description_kind": "markdown", "optional": true}}, "description": "", "description_kind": "plain"}, "max_items": 1}, "if_else": {"nesting_mode": "single", "block": {"attributes": {}, "description": "", "description_kind": "plain", "block_types": {"conditions": {"nesting_mode": "list", "block": {"attributes": {"operation": {"type": "string", "description": "The logical operation to be applied", "description_kind": "markdown", "required": true}, "subject": {"type": "string", "description": "The subject of the condition, on which the operation is applied", "description_kind": "markdown", "required": true}}, "description": "The prerequisite conditions that must all be satisfied", "description_kind": "markdown", "block_types": {"param_bindings": {"nesting_mode": "list", "block": {"attributes": {}, "description": "Bindings for the operation parameters", "description_kind": "markdown", "block_types": {"array_value": {"nesting_mode": "list", "block": {"attributes": {"literal": {"type": "string", "description": "If set, this is the literal value of the step parameter", "description_kind": "markdown", "optional": true}, "reference": {"type": "string", "description": "If set, this is the reference into the trigger scope that is the value of this parameter", "description_kind": "markdown", "optional": true}}, "description": "The array of literal or reference parameter values", "description_kind": "markdown"}}, "value": {"nesting_mode": "single", "block": {"attributes": {"literal": {"type": "string", "description": "If set, this is the literal value of the step parameter", "description_kind": "markdown", "optional": true}, "reference": {"type": "string", "description": "If set, this is the reference into the trigger scope that is the value of this parameter", "description_kind": "markdown", "optional": true}}, "description": "The literal or reference parameter value", "description_kind": "markdown"}, "max_items": 1}}}, "min_items": 1}}}, "min_items": 1}, "else_path": {"nesting_mode": "list", "block": {"attributes": {"id": {"type": "string", "description": "An ID for this node, unique within the escalation path.\n\nThis allows you to reference the node in other nodes, such as when configuring a 'repeat' node.", "description_kind": "markdown", "optional": true, "computed": true}, "type": {"type": "string", "description": "The type of this node. Available types are:\n* level: A set of targets (users or schedules) that should be paged, either all at once, or with a round-robin configuration.\n* notify_channel: Send the escalation to a Slack channel, where it can be acked by anyone in the channel.\n* if_else: Branch the escalation based on a set of conditions.\n* repeat: Go back to a previous node and repeat the logic from there.\n* delay: Pause the escalation for a configured duration before advancing to the next node.", "description_kind": "markdown", "required": true}}, "description": "The nodes that form the levels if our condition is not met", "description_kind": "markdown", "block_types": {"delay": {"nesting_mode": "single", "block": {"attributes": {"delay_interval_condition": {"type": "string", "description": "If the delay is relative to a time window, this defines whether we advance when the window is active or inactive", "description_kind": "markdown", "optional": true}, "delay_seconds": {"type": "number", "description": "How long to delay before advancing to the next node in the path, in seconds", "description_kind": "markdown", "optional": true}, "delay_weekday_interval_config_id": {"type": "string", "description": "If the delay is relative to a time window, this identifies which window it is relative to", "description_kind": "markdown", "optional": true}}, "description": "", "description_kind": "plain"}, "max_items": 1}, "level": {"nesting_mode": "single", "block": {"attributes": {"ack_mode": {"type": "string", "description": "Controls the behaviour of acknowledgements for this level, with 'first' cancelling all other escalations on the same level when someone acks", "description_kind": "markdown", "optional": true, "computed": true}, "time_to_ack_interval_condition": {"type": "string", "description": "If the time to ack is relative to a time window, this defines whether we move when the window is active or inactive", "description_kind": "markdown", "optional": true}, "time_to_ack_seconds": {"type": "number", "description": "How long should we wait for this level to acknowledge before proceeding to the next node in the path?", "description_kind": "markdown", "optional": true}, "time_to_ack_weekday_interval_config_id": {"type": "string", "description": "If the time to ack is relative to a time window, this identifies which window it is relative to", "description_kind": "markdown", "optional": true}}, "description": "", "description_kind": "plain", "block_types": {"round_robin_config": {"nesting_mode": "single", "block": {"attributes": {"enabled": {"type": "bool", "description": "Whether round robin is enabled for this level", "description_kind": "markdown", "required": true}, "rotate_after_seconds": {"type": "number", "description": "How long should we wait before rotating to the next target in a round robin, if not set will stick with a single target per level.", "description_kind": "markdown", "optional": true}}, "description": "", "description_kind": "plain"}, "max_items": 1}, "targets": {"nesting_mode": "list", "block": {"attributes": {"id": {"type": "string", "description": "Uniquely identifies an entity of this type", "description_kind": "markdown", "required": true}, "schedule_mode": {"type": "string", "description": "Only set for schedule targets, and either currently_on_call, all_users or all_users_for_rota and specifies which users to fetch from the schedule", "description_kind": "markdown", "optional": true, "computed": true}, "type": {"type": "string", "description": "Controls what type of entity this target identifies, such as EscalationPolicy or User. Possible values are: `schedule`, `user`, `slack_channel`, `msteams_channel`.", "description_kind": "markdown", "required": true}, "urgency": {"type": "string", "description": "The urgency of this escalation path target. Possible values are: `high`, `low`.", "description_kind": "markdown", "required": true}}, "description": "The targets (users or schedules) for this level", "description_kind": "markdown"}, "min_items": 1}}}, "max_items": 1}, "notify_channel": {"nesting_mode": "single", "block": {"attributes": {"time_to_ack_interval_condition": {"type": "string", "description": "If the time to ack is relative to a time window, this defines whether we move when the window is active or inactive", "description_kind": "markdown", "optional": true}, "time_to_ack_seconds": {"type": "number", "description": "How long should we wait for this level to acknowledge before moving on to the next node in the path?", "description_kind": "markdown", "optional": true}, "time_to_ack_weekday_interval_config_id": {"type": "string", "description": "If the time to ack is relative to a time window, this identifies which window it is relative to", "description_kind": "markdown", "optional": true}}, "description": "", "description_kind": "plain", "block_types": {"targets": {"nesting_mode": "list", "block": {"attributes": {"id": {"type": "string", "description": "Uniquely identifies an entity of this type", "description_kind": "markdown", "required": true}, "schedule_mode": {"type": "string", "description": "Only set for schedule targets, and either currently_on_call, all_users or all_users_for_rota and specifies which users to fetch from the schedule", "description_kind": "markdown", "optional": true, "computed": true}, "type": {"type": "string", "description": "Controls what type of entity this target identifies, such as EscalationPolicy or User. Possible values are: `schedule`, `user`, `slack_channel`, `msteams_channel`.", "description_kind": "markdown", "required": true}, "urgency": {"type": "string", "description": "The urgency of this escalation path target. Possible values are: `high`, `low`.", "description_kind": "markdown", "required": true}}, "description": "The targets (Slack channels) for this level", "description_kind": "markdown"}, "min_items": 1}}}, "max_items": 1}, "repeat": {"nesting_mode": "single", "block": {"attributes": {"repeat_times": {"type": "number", "description": "How many times to repeat these nodes", "description_kind": "markdown", "required": true}, "to_node": {"type": "string", "description": "Which node ID we begin repeating from.", "description_kind": "markdown", "required": true}}, "description": "", "description_kind": "plain"}, "max_items": 1}}}}, "then_path": {"nesting_mode": "list", "block": {"attributes": {"id": {"type": "string", "description": "An ID for this node, unique within the escalation path.\n\nThis allows you to reference the node in other nodes, such as when configuring a 'repeat' node.", "description_kind": "markdown", "optional": true, "computed": true}, "type": {"type": "string", "description": "The type of this node. Available types are:\n* level: A set of targets (users or schedules) that should be paged, either all at once, or with a round-robin configuration.\n* notify_channel: Send the escalation to a Slack channel, where it can be acked by anyone in the channel.\n* if_else: Branch the escalation based on a set of conditions.\n* repeat: Go back to a previous node and repeat the logic from there.\n* delay: Pause the escalation for a configured duration before advancing to the next node.", "description_kind": "markdown", "required": true}}, "description": "Then path nodes", "description_kind": "markdown", "block_types": {"delay": {"nesting_mode": "single", "block": {"attributes": {"delay_interval_condition": {"type": "string", "description": "If the delay is relative to a time window, this defines whether we advance when the window is active or inactive", "description_kind": "markdown", "optional": true}, "delay_seconds": {"type": "number", "description": "How long to delay before advancing to the next node in the path, in seconds", "description_kind": "markdown", "optional": true}, "delay_weekday_interval_config_id": {"type": "string", "description": "If the delay is relative to a time window, this identifies which window it is relative to", "description_kind": "markdown", "optional": true}}, "description": "", "description_kind": "plain"}, "max_items": 1}, "level": {"nesting_mode": "single", "block": {"attributes": {"ack_mode": {"type": "string", "description": "Controls the behaviour of acknowledgements for this level, with 'first' cancelling all other escalations on the same level when someone acks", "description_kind": "markdown", "optional": true, "computed": true}, "time_to_ack_interval_condition": {"type": "string", "description": "If the time to ack is relative to a time window, this defines whether we move when the window is active or inactive", "description_kind": "markdown", "optional": true}, "time_to_ack_seconds": {"type": "number", "description": "How long should we wait for this level to acknowledge before proceeding to the next node in the path?", "description_kind": "markdown", "optional": true}, "time_to_ack_weekday_interval_config_id": {"type": "string", "description": "If the time to ack is relative to a time window, this identifies which window it is relative to", "description_kind": "markdown", "optional": true}}, "description": "", "description_kind": "plain", "block_types": {"round_robin_config": {"nesting_mode": "single", "block": {"attributes": {"enabled": {"type": "bool", "description": "Whether round robin is enabled for this level", "description_kind": "markdown", "required": true}, "rotate_after_seconds": {"type": "number", "description": "How long should we wait before rotating to the next target in a round robin, if not set will stick with a single target per level.", "description_kind": "markdown", "optional": true}}, "description": "", "description_kind": "plain"}, "max_items": 1}, "targets": {"nesting_mode": "list", "block": {"attributes": {"id": {"type": "string", "description": "Uniquely identifies an entity of this type", "description_kind": "markdown", "required": true}, "schedule_mode": {"type": "string", "description": "Only set for schedule targets, and either currently_on_call, all_users or all_users_for_rota and specifies which users to fetch from the schedule", "description_kind": "markdown", "optional": true, "computed": true}, "type": {"type": "string", "description": "Controls what type of entity this target identifies, such as EscalationPolicy or User. Possible values are: `schedule`, `user`, `slack_channel`, `msteams_channel`.", "description_kind": "markdown", "required": true}, "urgency": {"type": "string", "description": "The urgency of this escalation path target. Possible values are: `high`, `low`.", "description_kind": "markdown", "required": true}}, "description": "The targets (users or schedules) for this level", "description_kind": "markdown"}, "min_items": 1}}}, "max_items": 1}, "notify_channel": {"nesting_mode": "single", "block": {"attributes": {"time_to_ack_interval_condition": {"type": "string", "description": "If the time to ack is relative to a time window, this defines whether we move when the window is active or inactive", "description_kind": "markdown", "optional": true}, "time_to_ack_seconds": {"type": "number", "description": "How long should we wait for this level to acknowledge before moving on to the next node in the path?", "description_kind": "markdown", "optional": true}, "time_to_ack_weekday_interval_config_id": {"type": "string", "description": "If the time to ack is relative to a time window, this identifies which window it is relative to", "description_kind": "markdown", "optional": true}}, "description": "", "description_kind": "plain", "block_types": {"targets": {"nesting_mode": "list", "block": {"attributes": {"id": {"type": "string", "description": "Uniquely identifies an entity of this type", "description_kind": "markdown", "required": true}, "schedule_mode": {"type": "string", "description": "Only set for schedule targets, and either currently_on_call, all_users or all_users_for_rota and specifies which users to fetch from the schedule", "description_kind": "markdown", "optional": true, "computed": true}, "type": {"type": "string", "description": "Controls what type of entity this target identifies, such as EscalationPolicy or User. Possible values are: `schedule`, `user`, `slack_channel`, `msteams_channel`.", "description_kind": "markdown", "required": true}, "urgency": {"type": "string", "description": "The urgency of this escalation path target. Possible values are: `high`, `low`.", "description_kind": "markdown", "required": true}}, "description": "The targets (Slack channels) for this level", "description_kind": "markdown"}, "min_items": 1}}}, "max_items": 1}, "repeat": {"nesting_mode": "single", "block": {"attributes": {"repeat_times": {"type": "number", "description": "How many times to repeat these nodes", "description_kind": "markdown", "required": true}, "to_node": {"type": "string", "description": "Which node ID we begin repeating from.", "description_kind": "markdown", "required": true}}, "description": "", "description_kind": "plain"}, "max_items": 1}}}, "min_items": 1}}}, "max_items": 1}, "level": {"nesting_mode": "single", "block": {"attributes": {"ack_mode": {"type": "string", "description": "Controls the behaviour of acknowledgements for this level, with 'first' cancelling all other escalations on the same level when someone acks", "description_kind": "markdown", "optional": true, "computed": true}, "time_to_ack_interval_condition": {"type": "string", "description": "If the time to ack is relative to a time window, this defines whether we move when the window is active or inactive", "description_kind": "markdown", "optional": true}, "time_to_ack_seconds": {"type": "number", "description": "How long should we wait for this level to acknowledge before proceeding to the next node in the path?", "description_kind": "markdown", "optional": true}, "time_to_ack_weekday_interval_config_id": {"type": "string", "description": "If the time to ack is relative to a time window, this identifies which window it is relative to", "description_kind": "markdown", "optional": true}}, "description": "", "description_kind": "plain", "block_types": {"round_robin_config": {"nesting_mode": "single", "block": {"attributes": {"enabled": {"type": "bool", "description": "Whether round robin is enabled for this level", "description_kind": "markdown", "required": true}, "rotate_after_seconds": {"type": "number", "description": "How long should we wait before rotating to the next target in a round robin, if not set will stick with a single target per level.", "description_kind": "markdown", "optional": true}}, "description": "", "description_kind": "plain"}, "max_items": 1}, "targets": {"nesting_mode": "list", "block": {"attributes": {"id": {"type": "string", "description": "Uniquely identifies an entity of this type", "description_kind": "markdown", "required": true}, "schedule_mode": {"type": "string", "description": "Only set for schedule targets, and either currently_on_call, all_users or all_users_for_rota and specifies which users to fetch from the schedule", "description_kind": "markdown", "optional": true, "computed": true}, "type": {"type": "string", "description": "Controls what type of entity this target identifies, such as EscalationPolicy or User. Possible values are: `schedule`, `user`, `slack_channel`, `msteams_channel`.", "description_kind": "markdown", "required": true}, "urgency": {"type": "string", "description": "The urgency of this escalation path target. Possible values are: `high`, `low`.", "description_kind": "markdown", "required": true}}, "description": "The targets (users or schedules) for this level", "description_kind": "markdown"}, "min_items": 1}}}, "max_items": 1}, "notify_channel": {"nesting_mode": "single", "block": {"attributes": {"time_to_ack_interval_condition": {"type": "string", "description": "If the time to ack is relative to a time window, this defines whether we move when the window is active or inactive", "description_kind": "markdown", "optional": true}, "time_to_ack_seconds": {"type": "number", "description": "How long should we wait for this level to acknowledge before moving on to the next node in the path?", "description_kind": "markdown", "optional": true}, "time_to_ack_weekday_interval_config_id": {"type": "string", "description": "If the time to ack is relative to a time window, this identifies which window it is relative to", "description_kind": "markdown", "optional": true}}, "description": "", "description_kind": "plain", "block_types": {"targets": {"nesting_mode": "list", "block": {"attributes": {"id": {"type": "string", "description": "Uniquely identifies an entity of this type", "description_kind": "markdown", "required": true}, "schedule_mode": {"type": "string", "description": "Only set for schedule targets, and either currently_on_call, all_users or all_users_for_rota and specifies which users to fetch from the schedule", "description_kind": "markdown", "optional": true, "computed": true}, "type": {"type": "string", "description": "Controls what type of entity this target identifies, such as EscalationPolicy or User. Possible values are: `schedule`, `user`, `slack_channel`, `msteams_channel`.", "description_kind": "markdown", "required": true}, "urgency": {"type": "string", "description": "The urgency of this escalation path target. Possible values are: `high`, `low`.", "description_kind": "markdown", "required": true}}, "description": "The targets (Slack channels) for this level", "description_kind": "markdown"}, "min_items": 1}}}, "max_items": 1}, "repeat": {"nesting_mode": "single", "block": {"attributes": {"repeat_times": {"type": "number", "description": "How many times to repeat these nodes", "description_kind": "markdown", "required": true}, "to_node": {"type": "string", "description": "Which node ID we begin repeating from.", "description_kind": "markdown", "required": true}}, "description": "", "description_kind": "plain"}, "max_items": 1}}}}, "then_path": {"nesting_mode": "list", "block": {"attributes": {"id": {"type": "string", "description": "An ID for this node, unique within the escalation path.\n\nThis allows you to reference the node in other nodes, such as when configuring a 'repeat' node.", "description_kind": "markdown", "optional": true, "computed": true}, "type": {"type": "string", "description": "The type of this node. Available types are:\n* level: A set of targets (users or schedules) that should be paged, either all at once, or with a round-robin configuration.\n* notify_channel: Send the escalation to a Slack channel, where it can be acked by anyone in the channel.\n* if_else: Branch the escalation based on a set of conditions.\n* repeat: Go back to a previous node and repeat the logic from there.\n* delay: Pause the escalation for a configured duration before advancing to the next node.", "description_kind": "markdown", "required": true}}, "description": "Then path nodes", "description_kind": "markdown", "block_types": {"delay": {"nesting_mode": "single", "block": {"attributes": {"delay_interval_condition": {"type": "string", "description": "If the delay is relative to a time window, this defines whether we advance when the window is active or inactive", "description_kind": "markdown", "optional": true}, "delay_seconds": {"type": "number", "description": "How long to delay before advancing to the next node in the path, in seconds", "description_kind": "markdown", "optional": true}, "delay_weekday_interval_config_id": {"type": "string", "description": "If the delay is relative to a time window, this identifies which window it is relative to", "description_kind": "markdown", "optional": true}}, "description": "", "description_kind": "plain"}, "max_items": 1}, "if_else": {"nesting_mode": "single", "block": {"attributes": {}, "description": "", "description_kind": "plain", "block_types": {"conditions": {"nesting_mode": "list", "block": {"attributes": {"operation": {"type": "string", "description": "The logical operation to be applied", "description_kind": "markdown", "required": true}, "subject": {"type": "string", "description": "The subject of the condition, on which the operation is applied", "description_kind": "markdown", "required": true}}, "description": "The prerequisite conditions that must all be satisfied", "description_kind": "markdown", "block_types": {"param_bindings": {"nesting_mode": "list", "block": {"attributes": {}, "description": "Bindings for the operation parameters", "description_kind": "markdown", "block_types": {"array_value": {"nesting_mode": "list", "block": {"attributes": {"literal": {"type": "string", "description": "If set, this is the literal value of the step parameter", "description_kind": "markdown", "optional": true}, "reference": {"type": "string", "description": "If set, this is the reference into the trigger scope that is the value of this parameter", "description_kind": "markdown", "optional": true}}, "description": "The array of literal or reference parameter values", "description_kind": "markdown"}}, "value": {"nesting_mode": "single", "block": {"attributes": {"literal": {"type": "string", "description": "If set, this is the literal value of the step parameter", "description_kind": "markdown", "optional": true}, "reference": {"type": "string", "description": "If set, this is the reference into the trigger scope that is the value of this parameter", "description_kind": "markdown", "optional": true}}, "description": "The literal or reference parameter value", "description_kind": "markdown"}, "max_items": 1}}}, "min_items": 1}}}, "min_items": 1}, "else_path": {"nesting_mode": "list", "block": {"attributes": {"id": {"type": "string", "description": "An ID for this node, unique within the escalation path.\n\nThis allows you to reference the node in other nodes, such as when configuring a 'repeat' node.", "description_kind": "markdown", "optional": true, "computed": true}, "type": {"type": "string", "description": "The type of this node. Available types are:\n* level: A set of targets (users or schedules) that should be paged, either all at once, or with a round-robin configuration.\n* notify_channel: Send the escalation to a Slack channel, where it can be acked by anyone in the channel.\n* if_else: Branch the escalation based on a set of conditions.\n* repeat: Go back to a previous node and repeat the logic from there.\n* delay: Pause the escalation for a configured duration before advancing to the next node.", "description_kind": "markdown", "required": true}}, "description": "The nodes that form the levels if our condition is not met", "description_kind": "markdown", "block_types": {"delay": {"nesting_mode": "single", "block": {"attributes": {"delay_interval_condition": {"type": "string", "description": "If the delay is relative to a time window, this defines whether we advance when the window is active or inactive", "description_kind": "markdown", "optional": true}, "delay_seconds": {"type": "number", "description": "How long to delay before advancing to the next node in the path, in seconds", "description_kind": "markdown", "optional": true}, "delay_weekday_interval_config_id": {"type": "string", "description": "If the delay is relative to a time window, this identifies which window it is relative to", "description_kind": "markdown", "optional": true}}, "description": "", "description_kind": "plain"}, "max_items": 1}, "level": {"nesting_mode": "single", "block": {"attributes": {"ack_mode": {"type": "string", "description": "Controls the behaviour of acknowledgements for this level, with 'first' cancelling all other escalations on the same level when someone acks", "description_kind": "markdown", "optional": true, "computed": true}, "time_to_ack_interval_condition": {"type": "string", "description": "If the time to ack is relative to a time window, this defines whether we move when the window is active or inactive", "description_kind": "markdown", "optional": true}, "time_to_ack_seconds": {"type": "number", "description": "How long should we wait for this level to acknowledge before proceeding to the next node in the path?", "description_kind": "markdown", "optional": true}, "time_to_ack_weekday_interval_config_id": {"type": "string", "description": "If the time to ack is relative to a time window, this identifies which window it is relative to", "description_kind": "markdown", "optional": true}}, "description": "", "description_kind": "plain", "block_types": {"round_robin_config": {"nesting_mode": "single", "block": {"attributes": {"enabled": {"type": "bool", "description": "Whether round robin is enabled for this level", "description_kind": "markdown", "required": true}, "rotate_after_seconds": {"type": "number", "description": "How long should we wait before rotating to the next target in a round robin, if not set will stick with a single target per level.", "description_kind": "markdown", "optional": true}}, "description": "", "description_kind": "plain"}, "max_items": 1}, "targets": {"nesting_mode": "list", "block": {"attributes": {"id": {"type": "string", "description": "Uniquely identifies an entity of this type", "description_kind": "markdown", "required": true}, "schedule_mode": {"type": "string", "description": "Only set for schedule targets, and either currently_on_call, all_users or all_users_for_rota and specifies which users to fetch from the schedule", "description_kind": "markdown", "optional": true, "computed": true}, "type": {"type": "string", "description": "Controls what type of entity this target identifies, such as EscalationPolicy or User. Possible values are: `schedule`, `user`, `slack_channel`, `msteams_channel`.", "description_kind": "markdown", "required": true}, "urgency": {"type": "string", "description": "The urgency of this escalation path target. Possible values are: `high`, `low`.", "description_kind": "markdown", "required": true}}, "description": "The targets (users or schedules) for this level", "description_kind": "markdown"}, "min_items": 1}}}, "max_items": 1}, "notify_channel": {"nesting_mode": "single", "block": {"attributes": {"time_to_ack_interval_condition": {"type": "string", "description": "If the time to ack is relative to a time window, this defines whether we move when the window is active or inactive", "description_kind": "markdown", "optional": true}, "time_to_ack_seconds": {"type": "number", "description": "How long should we wait for this level to acknowledge before moving on to the next node in the path?", "description_kind": "markdown", "optional": true}, "time_to_ack_weekday_interval_config_id": {"type": "string", "description": "If the time to ack is relative to a time window, this identifies which window it is relative to", "description_kind": "markdown", "optional": true}}, "description": "", "description_kind": "plain", "block_types": {"targets": {"nesting_mode": "list", "block": {"attributes": {"id": {"type": "string", "description": "Uniquely identifies an entity of this type", "description_kind": "markdown", "required": true}, "schedule_mode": {"type": "string", "description": "Only set for schedule targets, and either currently_on_call, all_users or all_users_for_rota and specifies which users to fetch from the schedule", "description_kind": "markdown", "optional": true, "computed": true}, "type": {"type": "string", "description": "Controls what type of entity this target identifies, such as EscalationPolicy or User. Possible values are: `schedule`, `user`, `slack_channel`, `msteams_channel`.", "description_kind": "markdown", "required": true}, "urgency": {"type": "string", "description": "The urgency of this escalation path target. Possible values are: `high`, `low`.", "description_kind": "markdown", "required": true}}, "description": "The targets (Slack channels) for this level", "description_kind": "markdown"}, "min_items": 1}}}, "max_items": 1}, "repeat": {"nesting_mode": "single", "block": {"attributes": {"repeat_times": {"type": "number", "description": "How many times to repeat these nodes", "description_kind": "markdown", "required": true}, "to_node": {"type": "string", "description": "Which node ID we begin repeating from.", "description_kind": "markdown", "required": true}}, "description": "", "description_kind": "plain"}, "max_items": 1}}}}, "then_path": {"nesting_mode": "list", "block": {"attributes": {"id": {"type": "string", "description": "An ID for this node, unique within the escalation path.\n\nThis allows you to reference the node in other nodes, such as when configuring a 'repeat' node.", "description_kind": "markdown", "optional": true, "computed": true}, "type": {"type": "string", "description": "The type of this node. Available types are:\n* level: A set of targets (users or schedules) that should be paged, either all at once, or with a round-robin configuration.\n* notify_channel: Send the escalation to a Slack channel, where it can be acked by anyone in the channel.\n* if_else: Branch the escalation based on a set of conditions.\n* repeat: Go back to a previous node and repeat the logic from there.\n* delay: Pause the escalation for a configured duration before advancing to the next node.", "description_kind": "markdown", "required": true}}, "description": "Then path nodes", "description_kind": "markdown", "block_types": {"delay": {"nesting_mode": "single", "block": {"attributes": {"delay_interval_condition": {"type": "string", "description": "If the delay is relative to a time window, this defines whether we advance when the window is active or inactive", "description_kind": "markdown", "optional": true}, "delay_seconds": {"type": "number", "description": "How long to delay before advancing to the next node in the path, in seconds", "description_kind": "markdown", "optional": true}, "delay_weekday_interval_config_id": {"type": "string", "description": "If the delay is relative to a time window, this identifies which window it is relative to", "description_kind": "markdown", "optional": true}}, "description": "", "description_kind": "plain"}, "max_items": 1}, "level": {"nesting_mode": "single", "block": {"attributes": {"ack_mode": {"type": "string", "description": "Controls the behaviour of acknowledgements for this level, with 'first' cancelling all other escalations on the same level when someone acks", "description_kind": "markdown", "optional": true, "computed": true}, "time_to_ack_interval_condition": {"type": "string", "description": "If the time to ack is relative to a time window, this defines whether we move when the window is active or inactive", "description_kind": "markdown", "optional": true}, "time_to_ack_seconds": {"type": "number", "description": "How long should we wait for this level to acknowledge before proceeding to the next node in the path?", "description_kind": "markdown", "optional": true}, "time_to_ack_weekday_interval_config_id": {"type": "string", "description": "If the time to ack is relative to a time window, this identifies which window it is relative to", "description_kind": "markdown", "optional": true}}, "description": "", "description_kind": "plain", "block_types": {"round_robin_config": {"nesting_mode": "single", "block": {"attributes": {"enabled": {"type": "bool", "description": "Whether round robin is enabled for this level", "description_kind": "markdown", "required": true}, "rotate_after_seconds": {"type": "number", "description": "How long should we wait before rotating to the next target in a round robin, if not set will stick with a single target per level.", "description_kind": "markdown", "optional": true}}, "description": "", "description_kind": "plain"}, "max_items": 1}, "targets": {"nesting_mode": "list", "block": {"attributes": {"id": {"type": "string", "description": "Uniquely identifies an entity of this type", "description_kind": "markdown", "required": true}, "schedule_mode": {"type": "string", "description": "Only set for schedule targets, and either currently_on_call, all_users or all_users_for_rota and specifies which users to fetch from the schedule", "description_kind": "markdown", "optional": true, "computed": true}, "type": {"type": "string", "description": "Controls what type of entity this target identifies, such as EscalationPolicy or User. Possible values are: `schedule`, `user`, `slack_channel`, `msteams_channel`.", "description_kind": "markdown", "required": true}, "urgency": {"type": "string", "description": "The urgency of this escalation path target. Possible values are: `high`, `low`.", "description_kind": "markdown", "required": true}}, "description": "The targets (users or schedules) for this level", "description_kind": "markdown"}, "min_items": 1}}}, "max_items": 1}, "notify_channel": {"nesting_mode": "single", "block": {"attributes": {"time_to_ack_interval_condition": {"type": "string", "description": "If the time to ack is relative to a time window, this defines whether we move when the window is active or inactive", "description_kind": "markdown", "optional": true}, "time_to_ack_seconds": {"type": "number", "description": "How long should we wait for this level to acknowledge before moving on to the next node in the path?", "description_kind": "markdown", "optional": true}, "time_to_ack_weekday_interval_config_id": {"type": "string", "description": "If the time to ack is relative to a time window, this identifies which window it is relative to", "description_kind": "markdown", "optional": true}}, "description": "", "description_kind": "plain", "block_types": {"targets": {"nesting_mode": "list", "block": {"attributes": {"id": {"type": "string", "description": "Uniquely identifies an entity of this type", "description_kind": "markdown", "required": true}, "schedule_mode": {"type": "string", "description": "Only set for schedule targets, and either currently_on_call, all_users or all_users_for_rota and specifies which users to fetch from the schedule", "description_kind": "markdown", "optional": true, "computed": true}, "type": {"type": "string", "description": "Controls what type of entity this target identifies, such as EscalationPolicy or User. Possible values are: `schedule`, `user`, `slack_channel`, `msteams_channel`.", "description_kind": "markdown", "required": true}, "urgency": {"type": "string", "description": "The urgency of this escalation path target. Possible values are: `high`, `low`.", "description_kind": "markdown", "required": true}}, "description": "The targets (Slack channels) for this level", "description_kind": "markdown"}, "min_items": 1}}}, "max_items": 1}, "repeat": {"nesting_mode": "single", "block": {"attributes": {"repeat_times": {"type": "number", "description": "How many times to repeat these nodes", "description_kind": "markdown", "required": true}, "to_node": {"type": "string", "description": "Which node ID we begin repeating from.", "description_kind": "markdown", "required": true}}, "description": "", "description_kind": "plain"}, "max_items": 1}}}, "min_items": 1}}}, "max_items": 1}, "level": {"nesting_mode": "single", "block": {"attributes": {"ack_mode": {"type": "string", "description": "Controls the behaviour of acknowledgements for this level, with 'first' cancelling all other escalations on the same level when someone acks", "description_kind": "markdown", "optional": true, "computed": true}, "time_to_ack_interval_condition": {"type": "string", "description": "If the time to ack is relative to a time window, this defines whether we move when the window is active or inactive", "description_kind": "markdown", "optional": true}, "time_to_ack_seconds": {"type": "number", "description": "How long should we wait for this level to acknowledge before proceeding to the next node in the path?", "description_kind": "markdown", "optional": true}, "time_to_ack_weekday_interval_config_id": {"type": "string", "description": "If the time to ack is relative to a time window, this identifies which window it is relative to", "description_kind": "markdown", "optional": true}}, "description": "", "description_kind": "plain", "block_types": {"round_robin_config": {"nesting_mode": "single", "block": {"attributes": {"enabled": {"type": "bool", "description": "Whether round robin is enabled for this level", "description_kind": "markdown", "required": true}, "rotate_after_seconds": {"type": "number", "description": "How long should we wait before rotating to the next target in a round robin, if not set will stick with a single target per level.", "description_kind": "markdown", "optional": true}}, "description": "", "description_kind": "plain"}, "max_items": 1}, "targets": {"nesting_mode": "list", "block": {"attributes": {"id": {"type": "string", "description": "Uniquely identifies an entity of this type", "description_kind": "markdown", "required": true}, "schedule_mode": {"type": "string", "description": "Only set for schedule targets, and either currently_on_call, all_users or all_users_for_rota and specifies which users to fetch from the schedule", "description_kind": "markdown", "optional": true, "computed": true}, "type": {"type": "string", "description": "Controls what type of entity this target identifies, such as EscalationPolicy or User. Possible values are: `schedule`, `user`, `slack_channel`, `msteams_channel`.", "description_kind": "markdown", "required": true}, "urgency": {"type": "string", "description": "The urgency of this escalation path target. Possible values are: `high`, `low`.", "description_kind": "markdown", "required": true}}, "description": "The targets (users or schedules) for this level", "description_kind": "markdown"}, "min_items": 1}}}, "max_items": 1}, "notify_channel": {"nesting_mode": "single", "block": {"attributes": {"time_to_ack_interval_condition": {"type": "string", "description": "If the time to ack is relative to a time window, this defines whether we move when the window is active or inactive", "description_kind": "markdown", "optional": true}, "time_to_ack_seconds": {"type": "number", "description": "How long should we wait for this level to acknowledge before moving on to the next node in the path?", "description_kind": "markdown", "optional": true}, "time_to_ack_weekday_interval_config_id": {"type": "string", "description": "If the time to ack is relative to a time window, this identifies which window it is relative to", "description_kind": "markdown", "optional": true}}, "description": "", "description_kind": "plain", "block_types": {"targets": {"nesting_mode": "list", "block": {"attributes": {"id": {"type": "string", "description": "Uniquely identifies an entity of this type", "description_kind": "markdown", "required": true}, "schedule_mode": {"type": "string", "description": "Only set for schedule targets, and either currently_on_call, all_users or all_users_for_rota and specifies which users to fetch from the schedule", "description_kind": "markdown", "optional": true, "computed": true}, "type": {"type": "string", "description": "Controls what type of entity this target identifies, such as EscalationPolicy or User. Possible values are: `schedule`, `user`, `slack_channel`, `msteams_channel`.", "description_kind": "markdown", "required": true}, "urgency": {"type": "string", "description": "The urgency of this escalation path target. Possible values are: `high`, `low`.", "description_kind": "markdown", "required": true}}, "description": "The targets (Slack channels) for this level", "description_kind": "markdown"}, "min_items": 1}}}, "max_items": 1}, "repeat": {"nesting_mode": "single", "block": {"attributes": {"repeat_times": {"type": "number", "description": "How many times to repeat these nodes", "description_kind": "markdown", "required": true}, "to_node": {"type": "string", "description": "Which node ID we begin repeating from.", "description_kind": "markdown", "required": true}}, "description": "", "description_kind": "plain"}, "max_items": 1}}}, "min_items": 1}}}, "max_items": 1}, "level": {"nesting_mode": "single", "block": {"attributes": {"ack_mode": {"type": "string", "description": "Controls the behaviour of acknowledgements for this level, with 'first' cancelling all other escalations on the same level when someone acks", "description_kind": "markdown", "optional": true, "computed": true}, "time_to_ack_interval_condition": {"type": "string", "description": "If the time to ack is relative to a time window, this defines whether we move when the window is active or inactive", "description_kind": "markdown", "optional": true}, "time_to_ack_seconds": {"type": "number", "description": "How long should we wait for this level to acknowledge before proceeding to the next node in the path?", "description_kind": "markdown", "optional": true}, "time_to_ack_weekday_interval_config_id": {"type": "string", "description": "If the time to ack is relative to a time window, this identifies which window it is relative to", "description_kind": "markdown", "optional": true}}, "description": "", "description_kind": "plain", "block_types": {"round_robin_config": {"nesting_mode": "single", "block": {"attributes": {"enabled": {"type": "bool", "description": "Whether round robin is enabled for this level", "description_kind": "markdown", "required": true}, "rotate_after_seconds": {"type": "number", "description": "How long should we wait before rotating to the next target in a round robin, if not set will stick with a single target per level.", "description_kind": "markdown", "optional": true}}, "description": "", "description_kind": "plain"}, "max_items": 1}, "targets": {"nesting_mode": "list", "block": {"attributes": {"id": {"type": "string", "description": "Uniquely identifies an entity of this type", "description_kind": "markdown", "required": true}, "schedule_mode": {"type": "string", "description": "Only set for schedule targets, and either currently_on_call, all_users or all_users_for_rota and specifies which users to fetch from the schedule", "description_kind": "markdown", "optional": true, "computed": true}, "type": {"type": "string", "description": "Controls what type of entity this target identifies, such as EscalationPolicy or User. Possible values are: `schedule`, `user`, `slack_channel`, `msteams_channel`.", "description_kind": "markdown", "required": true}, "urgency": {"type": "string", "description": "The urgency of this escalation path target. Possible values are: `high`, `low`.", "description_kind": "markdown", "required": true}}, "description": "The targets (users or schedules) for this level", "description_kind": "markdown"}, "min_items": 1}}}, "max_items": 1}, "notify_channel": {"nesting_mode": "single", "block": {"attributes": {"time_to_ack_interval_condition": {"type": "string", "description": "If the time to ack is relative to a time window, this defines whether we move when the window is active or inactive", "description_kind": "markdown", "optional": true}, "time_to_ack_seconds": {"type": "number", "description": "How long should we wait for this level to acknowledge before moving on to the next node in the path?", "description_kind": "markdown", "optional": true}, "time_to_ack_weekday_interval_config_id": {"type": "string", "description": "If the time to ack is relative to a time window, this identifies which window it is relative to", "description_kind": "markdown", "optional": true}}, "description": "", "description_kind": "plain", "block_types": {"targets": {"nesting_mode": "list", "block": {"attributes": {"id": {"type": "string", "description": "Uniquely identifies an entity of this type", "description_kind": "markdown", "required": true}, "schedule_mode": {"type": "string", "description": "Only set for schedule targets, and either currently_on_call, all_users or all_users_for_rota and specifies which users to fetch from the schedule", "description_kind": "markdown", "optional": true, "computed": true}, "type": {"type": "string", "description": "Controls what type of entity this target identifies, such as EscalationPolicy or User. Possible values are: `schedule`, `user`, `slack_channel`, `msteams_channel`.", "description_kind": "markdown", "required": true}, "urgency": {"type": "string", "description": "The urgency of this escalation path target. Possible values are: `high`, `low`.", "description_kind": "markdown", "required": true}}, "description": "The targets (Slack channels) for this level", "description_kind": "markdown"}, "min_items": 1}}}, "max_items": 1}, "repeat": {"nesting_mode": "single", "block": {"attributes": {"repeat_times": {"type": "number", "description": "How many times to repeat these nodes", "description_kind": "markdown", "required": true}, "to_node": {"type": "string", "description": "Which node ID we begin repeating from.", "description_kind": "markdown", "required": true}}, "description": "", "description_kind": "plain"}, "max_items": 1}}}}, "then_path": {"nesting_mode": "list", "block": {"attributes": {"id": {"type": "string", "description": "An ID for this node, unique within the escalation path.\n\nThis allows you to reference the node in other nodes, such as when configuring a 'repeat' node.", "description_kind": "markdown", "optional": true, "computed": true}, "type": {"type": "string", "description": "The type of this node. Available types are:\n* level: A set of targets (users or schedules) that should be paged, either all at once, or with a round-robin configuration.\n* notify_channel: Send the escalation to a Slack channel, where it can be acked by anyone in the channel.\n* if_else: Branch the escalation based on a set of conditions.\n* repeat: Go back to a previous node and repeat the logic from there.\n* delay: Pause the escalation for a configured duration before advancing to the next node.", "description_kind": "markdown", "required": true}}, "description": "Then path nodes", "description_kind": "markdown", "block_types": {"delay": {"nesting_mode": "single", "block": {"attributes": {"delay_interval_condition": {"type": "string", "description": "If the delay is relative to a time window, this defines whether we advance when the window is active or inactive", "description_kind": "markdown", "optional": true}, "delay_seconds": {"type": "number", "description": "How long to delay before advancing to the next node in the path, in seconds", "description_kind": "markdown", "optional": true}, "delay_weekday_interval_config_id": {"type": "string", "description": "If the delay is relative to a time window, this identifies which window it is relative to", "description_kind": "markdown", "optional": true}}, "description": "", "description_kind": "plain"}, "max_items": 1}, "if_else": {"nesting_mode": "single", "block": {"attributes": {}, "description": "", "description_kind": "plain", "block_types": {"conditions": {"nesting_mode": "list", "block": {"attributes": {"operation": {"type": "string", "description": "The logical operation to be applied", "description_kind": "markdown", "required": true}, "subject": {"type": "string", "description": "The subject of the condition, on which the operation is applied", "description_kind": "markdown", "required": true}}, "description": "The prerequisite conditions that must all be satisfied", "description_kind": "markdown", "block_types": {"param_bindings": {"nesting_mode": "list", "block": {"attributes": {}, "description": "Bindings for the operation parameters", "description_kind": "markdown", "block_types": {"array_value": {"nesting_mode": "list", "block": {"attributes": {"literal": {"type": "string", "description": "If set, this is the literal value of the step parameter", "description_kind": "markdown", "optional": true}, "reference": {"type": "string", "description": "If set, this is the reference into the trigger scope that is the value of this parameter", "description_kind": "markdown", "optional": true}}, "description": "The array of literal or reference parameter values", "description_kind": "markdown"}}, "value": {"nesting_mode": "single", "block": {"attributes": {"literal": {"type": "string", "description": "If set, this is the literal value of the step parameter", "description_kind": "markdown", "optional": true}, "reference": {"type": "string", "description": "If set, this is the reference into the trigger scope that is the value of this parameter", "description_kind": "markdown", "optional": true}}, "description": "The literal or reference parameter value", "description_kind": "markdown"}, "max_items": 1}}}, "min_items": 1}}}, "min_items": 1}, "else_path": {"nesting_mode": "list", "block": {"attributes": {"id": {"type": "string", "description": "An ID for this node, unique within the escalation path.\n\nThis allows you to reference the node in other nodes, such as when configuring a 'repeat' node.", "description_kind": "markdown", "optional": true, "computed": true}, "type": {"type": "string", "description": "The type of this node. Available types are:\n* level: A set of targets (users or schedules) that should be paged, either all at once, or with a round-robin configuration.\n* notify_channel: Send the escalation to a Slack channel, where it can be acked by anyone in the channel.\n* if_else: Branch the escalation based on a set of conditions.\n* repeat: Go back to a previous node and repeat the logic from there.\n* delay: Pause the escalation for a configured duration before advancing to the next node.", "description_kind": "markdown", "required": true}}, "description": "The nodes that form the levels if our condition is not met", "description_kind": "markdown", "block_types": {"delay": {"nesting_mode": "single", "block": {"attributes": {"delay_interval_condition": {"type": "string", "description": "If the delay is relative to a time window, this defines whether we advance when the window is active or inactive", "description_kind": "markdown", "optional": true}, "delay_seconds": {"type": "number", "description": "How long to delay before advancing to the next node in the path, in seconds", "description_kind": "markdown", "optional": true}, "delay_weekday_interval_config_id": {"type": "string", "description": "If the delay is relative to a time window, this identifies which window it is relative to", "description_kind": "markdown", "optional": true}}, "description": "", "description_kind": "plain"}, "max_items": 1}, "if_else": {"nesting_mode": "single", "block": {"attributes": {}, "description": "", "description_kind": "plain", "block_types": {"conditions": {"nesting_mode": "list", "block": {"attributes": {"operation": {"type": "string", "description": "The logical operation to be applied", "description_kind": "markdown", "required": true}, "subject": {"type": "string", "description": "The subject of the condition, on which the operation is applied", "description_kind": "markdown", "required": true}}, "description": "The prerequisite conditions that must all be satisfied", "description_kind": "markdown", "block_types": {"param_bindings": {"nesting_mode": "list", "block": {"attributes": {}, "description": "Bindings for the operation parameters", "description_kind": "markdown", "block_types": {"array_value": {"nesting_mode": "list", "block": {"attributes": {"literal": {"type": "string", "description": "If set, this is the literal value of the step parameter", "description_kind": "markdown", "optional": true}, "reference": {"type": "string", "description": "If set, this is the reference into the trigger scope that is the value of this parameter", "description_kind": "markdown", "optional": true}}, "description": "The array of literal or reference parameter values", "description_kind": "markdown"}}, "value": {"nesting_mode": "single", "block": {"attributes": {"literal": {"type": "string", "description": "If set, this is the literal value of the step parameter", "description_kind": "markdown", "optional": true}, "reference": {"type": "string", "description": "If set, this is the reference into the trigger scope that is the value of this parameter", "description_kind": "markdown", "optional": true}}, "description": "The literal or reference parameter value", "description_kind": "markdown"}, "max_items": 1}}}, "min_items": 1}}}, "min_items": 1}, "else_path": {"nesting_mode": "list", "block": {"attributes": {"id": {"type": "string", "description": "An ID for this node, unique within the escalation path.\n\nThis allows you to reference the node in other nodes, such as when configuring a 'repeat' node.", "description_kind": "markdown", "optional": true, "computed": true}, "type": {"type": "string", "description": "The type of this node. Available types are:\n* level: A set of targets (users or schedules) that should be paged, either all at once, or with a round-robin configuration.\n* notify_channel: Send the escalation to a Slack channel, where it can be acked by anyone in the channel.\n* if_else: Branch the escalation based on a set of conditions.\n* repeat: Go back to a previous node and repeat the logic from there.\n* delay: Pause the escalation for a configured duration before advancing to the next node.", "description_kind": "markdown", "required": true}}, "description": "The nodes that form the levels if our condition is not met", "description_kind": "markdown", "block_types": {"delay": {"nesting_mode": "single", "block": {"attributes": {"delay_interval_condition": {"type": "string", "description": "If the delay is relative to a time window, this defines whether we advance when the window is active or inactive", "description_kind": "markdown", "optional": true}, "delay_seconds": {"type": "number", "description": "How long to delay before advancing to the next node in the path, in seconds", "description_kind": "markdown", "optional": true}, "delay_weekday_interval_config_id": {"type": "string", "description": "If the delay is relative to a time window, this identifies which window it is relative to", "description_kind": "markdown", "optional": true}}, "description": "", "description_kind": "plain"}, "max_items": 1}, "level": {"nesting_mode": "single", "block": {"attributes": {"ack_mode": {"type": "string", "description": "Controls the behaviour of acknowledgements for this level, with 'first' cancelling all other escalations on the same level when someone acks", "description_kind": "markdown", "optional": true, "computed": true}, "time_to_ack_interval_condition": {"type": "string", "description": "If the time to ack is relative to a time window, this defines whether we move when the window is active or inactive", "description_kind": "markdown", "optional": true}, "time_to_ack_seconds": {"type": "number", "description": "How long should we wait for this level to acknowledge before proceeding to the next node in the path?", "description_kind": "markdown", "optional": true}, "time_to_ack_weekday_interval_config_id": {"type": "string", "description": "If the time to ack is relative to a time window, this identifies which window it is relative to", "description_kind": "markdown", "optional": true}}, "description": "", "description_kind": "plain", "block_types": {"round_robin_config": {"nesting_mode": "single", "block": {"attributes": {"enabled": {"type": "bool", "description": "Whether round robin is enabled for this level", "description_kind": "markdown", "required": true}, "rotate_after_seconds": {"type": "number", "description": "How long should we wait before rotating to the next target in a round robin, if not set will stick with a single target per level.", "description_kind": "markdown", "optional": true}}, "description": "", "description_kind": "plain"}, "max_items": 1}, "targets": {"nesting_mode": "list", "block": {"attributes": {"id": {"type": "string", "description": "Uniquely identifies an entity of this type", "description_kind": "markdown", "required": true}, "schedule_mode": {"type": "string", "description": "Only set for schedule targets, and either currently_on_call, all_users or all_users_for_rota and specifies which users to fetch from the schedule", "description_kind": "markdown", "optional": true, "computed": true}, "type": {"type": "string", "description": "Controls what type of entity this target identifies, such as EscalationPolicy or User. Possible values are: `schedule`, `user`, `slack_channel`, `msteams_channel`.", "description_kind": "markdown", "required": true}, "urgency": {"type": "string", "description": "The urgency of this escalation path target. Possible values are: `high`, `low`.", "description_kind": "markdown", "required": true}}, "description": "The targets (users or schedules) for this level", "description_kind": "markdown"}, "min_items": 1}}}, "max_items": 1}, "notify_channel": {"nesting_mode": "single", "block": {"attributes": {"time_to_ack_interval_condition": {"type": "string", "description": "If the time to ack is relative to a time window, this defines whether we move when the window is active or inactive", "description_kind": "markdown", "optional": true}, "time_to_ack_seconds": {"type": "number", "description": "How long should we wait for this level to acknowledge before moving on to the next node in the path?", "description_kind": "markdown", "optional": true}, "time_to_ack_weekday_interval_config_id": {"type": "string", "description": "If the time to ack is relative to a time window, this identifies which window it is relative to", "description_kind": "markdown", "optional": true}}, "description": "", "description_kind": "plain", "block_types": {"targets": {"nesting_mode": "list", "block": {"attributes": {"id": {"type": "string", "description": "Uniquely identifies an entity of this type", "description_kind": "markdown", "required": true}, "schedule_mode": {"type": "string", "description": "Only set for schedule targets, and either currently_on_call, all_users or all_users_for_rota and specifies which users to fetch from the schedule", "description_kind": "markdown", "optional": true, "computed": true}, "type": {"type": "string", "description": "Controls what type of entity this target identifies, such as EscalationPolicy or User. Possible values are: `schedule`, `user`, `slack_channel`, `msteams_channel`.", "description_kind": "markdown", "required": true}, "urgency": {"type": "string", "description": "The urgency of this escalation path target. Possible values are: `high`, `low`.", "description_kind": "markdown", "required": true}}, "description": "The targets (Slack channels) for this level", "description_kind": "markdown"}, "min_items": 1}}}, "max_items": 1}, "repeat": {"nesting_mode": "single", "block": {"attributes": {"repeat_times": {"type": "number", "description": "How many times to repeat these nodes", "description_kind": "markdown", "required": true}, "to_node": {"type": "string", "description": "Which node ID we begin repeating from.", "description_kind": "markdown", "required": true}}, "description": "", "description_kind": "plain"}, "max_items": 1}}}}, "then_path": {"nesting_mode": "list", "block": {"attributes": {"id": {"type": "string", "description": "An ID for this node, unique within the escalation path.\n\nThis allows you to reference the node in other nodes, such as when configuring a 'repeat' node.", "description_kind": "markdown", "optional": true, "computed": true}, "type": {"type": "string", "description": "The type of this node. Available types are:\n* level: A set of targets (users or schedules) that should be paged, either all at once, or with a round-robin configuration.\n* notify_channel: Send the escalation to a Slack channel, where it can be acked by anyone in the channel.\n* if_else: Branch the escalation based on a set of conditions.\n* repeat: Go back to a previous node and repeat the logic from there.\n* delay: Pause the escalation for a configured duration before advancing to the next node.", "description_kind": "markdown", "required": true}}, "description": "Then path nodes", "description_kind": "markdown", "block_types": {"delay": {"nesting_mode": "single", "block": {"attributes": {"delay_interval_condition": {"type": "string", "description": "If the delay is relative to a time window, this defines whether we advance when the window is active or inactive", "description_kind": "markdown", "optional": true}, "delay_seconds": {"type": "number", "description": "How long to delay before advancing to the next node in the path, in seconds", "description_kind": "markdown", "optional": true}, "delay_weekday_interval_config_id": {"type": "string", "description": "If the delay is relative to a time window, this identifies which window it is relative to", "description_kind": "markdown", "optional": true}}, "description": "", "description_kind": "plain"}, "max_items": 1}, "level": {"nesting_mode": "single", "block": {"attributes": {"ack_mode": {"type": "string", "description": "Controls the behaviour of acknowledgements for this level, with 'first' cancelling all other escalations on the same level when someone acks", "description_kind": "markdown", "optional": true, "computed": true}, "time_to_ack_interval_condition": {"type": "string", "description": "If the time to ack is relative to a time window, this defines whether we move when the window is active or inactive", "description_kind": "markdown", "optional": true}, "time_to_ack_seconds": {"type": "number", "description": "How long should we wait for this level to acknowledge before proceeding to the next node in the path?", "description_kind": "markdown", "optional": true}, "time_to_ack_weekday_interval_config_id": {"type": "string", "description": "If the time to ack is relative to a time window, this identifies which window it is relative to", "description_kind": "markdown", "optional": true}}, "description": "", "description_kind": "plain", "block_types": {"round_robin_config": {"nesting_mode": "single", "block": {"attributes": {"enabled": {"type": "bool", "description": "Whether round robin is enabled for this level", "description_kind": "markdown", "required": true}, "rotate_after_seconds": {"type": "number", "description": "How long should we wait before rotating to the next target in a round robin, if not set will stick with a single target per level.", "description_kind": "markdown", "optional": true}}, "description": "", "description_kind": "plain"}, "max_items": 1}, "targets": {"nesting_mode": "list", "block": {"attributes": {"id": {"type": "string", "description": "Uniquely identifies an entity of this type", "description_kind": "markdown", "required": true}, "schedule_mode": {"type": "string", "description": "Only set for schedule targets, and either currently_on_call, all_users or all_users_for_rota and specifies which users to fetch from the schedule", "description_kind": "markdown", "optional": true, "computed": true}, "type": {"type": "string", "description": "Controls what type of entity this target identifies, such as EscalationPolicy or User. Possible values are: `schedule`, `user`, `slack_channel`, `msteams_channel`.", "description_kind": "markdown", "required": true}, "urgency": {"type": "string", "description": "The urgency of this escalation path target. Possible values are: `high`, `low`.", "description_kind": "markdown", "required": true}}, "description": "The targets (users or schedules) for this level", "description_kind": "markdown"}, "min_items": 1}}}, "max_items": 1}, "notify_channel": {"nesting_mode": "single", "block": {"attributes": {"time_to_ack_interval_condition": {"type": "string", "description": "If the time to ack is relative to a time window, this defines whether we move when the window is active or inactive", "description_kind": "markdown", "optional": true}, "time_to_ack_seconds": {"type": "number", "description": "How long should we wait for this level to acknowledge before moving on to the next node in the path?", "description_kind": "markdown", "optional": true}, "time_to_ack_weekday_interval_config_id": {"type": "string", "description": "If the time to ack is relative to a time window, this identifies which window it is relative to", "description_kind": "markdown", "optional": true}}, "description": "", "description_kind": "plain", "block_types": {"targets": {"nesting_mode": "list", "block": {"attributes": {"id": {"type": "string", "description": "Uniquely identifies an entity of this type", "description_kind": "markdown", "required": true}, "schedule_mode": {"type": "string", "description": "Only set for schedule targets, and either currently_on_call, all_users or all_users_for_rota and specifies which users to fetch from the schedule", "description_kind": "markdown", "optional": true, "computed": true}, "type": {"type": "string", "description": "Controls what type of entity this target identifies, such as EscalationPolicy or User. Possible values are: `schedule`, `user`, `slack_channel`, `msteams_channel`.", "description_kind": "markdown", "required": true}, "urgency": {"type": "string", "description": "The urgency of this escalation path target. Possible values are: `high`, `low`.", "description_kind": "markdown", "required": true}}, "description": "The targets (Slack channels) for this level", "description_kind": "markdown"}, "min_items": 1}}}, "max_items": 1}, "repeat": {"nesting_mode": "single", "block": {"attributes": {"repeat_times": {"type": "number", "description": "How many times to repeat these nodes", "description_kind": "markdown", "required": true}, "to_node": {"type": "string", "description": "Which node ID we begin repeating from.", "description_kind": "markdown", "required": true}}, "description": "", "description_kind": "plain"}, "max_items": 1}}}, "min_items": 1}}}, "max_items": 1}, "level": {"nesting_mode": "single", "block": {"attributes": {"ack_mode": {"type": "string", "description": "Controls the behaviour of acknowledgements for this level, with 'first' cancelling all other escalations on the same level when someone acks", "description_kind": "markdown", "optional": true, "computed": true}, "time_to_ack_interval_condition": {"type": "string", "description": "If the time to ack is relative to a time window, this defines whether we move when the window is active or inactive", "description_kind": "markdown", "optional": true}, "time_to_ack_seconds": {"type": "number", "description": "How long should we wait for this level to acknowledge before proceeding to the next node in the path?", "description_kind": "markdown", "optional": true}, "time_to_ack_weekday_interval_config_id": {"type": "string", "description": "If the time to ack is relative to a time window, this identifies which window it is relative to", "description_kind": "markdown", "optional": true}}, "description": "", "description_kind": "plain", "block_types": {"round_robin_config": {"nesting_mode": "single", "block": {"attributes": {"enabled": {"type": "bool", "description": "Whether round robin is enabled for this level", "description_kind": "markdown", "required": true}, "rotate_after_seconds": {"type": "number", "description": "How long should we wait before rotating to the next target in a round robin, if not set will stick with a single target per level.", "description_kind": "markdown", "optional": true}}, "description": "", "description_kind": "plain"}, "max_items": 1}, "targets": {"nesting_mode": "list", "block": {"attributes": {"id": {"type": "string", "description": "Uniquely identifies an entity of this type", "description_kind": "markdown", "required": true}, "schedule_mode": {"type": "string", "description": "Only set for schedule targets, and either currently_on_call, all_users or all_users_for_rota and specifies which users to fetch from the schedule", "description_kind": "markdown", "optional": true, "computed": true}, "type": {"type": "string", "description": "Controls what type of entity this target identifies, such as EscalationPolicy or User. Possible values are: `schedule`, `user`, `slack_channel`, `msteams_channel`.", "description_kind": "markdown", "required": true}, "urgency": {"type": "string", "description": "The urgency of this escalation path target. Possible values are: `high`, `low`.", "description_kind": "markdown", "required": true}}, "description": "The targets (users or schedules) for this level", "description_kind": "markdown"}, "min_items": 1}}}, "max_items": 1}, "notify_channel": {"nesting_mode": "single", "block": {"attributes": {"time_to_ack_interval_condition": {"type": "string", "description": "If the time to ack is relative to a time window, this defines whether we move when the window is active or inactive", "description_kind": "markdown", "optional": true}, "time_to_ack_seconds": {"type": "number", "description": "How long should we wait for this level to acknowledge before moving on to the next node in the path?", "description_kind": "markdown", "optional": true}, "time_to_ack_weekday_interval_config_id": {"type": "string", "description": "If the time to ack is relative to a time window, this identifies which window it is relative to", "description_kind": "markdown", "optional": true}}, "description": "", "description_kind": "plain", "block_types": {"targets": {"nesting_mode": "list", "block": {"attributes": {"id": {"type": "string", "description": "Uniquely identifies an entity of this type", "description_kind": "markdown", "required": true}, "schedule_mode": {"type": "string", "description": "Only set for schedule targets, and either currently_on_call, all_users or all_users_for_rota and specifies which users to fetch from the schedule", "description_kind": "markdown", "optional": true, "computed": true}, "type": {"type": "string", "description": "Controls what type of entity this target identifies, such as EscalationPolicy or User. Possible values are: `schedule`, `user`, `slack_channel`, `msteams_channel`.", "description_kind": "markdown", "required": true}, "urgency": {"type": "string", "description": "The urgency of this escalation path target. Possible values are: `high`, `low`.", "description_kind": "markdown", "required": true}}, "description": "The targets (Slack channels) for this level", "description_kind": "markdown"}, "min_items": 1}}}, "max_items": 1}, "repeat": {"nesting_mode": "single", "block": {"attributes": {"repeat_times": {"type": "number", "description": "How many times to repeat these nodes", "description_kind": "markdown", "required": true}, "to_node": {"type": "string", "description": "Which node ID we begin repeating from.", "description_kind": "markdown", "required": true}}, "description": "", "description_kind": "plain"}, "max_items": 1}}}}, "then_path": {"nesting_mode": "list", "block": {"attributes": {"id": {"type": "string", "description": "An ID for this node, unique within the escalation path.\n\nThis allows you to reference the node in other nodes, such as when configuring a 'repeat' node.", "description_kind": "markdown", "optional": true, "computed": true}, "type": {"type": "string", "description": "The type of this node. Available types are:\n* level: A set of targets (users or schedules) that should be paged, either all at once, or with a round-robin configuration.\n* notify_channel: Send the escalation to a Slack channel, where it can be acked by anyone in the channel.\n* if_else: Branch the escalation based on a set of conditions.\n* repeat: Go back to a previous node and repeat the logic from there.\n* delay: Pause the escalation for a configured duration before advancing to the next node.", "description_kind": "markdown", "required": true}}, "description": "Then path nodes", "description_kind": "markdown", "block_types": {"delay": {"nesting_mode": "single", "block": {"attributes": {"delay_interval_condition": {"type": "string", "description": "If the delay is relative to a time window, this defines whether we advance when the window is active or inactive", "description_kind": "markdown", "optional": true}, "delay_seconds": {"type": "number", "description": "How long to delay before advancing to the next node in the path, in seconds", "description_kind": "markdown", "optional": true}, "delay_weekday_interval_config_id": {"type": "string", "description": "If the delay is relative to a time window, this identifies which window it is relative to", "description_kind": "markdown", "optional": true}}, "description": "", "description_kind": "plain"}, "max_items": 1}, "if_else": {"nesting_mode": "single", "block": {"attributes": {}, "description": "", "description_kind": "plain", "block_types": {"conditions": {"nesting_mode": "list", "block": {"attributes": {"operation": {"type": "string", "description": "The logical operation to be applied", "description_kind": "markdown", "required": true}, "subject": {"type": "string", "description": "The subject of the condition, on which the operation is applied", "description_kind": "markdown", "required": true}}, "description": "The prerequisite conditions that must all be satisfied", "description_kind": "markdown", "block_types": {"param_bindings": {"nesting_mode": "list", "block": {"attributes": {}, "description": "Bindings for the operation parameters", "description_kind": "markdown", "block_types": {"array_value": {"nesting_mode": "list", "block": {"attributes": {"literal": {"type": "string", "description": "If set, this is the literal value of the step parameter", "description_kind": "markdown", "optional": true}, "reference": {"type": "string", "description": "If set, this is the reference into the trigger scope that is the value of this parameter", "description_kind": "markdown", "optional": true}}, "description": "The array of literal or reference parameter values", "description_kind": "markdown"}}, "value": {"nesting_mode": "single", "block": {"attributes": {"literal": {"type": "string", "description": "If set, this is the literal value of the step parameter", "description_kind": "markdown", "optional": true}, "reference": {"type": "string", "description": "If set, this is the reference into the trigger scope that is the value of this parameter", "description_kind": "markdown", "optional": true}}, "description": "The literal or reference parameter value", "description_kind": "markdown"}, "max_items": 1}}}, "min_items": 1}}}, "min_items": 1}, "else_path": {"nesting_mode": "list", "block": {"attributes": {"id": {"type": "string", "description": "An ID for this node, unique within the escalation path.\n\nThis allows you to reference the node in other nodes, such as when configuring a 'repeat' node.", "description_kind": "markdown", "optional": true, "computed": true}, "type": {"type": "string", "description": "The type of this node. Available types are:\n* level: A set of targets (users or schedules) that should be paged, either all at once, or with a round-robin configuration.\n* notify_channel: Send the escalation to a Slack channel, where it can be acked by anyone in the channel.\n* if_else: Branch the escalation based on a set of conditions.\n* repeat: Go back to a previous node and repeat the logic from there.\n* delay: Pause the escalation for a configured duration before advancing to the next node.", "description_kind": "markdown", "required": true}}, "description": "The nodes that form the levels if our condition is not met", "description_kind": "markdown", "block_types": {"delay": {"nesting_mode": "single", "block": {"attributes": {"delay_interval_condition": {"type": "string", "description": "If the delay is relative to a time window, this defines whether we advance when the window is active or inactive", "description_kind": "markdown", "optional": true}, "delay_seconds": {"type": "number", "description": "How long to delay before advancing to the next node in the path, in seconds", "description_kind": "markdown", "optional": true}, "delay_weekday_interval_config_id": {"type": "string", "description": "If the delay is relative to a time window, this identifies which window it is relative to", "description_kind": "markdown", "optional": true}}, "description": "", "description_kind": "plain"}, "max_items": 1}, "level": {"nesting_mode": "single", "block": {"attributes": {"ack_mode": {"type": "string", "description": "Controls the behaviour of acknowledgements for this level, with 'first' cancelling all other escalations on the same level when someone acks", "description_kind": "markdown", "optional": true, "computed": true}, "time_to_ack_interval_condition": {"type": "string", "description": "If the time to ack is relative to a time window, this defines whether we move when the window is active or inactive", "description_kind": "markdown", "optional": true}, "time_to_ack_seconds": {"type": "number", "description": "How long should we wait for this level to acknowledge before proceeding to the next node in the path?", "description_kind": "markdown", "optional": true}, "time_to_ack_weekday_interval_config_id": {"type": "string", "description": "If the time to ack is relative to a time window, this identifies which window it is relative to", "description_kind": "markdown", "optional": true}}, "description": "", "description_kind": "plain", "block_types": {"round_robin_config": {"nesting_mode": "single", "block": {"attributes": {"enabled": {"type": "bool", "description": "Whether round robin is enabled for this level", "description_kind": "markdown", "required": true}, "rotate_after_seconds": {"type": "number", "description": "How long should we wait before rotating to the next target in a round robin, if not set will stick with a single target per level.", "description_kind": "markdown", "optional": true}}, "description": "", "description_kind": "plain"}, "max_items": 1}, "targets": {"nesting_mode": "list", "block": {"attributes": {"id": {"type": "string", "description": "Uniquely identifies an entity of this type", "description_kind": "markdown", "required": true}, "schedule_mode": {"type": "string", "description": "Only set for schedule targets, and either currently_on_call, all_users or all_users_for_rota and specifies which users to fetch from the schedule", "description_kind": "markdown", "optional": true, "computed": true}, "type": {"type": "string", "description": "Controls what type of entity this target identifies, such as EscalationPolicy or User. Possible values are: `schedule`, `user`, `slack_channel`, `msteams_channel`.", "description_kind": "markdown", "required": true}, "urgency": {"type": "string", "description": "The urgency of this escalation path target. Possible values are: `high`, `low`.", "description_kind": "markdown", "required": true}}, "description": "The targets (users or schedules) for this level", "description_kind": "markdown"}, "min_items": 1}}}, "max_items": 1}, "notify_channel": {"nesting_mode": "single", "block": {"attributes": {"time_to_ack_interval_condition": {"type": "string", "description": "If the time to ack is relative to a time window, this defines whether we move when the window is active or inactive", "description_kind": "markdown", "optional": true}, "time_to_ack_seconds": {"type": "number", "description": "How long should we wait for this level to acknowledge before moving on to the next node in the path?", "description_kind": "markdown", "optional": true}, "time_to_ack_weekday_interval_config_id": {"type": "string", "description": "If the time to ack is relative to a time window, this identifies which window it is relative to", "description_kind": "markdown", "optional": true}}, "description": "", "description_kind": "plain", "block_types": {"targets": {"nesting_mode": "list", "block": {"attributes": {"id": {"type": "string", "description": "Uniquely identifies an entity of this type", "description_kind": "markdown", "required": true}, "schedule_mode": {"type": "string", "description": "Only set for schedule targets, and either currently_on_call, all_users or all_users_for_rota and specifies which users to fetch from the schedule", "description_kind": "markdown", "optional": true, "computed": true}, "type": {"type": "string", "description": "Controls what type of entity this target identifies, such as EscalationPolicy or User. Possible values are: `schedule`, `user`, `slack_channel`, `msteams_channel`.", "description_kind": "markdown", "required": true}, "urgency": {"type": "string", "description": "The urgency of this escalation path target. Possible values are: `high`, `low`.", "description_kind": "markdown", "required": true}}, "description": "The targets (Slack channels) for this level", "description_kind": "markdown"}, "min_items": 1}}}, "max_items": 1}, "repeat": {"nesting_mode": "single", "block": {"attributes": {"repeat_times": {"type": "number", "description": "How many times to repeat these nodes", "description_kind": "markdown", "required": true}, "to_node": {"type": "string", "description": "Which node ID we begin repeating from.", "description_kind": "markdown", "required": true}}, "description": "", "description_kind": "plain"}, "max_items": 1}}}}, "then_path": {"nesting_mode": "list", "block": {"attributes": {"id": {"type": "string", "description": "An ID for this node, unique within the escalation path.\n\nThis allows you to reference the node in other nodes, such as when configuring a 'repeat' node.", "description_kind": "markdown", "optional": true, "computed": true}, "type": {"type": "string", "description": "The type of this node. Available types are:\n* level: A set of targets (users or schedules) that should be paged, either all at once, or with a round-robin configuration.\n* notify_channel: Send the escalation to a Slack channel, where it can be acked by anyone in the channel.\n* if_else: Branch the escalation based on a set of conditions.\n* repeat: Go back to a previous node and repeat the logic from there.\n* delay: Pause the escalation for a configured duration before advancing to the next node.", "description_kind": "markdown", "required": true}}, "description": "Then path nodes", "description_kind": "markdown", "block_types": {"delay": {"nesting_mode": "single", "block": {"attributes": {"delay_interval_condition": {"type": "string", "description": "If the delay is relative to a time window, this defines whether we advance when the window is active or inactive", "description_kind": "markdown", "optional": true}, "delay_seconds": {"type": "number", "description": "How long to delay before advancing to the next node in the path, in seconds", "description_kind": "markdown", "optional": true}, "delay_weekday_interval_config_id": {"type": "string", "description": "If the delay is relative to a time window, this identifies which window it is relative to", "description_kind": "markdown", "optional": true}}, "description": "", "description_kind": "plain"}, "max_items": 1}, "level": {"nesting_mode": "single", "block": {"attributes": {"ack_mode": {"type": "string", "description": "Controls the behaviour of acknowledgements for this level, with 'first' cancelling all other escalations on the same level when someone acks", "description_kind": "markdown", "optional": true, "computed": true}, "time_to_ack_interval_condition": {"type": "string", "description": "If the time to ack is relative to a time window, this defines whether we move when the window is active or inactive", "description_kind": "markdown", "optional": true}, "time_to_ack_seconds": {"type": "number", "description": "How long should we wait for this level to acknowledge before proceeding to the next node in the path?", "description_kind": "markdown", "optional": true}, "time_to_ack_weekday_interval_config_id": {"type": "string", "description": "If the time to ack is relative to a time window, this identifies which window it is relative to", "description_kind": "markdown", "optional": true}}, "description": "", "description_kind": "plain", "block_types": {"round_robin_config": {"nesting_mode": "single", "block": {"attributes": {"enabled": {"type": "bool", "description": "Whether round robin is enabled for this level", "description_kind": "markdown", "required": true}, "rotate_after_seconds": {"type": "number", "description": "How long should we wait before rotating to the next target in a round robin, if not set will stick with a single target per level.", "description_kind": "markdown", "optional": true}}, "description": "", "description_kind": "plain"}, "max_items": 1}, "targets": {"nesting_mode": "list", "block": {"attributes": {"id": {"type": "string", "description": "Uniquely identifies an entity of this type", "description_kind": "markdown", "required": true}, "schedule_mode": {"type": "string", "description": "Only set for schedule targets, and either currently_on_call, all_users or all_users_for_rota and specifies which users to fetch from the schedule", "description_kind": "markdown", "optional": true, "computed": true}, "type": {"type": "string", "description": "Controls what type of entity this target identifies, such as EscalationPolicy or User. Possible values are: `schedule`, `user`, `slack_channel`, `msteams_channel`.", "description_kind": "markdown", "required": true}, "urgency": {"type": "string", "description": "The urgency of this escalation path target. Possible values are: `high`, `low`.", "description_kind": "markdown", "required": true}}, "description": "The targets (users or schedules) for this level", "description_kind": "markdown"}, "min_items": 1}}}, "max_items": 1}, "notify_channel": {"nesting_mode": "single", "block": {"attributes": {"time_to_ack_interval_condition": {"type": "string", "description": "If the time to ack is relative to a time window, this defines whether we move when the window is active or inactive", "description_kind": "markdown", "optional": true}, "time_to_ack_seconds": {"type": "number", "description": "How long should we wait for this level to acknowledge before moving on to the next node in the path?", "description_kind": "markdown", "optional": true}, "time_to_ack_weekday_interval_config_id": {"type": "string", "description": "If the time to ack is relative to a time window, this identifies which window it is relative to", "description_kind": "markdown", "optional": true}}, "description": "", "description_kind": "plain", "block_types": {"targets": {"nesting_mode": "list", "block": {"attributes": {"id": {"type": "string", "description": "Uniquely identifies an entity of this type", "description_kind": "markdown", "required": true}, "schedule_mode": {"type": "string", "description": "Only set for schedule targets, and either currently_on_call, all_users or all_users_for_rota and specifies which users to fetch from the schedule", "description_kind": "markdown", "optional": true, "computed": true}, "type": {"type": "string", "description": "Controls what type of entity this target identifies, such as EscalationPolicy or User. Possible values are: `schedule`, `user`, `slack_channel`, `msteams_channel`.", "description_kind": "markdown", "required": true}, "urgency": {"type": "string", "description": "The urgency of this escalation path target. Possible values are: `high`, `low`.", "description_kind": "markdown", "required": true}}, "description": "The targets (Slack channels) for this level", "description_kind": "markdown"}, "min_items": 1}}}, "max_items": 1}, "repeat": {"nesting_mode": "single", "block": {"attributes": {"repeat_times": {"type": "number", "description": "How many times to repeat these nodes", "description_kind": "markdown", "required": true}, "to_node": {"type": "string", "description": "Which node ID we begin repeating from.", "description_kind": "markdown", "required": true}}, "description": "", "description_kind": "plain"}, "max_items": 1}}}, "min_items": 1}}}, "max_items": 1}, "level": {"nesting_mode": "single", "block": {"attributes": {"ack_mode": {"type": "string", "description": "Controls the behaviour of acknowledgements for this level, with 'first' cancelling all other escalations on the same level when someone acks", "description_kind": "markdown", "optional": true, "computed": true}, "time_to_ack_interval_condition": {"type": "string", "description": "If the time to ack is relative to a time window, this defines whether we move when the window is active or inactive", "description_kind": "markdown", "optional": true}, "time_to_ack_seconds": {"type": "number", "description": "How long should we wait for this level to acknowledge before proceeding to the next node in the path?", "description_kind": "markdown", "optional": true}, "time_to_ack_weekday_interval_config_id": {"type": "string", "description": "If the time to ack is relative to a time window, this identifies which window it is relative to", "description_kind": "markdown", "optional": true}}, "description": "", "description_kind": "plain", "block_types": {"round_robin_config": {"nesting_mode": "single", "block": {"attributes": {"enabled": {"type": "bool", "description": "Whether round robin is enabled for this level", "description_kind": "markdown", "required": true}, "rotate_after_seconds": {"type": "number", "description": "How long should we wait before rotating to the next target in a round robin, if not set will stick with a single target per level.", "description_kind": "markdown", "optional": true}}, "description": "", "description_kind": "plain"}, "max_items": 1}, "targets": {"nesting_mode": "list", "block": {"attributes": {"id": {"type": "string", "description": "Uniquely identifies an entity of this type", "description_kind": "markdown", "required": true}, "schedule_mode": {"type": "string", "description": "Only set for schedule targets, and either currently_on_call, all_users or all_users_for_rota and specifies which users to fetch from the schedule", "description_kind": "markdown", "optional": true, "computed": true}, "type": {"type": "string", "description": "Controls what type of entity this target identifies, such as EscalationPolicy or User. Possible values are: `schedule`, `user`, `slack_channel`, `msteams_channel`.", "description_kind": "markdown", "required": true}, "urgency": {"type": "string", "description": "The urgency of this escalation path target. Possible values are: `high`, `low`.", "description_kind": "markdown", "required": true}}, "description": "The targets (users or schedules) for this level", "description_kind": "markdown"}, "min_items": 1}}}, "max_items": 1}, "notify_channel": {"nesting_mode": "single", "block": {"attributes": {"time_to_ack_interval_condition": {"type": "string", "description": "If the time to ack is relative to a time window, this defines whether we move when the window is active or inactive", "description_kind": "markdown", "optional": true}, "time_to_ack_seconds": {"type": "number", "description": "How long should we wait for this level to acknowledge before moving on to the next node in the path?", "description_kind": "markdown", "optional": true}, "time_to_ack_weekday_interval_config_id": {"type": "string", "description": "If the time to ack is relative to a time window, this identifies which window it is relative to", "description_kind": "markdown", "optional": true}}, "description": "", "description_kind": "plain", "block_types": {"targets": {"nesting_mode": "list", "block": {"attributes": {"id": {"type": "string", "description": "Uniquely identifies an entity of this type", "description_kind": "markdown", "required": true}, "schedule_mode": {"type": "string", "description": "Only set for schedule targets, and either currently_on_call, all_users or all_users_for_rota and specifies which users to fetch from the schedule", "description_kind": "markdown", "optional": true, "computed": true}, "type": {"type": "string", "description": "Controls what type of entity this target identifies, such as EscalationPolicy or User. Possible values are: `schedule`, `user`, `slack_channel`, `msteams_channel`.", "description_kind": "markdown", "required": true}, "urgency": {"type": "string", "description": "The urgency of this escalation path target. Possible values are: `high`, `low`.", "description_kind": "markdown", "required": true}}, "description": "The targets (Slack channels) for this level", "description_kind": "markdown"}, "min_items": 1}}}, "max_items": 1}, "repeat": {"nesting_mode": "single", "block": {"attributes": {"repeat_times": {"type": "number", "description": "How many times to repeat these nodes", "description_kind": "markdown", "required": true}, "to_node": {"type": "string", "description": "Which node ID we begin repeating from.", "description_kind": "markdown", "required": true}}, "description": "", "description_kind": "plain"}, "max_items": 1}}}, "min_items": 1}}}, "max_items": 1}, "level": {"nesting_mode": "single", "block": {"attributes": {"ack_mode": {"type": "string", "description": "Controls the behaviour of acknowledgements for this level, with 'first' cancelling all other escalations on the same level when someone acks", "description_kind": "markdown", "optional": true, "computed": true}, "time_to_ack_interval_condition": {"type": "string", "description": "If the time to ack is relative to a time window, this defines whether we move when the window is active or inactive", "description_kind": "markdown", "optional": true}, "time_to_ack_seconds": {"type": "number", "description": "How long should we wait for this level to acknowledge before proceeding to the next node in the path?", "description_kind": "markdown", "optional": true}, "time_to_ack_weekday_interval_config_id": {"type": "string", "description": "If the time to ack is relative to a time window, this identifies which window it is relative to", "description_kind": "markdown", "optional": true}}, "description": "", "description_kind": "plain", "block_types": {"round_robin_config": {"nesting_mode": "single", "block": {"attributes": {"enabled": {"type": "bool", "description": "Whether round robin is enabled for this level", "description_kind": "markdown", "required": true}, "rotate_after_seconds": {"type": "number", "description": "How long should we wait before rotating to the next target in a round robin, if not set will stick with a single target per level.", "description_kind": "markdown", "optional": true}}, "description": "", "description_kind": "plain"}, "max_items": 1}, "targets": {"nesting_mode": "list", "block": {"attributes": {"id": {"type": "string", "description": "Uniquely identifies an entity of this type", "description_kind": "markdown", "required": true}, "schedule_mode": {"type": "string", "description": "Only set for schedule targets, and either currently_on_call, all_users or all_users_for_rota and specifies which users to fetch from the schedule", "description_kind": "markdown", "optional": true, "computed": true}, "type": {"type": "string", "description": "Controls what type of entity this target identifies, such as EscalationPolicy or User. Possible values are: `schedule`, `user`, `slack_channel`, `msteams_channel`.", "description_kind": "markdown", "required": true}, "urgency": {"type": "string", "description": "The urgency of this escalation path target. Possible values are: `high`, `low`.", "description_kind": "markdown", "required": true}}, "description": "The targets (users or schedules) for this level", "description_kind": "markdown"}, "min_items": 1}}}, "max_items": 1}, "notify_channel": {"nesting_mode": "single", "block": {"attributes": {"time_to_ack_interval_condition": {"type": "string", "description": "If the time to ack is relative to a time window, this defines whether we move when the window is active or inactive", "description_kind": "markdown", "optional": true}, "time_to_ack_seconds": {"type": "number", "description": "How long should we wait for this level to acknowledge before moving on to the next node in the path?", "description_kind": "markdown", "optional": true}, "time_to_ack_weekday_interval_config_id": {"type": "string", "description": "If the time to ack is relative to a time window, this identifies which window it is relative to", "description_kind": "markdown", "optional": true}}, "description": "", "description_kind": "plain", "block_types": {"targets": {"nesting_mode": "list", "block": {"attributes": {"id": {"type": "string", "description": "Uniquely identifies an entity of this type", "description_kind": "markdown", "required": true}, "schedule_mode": {"type": "string", "description": "Only set for schedule targets, and either currently_on_call, all_users or all_users_for_rota and specifies which users to fetch from the schedule", "description_kind": "markdown", "optional": true, "computed": true}, "type": {"type": "string", "description": "Controls what type of entity this target identifies, such as EscalationPolicy or User. Possible values are: `schedule`, `user`, `slack_channel`, `msteams_channel`.", "description_kind": "markdown", "required": true}, "urgency": {"type": "string", "description": "The urgency of this escalation path target. Possible values are: `high`, `low`.", "description_kind": "markdown", "required": true}}, "description": "The targets (Slack channels) for this level", "description_kind": "markdown"}, "min_items": 1}}}, "max_items": 1}, "repeat": {"nesting_mode": "single", "block": {"attributes": {"repeat_times": {"type": "number", "description": "How many times to repeat these nodes", "description_kind": "markdown", "required": true}, "to_node": {"type": "string", "description": "Which node ID we begin repeating from.", "description_kind": "markdown", "required": true}}, "description": "", "description_kind": "plain"}, "max_items": 1}}}, "min_items": 1}}}, "max_items": 1}, "level": {"nesting_mode": "single", "block": {"attributes": {"ack_mode": {"type": "string", "description": "Controls the behaviour of acknowledgements for this level, with 'first' cancelling all other escalations on the same level when someone acks", "description_kind": "markdown", "optional": true, "computed": true}, "time_to_ack_interval_condition": {"type": "string", "description": "If the time to ack is relative to a time window, this defines whether we move when the window is active or inactive", "description_kind": "markdown", "optional": true}, "time_to_ack_seconds": {"type": "number", "description": "How long should we wait for this level to acknowledge before proceeding to the next node in the path?", "description_kind": "markdown", "optional": true}, "time_to_ack_weekday_interval_config_id": {"type": "string", "description": "If the time to ack is relative to a time window, this identifies which window it is relative to", "description_kind": "markdown", "optional": true}}, "description": "", "description_kind": "plain", "block_types": {"round_robin_config": {"nesting_mode": "single", "block": {"attributes": {"enabled": {"type": "bool", "description": "Whether round robin is enabled for this level", "description_kind": "markdown", "required": true}, "rotate_after_seconds": {"type": "number", "description": "How long should we wait before rotating to the next target in a round robin, if not set will stick with a single target per level.", "description_kind": "markdown", "optional": true}}, "description": "", "description_kind": "plain"}, "max_items": 1}, "targets": {"nesting_mode": "list", "block": {"attributes": {"id": {"type": "string", "description": "Uniquely identifies an entity of this type", "description_kind": "markdown", "required": true}, "schedule_mode": {"type": "string", "description": "Only set for schedule targets, and either currently_on_call, all_users or all_users_for_rota and specifies which users to fetch from the schedule", "description_kind": "markdown", "optional": true, "computed": true}, "type": {"type": "string", "description": "Controls what type of entity this target identifies, such as EscalationPolicy or User. Possible values are: `schedule`, `user`, `slack_channel`, `msteams_channel`.", "description_kind": "markdown", "required": true}, "urgency": {"type": "string", "description": "The urgency of this escalation path target. Possible values are: `high`, `low`.", "description_kind": "markdown", "required": true}}, "description": "The targets (users or schedules) for this level", "description_kind": "markdown"}, "min_items": 1}}}, "max_items": 1}, "notify_channel": {"nesting_mode": "single", "block": {"attributes": {"time_to_ack_interval_condition": {"type": "string", "description": "If the time to ack is relative to a time window, this defines whether we move when the window is active or inactive", "description_kind": "markdown", "optional": true}, "time_to_ack_seconds": {"type": "number", "description": "How long should we wait for this level to acknowledge before moving on to the next node in the path?", "description_kind": "markdown", "optional": true}, "time_to_ack_weekday_interval_config_id": {"type": "string", "description": "If the time to ack is relative to a time window, this identifies which window it is relative to", "description_kind": "markdown", "optional": true}}, "description": "", "description_kind": "plain", "block_types": {"targets": {"nesting_mode": "list", "block": {"attributes": {"id": {"type": "string", "description": "Uniquely identifies an entity of this type", "description_kind": "markdown", "required": true}, "schedule_mode": {"type": "string", "description": "Only set for schedule targets, and either currently_on_call, all_users or all_users_for_rota and specifies which users to fetch from the schedule", "description_kind": "markdown", "optional": true, "computed": true}, "type": {"type": "string", "description": "Controls what type of entity this target identifies, such as EscalationPolicy or User. Possible values are: `schedule`, `user`, `slack_channel`, `msteams_channel`.", "description_kind": "markdown", "required": true}, "urgency": {"type": "string", "description": "The urgency of this escalation path target. Possible values are: `high`, `low`.", "description_kind": "markdown", "required": true}}, "description": "The targets (Slack channels) for this level", "description_kind": "markdown"}, "min_items": 1}}}, "max_items": 1}, "repeat": {"nesting_mode": "single", "block": {"attributes": {"repeat_times": {"type": "number", "description": "How many times to repeat these nodes", "description_kind": "markdown", "required": true}, "to_node": {"type": "string", "description": "Which node ID we begin repeating from.", "description_kind": "markdown", "required": true}}, "description": "", "description_kind": "plain"}, "max_items": 1}}}, "min_items": 1}}}, "max_items": 1}, "level": {"nesting_mode": "single", "block": {"attributes": {"ack_mode": {"type": "string", "description": "Controls the behaviour of acknowledgements for this level, with 'first' cancelling all other escalations on the same level when someone acks", "description_kind": "markdown", "optional": true, "computed": true}, "time_to_ack_interval_condition": {"type": "string", "description": "If the time to ack is relative to a time window, this defines whether we move when the window is active or inactive", "description_kind": "markdown", "optional": true}, "time_to_ack_seconds": {"type": "number", "description": "How long should we wait for this level to acknowledge before proceeding to the next node in the path?", "description_kind": "markdown", "optional": true}, "time_to_ack_weekday_interval_config_id": {"type": "string", "description": "If the time to ack is relative to a time window, this identifies which window it is relative to", "description_kind": "markdown", "optional": true}}, "description": "", "description_kind": "plain", "block_types": {"round_robin_config": {"nesting_mode": "single", "block": {"attributes": {"enabled": {"type": "bool", "description": "Whether round robin is enabled for this level", "description_kind": "markdown", "required": true}, "rotate_after_seconds": {"type": "number", "description": "How long should we wait before rotating to the next target in a round robin, if not set will stick with a single target per level.", "description_kind": "markdown", "optional": true}}, "description": "", "description_kind": "plain"}, "max_items": 1}, "targets": {"nesting_mode": "list", "block": {"attributes": {"id": {"type": "string", "description": "Uniquely identifies an entity of this type", "description_kind": "markdown", "required": true}, "schedule_mode": {"type": "string", "description": "Only set for schedule targets, and either currently_on_call, all_users or all_users_for_rota and specifies which users to fetch from the schedule", "description_kind": "markdown", "optional": true, "computed": true}, "type": {"type": "string", "description": "Controls what type of entity this target identifies, such as EscalationPolicy or User. Possible values are: `schedule`, `user`, `slack_channel`, `msteams_channel`.", "description_kind": "markdown", "required": true}, "urgency": {"type": "string", "description": "The urgency of this escalation path target. Possible values are: `high`, `low`.", "description_kind": "markdown", "required": true}}, "description": "The targets (users or schedules) for this level", "description_kind": "markdown"}, "min_items": 1}}}, "max_items": 1}, "notify_channel": {"nesting_mode": "single", "block": {"attributes": {"time_to_ack_interval_condition": {"type": "string", "description": "If the time to ack is relative to a time window, this defines whether we move when the window is active or inactive", "description_kind": "markdown", "optional": true}, "time_to_ack_seconds": {"type": "number", "description": "How long should we wait for this level to acknowledge before moving on to the next node in the path?", "description_kind": "markdown", "optional": true}, "time_to_ack_weekday_interval_config_id": {"type": "string", "description": "If the time to ack is relative to a time window, this identifies which window it is relative to", "description_kind": "markdown", "optional": true}}, "description": "", "description_kind": "plain", "block_types": {"targets": {"nesting_mode": "list", "block": {"attributes": {"id": {"type": "string", "description": "Uniquely identifies an entity of this type", "description_kind": "markdown", "required": true}, "schedule_mode": {"type": "string", "description": "Only set for schedule targets, and either currently_on_call, all_users or all_users_for_rota and specifies which users to fetch from the schedule", "description_kind": "markdown", "optional": true, "computed": true}, "type": {"type": "string", "description": "Controls what type of entity this target identifies, such as EscalationPolicy or User. Possible values are: `schedule`, `user`, `slack_channel`, `msteams_channel`.", "description_kind": "markdown", "required": true}, "urgency": {"type": "string", "description": "The urgency of this escalation path target. Possible values are: `high`, `low`.", "description_kind": "markdown", "required": true}}, "description": "The targets (Slack channels) for this level", "description_kind": "markdown"}, "min_items": 1}}}, "max_items": 1}, "repeat": {"nesting_mode": "single", "block": {"attributes": {"repeat_times": {"type": "number", "description": "How many times to repeat these nodes", "description_kind": "markdown", "required": true}, "to_node": {"type": "string", "description": "Which node ID we begin repeating from.", "description_kind": "markdown", "required": true}}, "description": "", "description_kind": "plain"}, "max_items": 1}}}, "min_items": 1}, "repeat_config": {"nesting_mode": "single", "block": {"attributes": {"delay_repeat_on_activity": {"type": "bool", "description": "When true, incident activity resets the repeat timer.", "description_kind": "markdown", "required": true}, "repeat_after_seconds": {"type": "number", "description": "Number of seconds we'll wait before repeating an escalation.", "description_kind": "markdown", "required": true}}, "description": "Controls if an escalation will repeat after acknowledgement, when the alert is unresolved. When configured, it will repeat after the specified delay.", "description_kind": "markdown"}, "max_items": 1}, "working_hours": {"nesting_mode": "list", "block": {"attributes": {"id": {"type": "string", "description": "The unique identifier for this set of working intervals", "description_kind": "markdown", "required": true}, "name": {"type": "string", "description": "A human readable label for this set of working intervals", "description_kind": "markdown", "required": true}, "timezone": {"type": "string", "description": "How to interpret all the intervals", "description_kind": "markdown", "required": true}}, "description": "The working hours for this escalation path.", "description_kind": "markdown", "block_types": {"weekday_intervals": {"nesting_mode": "list", "block": {"attributes": {"end_time": {"type": "string", "description": "End time of the interval, in 24hr format", "description_kind": "markdown", "required": true}, "start_time": {"type": "string", "description": "Start time of the interval, in 24hr format", "description_kind": "markdown", "required": true}, "weekday": {"type": "string", "description": "Weekdays for use within a schedule or escalation path", "description_kind": "markdown", "required": true}}, "description": "", "description_kind": "plain"}, "min_items": 1}}}}}}}, "incident_incident_role": {"version": 0, "block": {"attributes": {"description": {"type": "string", "description": "Describes the purpose of the role", "description_kind": "markdown", "required": true}, "id": {"type": "string", "description": "Unique identifier for the role", "description_kind": "markdown", "computed": true}, "instructions": {"type": "string", "description": "Provided to whoever is nominated for the role. Note that this will be empty for the 'reporter' role.", "description_kind": "markdown", "required": true}, "name": {"type": "string", "description": "Human readable name of the incident role", "description_kind": "markdown", "required": true}, "shortform": {"type": "string", "description": "Short human readable name for Slack. Note that this will be empty for the 'reporter' role.", "description_kind": "markdown", "required": true}}, "description": "Manage incident roles.\n\nDuring an incident, you can assign responders to one of the incident roles that are\nconfigured in your organisation settings.\n\nEvery organisation will have a special 'lead' role, which signifies the incident lead or\ncommander. This role cannot be deleted, but can be renamed in the incident.io dashboard.\n", "description_kind": "markdown"}}, "incident_maintenance_window": {"version": 0, "block": {"attributes": {"end_at": {"type": "string", "description": "When the maintenance window ends", "description_kind": "markdown", "required": true}, "id": {"type": "string", "description": "Unique identifier for this maintenance window", "description_kind": "markdown", "computed": true}, "incident_id": {"type": "string", "description": "If set, alerts matching this window will be automatically attached to this incident", "description_kind": "markdown", "optional": true}, "lead_id": {"type": "string", "description": "The incident.io user ID of the lead for this maintenance window", "description_kind": "markdown", "required": true}, "name": {"type": "string", "description": "Human readable name for the maintenance window", "description_kind": "markdown", "required": true}, "notification_message": {"type": "string", "description": "Custom message included in notifications about this maintenance window", "description_kind": "markdown", "optional": true}, "notify_end_minutes_before": {"type": "number", "description": "Minutes before the end to send a notification to the configured channels", "description_kind": "markdown", "optional": true}, "notify_start_minutes_before": {"type": "number", "description": "Minutes before the start to send a notification to the configured channels", "description_kind": "markdown", "optional": true}, "reroute_on_end": {"type": "bool", "description": "Whether to retrigger firing alerts through alert routing when the window ends", "description_kind": "markdown", "optional": true, "computed": true}, "resolve_on_end": {"type": "bool", "description": "Whether to automatically resolve all firing alerts that matched this window when it ends", "description_kind": "markdown", "optional": true, "computed": true}, "show_in_sidebar": {"type": "bool", "description": "Whether to show this maintenance window in the dashboard sidebar when active", "description_kind": "markdown", "optional": true, "computed": true}, "start_at": {"type": "string", "description": "When the maintenance window starts", "description_kind": "markdown", "required": true}}, "description": "Manage maintenance windows for temporarily overriding alert routing during planned maintenance.\n\nMaintenance windows allow you to suppress or redirect alerts during scheduled maintenance periods, preventing unnecessary escalations and noise.", "description_kind": "markdown", "block_types": {"alert_condition_groups": {"nesting_mode": "list", "block": {"attributes": {}, "description": "Groups of prerequisite conditions. All conditions in at least one group must be satisfied", "description_kind": "markdown", "block_types": {"conditions": {"nesting_mode": "list", "block": {"attributes": {"operation": {"type": "string", "description": "The logical operation to be applied", "description_kind": "markdown", "required": true}, "subject": {"type": "string", "description": "The subject of the condition, on which the operation is applied", "description_kind": "markdown", "required": true}}, "description": "The prerequisite conditions that must all be satisfied", "description_kind": "markdown", "block_types": {"param_bindings": {"nesting_mode": "list", "block": {"attributes": {}, "description": "Bindings for the operation parameters", "description_kind": "markdown", "block_types": {"array_value": {"nesting_mode": "list", "block": {"attributes": {"literal": {"type": "string", "description": "If set, this is the literal value of the step parameter", "description_kind": "markdown", "optional": true}, "reference": {"type": "string", "description": "If set, this is the reference into the trigger scope that is the value of this parameter", "description_kind": "markdown", "optional": true}}, "description": "The array of literal or reference parameter values", "description_kind": "markdown"}}, "value": {"nesting_mode": "single", "block": {"attributes": {"literal": {"type": "string", "description": "If set, this is the literal value of the step parameter", "description_kind": "markdown", "optional": true}, "reference": {"type": "string", "description": "If set, this is the reference into the trigger scope that is the value of this parameter", "description_kind": "markdown", "optional": true}}, "description": "The literal or reference parameter value", "description_kind": "markdown"}, "max_items": 1}}}, "min_items": 1}}}, "min_items": 1}}}, "min_items": 1}, "escalation_targets": {"nesting_mode": "list", "block": {"attributes": {}, "description": "If set, alerts matching this window will be escalated to these targets", "description_kind": "markdown", "block_types": {"escalation_paths": {"nesting_mode": "single", "block": {"attributes": {}, "description": "Escalation paths to route alerts to", "description_kind": "markdown", "block_types": {"array_value": {"nesting_mode": "list", "block": {"attributes": {"literal": {"type": "string", "description": "If set, this is the literal value of the step parameter", "description_kind": "markdown", "optional": true}, "reference": {"type": "string", "description": "If set, this is the reference into the trigger scope that is the value of this parameter", "description_kind": "markdown", "optional": true}}, "description": "The array of literal or reference parameter values", "description_kind": "markdown"}}, "value": {"nesting_mode": "single", "block": {"attributes": {"literal": {"type": "string", "description": "If set, this is the literal value of the step parameter", "description_kind": "markdown", "optional": true}, "reference": {"type": "string", "description": "If set, this is the reference into the trigger scope that is the value of this parameter", "description_kind": "markdown", "optional": true}}, "description": "The literal or reference parameter value", "description_kind": "markdown"}, "max_items": 1}}}, "max_items": 1}, "users": {"nesting_mode": "single", "block": {"attributes": {}, "description": "Users to notify directly", "description_kind": "markdown", "block_types": {"array_value": {"nesting_mode": "list", "block": {"attributes": {"literal": {"type": "string", "description": "If set, this is the literal value of the step parameter", "description_kind": "markdown", "optional": true}, "reference": {"type": "string", "description": "If set, this is the reference into the trigger scope that is the value of this parameter", "description_kind": "markdown", "optional": true}}, "description": "The array of literal or reference parameter values", "description_kind": "markdown"}}, "value": {"nesting_mode": "single", "block": {"attributes": {"literal": {"type": "string", "description": "If set, this is the literal value of the step parameter", "description_kind": "markdown", "optional": true}, "reference": {"type": "string", "description": "If set, this is the reference into the trigger scope that is the value of this parameter", "description_kind": "markdown", "optional": true}}, "description": "The literal or reference parameter value", "description_kind": "markdown"}, "max_items": 1}}}, "max_items": 1}}}}, "notify_channels": {"nesting_mode": "list", "block": {"attributes": {"channel_id": {"type": "string", "description": "The external provider channel ID (e.g. Slack channel ID)", "description_kind": "markdown", "required": true}, "channel_name": {"type": "string", "description": "Human readable name of the channel", "description_kind": "markdown", "optional": true}, "channel_type": {"type": "string", "description": "The type of channel (e.g. public, private)", "description_kind": "markdown", "required": true}}, "description": "Channels to notify about the maintenance window starting and ending", "description_kind": "markdown"}}}}}, "incident_schedule": {"version": 0, "block": {"attributes": {"id": {"type": "string", "description": "Unique internal ID of the schedule", "description_kind": "markdown", "computed": true}, "name": {"type": "string", "description": "Human readable name synced from external provider", "description_kind": "markdown", "required": true}, "team_ids": {"type": ["set", "string"], "description": "IDs of teams that own this schedule", "description_kind": "markdown", "optional": true}, "timezone": {"type": "string", "description_kind": "plain", "required": true}}, "description": "View and manage schedules.\nManage your full schedule of on-call rotations, including the users and rotation configuration.\n\n\nWe'd generally recommend building schedules in our [web dashboard](https://app.incident.io/~/on-call/schedules), and using the 'Export' flow to generate your Terraform, as it's easier to see what you've configured. You can also make changes to an existing schedule and copy the resulting Terraform without persisting it.", "description_kind": "markdown", "block_types": {"holidays_public_config": {"nesting_mode": "single", "block": {"attributes": {"country_codes": {"type": ["list", "string"], "description": "ISO 3166-1 alpha-2 country codes for the countries that this schedule is configured to view holidays for", "description_kind": "markdown", "required": true}}, "description": "", "description_kind": "plain"}, "max_items": 1}, "rotations": {"nesting_mode": "set", "block": {"attributes": {"id": {"type": "string", "description": "Unique internal ID of the rotation", "description_kind": "markdown", "required": true}, "name": {"type": "string", "description": "Human readable name synced from external provider", "description_kind": "markdown", "required": true}}, "description": "", "description_kind": "plain", "block_types": {"versions": {"nesting_mode": "set", "block": {"attributes": {"effective_from": {"type": "string", "description": "When this rotation config will be effective from", "description_kind": "markdown", "optional": true}, "handover_start_at": {"type": "string", "description": "Defines the next moment we'll trigger a handover", "description_kind": "markdown", "required": true}, "users": {"type": ["list", "string"], "description": "The incident.io ID of a user", "description_kind": "markdown", "required": true}}, "description": "", "description_kind": "plain", "block_types": {"handovers": {"nesting_mode": "list", "block": {"attributes": {"interval": {"type": "number", "description_kind": "plain", "required": true}, "interval_type": {"type": "string", "description": "How often a handover occurs. Possible values are: `hourly`, `daily`, `weekly`.", "description_kind": "plain", "required": true}}, "description": "Defines the handover intervals for this rota, in order they should apply", "description_kind": "markdown"}, "min_items": 1}, "layers": {"nesting_mode": "list", "block": {"attributes": {"id": {"type": "string", "description_kind": "plain", "required": true}, "name": {"type": "string", "description_kind": "plain", "required": true}}, "description": "Controls how many people are on-call concurrently", "description_kind": "markdown"}, "min_items": 1}, "working_intervals": {"nesting_mode": "list", "block": {"attributes": {"end_time": {"type": "string", "description_kind": "plain", "required": true}, "start_time": {"type": "string", "description_kind": "plain", "required": true}, "weekday": {"type": "string", "description_kind": "plain", "required": true}}, "description": "Optional restrictions that define when to schedule people for this rota", "description_kind": "markdown"}}}}, "min_items": 1}}}, "min_items": 1}}}}, "incident_severity": {"version": 0, "block": {"attributes": {"description": {"type": "string", "description": "Description of the severity", "description_kind": "markdown", "required": true}, "id": {"type": "string", "description": "Unique identifier of the severity", "description_kind": "markdown", "computed": true}, "name": {"type": "string", "description": "Human readable name of the severity", "description_kind": "markdown", "required": true}, "rank": {"type": "number", "description": "Rank to help sort severities (lower numbers are less severe)", "description_kind": "markdown", "optional": true, "computed": true}}, "description": "Manage incident severities.\n\nEach incident has a severity, picked from one of the severities configured in your\norganisations settings.\n\nSeverities help categorise incidents, and communicate urgency/impact. You can use\nseverities when filtering incidents in the dashboard, and in workflows and announcement\nrules.\n", "description_kind": "markdown"}}, "incident_status": {"version": 0, "block": {"attributes": {"category": {"type": "string", "description": "What category of status it is. All statuses apart from live (renamed in the app to Active) and learning (renamed in the app to Post-incident) are managed by incident.io and cannot be configured. Possible values are: `triage`, `declined`, `merged`, `canceled`, `live`, `learning`, `closed`, `paused`.", "description_kind": "markdown", "required": true}, "description": {"type": "string", "description": "Rich text description of the incident status", "description_kind": "markdown", "required": true}, "id": {"type": "string", "description": "Unique ID of this incident status", "description_kind": "markdown", "computed": true}, "name": {"type": "string", "description": "Unique name of this status", "description_kind": "markdown", "required": true}}, "description": "Manage incident statuses.\n\nEach incident has a status, picked from one of the statuses configured in your\norganisations settings.\n\nStatuses help communicate where an incident is in its lifecycle. You can use\nstatuses when filtering incidents in the dashboard, and in workflows and announcement\nrules.\n", "description_kind": "markdown"}}, "incident_workflow": {"version": 0, "block": {"attributes": {"continue_on_step_error": {"type": "bool", "description": "Whether to continue executing the workflow if a step fails", "description_kind": "markdown", "required": true}, "folder": {"type": "string", "description": "Folder to display the workflow in", "description_kind": "markdown", "optional": true}, "id": {"type": "string", "description": "Unique identifier for the workflow", "description_kind": "markdown", "computed": true}, "include_private_escalations": {"type": "bool", "description": "Whether to include private escalations", "description_kind": "markdown", "optional": true, "computed": true}, "include_private_incidents": {"type": "bool", "description": "Whether to include private incidents", "description_kind": "markdown", "required": true}, "name": {"type": "string", "description": "Name provided by the user when creating the workflow", "description_kind": "markdown", "required": true}, "once_for": {"type": ["list", "string"], "description": "This workflow will run 'once for' a list of references", "description_kind": "markdown", "required": true}, "runs_on_incident_modes": {"type": ["set", "string"], "description": "Which incident modes should this workflow run on? By default, workflows only run on standard incidents, but can also be configured to run on test and retrospective incidents.", "description_kind": "markdown", "required": true}, "runs_on_incidents": {"type": "string", "description": "Which incidents should the workflow be applied to?. Possible values are: `newly_created`, `newly_created_and_active`.", "description_kind": "markdown", "required": true}, "shortform": {"type": "string", "description": "The shortform used to trigger this workflow (only applicable for manual triggers)", "description_kind": "markdown", "optional": true}, "state": {"type": "string", "description": "What state this workflow is in. Possible values are: `active`, `disabled`, `draft`, `error`.", "description_kind": "markdown", "required": true}, "trigger": {"type": "string", "description": "Unique name of the trigger", "description_kind": "markdown", "required": true}}, "description": "This resource is used to manage Workflows.\n\nWe'd generally recommend building workflows in our [web dashboard](https://app.incident.io/~/workflows), and using the 'Export' flow to generate your Terraform, as it's easier to see what you've configured. You can also make changes to an existing workflow and copy the resulting Terraform without persisting it. You can learn more in this [Loom](https://www.loom.com/share/b833d7d0fd114d6ba3f24d8c72e5208f?sid=c6d3cc3f-aa93-44ba-b12d-a0a4cbe09448).", "description_kind": "markdown", "block_types": {"condition_groups": {"nesting_mode": "list", "block": {"attributes": {}, "description": "Groups of prerequisite conditions. All conditions in at least one group must be satisfied", "description_kind": "markdown", "block_types": {"conditions": {"nesting_mode": "list", "block": {"attributes": {"operation": {"type": "string", "description": "The logical operation to be applied", "description_kind": "markdown", "required": true}, "subject": {"type": "string", "description": "The subject of the condition, on which the operation is applied", "description_kind": "markdown", "required": true}}, "description": "The prerequisite conditions that must all be satisfied", "description_kind": "markdown", "block_types": {"param_bindings": {"nesting_mode": "list", "block": {"attributes": {}, "description": "Bindings for the operation parameters", "description_kind": "markdown", "block_types": {"array_value": {"nesting_mode": "list", "block": {"attributes": {"literal": {"type": "string", "description": "If set, this is the literal value of the step parameter", "description_kind": "markdown", "optional": true}, "reference": {"type": "string", "description": "If set, this is the reference into the trigger scope that is the value of this parameter", "description_kind": "markdown", "optional": true}}, "description": "The array of literal or reference parameter values", "description_kind": "markdown"}}, "value": {"nesting_mode": "single", "block": {"attributes": {"literal": {"type": "string", "description": "If set, this is the literal value of the step parameter", "description_kind": "markdown", "optional": true}, "reference": {"type": "string", "description": "If set, this is the reference into the trigger scope that is the value of this parameter", "description_kind": "markdown", "optional": true}}, "description": "The literal or reference parameter value", "description_kind": "markdown"}, "max_items": 1}}}, "min_items": 1}}}, "min_items": 1}}}, "min_items": 1}, "delay": {"nesting_mode": "single", "block": {"attributes": {"conditions_apply_over_delay": {"type": "bool", "description": "If this workflow is delayed, whether the conditions should be rechecked between trigger firing and execution", "description_kind": "markdown", "required": true}, "for_seconds": {"type": "number", "description": "Delay in seconds between trigger firing and running the workflow", "description_kind": "markdown", "required": true}}, "description": "Configuration controlling workflow delay behaviour", "description_kind": "markdown"}, "max_items": 1}, "expressions": {"nesting_mode": "set", "block": {"attributes": {"label": {"type": "string", "description": "The human readable label of the expression", "description_kind": "markdown", "required": true}, "reference": {"type": "string", "description": "A short ID that can be used to reference the expression", "description_kind": "markdown", "required": true}, "root_reference": {"type": "string", "description": "The root reference for this expression (i.e. where the expression starts)", "description_kind": "markdown", "required": true}}, "description": "The expressions to be prepared for use by steps and conditions", "description_kind": "markdown", "block_types": {"else_branch": {"nesting_mode": "single", "block": {"attributes": {}, "description": "The else branch to resort to if all operations fail", "description_kind": "markdown", "block_types": {"result": {"nesting_mode": "single", "block": {"attributes": {}, "description": "The result assumed if the else branch is reached", "description_kind": "markdown", "block_types": {"array_value": {"nesting_mode": "list", "block": {"attributes": {"literal": {"type": "string", "description": "If set, this is the literal value of the step parameter", "description_kind": "markdown", "optional": true}, "reference": {"type": "string", "description": "If set, this is the reference into the trigger scope that is the value of this parameter", "description_kind": "markdown", "optional": true}}, "description": "The array of literal or reference parameter values", "description_kind": "markdown"}}, "value": {"nesting_mode": "single", "block": {"attributes": {"literal": {"type": "string", "description": "If set, this is the literal value of the step parameter", "description_kind": "markdown", "optional": true}, "reference": {"type": "string", "description": "If set, this is the reference into the trigger scope that is the value of this parameter", "description_kind": "markdown", "optional": true}}, "description": "The literal or reference parameter value", "description_kind": "markdown"}, "max_items": 1}}}, "max_items": 1, "min_items": 1}}}, "max_items": 1}, "operations": {"nesting_mode": "list", "block": {"attributes": {"operation_type": {"type": "string", "description": "Indicates which operation type to execute", "description_kind": "markdown", "required": true}}, "description": "The operations to execute in sequence for this expression", "description_kind": "markdown", "block_types": {"branches": {"nesting_mode": "single", "block": {"attributes": {}, "description": "An operation type that allows for a value to be set conditionally by a series of logical branches", "description_kind": "markdown", "block_types": {"branches": {"nesting_mode": "list", "block": {"attributes": {}, "description": "The branches to apply for this operation", "description_kind": "markdown", "block_types": {"condition_groups": {"nesting_mode": "list", "block": {"attributes": {}, "description": "Groups of prerequisite conditions. All conditions in at least one group must be satisfied", "description_kind": "markdown", "block_types": {"conditions": {"nesting_mode": "list", "block": {"attributes": {"operation": {"type": "string", "description": "The logical operation to be applied", "description_kind": "markdown", "required": true}, "subject": {"type": "string", "description": "The subject of the condition, on which the operation is applied", "description_kind": "markdown", "required": true}}, "description": "The prerequisite conditions that must all be satisfied", "description_kind": "markdown", "block_types": {"param_bindings": {"nesting_mode": "list", "block": {"attributes": {}, "description": "Bindings for the operation parameters", "description_kind": "markdown", "block_types": {"array_value": {"nesting_mode": "list", "block": {"attributes": {"literal": {"type": "string", "description": "If set, this is the literal value of the step parameter", "description_kind": "markdown", "optional": true}, "reference": {"type": "string", "description": "If set, this is the reference into the trigger scope that is the value of this parameter", "description_kind": "markdown", "optional": true}}, "description": "The array of literal or reference parameter values", "description_kind": "markdown"}}, "value": {"nesting_mode": "single", "block": {"attributes": {"literal": {"type": "string", "description": "If set, this is the literal value of the step parameter", "description_kind": "markdown", "optional": true}, "reference": {"type": "string", "description": "If set, this is the reference into the trigger scope that is the value of this parameter", "description_kind": "markdown", "optional": true}}, "description": "The literal or reference parameter value", "description_kind": "markdown"}, "max_items": 1}}}, "min_items": 1}}}, "min_items": 1}}}, "min_items": 1}, "result": {"nesting_mode": "single", "block": {"attributes": {}, "description": "The result assumed if the condition groups are satisfied", "description_kind": "markdown", "block_types": {"array_value": {"nesting_mode": "list", "block": {"attributes": {"literal": {"type": "string", "description": "If set, this is the literal value of the step parameter", "description_kind": "markdown", "optional": true}, "reference": {"type": "string", "description": "If set, this is the reference into the trigger scope that is the value of this parameter", "description_kind": "markdown", "optional": true}}, "description": "The array of literal or reference parameter values", "description_kind": "markdown"}}, "value": {"nesting_mode": "single", "block": {"attributes": {"literal": {"type": "string", "description": "If set, this is the literal value of the step parameter", "description_kind": "markdown", "optional": true}, "reference": {"type": "string", "description": "If set, this is the reference into the trigger scope that is the value of this parameter", "description_kind": "markdown", "optional": true}}, "description": "The literal or reference parameter value", "description_kind": "markdown"}, "max_items": 1}}}, "max_items": 1, "min_items": 1}}}, "min_items": 1}, "returns": {"nesting_mode": "single", "block": {"attributes": {"array": {"type": "bool", "description": "Whether the return value should be single or multi-value", "description_kind": "markdown", "required": true}, "type": {"type": "string", "description": "Expected return type of this expression (what to try casting the result to)", "description_kind": "markdown", "required": true}}, "description": "The return type of an operation", "description_kind": "markdown"}, "max_items": 1, "min_items": 1}}}, "max_items": 1}, "filter": {"nesting_mode": "single", "block": {"attributes": {}, "description": "An operation type that allows values to be filtered out by conditions", "description_kind": "markdown", "block_types": {"condition_groups": {"nesting_mode": "list", "block": {"attributes": {}, "description": "Groups of prerequisite conditions. All conditions in at least one group must be satisfied", "description_kind": "markdown", "block_types": {"conditions": {"nesting_mode": "list", "block": {"attributes": {"operation": {"type": "string", "description": "The logical operation to be applied", "description_kind": "markdown", "required": true}, "subject": {"type": "string", "description": "The subject of the condition, on which the operation is applied", "description_kind": "markdown", "required": true}}, "description": "The prerequisite conditions that must all be satisfied", "description_kind": "markdown", "block_types": {"param_bindings": {"nesting_mode": "list", "block": {"attributes": {}, "description": "Bindings for the operation parameters", "description_kind": "markdown", "block_types": {"array_value": {"nesting_mode": "list", "block": {"attributes": {"literal": {"type": "string", "description": "If set, this is the literal value of the step parameter", "description_kind": "markdown", "optional": true}, "reference": {"type": "string", "description": "If set, this is the reference into the trigger scope that is the value of this parameter", "description_kind": "markdown", "optional": true}}, "description": "The array of literal or reference parameter values", "description_kind": "markdown"}}, "value": {"nesting_mode": "single", "block": {"attributes": {"literal": {"type": "string", "description": "If set, this is the literal value of the step parameter", "description_kind": "markdown", "optional": true}, "reference": {"type": "string", "description": "If set, this is the reference into the trigger scope that is the value of this parameter", "description_kind": "markdown", "optional": true}}, "description": "The literal or reference parameter value", "description_kind": "markdown"}, "max_items": 1}}}, "min_items": 1}}}, "min_items": 1}}}, "min_items": 1}}}, "max_items": 1}, "navigate": {"nesting_mode": "single", "block": {"attributes": {"reference": {"type": "string", "description_kind": "plain", "required": true}}, "description": "An operation type that allows attributes of a type to be accessed by reference", "description_kind": "markdown"}, "max_items": 1}, "parse": {"nesting_mode": "single", "block": {"attributes": {"source": {"type": "string", "description": "The ES5 Javascript expression to execute", "description_kind": "markdown", "required": true}}, "description": "An operation type that allows a value to parsed from within a JSON object", "description_kind": "markdown", "block_types": {"returns": {"nesting_mode": "single", "block": {"attributes": {"array": {"type": "bool", "description": "Whether the return value should be single or multi-value", "description_kind": "markdown", "required": true}, "type": {"type": "string", "description": "Expected return type of this expression (what to try casting the result to)", "description_kind": "markdown", "required": true}}, "description": "The return type of an operation", "description_kind": "markdown"}, "max_items": 1, "min_items": 1}}}, "max_items": 1}}}, "min_items": 1}}}, "min_items": 1}, "steps": {"nesting_mode": "list", "block": {"attributes": {"for_each": {"type": "string", "description_kind": "plain", "optional": true}, "id": {"type": "string", "description_kind": "plain", "required": true}, "name": {"type": "string", "description_kind": "plain", "required": true}}, "description": "Steps that are executed as part of the workflow", "description_kind": "markdown", "block_types": {"param_bindings": {"nesting_mode": "list", "block": {"attributes": {}, "description": "Bindings for the operation parameters", "description_kind": "markdown", "block_types": {"array_value": {"nesting_mode": "list", "block": {"attributes": {"literal": {"type": "string", "description": "If set, this is the literal value of the step parameter", "description_kind": "markdown", "optional": true}, "reference": {"type": "string", "description": "If set, this is the reference into the trigger scope that is the value of this parameter", "description_kind": "markdown", "optional": true}}, "description": "The array of literal or reference parameter values", "description_kind": "markdown"}}, "value": {"nesting_mode": "single", "block": {"attributes": {"literal": {"type": "string", "description": "If set, this is the literal value of the step parameter", "description_kind": "markdown", "optional": true}, "reference": {"type": "string", "description": "If set, this is the reference into the trigger scope that is the value of this parameter", "description_kind": "markdown", "optional": true}}, "description": "The literal or reference parameter value", "description_kind": "markdown"}, "max_items": 1}}}, "min_items": 1}}}, "min_items": 1}}}}}, "data_source_schemas": {"incident_alert_attribute": {"version": 0, "block": {"attributes": {"array": {"type": "bool", "description": "Whether this attribute is an array", "description_kind": "markdown", "computed": true}, "emoji": {"type": "string", "description": "The emoji to display alongside this attribute in chat messages, stored without colons", "description_kind": "markdown", "computed": true}, "id": {"type": "string", "description": "The ID of this attribute", "description_kind": "markdown", "computed": true}, "name": {"type": "string", "description": "Unique name of this attribute", "description_kind": "markdown", "required": true}, "required": {"type": "bool", "description": "Whether this attribute is required. If this field is not set, the existing setting will be preserved.", "description_kind": "markdown", "computed": true}, "type": {"type": "string", "description": "Engine resource name for this attribute", "description_kind": "markdown", "computed": true}}, "description": "This data source provides information about an alert attribute.", "description_kind": "markdown"}}, "incident_alert_sources": {"version": 0, "block": {"attributes": {"source_type": {"type": "string", "description": "Filter alert sources by source type (e.g., 'webhook', 'email', 'jira'). If provided, only alert sources of this type will be returned.", "description_kind": "markdown", "optional": true}}, "description": "Configure your alert sources in incident.io.\n\nAlert sources are the systems that send alerts to incident.io, which can then be routed to the right people and teams.", "description_kind": "markdown", "block_types": {"alert_sources": {"nesting_mode": "list", "block": {"attributes": {"alert_events_url": {"type": "string", "description": "URL that can be used to send alert events to this source. This is only set for sources that accept webhook/HTTP events; email sources use the email_address field, and integration-based sources (like Jira) receive events through their native integrations.", "description_kind": "markdown", "computed": true}, "email_address": {"type": "string", "description": "Email address this alert source receives alerts to", "description_kind": "markdown", "computed": true}, "id": {"type": "string", "description": "The ID of this alert source", "description_kind": "markdown", "computed": true}, "name": {"type": "string", "description": "Unique name of the alert source", "description_kind": "markdown", "computed": true}, "secret_token": {"type": "string", "description": "Secret token used to authenticate this source, if applicable. If applicable, this is the token that must be included in either the query string or the 'Authorization' header when sending events to this alert source.", "description_kind": "markdown", "computed": true, "sensitive": true}, "source_type": {"type": "string", "description": "Type of alert source", "description_kind": "markdown", "computed": true}}, "description": "List of alert sources matching the specified criteria. If no filters are provided, all alert sources are returned.", "description_kind": "markdown", "block_types": {"jira_options": {"nesting_mode": "single", "block": {"attributes": {"project_ids": {"type": ["list", "string"], "description": "Which projects in Jira should this alert source watch for new issues? IDs can either be IDs of the projects in Jira, or ID of catalog entries in the 'Jira Project' catalog type.", "description_kind": "markdown", "computed": true}}, "description": "", "description_kind": "plain"}, "max_items": 1}, "template": {"nesting_mode": "single", "block": {"attributes": {"is_private": {"type": "bool", "description": "Whether or not alerts produced by this source should be private", "description_kind": "markdown", "computed": true}}, "description": "", "description_kind": "plain", "block_types": {"attributes": {"nesting_mode": "set", "block": {"attributes": {"alert_attribute_id": {"type": "string", "description": "ID of the alert attribute to set with this binding", "description_kind": "markdown", "computed": true}}, "description": "Attributes to set on alerts coming from this source, with a binding describing how to set them.", "description_kind": "markdown", "block_types": {"binding": {"nesting_mode": "single", "block": {"attributes": {"merge_strategy": {"type": "string", "description": "Merge strategy for this attribute when alert updates", "description_kind": "markdown", "computed": true}}, "description": "", "description_kind": "plain", "block_types": {"array_value": {"nesting_mode": "list", "block": {"attributes": {"literal": {"type": "string", "description": "If set, this is the literal value of the step parameter", "description_kind": "markdown", "computed": true}, "reference": {"type": "string", "description": "If set, this is the reference into the trigger scope that is the value of this parameter", "description_kind": "markdown", "computed": true}}, "description": "The array of literal or reference parameter values", "description_kind": "markdown"}}, "value": {"nesting_mode": "single", "block": {"attributes": {"literal": {"type": "string", "description": "If set, this is the literal value of the step parameter", "description_kind": "markdown", "computed": true}, "reference": {"type": "string", "description": "If set, this is the reference into the trigger scope that is the value of this parameter", "description_kind": "markdown", "computed": true}}, "description": "The literal or reference parameter value", "description_kind": "markdown"}, "max_items": 1}}}, "max_items": 1}}}}, "description": {"nesting_mode": "single", "block": {"attributes": {"literal": {"type": "string", "description": "If set, this is the literal value of the step parameter", "description_kind": "markdown", "computed": true}, "reference": {"type": "string", "description": "If set, this is the reference into the trigger scope that is the value of this parameter", "description_kind": "markdown", "computed": true}}, "description": "", "description_kind": "plain"}, "max_items": 1}, "expressions": {"nesting_mode": "set", "block": {"attributes": {"label": {"type": "string", "description": "The human readable label of the expression", "description_kind": "markdown", "computed": true}, "reference": {"type": "string", "description": "A short ID that can be used to reference the expression", "description_kind": "markdown", "computed": true}, "root_reference": {"type": "string", "description": "The root reference for this expression (i.e. where the expression starts)", "description_kind": "markdown", "computed": true}}, "description": "Expressions that make variables available in the scope", "description_kind": "markdown", "block_types": {"else_branch": {"nesting_mode": "single", "block": {"attributes": {}, "description": "", "description_kind": "plain", "block_types": {"result": {"nesting_mode": "single", "block": {"attributes": {}, "description": "", "description_kind": "plain", "block_types": {"array_value": {"nesting_mode": "list", "block": {"attributes": {"literal": {"type": "string", "description": "If set, this is the literal value of the step parameter", "description_kind": "markdown", "computed": true}, "reference": {"type": "string", "description": "If set, this is the reference into the trigger scope that is the value of this parameter", "description_kind": "markdown", "computed": true}}, "description": "If array_value is set, this helps render the values", "description_kind": "markdown"}}, "value": {"nesting_mode": "single", "block": {"attributes": {"literal": {"type": "string", "description": "If set, this is the literal value of the step parameter", "description_kind": "markdown", "computed": true}, "reference": {"type": "string", "description": "If set, this is the reference into the trigger scope that is the value of this parameter", "description_kind": "markdown", "computed": true}}, "description": "", "description_kind": "plain"}, "max_items": 1}}}, "max_items": 1}}}, "max_items": 1}, "operations": {"nesting_mode": "list", "block": {"attributes": {"operation_type": {"type": "string", "description": "The type of the operation", "description_kind": "markdown", "computed": true}}, "description": "", "description_kind": "plain", "block_types": {"branches": {"nesting_mode": "single", "block": {"attributes": {}, "description": "", "description_kind": "plain", "block_types": {"branches": {"nesting_mode": "list", "block": {"attributes": {}, "description": "The branches to apply for this operation", "description_kind": "markdown", "block_types": {"condition_groups": {"nesting_mode": "list", "block": {"attributes": {}, "description": "The condition groups to apply in this filter. Only one group needs to be satisfied for the filter to pass.", "description_kind": "markdown", "block_types": {"conditions": {"nesting_mode": "list", "block": {"attributes": {"operation": {"type": "string", "description_kind": "plain", "computed": true}, "subject": {"type": "string", "description_kind": "plain", "computed": true}}, "description": "All conditions in this list must be satisfied for the group to be satisfied", "description_kind": "markdown", "block_types": {"param_bindings": {"nesting_mode": "list", "block": {"attributes": {}, "description": "Bindings for the operation parameters", "description_kind": "markdown", "block_types": {"array_value": {"nesting_mode": "list", "block": {"attributes": {"literal": {"type": "string", "description": "If set, this is the literal value of the step parameter", "description_kind": "markdown", "computed": true}, "reference": {"type": "string", "description": "If set, this is the reference into the trigger scope that is the value of this parameter", "description_kind": "markdown", "computed": true}}, "description": "If array_value is set, this helps render the values", "description_kind": "markdown"}}, "value": {"nesting_mode": "single", "block": {"attributes": {"literal": {"type": "string", "description": "If set, this is the literal value of the step parameter", "description_kind": "markdown", "computed": true}, "reference": {"type": "string", "description": "If set, this is the reference into the trigger scope that is the value of this parameter", "description_kind": "markdown", "computed": true}}, "description": "", "description_kind": "plain"}, "max_items": 1}}}}}}}}}}, "result": {"nesting_mode": "single", "block": {"attributes": {}, "description": "", "description_kind": "plain", "block_types": {"array_value": {"nesting_mode": "list", "block": {"attributes": {"literal": {"type": "string", "description": "If set, this is the literal value of the step parameter", "description_kind": "markdown", "computed": true}, "reference": {"type": "string", "description": "If set, this is the reference into the trigger scope that is the value of this parameter", "description_kind": "markdown", "computed": true}}, "description": "If array_value is set, this helps render the values", "description_kind": "markdown"}}, "value": {"nesting_mode": "single", "block": {"attributes": {"literal": {"type": "string", "description": "If set, this is the literal value of the step parameter", "description_kind": "markdown", "computed": true}, "reference": {"type": "string", "description": "If set, this is the reference into the trigger scope that is the value of this parameter", "description_kind": "markdown", "computed": true}}, "description": "", "description_kind": "plain"}, "max_items": 1}}}, "max_items": 1}}}}, "returns": {"nesting_mode": "single", "block": {"attributes": {"array": {"type": "bool", "description": "Whether the return value should be single or multi-value", "description_kind": "markdown", "computed": true}, "type": {"type": "string", "description": "Expected return type of this expression (what to try casting the result to)", "description_kind": "markdown", "computed": true}}, "description": "", "description_kind": "plain"}, "max_items": 1}}}, "max_items": 1}, "filter": {"nesting_mode": "single", "block": {"attributes": {}, "description": "", "description_kind": "plain", "block_types": {"condition_groups": {"nesting_mode": "list", "block": {"attributes": {}, "description": "The condition groups to apply in this filter. Only one group needs to be satisfied for the filter to pass.", "description_kind": "markdown", "block_types": {"conditions": {"nesting_mode": "list", "block": {"attributes": {"operation": {"type": "string", "description_kind": "plain", "computed": true}, "subject": {"type": "string", "description_kind": "plain", "computed": true}}, "description": "All conditions in this list must be satisfied for the group to be satisfied", "description_kind": "markdown", "block_types": {"param_bindings": {"nesting_mode": "list", "block": {"attributes": {}, "description": "Bindings for the operation parameters", "description_kind": "markdown", "block_types": {"array_value": {"nesting_mode": "list", "block": {"attributes": {"literal": {"type": "string", "description": "If set, this is the literal value of the step parameter", "description_kind": "markdown", "computed": true}, "reference": {"type": "string", "description": "If set, this is the reference into the trigger scope that is the value of this parameter", "description_kind": "markdown", "computed": true}}, "description": "If array_value is set, this helps render the values", "description_kind": "markdown"}}, "value": {"nesting_mode": "single", "block": {"attributes": {"literal": {"type": "string", "description": "If set, this is the literal value of the step parameter", "description_kind": "markdown", "computed": true}, "reference": {"type": "string", "description": "If set, this is the reference into the trigger scope that is the value of this parameter", "description_kind": "markdown", "computed": true}}, "description": "", "description_kind": "plain"}, "max_items": 1}}}}}}}}}}}}, "max_items": 1}, "navigate": {"nesting_mode": "single", "block": {"attributes": {"reference": {"type": "string", "description": "The reference within the scope to navigate to", "description_kind": "markdown", "computed": true}}, "description": "", "description_kind": "plain"}, "max_items": 1}, "parse": {"nesting_mode": "single", "block": {"attributes": {"source": {"type": "string", "description": "Source expression that is evaluated to a result", "description_kind": "markdown", "computed": true}}, "description": "", "description_kind": "plain", "block_types": {"returns": {"nesting_mode": "single", "block": {"attributes": {"array": {"type": "bool", "description": "Whether the return value should be single or multi-value", "description_kind": "markdown", "computed": true}, "type": {"type": "string", "description": "Expected return type of this expression (what to try casting the result to)", "description_kind": "markdown", "computed": true}}, "description": "", "description_kind": "plain"}, "max_items": 1}}}, "max_items": 1}}}}}}}, "title": {"nesting_mode": "single", "block": {"attributes": {"literal": {"type": "string", "description": "If set, this is the literal value of the step parameter", "description_kind": "markdown", "computed": true}, "reference": {"type": "string", "description": "If set, this is the reference into the trigger scope that is the value of this parameter", "description_kind": "markdown", "computed": true}}, "description": "", "description_kind": "plain"}, "max_items": 1}, "visible_to_teams": {"nesting_mode": "single", "block": {"attributes": {}, "description": "", "description_kind": "plain", "block_types": {"array_value": {"nesting_mode": "list", "block": {"attributes": {"literal": {"type": "string", "description": "If set, this is the literal value of the step parameter", "description_kind": "markdown", "computed": true}, "reference": {"type": "string", "description": "If set, this is the reference into the trigger scope that is the value of this parameter", "description_kind": "markdown", "computed": true}}, "description": "If array_value is set, this helps render the values", "description_kind": "markdown"}}, "value": {"nesting_mode": "single", "block": {"attributes": {"literal": {"type": "string", "description": "If set, this is the literal value of the step parameter", "description_kind": "markdown", "computed": true}, "reference": {"type": "string", "description": "If set, this is the reference into the trigger scope that is the value of this parameter", "description_kind": "markdown", "computed": true}}, "description": "", "description_kind": "plain"}, "max_items": 1}}}, "max_items": 1}}}, "max_items": 1}}}}}}}, "incident_catalog_entries": {"version": 0, "block": {"attributes": {"catalog_type_id": {"type": "string", "description": "The catalog type ID to list entries for.", "description_kind": "markdown", "required": true}}, "description": "This data source provides a list of catalog entries for a specific catalog type.", "description_kind": "markdown", "block_types": {"catalog_entries": {"nesting_mode": "list", "block": {"attributes": {"aliases": {"type": ["list", "string"], "description": "Optional aliases that can be used to reference this entry", "description_kind": "markdown", "computed": true}, "catalog_type_id": {"type": "string", "description": "ID of this catalog type", "description_kind": "markdown", "computed": true}, "external_id": {"type": "string", "description": "An optional alternative ID for this entry, which is ensured to be unique for the type", "description_kind": "markdown", "computed": true}, "id": {"type": "string", "description": "ID of this catalog entry", "description_kind": "markdown", "computed": true}, "name": {"type": "string", "description": "Name is the human readable name of this entry", "description_kind": "markdown", "computed": true}, "rank": {"type": "number", "description": "When catalog type is ranked, this is used to help order things", "description_kind": "markdown", "computed": true}}, "description": "List of catalog entries for the specified catalog type.", "description_kind": "markdown", "block_types": {"attribute_values": {"nesting_mode": "set", "block": {"attributes": {"array_value": {"type": ["list", "string"], "description": "The value of this element of the array, in a format suitable for this attribute type.", "description_kind": "plain", "computed": true}, "attribute": {"type": "string", "description": "The ID of this attribute.", "description_kind": "plain", "computed": true}, "value": {"type": "string", "description": "The value of this attribute, in a format suitable for this attribute type.", "description_kind": "plain", "computed": true}}, "description": "", "description_kind": "plain"}}}}}}}}, "incident_catalog_entry": {"version": 0, "block": {"attributes": {"aliases": {"type": ["list", "string"], "description": "Optional aliases that can be used to reference this entry", "description_kind": "markdown", "computed": true}, "catalog_type_id": {"type": "string", "description": "ID of this catalog type", "description_kind": "markdown", "required": true}, "external_id": {"type": "string", "description": "An optional alternative ID for this entry, which is ensured to be unique for the type", "description_kind": "markdown", "computed": true}, "id": {"type": "string", "description": "The ID of the catalog entry", "description_kind": "markdown", "computed": true}, "identifier": {"type": "string", "description": "The identifier to use for finding the catalog entry. This can be a name, external ID, or alias.", "description_kind": "markdown", "required": true}, "name": {"type": "string", "description": "Name is the human readable name of this entry", "description_kind": "markdown", "computed": true}, "rank": {"type": "number", "description": "When catalog type is ranked, this is used to help order things", "description_kind": "markdown", "computed": true}}, "description": "This data source provides information about a catalog entry.\nIt can be used to look up a catalog entry by providing the catalog_type_id and an identifier.\n\nThe API will automatically match the identifier against names, external IDs, and aliases.", "description_kind": "markdown", "block_types": {"attribute_values": {"nesting_mode": "set", "block": {"attributes": {"array_value": {"type": ["list", "string"], "description": "The value of this element of the array, in a format suitable for this attribute type.", "description_kind": "plain", "computed": true}, "attribute": {"type": "string", "description": "The ID of this attribute.", "description_kind": "plain", "computed": true}, "value": {"type": "string", "description": "The value of this attribute, in a format suitable for this attribute type.", "description_kind": "plain", "computed": true}}, "description": "", "description_kind": "plain"}}}}}, "incident_catalog_type": {"version": 0, "block": {"attributes": {"categories": {"type": ["list", "string"], "description": "The categories that this type belongs to, to be shown in the web dashboard. Possible values are: `customer`, `issue-tracker`, `product-feature`, `service`, `on-call`, `team`, `user`.", "description_kind": "markdown", "optional": true}, "description": {"type": "string", "description": "Human readble description of this type", "description_kind": "markdown", "computed": true}, "id": {"type": "string", "description": "ID of this catalog type", "description_kind": "markdown", "computed": true}, "name": {"type": "string", "description": "Name is the human readable name of this type", "description_kind": "markdown", "optional": true, "computed": true}, "source_repo_url": {"type": "string", "description": "The url of the external repository where this type is managed. If set, users will not be able to edit the catalog type (or its entries) via the UI, and will instead be provided a link to this URL.", "description_kind": "markdown", "computed": true}, "type_name": {"type": "string", "description": "The type name of this catalog type, to be used when defining attributes. This is immutable once a CatalogType has been created. For non-externally sync types, it must follow the pattern Custom[\"SomeName\"]", "description_kind": "markdown", "optional": true, "computed": true}, "use_name_as_identifier": {"type": "bool", "description": "If enabled, you can refer to entries of this type by their name, as well as their external ID and any aliases.", "description_kind": "markdown", "computed": true}}, "description": "This data source provides information about a catalog type.", "description_kind": "markdown"}}, "incident_catalog_type_attribute": {"version": 0, "block": {"attributes": {"array": {"type": "bool", "description": "Whether this attribute is an array or scalar.", "description_kind": "plain", "computed": true}, "backlink_attribute": {"type": "string", "description": "If this is a backlink, the id of the attribute that it's linked from", "description_kind": "plain", "computed": true}, "catalog_type_id": {"type": "string", "description": "ID of this catalog type", "description_kind": "markdown", "required": true}, "id": {"type": "string", "description": "The ID of the catalog type attribute", "description_kind": "markdown", "computed": true}, "name": {"type": "string", "description": "The name of this attribute.", "description_kind": "plain", "required": true}, "path": {"type": ["list", "string"], "description": "If this is a path attribute, the path that we should use to pull the data", "description_kind": "plain", "computed": true}, "schema_only": {"type": "bool", "description": "If true, Terraform will only manage the schema of the attribute. Values for this attribute can be managed from the incident.io web dashboard.", "description_kind": "plain", "computed": true}, "type": {"type": "string", "description": "The type of this attribute.", "description_kind": "plain", "computed": true}}, "description": "This data source provides information about a catalog type attribute.", "description_kind": "markdown"}}, "incident_custom_field": {"version": 0, "block": {"attributes": {"catalog_type_id": {"type": "string", "description": "For catalog fields, the ID of the associated catalog type", "description_kind": "markdown", "computed": true}, "description": {"type": "string", "description": "Description of the custom field", "description_kind": "markdown", "computed": true}, "field_type": {"type": "string", "description": "Type of custom field", "description_kind": "markdown", "computed": true}, "group_by_catalog_attribute_id": {"type": "string", "description": "For catalog fields, the ID of the attribute used to group catalog entries (if applicable)", "description_kind": "markdown", "computed": true}, "helptext_catalog_attribute_id": {"type": "string", "description": "Which catalog attribute provides helptext for the options", "description_kind": "markdown", "computed": true}, "id": {"type": "string", "description": "The custom field ID", "description_kind": "markdown", "computed": true}, "name": {"type": "string", "description": "Human readable name for the custom field", "description_kind": "markdown", "required": true}}, "description": "This data source provides information about a custom field.", "description_kind": "markdown", "block_types": {"filter_by": {"nesting_mode": "single", "block": {"attributes": {"catalog_attribute_id": {"type": "string", "description": "This must be an attribute of the catalog type of this custom field. It must be an attribute that points to another catalog type (so not a plain string, number, or boolean attribute).", "description_kind": "markdown", "computed": true}, "custom_field_id": {"type": "string", "description": "This must be the ID of a custom field, which must have values of the same type as the attribute you are filtering by.\n\nWhen this filtering field is set on an incident, the options for this custom field will be filtered to only those with the attribute value that matches the value of the filtering field.", "description_kind": "markdown", "computed": true}}, "description": "", "description_kind": "plain"}, "max_items": 1}}}}, "incident_custom_field_option": {"version": 0, "block": {"attributes": {"custom_field_id": {"type": "string", "description": "ID of the custom field this option belongs to", "description_kind": "markdown", "required": true}, "id": {"type": "string", "description": "Unique identifier for the custom field option", "description_kind": "markdown", "computed": true}, "sort_key": {"type": "number", "description": "Sort key used to order the custom field options correctly", "description_kind": "markdown", "optional": true}, "value": {"type": "string", "description": "Human readable name for the custom field option", "description_kind": "markdown", "required": true}}, "description": "This data source provides information about a custom field option.", "description_kind": "markdown"}}, "incident_escalation_path": {"version": 0, "block": {"attributes": {"id": {"type": "string", "description": "Unique identifier for this escalation path.", "description_kind": "markdown", "optional": true, "computed": true}, "name": {"type": "string", "description": "The name of this escalation path, for the user's reference.", "description_kind": "markdown", "optional": true, "computed": true}, "team_ids": {"type": ["set", "string"], "description": "IDs of the teams that own this escalation path. This will automatically sync escalation paths with the right teams in Catalog. If you have an escalation paths attribute on your Teams, this attribute is required.", "description_kind": "markdown", "computed": true}}, "description": "Use this data source to retrieve information about an existing escalation path by ID or name.", "description_kind": "markdown", "block_types": {"path": {"nesting_mode": "list", "block": {"attributes": {"id": {"type": "string", "description": "An ID for this node, unique within the escalation path.\n\nThis allows you to reference the node in other nodes, such as when configuring a 'repeat' node.", "description_kind": "markdown", "computed": true}, "type": {"type": "string", "description": "The type of this node. Available types are:\n* level: A set of targets (users or schedules) that should be paged, either all at once, or with a round-robin configuration.\n* notify_channel: Send the escalation to a Slack channel, where it can be acked by anyone in the channel.\n* if_else: Branch the escalation based on a set of conditions.\n* repeat: Go back to a previous node and repeat the logic from there.\n* delay: Pause the escalation for a configured duration before advancing to the next node.", "description_kind": "markdown", "computed": true}}, "description": "The nodes that form the levels and branches of this escalation path.", "description_kind": "markdown", "block_types": {"delay": {"nesting_mode": "single", "block": {"attributes": {"delay_interval_condition": {"type": "string", "description": "If the delay is relative to a time window, this defines whether we advance when the window is active or inactive", "description_kind": "markdown", "computed": true}, "delay_seconds": {"type": "number", "description": "How long to delay before advancing to the next node in the path, in seconds", "description_kind": "markdown", "computed": true}, "delay_weekday_interval_config_id": {"type": "string", "description": "If the delay is relative to a time window, this identifies which window it is relative to", "description_kind": "markdown", "computed": true}}, "description": "", "description_kind": "plain"}, "max_items": 1}, "if_else": {"nesting_mode": "single", "block": {"attributes": {}, "description": "", "description_kind": "plain", "block_types": {"conditions": {"nesting_mode": "list", "block": {"attributes": {"operation": {"type": "string", "description": "The logical operation to be applied", "description_kind": "markdown", "computed": true}, "subject": {"type": "string", "description": "The subject of the condition, on which the operation is applied", "description_kind": "markdown", "computed": true}}, "description": "The prerequisite conditions that must all be satisfied", "description_kind": "markdown", "block_types": {"param_bindings": {"nesting_mode": "list", "block": {"attributes": {}, "description": "Bindings for the operation parameters", "description_kind": "markdown", "block_types": {"array_value": {"nesting_mode": "list", "block": {"attributes": {"literal": {"type": "string", "description": "If set, this is the literal value of the step parameter", "description_kind": "markdown", "computed": true}, "reference": {"type": "string", "description": "If set, this is the reference into the trigger scope that is the value of this parameter", "description_kind": "markdown", "computed": true}}, "description": "The array of literal or reference parameter values", "description_kind": "markdown"}}, "value": {"nesting_mode": "single", "block": {"attributes": {"literal": {"type": "string", "description": "If set, this is the literal value of the step parameter", "description_kind": "markdown", "computed": true}, "reference": {"type": "string", "description": "If set, this is the reference into the trigger scope that is the value of this parameter", "description_kind": "markdown", "computed": true}}, "description": "The literal or reference parameter value", "description_kind": "markdown"}, "max_items": 1}}}}}}}, "else_path": {"nesting_mode": "list", "block": {"attributes": {"id": {"type": "string", "description": "An ID for this node, unique within the escalation path.\n\nThis allows you to reference the node in other nodes, such as when configuring a 'repeat' node.", "description_kind": "markdown", "computed": true}, "type": {"type": "string", "description": "The type of this node. Available types are:\n* level: A set of targets (users or schedules) that should be paged, either all at once, or with a round-robin configuration.\n* notify_channel: Send the escalation to a Slack channel, where it can be acked by anyone in the channel.\n* if_else: Branch the escalation based on a set of conditions.\n* repeat: Go back to a previous node and repeat the logic from there.\n* delay: Pause the escalation for a configured duration before advancing to the next node.", "description_kind": "markdown", "computed": true}}, "description": "The nodes that form the levels if our condition is not met", "description_kind": "markdown", "block_types": {"delay": {"nesting_mode": "single", "block": {"attributes": {"delay_interval_condition": {"type": "string", "description": "If the delay is relative to a time window, this defines whether we advance when the window is active or inactive", "description_kind": "markdown", "computed": true}, "delay_seconds": {"type": "number", "description": "How long to delay before advancing to the next node in the path, in seconds", "description_kind": "markdown", "computed": true}, "delay_weekday_interval_config_id": {"type": "string", "description": "If the delay is relative to a time window, this identifies which window it is relative to", "description_kind": "markdown", "computed": true}}, "description": "", "description_kind": "plain"}, "max_items": 1}, "if_else": {"nesting_mode": "single", "block": {"attributes": {}, "description": "", "description_kind": "plain", "block_types": {"conditions": {"nesting_mode": "list", "block": {"attributes": {"operation": {"type": "string", "description": "The logical operation to be applied", "description_kind": "markdown", "computed": true}, "subject": {"type": "string", "description": "The subject of the condition, on which the operation is applied", "description_kind": "markdown", "computed": true}}, "description": "The prerequisite conditions that must all be satisfied", "description_kind": "markdown", "block_types": {"param_bindings": {"nesting_mode": "list", "block": {"attributes": {}, "description": "Bindings for the operation parameters", "description_kind": "markdown", "block_types": {"array_value": {"nesting_mode": "list", "block": {"attributes": {"literal": {"type": "string", "description": "If set, this is the literal value of the step parameter", "description_kind": "markdown", "computed": true}, "reference": {"type": "string", "description": "If set, this is the reference into the trigger scope that is the value of this parameter", "description_kind": "markdown", "computed": true}}, "description": "The array of literal or reference parameter values", "description_kind": "markdown"}}, "value": {"nesting_mode": "single", "block": {"attributes": {"literal": {"type": "string", "description": "If set, this is the literal value of the step parameter", "description_kind": "markdown", "computed": true}, "reference": {"type": "string", "description": "If set, this is the reference into the trigger scope that is the value of this parameter", "description_kind": "markdown", "computed": true}}, "description": "The literal or reference parameter value", "description_kind": "markdown"}, "max_items": 1}}}}}}}, "else_path": {"nesting_mode": "list", "block": {"attributes": {"id": {"type": "string", "description": "An ID for this node, unique within the escalation path.\n\nThis allows you to reference the node in other nodes, such as when configuring a 'repeat' node.", "description_kind": "markdown", "computed": true}, "type": {"type": "string", "description": "The type of this node. Available types are:\n* level: A set of targets (users or schedules) that should be paged, either all at once, or with a round-robin configuration.\n* notify_channel: Send the escalation to a Slack channel, where it can be acked by anyone in the channel.\n* if_else: Branch the escalation based on a set of conditions.\n* repeat: Go back to a previous node and repeat the logic from there.\n* delay: Pause the escalation for a configured duration before advancing to the next node.", "description_kind": "markdown", "computed": true}}, "description": "The nodes that form the levels if our condition is not met", "description_kind": "markdown", "block_types": {"delay": {"nesting_mode": "single", "block": {"attributes": {"delay_interval_condition": {"type": "string", "description": "If the delay is relative to a time window, this defines whether we advance when the window is active or inactive", "description_kind": "markdown", "computed": true}, "delay_seconds": {"type": "number", "description": "How long to delay before advancing to the next node in the path, in seconds", "description_kind": "markdown", "computed": true}, "delay_weekday_interval_config_id": {"type": "string", "description": "If the delay is relative to a time window, this identifies which window it is relative to", "description_kind": "markdown", "computed": true}}, "description": "", "description_kind": "plain"}, "max_items": 1}, "if_else": {"nesting_mode": "single", "block": {"attributes": {}, "description": "", "description_kind": "plain", "block_types": {"conditions": {"nesting_mode": "list", "block": {"attributes": {"operation": {"type": "string", "description": "The logical operation to be applied", "description_kind": "markdown", "computed": true}, "subject": {"type": "string", "description": "The subject of the condition, on which the operation is applied", "description_kind": "markdown", "computed": true}}, "description": "The prerequisite conditions that must all be satisfied", "description_kind": "markdown", "block_types": {"param_bindings": {"nesting_mode": "list", "block": {"attributes": {}, "description": "Bindings for the operation parameters", "description_kind": "markdown", "block_types": {"array_value": {"nesting_mode": "list", "block": {"attributes": {"literal": {"type": "string", "description": "If set, this is the literal value of the step parameter", "description_kind": "markdown", "computed": true}, "reference": {"type": "string", "description": "If set, this is the reference into the trigger scope that is the value of this parameter", "description_kind": "markdown", "computed": true}}, "description": "The array of literal or reference parameter values", "description_kind": "markdown"}}, "value": {"nesting_mode": "single", "block": {"attributes": {"literal": {"type": "string", "description": "If set, this is the literal value of the step parameter", "description_kind": "markdown", "computed": true}, "reference": {"type": "string", "description": "If set, this is the reference into the trigger scope that is the value of this parameter", "description_kind": "markdown", "computed": true}}, "description": "The literal or reference parameter value", "description_kind": "markdown"}, "max_items": 1}}}}}}}, "else_path": {"nesting_mode": "list", "block": {"attributes": {"id": {"type": "string", "description": "An ID for this node, unique within the escalation path.\n\nThis allows you to reference the node in other nodes, such as when configuring a 'repeat' node.", "description_kind": "markdown", "computed": true}, "type": {"type": "string", "description": "The type of this node. Available types are:\n* level: A set of targets (users or schedules) that should be paged, either all at once, or with a round-robin configuration.\n* notify_channel: Send the escalation to a Slack channel, where it can be acked by anyone in the channel.\n* if_else: Branch the escalation based on a set of conditions.\n* repeat: Go back to a previous node and repeat the logic from there.\n* delay: Pause the escalation for a configured duration before advancing to the next node.", "description_kind": "markdown", "computed": true}}, "description": "The nodes that form the levels if our condition is not met", "description_kind": "markdown", "block_types": {"delay": {"nesting_mode": "single", "block": {"attributes": {"delay_interval_condition": {"type": "string", "description": "If the delay is relative to a time window, this defines whether we advance when the window is active or inactive", "description_kind": "markdown", "computed": true}, "delay_seconds": {"type": "number", "description": "How long to delay before advancing to the next node in the path, in seconds", "description_kind": "markdown", "computed": true}, "delay_weekday_interval_config_id": {"type": "string", "description": "If the delay is relative to a time window, this identifies which window it is relative to", "description_kind": "markdown", "computed": true}}, "description": "", "description_kind": "plain"}, "max_items": 1}, "if_else": {"nesting_mode": "single", "block": {"attributes": {}, "description": "", "description_kind": "plain", "block_types": {"conditions": {"nesting_mode": "list", "block": {"attributes": {"operation": {"type": "string", "description": "The logical operation to be applied", "description_kind": "markdown", "computed": true}, "subject": {"type": "string", "description": "The subject of the condition, on which the operation is applied", "description_kind": "markdown", "computed": true}}, "description": "The prerequisite conditions that must all be satisfied", "description_kind": "markdown", "block_types": {"param_bindings": {"nesting_mode": "list", "block": {"attributes": {}, "description": "Bindings for the operation parameters", "description_kind": "markdown", "block_types": {"array_value": {"nesting_mode": "list", "block": {"attributes": {"literal": {"type": "string", "description": "If set, this is the literal value of the step parameter", "description_kind": "markdown", "computed": true}, "reference": {"type": "string", "description": "If set, this is the reference into the trigger scope that is the value of this parameter", "description_kind": "markdown", "computed": true}}, "description": "The array of literal or reference parameter values", "description_kind": "markdown"}}, "value": {"nesting_mode": "single", "block": {"attributes": {"literal": {"type": "string", "description": "If set, this is the literal value of the step parameter", "description_kind": "markdown", "computed": true}, "reference": {"type": "string", "description": "If set, this is the reference into the trigger scope that is the value of this parameter", "description_kind": "markdown", "computed": true}}, "description": "The literal or reference parameter value", "description_kind": "markdown"}, "max_items": 1}}}}}}}, "else_path": {"nesting_mode": "list", "block": {"attributes": {"id": {"type": "string", "description": "An ID for this node, unique within the escalation path.\n\nThis allows you to reference the node in other nodes, such as when configuring a 'repeat' node.", "description_kind": "markdown", "computed": true}, "type": {"type": "string", "description": "The type of this node. Available types are:\n* level: A set of targets (users or schedules) that should be paged, either all at once, or with a round-robin configuration.\n* notify_channel: Send the escalation to a Slack channel, where it can be acked by anyone in the channel.\n* if_else: Branch the escalation based on a set of conditions.\n* repeat: Go back to a previous node and repeat the logic from there.\n* delay: Pause the escalation for a configured duration before advancing to the next node.", "description_kind": "markdown", "computed": true}}, "description": "The nodes that form the levels if our condition is not met", "description_kind": "markdown", "block_types": {"delay": {"nesting_mode": "single", "block": {"attributes": {"delay_interval_condition": {"type": "string", "description": "If the delay is relative to a time window, this defines whether we advance when the window is active or inactive", "description_kind": "markdown", "computed": true}, "delay_seconds": {"type": "number", "description": "How long to delay before advancing to the next node in the path, in seconds", "description_kind": "markdown", "computed": true}, "delay_weekday_interval_config_id": {"type": "string", "description": "If the delay is relative to a time window, this identifies which window it is relative to", "description_kind": "markdown", "computed": true}}, "description": "", "description_kind": "plain"}, "max_items": 1}, "level": {"nesting_mode": "single", "block": {"attributes": {"ack_mode": {"type": "string", "description": "Controls the behaviour of acknowledgements for this level, with 'first' cancelling all other escalations on the same level when someone acks", "description_kind": "markdown", "computed": true}, "time_to_ack_interval_condition": {"type": "string", "description": "If the time to ack is relative to a time window, this defines whether we move when the window is active or inactive", "description_kind": "markdown", "computed": true}, "time_to_ack_seconds": {"type": "number", "description": "How long should we wait for this level to acknowledge before proceeding to the next node in the path?", "description_kind": "markdown", "computed": true}, "time_to_ack_weekday_interval_config_id": {"type": "string", "description": "If the time to ack is relative to a time window, this identifies which window it is relative to", "description_kind": "markdown", "computed": true}}, "description": "", "description_kind": "plain", "block_types": {"round_robin_config": {"nesting_mode": "single", "block": {"attributes": {"enabled": {"type": "bool", "description": "Whether round robin is enabled for this level", "description_kind": "markdown", "computed": true}, "rotate_after_seconds": {"type": "number", "description": "How long should we wait before rotating to the next target in a round robin, if not set will stick with a single target per level.", "description_kind": "markdown", "computed": true}}, "description": "", "description_kind": "plain"}, "max_items": 1}, "targets": {"nesting_mode": "list", "block": {"attributes": {"id": {"type": "string", "description": "Uniquely identifies an entity of this type", "description_kind": "markdown", "computed": true}, "schedule_mode": {"type": "string", "description": "Only set for schedule targets, and either currently_on_call, all_users or all_users_for_rota and specifies which users to fetch from the schedule", "description_kind": "markdown", "computed": true}, "type": {"type": "string", "description": "Controls what type of entity this target identifies, such as EscalationPolicy or User", "description_kind": "markdown", "computed": true}, "urgency": {"type": "string", "description": "The urgency of this escalation path target", "description_kind": "markdown", "computed": true}}, "description": "The targets (users or schedules) for this level", "description_kind": "markdown"}}}}, "max_items": 1}, "notify_channel": {"nesting_mode": "single", "block": {"attributes": {"time_to_ack_interval_condition": {"type": "string", "description": "If the time to ack is relative to a time window, this defines whether we move when the window is active or inactive", "description_kind": "markdown", "computed": true}, "time_to_ack_seconds": {"type": "number", "description": "How long should we wait for this level to acknowledge before moving on to the next node in the path?", "description_kind": "markdown", "computed": true}, "time_to_ack_weekday_interval_config_id": {"type": "string", "description": "If the time to ack is relative to a time window, this identifies which window it is relative to", "description_kind": "markdown", "computed": true}}, "description": "", "description_kind": "plain", "block_types": {"targets": {"nesting_mode": "list", "block": {"attributes": {"id": {"type": "string", "description": "Uniquely identifies an entity of this type", "description_kind": "markdown", "computed": true}, "schedule_mode": {"type": "string", "description": "Only set for schedule targets, and either currently_on_call, all_users or all_users_for_rota and specifies which users to fetch from the schedule", "description_kind": "markdown", "computed": true}, "type": {"type": "string", "description": "Controls what type of entity this target identifies, such as EscalationPolicy or User", "description_kind": "markdown", "computed": true}, "urgency": {"type": "string", "description": "The urgency of this escalation path target", "description_kind": "markdown", "computed": true}}, "description": "The targets (Slack channels) for this level", "description_kind": "markdown"}}}}, "max_items": 1}, "repeat": {"nesting_mode": "single", "block": {"attributes": {"repeat_times": {"type": "number", "description": "How many times to repeat these nodes", "description_kind": "markdown", "computed": true}, "to_node": {"type": "string", "description": "Which node ID we begin repeating from.", "description_kind": "markdown", "computed": true}}, "description": "", "description_kind": "plain"}, "max_items": 1}}}}, "then_path": {"nesting_mode": "list", "block": {"attributes": {"id": {"type": "string", "description": "An ID for this node, unique within the escalation path.\n\nThis allows you to reference the node in other nodes, such as when configuring a 'repeat' node.", "description_kind": "markdown", "computed": true}, "type": {"type": "string", "description": "The type of this node. Available types are:\n* level: A set of targets (users or schedules) that should be paged, either all at once, or with a round-robin configuration.\n* notify_channel: Send the escalation to a Slack channel, where it can be acked by anyone in the channel.\n* if_else: Branch the escalation based on a set of conditions.\n* repeat: Go back to a previous node and repeat the logic from there.\n* delay: Pause the escalation for a configured duration before advancing to the next node.", "description_kind": "markdown", "computed": true}}, "description": "Then path nodes", "description_kind": "markdown", "block_types": {"delay": {"nesting_mode": "single", "block": {"attributes": {"delay_interval_condition": {"type": "string", "description": "If the delay is relative to a time window, this defines whether we advance when the window is active or inactive", "description_kind": "markdown", "computed": true}, "delay_seconds": {"type": "number", "description": "How long to delay before advancing to the next node in the path, in seconds", "description_kind": "markdown", "computed": true}, "delay_weekday_interval_config_id": {"type": "string", "description": "If the delay is relative to a time window, this identifies which window it is relative to", "description_kind": "markdown", "computed": true}}, "description": "", "description_kind": "plain"}, "max_items": 1}, "level": {"nesting_mode": "single", "block": {"attributes": {"ack_mode": {"type": "string", "description": "Controls the behaviour of acknowledgements for this level, with 'first' cancelling all other escalations on the same level when someone acks", "description_kind": "markdown", "computed": true}, "time_to_ack_interval_condition": {"type": "string", "description": "If the time to ack is relative to a time window, this defines whether we move when the window is active or inactive", "description_kind": "markdown", "computed": true}, "time_to_ack_seconds": {"type": "number", "description": "How long should we wait for this level to acknowledge before proceeding to the next node in the path?", "description_kind": "markdown", "computed": true}, "time_to_ack_weekday_interval_config_id": {"type": "string", "description": "If the time to ack is relative to a time window, this identifies which window it is relative to", "description_kind": "markdown", "computed": true}}, "description": "", "description_kind": "plain", "block_types": {"round_robin_config": {"nesting_mode": "single", "block": {"attributes": {"enabled": {"type": "bool", "description": "Whether round robin is enabled for this level", "description_kind": "markdown", "computed": true}, "rotate_after_seconds": {"type": "number", "description": "How long should we wait before rotating to the next target in a round robin, if not set will stick with a single target per level.", "description_kind": "markdown", "computed": true}}, "description": "", "description_kind": "plain"}, "max_items": 1}, "targets": {"nesting_mode": "list", "block": {"attributes": {"id": {"type": "string", "description": "Uniquely identifies an entity of this type", "description_kind": "markdown", "computed": true}, "schedule_mode": {"type": "string", "description": "Only set for schedule targets, and either currently_on_call, all_users or all_users_for_rota and specifies which users to fetch from the schedule", "description_kind": "markdown", "computed": true}, "type": {"type": "string", "description": "Controls what type of entity this target identifies, such as EscalationPolicy or User", "description_kind": "markdown", "computed": true}, "urgency": {"type": "string", "description": "The urgency of this escalation path target", "description_kind": "markdown", "computed": true}}, "description": "The targets (users or schedules) for this level", "description_kind": "markdown"}}}}, "max_items": 1}, "notify_channel": {"nesting_mode": "single", "block": {"attributes": {"time_to_ack_interval_condition": {"type": "string", "description": "If the time to ack is relative to a time window, this defines whether we move when the window is active or inactive", "description_kind": "markdown", "computed": true}, "time_to_ack_seconds": {"type": "number", "description": "How long should we wait for this level to acknowledge before moving on to the next node in the path?", "description_kind": "markdown", "computed": true}, "time_to_ack_weekday_interval_config_id": {"type": "string", "description": "If the time to ack is relative to a time window, this identifies which window it is relative to", "description_kind": "markdown", "computed": true}}, "description": "", "description_kind": "plain", "block_types": {"targets": {"nesting_mode": "list", "block": {"attributes": {"id": {"type": "string", "description": "Uniquely identifies an entity of this type", "description_kind": "markdown", "computed": true}, "schedule_mode": {"type": "string", "description": "Only set for schedule targets, and either currently_on_call, all_users or all_users_for_rota and specifies which users to fetch from the schedule", "description_kind": "markdown", "computed": true}, "type": {"type": "string", "description": "Controls what type of entity this target identifies, such as EscalationPolicy or User", "description_kind": "markdown", "computed": true}, "urgency": {"type": "string", "description": "The urgency of this escalation path target", "description_kind": "markdown", "computed": true}}, "description": "The targets (Slack channels) for this level", "description_kind": "markdown"}}}}, "max_items": 1}, "repeat": {"nesting_mode": "single", "block": {"attributes": {"repeat_times": {"type": "number", "description": "How many times to repeat these nodes", "description_kind": "markdown", "computed": true}, "to_node": {"type": "string", "description": "Which node ID we begin repeating from.", "description_kind": "markdown", "computed": true}}, "description": "", "description_kind": "plain"}, "max_items": 1}}}}}}, "max_items": 1}, "level": {"nesting_mode": "single", "block": {"attributes": {"ack_mode": {"type": "string", "description": "Controls the behaviour of acknowledgements for this level, with 'first' cancelling all other escalations on the same level when someone acks", "description_kind": "markdown", "computed": true}, "time_to_ack_interval_condition": {"type": "string", "description": "If the time to ack is relative to a time window, this defines whether we move when the window is active or inactive", "description_kind": "markdown", "computed": true}, "time_to_ack_seconds": {"type": "number", "description": "How long should we wait for this level to acknowledge before proceeding to the next node in the path?", "description_kind": "markdown", "computed": true}, "time_to_ack_weekday_interval_config_id": {"type": "string", "description": "If the time to ack is relative to a time window, this identifies which window it is relative to", "description_kind": "markdown", "computed": true}}, "description": "", "description_kind": "plain", "block_types": {"round_robin_config": {"nesting_mode": "single", "block": {"attributes": {"enabled": {"type": "bool", "description": "Whether round robin is enabled for this level", "description_kind": "markdown", "computed": true}, "rotate_after_seconds": {"type": "number", "description": "How long should we wait before rotating to the next target in a round robin, if not set will stick with a single target per level.", "description_kind": "markdown", "computed": true}}, "description": "", "description_kind": "plain"}, "max_items": 1}, "targets": {"nesting_mode": "list", "block": {"attributes": {"id": {"type": "string", "description": "Uniquely identifies an entity of this type", "description_kind": "markdown", "computed": true}, "schedule_mode": {"type": "string", "description": "Only set for schedule targets, and either currently_on_call, all_users or all_users_for_rota and specifies which users to fetch from the schedule", "description_kind": "markdown", "computed": true}, "type": {"type": "string", "description": "Controls what type of entity this target identifies, such as EscalationPolicy or User", "description_kind": "markdown", "computed": true}, "urgency": {"type": "string", "description": "The urgency of this escalation path target", "description_kind": "markdown", "computed": true}}, "description": "The targets (users or schedules) for this level", "description_kind": "markdown"}}}}, "max_items": 1}, "notify_channel": {"nesting_mode": "single", "block": {"attributes": {"time_to_ack_interval_condition": {"type": "string", "description": "If the time to ack is relative to a time window, this defines whether we move when the window is active or inactive", "description_kind": "markdown", "computed": true}, "time_to_ack_seconds": {"type": "number", "description": "How long should we wait for this level to acknowledge before moving on to the next node in the path?", "description_kind": "markdown", "computed": true}, "time_to_ack_weekday_interval_config_id": {"type": "string", "description": "If the time to ack is relative to a time window, this identifies which window it is relative to", "description_kind": "markdown", "computed": true}}, "description": "", "description_kind": "plain", "block_types": {"targets": {"nesting_mode": "list", "block": {"attributes": {"id": {"type": "string", "description": "Uniquely identifies an entity of this type", "description_kind": "markdown", "computed": true}, "schedule_mode": {"type": "string", "description": "Only set for schedule targets, and either currently_on_call, all_users or all_users_for_rota and specifies which users to fetch from the schedule", "description_kind": "markdown", "computed": true}, "type": {"type": "string", "description": "Controls what type of entity this target identifies, such as EscalationPolicy or User", "description_kind": "markdown", "computed": true}, "urgency": {"type": "string", "description": "The urgency of this escalation path target", "description_kind": "markdown", "computed": true}}, "description": "The targets (Slack channels) for this level", "description_kind": "markdown"}}}}, "max_items": 1}, "repeat": {"nesting_mode": "single", "block": {"attributes": {"repeat_times": {"type": "number", "description": "How many times to repeat these nodes", "description_kind": "markdown", "computed": true}, "to_node": {"type": "string", "description": "Which node ID we begin repeating from.", "description_kind": "markdown", "computed": true}}, "description": "", "description_kind": "plain"}, "max_items": 1}}}}, "then_path": {"nesting_mode": "list", "block": {"attributes": {"id": {"type": "string", "description": "An ID for this node, unique within the escalation path.\n\nThis allows you to reference the node in other nodes, such as when configuring a 'repeat' node.", "description_kind": "markdown", "computed": true}, "type": {"type": "string", "description": "The type of this node. Available types are:\n* level: A set of targets (users or schedules) that should be paged, either all at once, or with a round-robin configuration.\n* notify_channel: Send the escalation to a Slack channel, where it can be acked by anyone in the channel.\n* if_else: Branch the escalation based on a set of conditions.\n* repeat: Go back to a previous node and repeat the logic from there.\n* delay: Pause the escalation for a configured duration before advancing to the next node.", "description_kind": "markdown", "computed": true}}, "description": "Then path nodes", "description_kind": "markdown", "block_types": {"delay": {"nesting_mode": "single", "block": {"attributes": {"delay_interval_condition": {"type": "string", "description": "If the delay is relative to a time window, this defines whether we advance when the window is active or inactive", "description_kind": "markdown", "computed": true}, "delay_seconds": {"type": "number", "description": "How long to delay before advancing to the next node in the path, in seconds", "description_kind": "markdown", "computed": true}, "delay_weekday_interval_config_id": {"type": "string", "description": "If the delay is relative to a time window, this identifies which window it is relative to", "description_kind": "markdown", "computed": true}}, "description": "", "description_kind": "plain"}, "max_items": 1}, "if_else": {"nesting_mode": "single", "block": {"attributes": {}, "description": "", "description_kind": "plain", "block_types": {"conditions": {"nesting_mode": "list", "block": {"attributes": {"operation": {"type": "string", "description": "The logical operation to be applied", "description_kind": "markdown", "computed": true}, "subject": {"type": "string", "description": "The subject of the condition, on which the operation is applied", "description_kind": "markdown", "computed": true}}, "description": "The prerequisite conditions that must all be satisfied", "description_kind": "markdown", "block_types": {"param_bindings": {"nesting_mode": "list", "block": {"attributes": {}, "description": "Bindings for the operation parameters", "description_kind": "markdown", "block_types": {"array_value": {"nesting_mode": "list", "block": {"attributes": {"literal": {"type": "string", "description": "If set, this is the literal value of the step parameter", "description_kind": "markdown", "computed": true}, "reference": {"type": "string", "description": "If set, this is the reference into the trigger scope that is the value of this parameter", "description_kind": "markdown", "computed": true}}, "description": "The array of literal or reference parameter values", "description_kind": "markdown"}}, "value": {"nesting_mode": "single", "block": {"attributes": {"literal": {"type": "string", "description": "If set, this is the literal value of the step parameter", "description_kind": "markdown", "computed": true}, "reference": {"type": "string", "description": "If set, this is the reference into the trigger scope that is the value of this parameter", "description_kind": "markdown", "computed": true}}, "description": "The literal or reference parameter value", "description_kind": "markdown"}, "max_items": 1}}}}}}}, "else_path": {"nesting_mode": "list", "block": {"attributes": {"id": {"type": "string", "description": "An ID for this node, unique within the escalation path.\n\nThis allows you to reference the node in other nodes, such as when configuring a 'repeat' node.", "description_kind": "markdown", "computed": true}, "type": {"type": "string", "description": "The type of this node. Available types are:\n* level: A set of targets (users or schedules) that should be paged, either all at once, or with a round-robin configuration.\n* notify_channel: Send the escalation to a Slack channel, where it can be acked by anyone in the channel.\n* if_else: Branch the escalation based on a set of conditions.\n* repeat: Go back to a previous node and repeat the logic from there.\n* delay: Pause the escalation for a configured duration before advancing to the next node.", "description_kind": "markdown", "computed": true}}, "description": "The nodes that form the levels if our condition is not met", "description_kind": "markdown", "block_types": {"delay": {"nesting_mode": "single", "block": {"attributes": {"delay_interval_condition": {"type": "string", "description": "If the delay is relative to a time window, this defines whether we advance when the window is active or inactive", "description_kind": "markdown", "computed": true}, "delay_seconds": {"type": "number", "description": "How long to delay before advancing to the next node in the path, in seconds", "description_kind": "markdown", "computed": true}, "delay_weekday_interval_config_id": {"type": "string", "description": "If the delay is relative to a time window, this identifies which window it is relative to", "description_kind": "markdown", "computed": true}}, "description": "", "description_kind": "plain"}, "max_items": 1}, "level": {"nesting_mode": "single", "block": {"attributes": {"ack_mode": {"type": "string", "description": "Controls the behaviour of acknowledgements for this level, with 'first' cancelling all other escalations on the same level when someone acks", "description_kind": "markdown", "computed": true}, "time_to_ack_interval_condition": {"type": "string", "description": "If the time to ack is relative to a time window, this defines whether we move when the window is active or inactive", "description_kind": "markdown", "computed": true}, "time_to_ack_seconds": {"type": "number", "description": "How long should we wait for this level to acknowledge before proceeding to the next node in the path?", "description_kind": "markdown", "computed": true}, "time_to_ack_weekday_interval_config_id": {"type": "string", "description": "If the time to ack is relative to a time window, this identifies which window it is relative to", "description_kind": "markdown", "computed": true}}, "description": "", "description_kind": "plain", "block_types": {"round_robin_config": {"nesting_mode": "single", "block": {"attributes": {"enabled": {"type": "bool", "description": "Whether round robin is enabled for this level", "description_kind": "markdown", "computed": true}, "rotate_after_seconds": {"type": "number", "description": "How long should we wait before rotating to the next target in a round robin, if not set will stick with a single target per level.", "description_kind": "markdown", "computed": true}}, "description": "", "description_kind": "plain"}, "max_items": 1}, "targets": {"nesting_mode": "list", "block": {"attributes": {"id": {"type": "string", "description": "Uniquely identifies an entity of this type", "description_kind": "markdown", "computed": true}, "schedule_mode": {"type": "string", "description": "Only set for schedule targets, and either currently_on_call, all_users or all_users_for_rota and specifies which users to fetch from the schedule", "description_kind": "markdown", "computed": true}, "type": {"type": "string", "description": "Controls what type of entity this target identifies, such as EscalationPolicy or User", "description_kind": "markdown", "computed": true}, "urgency": {"type": "string", "description": "The urgency of this escalation path target", "description_kind": "markdown", "computed": true}}, "description": "The targets (users or schedules) for this level", "description_kind": "markdown"}}}}, "max_items": 1}, "notify_channel": {"nesting_mode": "single", "block": {"attributes": {"time_to_ack_interval_condition": {"type": "string", "description": "If the time to ack is relative to a time window, this defines whether we move when the window is active or inactive", "description_kind": "markdown", "computed": true}, "time_to_ack_seconds": {"type": "number", "description": "How long should we wait for this level to acknowledge before moving on to the next node in the path?", "description_kind": "markdown", "computed": true}, "time_to_ack_weekday_interval_config_id": {"type": "string", "description": "If the time to ack is relative to a time window, this identifies which window it is relative to", "description_kind": "markdown", "computed": true}}, "description": "", "description_kind": "plain", "block_types": {"targets": {"nesting_mode": "list", "block": {"attributes": {"id": {"type": "string", "description": "Uniquely identifies an entity of this type", "description_kind": "markdown", "computed": true}, "schedule_mode": {"type": "string", "description": "Only set for schedule targets, and either currently_on_call, all_users or all_users_for_rota and specifies which users to fetch from the schedule", "description_kind": "markdown", "computed": true}, "type": {"type": "string", "description": "Controls what type of entity this target identifies, such as EscalationPolicy or User", "description_kind": "markdown", "computed": true}, "urgency": {"type": "string", "description": "The urgency of this escalation path target", "description_kind": "markdown", "computed": true}}, "description": "The targets (Slack channels) for this level", "description_kind": "markdown"}}}}, "max_items": 1}, "repeat": {"nesting_mode": "single", "block": {"attributes": {"repeat_times": {"type": "number", "description": "How many times to repeat these nodes", "description_kind": "markdown", "computed": true}, "to_node": {"type": "string", "description": "Which node ID we begin repeating from.", "description_kind": "markdown", "computed": true}}, "description": "", "description_kind": "plain"}, "max_items": 1}}}}, "then_path": {"nesting_mode": "list", "block": {"attributes": {"id": {"type": "string", "description": "An ID for this node, unique within the escalation path.\n\nThis allows you to reference the node in other nodes, such as when configuring a 'repeat' node.", "description_kind": "markdown", "computed": true}, "type": {"type": "string", "description": "The type of this node. Available types are:\n* level: A set of targets (users or schedules) that should be paged, either all at once, or with a round-robin configuration.\n* notify_channel: Send the escalation to a Slack channel, where it can be acked by anyone in the channel.\n* if_else: Branch the escalation based on a set of conditions.\n* repeat: Go back to a previous node and repeat the logic from there.\n* delay: Pause the escalation for a configured duration before advancing to the next node.", "description_kind": "markdown", "computed": true}}, "description": "Then path nodes", "description_kind": "markdown", "block_types": {"delay": {"nesting_mode": "single", "block": {"attributes": {"delay_interval_condition": {"type": "string", "description": "If the delay is relative to a time window, this defines whether we advance when the window is active or inactive", "description_kind": "markdown", "computed": true}, "delay_seconds": {"type": "number", "description": "How long to delay before advancing to the next node in the path, in seconds", "description_kind": "markdown", "computed": true}, "delay_weekday_interval_config_id": {"type": "string", "description": "If the delay is relative to a time window, this identifies which window it is relative to", "description_kind": "markdown", "computed": true}}, "description": "", "description_kind": "plain"}, "max_items": 1}, "level": {"nesting_mode": "single", "block": {"attributes": {"ack_mode": {"type": "string", "description": "Controls the behaviour of acknowledgements for this level, with 'first' cancelling all other escalations on the same level when someone acks", "description_kind": "markdown", "computed": true}, "time_to_ack_interval_condition": {"type": "string", "description": "If the time to ack is relative to a time window, this defines whether we move when the window is active or inactive", "description_kind": "markdown", "computed": true}, "time_to_ack_seconds": {"type": "number", "description": "How long should we wait for this level to acknowledge before proceeding to the next node in the path?", "description_kind": "markdown", "computed": true}, "time_to_ack_weekday_interval_config_id": {"type": "string", "description": "If the time to ack is relative to a time window, this identifies which window it is relative to", "description_kind": "markdown", "computed": true}}, "description": "", "description_kind": "plain", "block_types": {"round_robin_config": {"nesting_mode": "single", "block": {"attributes": {"enabled": {"type": "bool", "description": "Whether round robin is enabled for this level", "description_kind": "markdown", "computed": true}, "rotate_after_seconds": {"type": "number", "description": "How long should we wait before rotating to the next target in a round robin, if not set will stick with a single target per level.", "description_kind": "markdown", "computed": true}}, "description": "", "description_kind": "plain"}, "max_items": 1}, "targets": {"nesting_mode": "list", "block": {"attributes": {"id": {"type": "string", "description": "Uniquely identifies an entity of this type", "description_kind": "markdown", "computed": true}, "schedule_mode": {"type": "string", "description": "Only set for schedule targets, and either currently_on_call, all_users or all_users_for_rota and specifies which users to fetch from the schedule", "description_kind": "markdown", "computed": true}, "type": {"type": "string", "description": "Controls what type of entity this target identifies, such as EscalationPolicy or User", "description_kind": "markdown", "computed": true}, "urgency": {"type": "string", "description": "The urgency of this escalation path target", "description_kind": "markdown", "computed": true}}, "description": "The targets (users or schedules) for this level", "description_kind": "markdown"}}}}, "max_items": 1}, "notify_channel": {"nesting_mode": "single", "block": {"attributes": {"time_to_ack_interval_condition": {"type": "string", "description": "If the time to ack is relative to a time window, this defines whether we move when the window is active or inactive", "description_kind": "markdown", "computed": true}, "time_to_ack_seconds": {"type": "number", "description": "How long should we wait for this level to acknowledge before moving on to the next node in the path?", "description_kind": "markdown", "computed": true}, "time_to_ack_weekday_interval_config_id": {"type": "string", "description": "If the time to ack is relative to a time window, this identifies which window it is relative to", "description_kind": "markdown", "computed": true}}, "description": "", "description_kind": "plain", "block_types": {"targets": {"nesting_mode": "list", "block": {"attributes": {"id": {"type": "string", "description": "Uniquely identifies an entity of this type", "description_kind": "markdown", "computed": true}, "schedule_mode": {"type": "string", "description": "Only set for schedule targets, and either currently_on_call, all_users or all_users_for_rota and specifies which users to fetch from the schedule", "description_kind": "markdown", "computed": true}, "type": {"type": "string", "description": "Controls what type of entity this target identifies, such as EscalationPolicy or User", "description_kind": "markdown", "computed": true}, "urgency": {"type": "string", "description": "The urgency of this escalation path target", "description_kind": "markdown", "computed": true}}, "description": "The targets (Slack channels) for this level", "description_kind": "markdown"}}}}, "max_items": 1}, "repeat": {"nesting_mode": "single", "block": {"attributes": {"repeat_times": {"type": "number", "description": "How many times to repeat these nodes", "description_kind": "markdown", "computed": true}, "to_node": {"type": "string", "description": "Which node ID we begin repeating from.", "description_kind": "markdown", "computed": true}}, "description": "", "description_kind": "plain"}, "max_items": 1}}}}}}, "max_items": 1}, "level": {"nesting_mode": "single", "block": {"attributes": {"ack_mode": {"type": "string", "description": "Controls the behaviour of acknowledgements for this level, with 'first' cancelling all other escalations on the same level when someone acks", "description_kind": "markdown", "computed": true}, "time_to_ack_interval_condition": {"type": "string", "description": "If the time to ack is relative to a time window, this defines whether we move when the window is active or inactive", "description_kind": "markdown", "computed": true}, "time_to_ack_seconds": {"type": "number", "description": "How long should we wait for this level to acknowledge before proceeding to the next node in the path?", "description_kind": "markdown", "computed": true}, "time_to_ack_weekday_interval_config_id": {"type": "string", "description": "If the time to ack is relative to a time window, this identifies which window it is relative to", "description_kind": "markdown", "computed": true}}, "description": "", "description_kind": "plain", "block_types": {"round_robin_config": {"nesting_mode": "single", "block": {"attributes": {"enabled": {"type": "bool", "description": "Whether round robin is enabled for this level", "description_kind": "markdown", "computed": true}, "rotate_after_seconds": {"type": "number", "description": "How long should we wait before rotating to the next target in a round robin, if not set will stick with a single target per level.", "description_kind": "markdown", "computed": true}}, "description": "", "description_kind": "plain"}, "max_items": 1}, "targets": {"nesting_mode": "list", "block": {"attributes": {"id": {"type": "string", "description": "Uniquely identifies an entity of this type", "description_kind": "markdown", "computed": true}, "schedule_mode": {"type": "string", "description": "Only set for schedule targets, and either currently_on_call, all_users or all_users_for_rota and specifies which users to fetch from the schedule", "description_kind": "markdown", "computed": true}, "type": {"type": "string", "description": "Controls what type of entity this target identifies, such as EscalationPolicy or User", "description_kind": "markdown", "computed": true}, "urgency": {"type": "string", "description": "The urgency of this escalation path target", "description_kind": "markdown", "computed": true}}, "description": "The targets (users or schedules) for this level", "description_kind": "markdown"}}}}, "max_items": 1}, "notify_channel": {"nesting_mode": "single", "block": {"attributes": {"time_to_ack_interval_condition": {"type": "string", "description": "If the time to ack is relative to a time window, this defines whether we move when the window is active or inactive", "description_kind": "markdown", "computed": true}, "time_to_ack_seconds": {"type": "number", "description": "How long should we wait for this level to acknowledge before moving on to the next node in the path?", "description_kind": "markdown", "computed": true}, "time_to_ack_weekday_interval_config_id": {"type": "string", "description": "If the time to ack is relative to a time window, this identifies which window it is relative to", "description_kind": "markdown", "computed": true}}, "description": "", "description_kind": "plain", "block_types": {"targets": {"nesting_mode": "list", "block": {"attributes": {"id": {"type": "string", "description": "Uniquely identifies an entity of this type", "description_kind": "markdown", "computed": true}, "schedule_mode": {"type": "string", "description": "Only set for schedule targets, and either currently_on_call, all_users or all_users_for_rota and specifies which users to fetch from the schedule", "description_kind": "markdown", "computed": true}, "type": {"type": "string", "description": "Controls what type of entity this target identifies, such as EscalationPolicy or User", "description_kind": "markdown", "computed": true}, "urgency": {"type": "string", "description": "The urgency of this escalation path target", "description_kind": "markdown", "computed": true}}, "description": "The targets (Slack channels) for this level", "description_kind": "markdown"}}}}, "max_items": 1}, "repeat": {"nesting_mode": "single", "block": {"attributes": {"repeat_times": {"type": "number", "description": "How many times to repeat these nodes", "description_kind": "markdown", "computed": true}, "to_node": {"type": "string", "description": "Which node ID we begin repeating from.", "description_kind": "markdown", "computed": true}}, "description": "", "description_kind": "plain"}, "max_items": 1}}}}}}, "max_items": 1}, "level": {"nesting_mode": "single", "block": {"attributes": {"ack_mode": {"type": "string", "description": "Controls the behaviour of acknowledgements for this level, with 'first' cancelling all other escalations on the same level when someone acks", "description_kind": "markdown", "computed": true}, "time_to_ack_interval_condition": {"type": "string", "description": "If the time to ack is relative to a time window, this defines whether we move when the window is active or inactive", "description_kind": "markdown", "computed": true}, "time_to_ack_seconds": {"type": "number", "description": "How long should we wait for this level to acknowledge before proceeding to the next node in the path?", "description_kind": "markdown", "computed": true}, "time_to_ack_weekday_interval_config_id": {"type": "string", "description": "If the time to ack is relative to a time window, this identifies which window it is relative to", "description_kind": "markdown", "computed": true}}, "description": "", "description_kind": "plain", "block_types": {"round_robin_config": {"nesting_mode": "single", "block": {"attributes": {"enabled": {"type": "bool", "description": "Whether round robin is enabled for this level", "description_kind": "markdown", "computed": true}, "rotate_after_seconds": {"type": "number", "description": "How long should we wait before rotating to the next target in a round robin, if not set will stick with a single target per level.", "description_kind": "markdown", "computed": true}}, "description": "", "description_kind": "plain"}, "max_items": 1}, "targets": {"nesting_mode": "list", "block": {"attributes": {"id": {"type": "string", "description": "Uniquely identifies an entity of this type", "description_kind": "markdown", "computed": true}, "schedule_mode": {"type": "string", "description": "Only set for schedule targets, and either currently_on_call, all_users or all_users_for_rota and specifies which users to fetch from the schedule", "description_kind": "markdown", "computed": true}, "type": {"type": "string", "description": "Controls what type of entity this target identifies, such as EscalationPolicy or User", "description_kind": "markdown", "computed": true}, "urgency": {"type": "string", "description": "The urgency of this escalation path target", "description_kind": "markdown", "computed": true}}, "description": "The targets (users or schedules) for this level", "description_kind": "markdown"}}}}, "max_items": 1}, "notify_channel": {"nesting_mode": "single", "block": {"attributes": {"time_to_ack_interval_condition": {"type": "string", "description": "If the time to ack is relative to a time window, this defines whether we move when the window is active or inactive", "description_kind": "markdown", "computed": true}, "time_to_ack_seconds": {"type": "number", "description": "How long should we wait for this level to acknowledge before moving on to the next node in the path?", "description_kind": "markdown", "computed": true}, "time_to_ack_weekday_interval_config_id": {"type": "string", "description": "If the time to ack is relative to a time window, this identifies which window it is relative to", "description_kind": "markdown", "computed": true}}, "description": "", "description_kind": "plain", "block_types": {"targets": {"nesting_mode": "list", "block": {"attributes": {"id": {"type": "string", "description": "Uniquely identifies an entity of this type", "description_kind": "markdown", "computed": true}, "schedule_mode": {"type": "string", "description": "Only set for schedule targets, and either currently_on_call, all_users or all_users_for_rota and specifies which users to fetch from the schedule", "description_kind": "markdown", "computed": true}, "type": {"type": "string", "description": "Controls what type of entity this target identifies, such as EscalationPolicy or User", "description_kind": "markdown", "computed": true}, "urgency": {"type": "string", "description": "The urgency of this escalation path target", "description_kind": "markdown", "computed": true}}, "description": "The targets (Slack channels) for this level", "description_kind": "markdown"}}}}, "max_items": 1}, "repeat": {"nesting_mode": "single", "block": {"attributes": {"repeat_times": {"type": "number", "description": "How many times to repeat these nodes", "description_kind": "markdown", "computed": true}, "to_node": {"type": "string", "description": "Which node ID we begin repeating from.", "description_kind": "markdown", "computed": true}}, "description": "", "description_kind": "plain"}, "max_items": 1}}}}, "then_path": {"nesting_mode": "list", "block": {"attributes": {"id": {"type": "string", "description": "An ID for this node, unique within the escalation path.\n\nThis allows you to reference the node in other nodes, such as when configuring a 'repeat' node.", "description_kind": "markdown", "computed": true}, "type": {"type": "string", "description": "The type of this node. Available types are:\n* level: A set of targets (users or schedules) that should be paged, either all at once, or with a round-robin configuration.\n* notify_channel: Send the escalation to a Slack channel, where it can be acked by anyone in the channel.\n* if_else: Branch the escalation based on a set of conditions.\n* repeat: Go back to a previous node and repeat the logic from there.\n* delay: Pause the escalation for a configured duration before advancing to the next node.", "description_kind": "markdown", "computed": true}}, "description": "Then path nodes", "description_kind": "markdown", "block_types": {"delay": {"nesting_mode": "single", "block": {"attributes": {"delay_interval_condition": {"type": "string", "description": "If the delay is relative to a time window, this defines whether we advance when the window is active or inactive", "description_kind": "markdown", "computed": true}, "delay_seconds": {"type": "number", "description": "How long to delay before advancing to the next node in the path, in seconds", "description_kind": "markdown", "computed": true}, "delay_weekday_interval_config_id": {"type": "string", "description": "If the delay is relative to a time window, this identifies which window it is relative to", "description_kind": "markdown", "computed": true}}, "description": "", "description_kind": "plain"}, "max_items": 1}, "if_else": {"nesting_mode": "single", "block": {"attributes": {}, "description": "", "description_kind": "plain", "block_types": {"conditions": {"nesting_mode": "list", "block": {"attributes": {"operation": {"type": "string", "description": "The logical operation to be applied", "description_kind": "markdown", "computed": true}, "subject": {"type": "string", "description": "The subject of the condition, on which the operation is applied", "description_kind": "markdown", "computed": true}}, "description": "The prerequisite conditions that must all be satisfied", "description_kind": "markdown", "block_types": {"param_bindings": {"nesting_mode": "list", "block": {"attributes": {}, "description": "Bindings for the operation parameters", "description_kind": "markdown", "block_types": {"array_value": {"nesting_mode": "list", "block": {"attributes": {"literal": {"type": "string", "description": "If set, this is the literal value of the step parameter", "description_kind": "markdown", "computed": true}, "reference": {"type": "string", "description": "If set, this is the reference into the trigger scope that is the value of this parameter", "description_kind": "markdown", "computed": true}}, "description": "The array of literal or reference parameter values", "description_kind": "markdown"}}, "value": {"nesting_mode": "single", "block": {"attributes": {"literal": {"type": "string", "description": "If set, this is the literal value of the step parameter", "description_kind": "markdown", "computed": true}, "reference": {"type": "string", "description": "If set, this is the reference into the trigger scope that is the value of this parameter", "description_kind": "markdown", "computed": true}}, "description": "The literal or reference parameter value", "description_kind": "markdown"}, "max_items": 1}}}}}}}, "else_path": {"nesting_mode": "list", "block": {"attributes": {"id": {"type": "string", "description": "An ID for this node, unique within the escalation path.\n\nThis allows you to reference the node in other nodes, such as when configuring a 'repeat' node.", "description_kind": "markdown", "computed": true}, "type": {"type": "string", "description": "The type of this node. Available types are:\n* level: A set of targets (users or schedules) that should be paged, either all at once, or with a round-robin configuration.\n* notify_channel: Send the escalation to a Slack channel, where it can be acked by anyone in the channel.\n* if_else: Branch the escalation based on a set of conditions.\n* repeat: Go back to a previous node and repeat the logic from there.\n* delay: Pause the escalation for a configured duration before advancing to the next node.", "description_kind": "markdown", "computed": true}}, "description": "The nodes that form the levels if our condition is not met", "description_kind": "markdown", "block_types": {"delay": {"nesting_mode": "single", "block": {"attributes": {"delay_interval_condition": {"type": "string", "description": "If the delay is relative to a time window, this defines whether we advance when the window is active or inactive", "description_kind": "markdown", "computed": true}, "delay_seconds": {"type": "number", "description": "How long to delay before advancing to the next node in the path, in seconds", "description_kind": "markdown", "computed": true}, "delay_weekday_interval_config_id": {"type": "string", "description": "If the delay is relative to a time window, this identifies which window it is relative to", "description_kind": "markdown", "computed": true}}, "description": "", "description_kind": "plain"}, "max_items": 1}, "if_else": {"nesting_mode": "single", "block": {"attributes": {}, "description": "", "description_kind": "plain", "block_types": {"conditions": {"nesting_mode": "list", "block": {"attributes": {"operation": {"type": "string", "description": "The logical operation to be applied", "description_kind": "markdown", "computed": true}, "subject": {"type": "string", "description": "The subject of the condition, on which the operation is applied", "description_kind": "markdown", "computed": true}}, "description": "The prerequisite conditions that must all be satisfied", "description_kind": "markdown", "block_types": {"param_bindings": {"nesting_mode": "list", "block": {"attributes": {}, "description": "Bindings for the operation parameters", "description_kind": "markdown", "block_types": {"array_value": {"nesting_mode": "list", "block": {"attributes": {"literal": {"type": "string", "description": "If set, this is the literal value of the step parameter", "description_kind": "markdown", "computed": true}, "reference": {"type": "string", "description": "If set, this is the reference into the trigger scope that is the value of this parameter", "description_kind": "markdown", "computed": true}}, "description": "The array of literal or reference parameter values", "description_kind": "markdown"}}, "value": {"nesting_mode": "single", "block": {"attributes": {"literal": {"type": "string", "description": "If set, this is the literal value of the step parameter", "description_kind": "markdown", "computed": true}, "reference": {"type": "string", "description": "If set, this is the reference into the trigger scope that is the value of this parameter", "description_kind": "markdown", "computed": true}}, "description": "The literal or reference parameter value", "description_kind": "markdown"}, "max_items": 1}}}}}}}, "else_path": {"nesting_mode": "list", "block": {"attributes": {"id": {"type": "string", "description": "An ID for this node, unique within the escalation path.\n\nThis allows you to reference the node in other nodes, such as when configuring a 'repeat' node.", "description_kind": "markdown", "computed": true}, "type": {"type": "string", "description": "The type of this node. Available types are:\n* level: A set of targets (users or schedules) that should be paged, either all at once, or with a round-robin configuration.\n* notify_channel: Send the escalation to a Slack channel, where it can be acked by anyone in the channel.\n* if_else: Branch the escalation based on a set of conditions.\n* repeat: Go back to a previous node and repeat the logic from there.\n* delay: Pause the escalation for a configured duration before advancing to the next node.", "description_kind": "markdown", "computed": true}}, "description": "The nodes that form the levels if our condition is not met", "description_kind": "markdown", "block_types": {"delay": {"nesting_mode": "single", "block": {"attributes": {"delay_interval_condition": {"type": "string", "description": "If the delay is relative to a time window, this defines whether we advance when the window is active or inactive", "description_kind": "markdown", "computed": true}, "delay_seconds": {"type": "number", "description": "How long to delay before advancing to the next node in the path, in seconds", "description_kind": "markdown", "computed": true}, "delay_weekday_interval_config_id": {"type": "string", "description": "If the delay is relative to a time window, this identifies which window it is relative to", "description_kind": "markdown", "computed": true}}, "description": "", "description_kind": "plain"}, "max_items": 1}, "level": {"nesting_mode": "single", "block": {"attributes": {"ack_mode": {"type": "string", "description": "Controls the behaviour of acknowledgements for this level, with 'first' cancelling all other escalations on the same level when someone acks", "description_kind": "markdown", "computed": true}, "time_to_ack_interval_condition": {"type": "string", "description": "If the time to ack is relative to a time window, this defines whether we move when the window is active or inactive", "description_kind": "markdown", "computed": true}, "time_to_ack_seconds": {"type": "number", "description": "How long should we wait for this level to acknowledge before proceeding to the next node in the path?", "description_kind": "markdown", "computed": true}, "time_to_ack_weekday_interval_config_id": {"type": "string", "description": "If the time to ack is relative to a time window, this identifies which window it is relative to", "description_kind": "markdown", "computed": true}}, "description": "", "description_kind": "plain", "block_types": {"round_robin_config": {"nesting_mode": "single", "block": {"attributes": {"enabled": {"type": "bool", "description": "Whether round robin is enabled for this level", "description_kind": "markdown", "computed": true}, "rotate_after_seconds": {"type": "number", "description": "How long should we wait before rotating to the next target in a round robin, if not set will stick with a single target per level.", "description_kind": "markdown", "computed": true}}, "description": "", "description_kind": "plain"}, "max_items": 1}, "targets": {"nesting_mode": "list", "block": {"attributes": {"id": {"type": "string", "description": "Uniquely identifies an entity of this type", "description_kind": "markdown", "computed": true}, "schedule_mode": {"type": "string", "description": "Only set for schedule targets, and either currently_on_call, all_users or all_users_for_rota and specifies which users to fetch from the schedule", "description_kind": "markdown", "computed": true}, "type": {"type": "string", "description": "Controls what type of entity this target identifies, such as EscalationPolicy or User", "description_kind": "markdown", "computed": true}, "urgency": {"type": "string", "description": "The urgency of this escalation path target", "description_kind": "markdown", "computed": true}}, "description": "The targets (users or schedules) for this level", "description_kind": "markdown"}}}}, "max_items": 1}, "notify_channel": {"nesting_mode": "single", "block": {"attributes": {"time_to_ack_interval_condition": {"type": "string", "description": "If the time to ack is relative to a time window, this defines whether we move when the window is active or inactive", "description_kind": "markdown", "computed": true}, "time_to_ack_seconds": {"type": "number", "description": "How long should we wait for this level to acknowledge before moving on to the next node in the path?", "description_kind": "markdown", "computed": true}, "time_to_ack_weekday_interval_config_id": {"type": "string", "description": "If the time to ack is relative to a time window, this identifies which window it is relative to", "description_kind": "markdown", "computed": true}}, "description": "", "description_kind": "plain", "block_types": {"targets": {"nesting_mode": "list", "block": {"attributes": {"id": {"type": "string", "description": "Uniquely identifies an entity of this type", "description_kind": "markdown", "computed": true}, "schedule_mode": {"type": "string", "description": "Only set for schedule targets, and either currently_on_call, all_users or all_users_for_rota and specifies which users to fetch from the schedule", "description_kind": "markdown", "computed": true}, "type": {"type": "string", "description": "Controls what type of entity this target identifies, such as EscalationPolicy or User", "description_kind": "markdown", "computed": true}, "urgency": {"type": "string", "description": "The urgency of this escalation path target", "description_kind": "markdown", "computed": true}}, "description": "The targets (Slack channels) for this level", "description_kind": "markdown"}}}}, "max_items": 1}, "repeat": {"nesting_mode": "single", "block": {"attributes": {"repeat_times": {"type": "number", "description": "How many times to repeat these nodes", "description_kind": "markdown", "computed": true}, "to_node": {"type": "string", "description": "Which node ID we begin repeating from.", "description_kind": "markdown", "computed": true}}, "description": "", "description_kind": "plain"}, "max_items": 1}}}}, "then_path": {"nesting_mode": "list", "block": {"attributes": {"id": {"type": "string", "description": "An ID for this node, unique within the escalation path.\n\nThis allows you to reference the node in other nodes, such as when configuring a 'repeat' node.", "description_kind": "markdown", "computed": true}, "type": {"type": "string", "description": "The type of this node. Available types are:\n* level: A set of targets (users or schedules) that should be paged, either all at once, or with a round-robin configuration.\n* notify_channel: Send the escalation to a Slack channel, where it can be acked by anyone in the channel.\n* if_else: Branch the escalation based on a set of conditions.\n* repeat: Go back to a previous node and repeat the logic from there.\n* delay: Pause the escalation for a configured duration before advancing to the next node.", "description_kind": "markdown", "computed": true}}, "description": "Then path nodes", "description_kind": "markdown", "block_types": {"delay": {"nesting_mode": "single", "block": {"attributes": {"delay_interval_condition": {"type": "string", "description": "If the delay is relative to a time window, this defines whether we advance when the window is active or inactive", "description_kind": "markdown", "computed": true}, "delay_seconds": {"type": "number", "description": "How long to delay before advancing to the next node in the path, in seconds", "description_kind": "markdown", "computed": true}, "delay_weekday_interval_config_id": {"type": "string", "description": "If the delay is relative to a time window, this identifies which window it is relative to", "description_kind": "markdown", "computed": true}}, "description": "", "description_kind": "plain"}, "max_items": 1}, "level": {"nesting_mode": "single", "block": {"attributes": {"ack_mode": {"type": "string", "description": "Controls the behaviour of acknowledgements for this level, with 'first' cancelling all other escalations on the same level when someone acks", "description_kind": "markdown", "computed": true}, "time_to_ack_interval_condition": {"type": "string", "description": "If the time to ack is relative to a time window, this defines whether we move when the window is active or inactive", "description_kind": "markdown", "computed": true}, "time_to_ack_seconds": {"type": "number", "description": "How long should we wait for this level to acknowledge before proceeding to the next node in the path?", "description_kind": "markdown", "computed": true}, "time_to_ack_weekday_interval_config_id": {"type": "string", "description": "If the time to ack is relative to a time window, this identifies which window it is relative to", "description_kind": "markdown", "computed": true}}, "description": "", "description_kind": "plain", "block_types": {"round_robin_config": {"nesting_mode": "single", "block": {"attributes": {"enabled": {"type": "bool", "description": "Whether round robin is enabled for this level", "description_kind": "markdown", "computed": true}, "rotate_after_seconds": {"type": "number", "description": "How long should we wait before rotating to the next target in a round robin, if not set will stick with a single target per level.", "description_kind": "markdown", "computed": true}}, "description": "", "description_kind": "plain"}, "max_items": 1}, "targets": {"nesting_mode": "list", "block": {"attributes": {"id": {"type": "string", "description": "Uniquely identifies an entity of this type", "description_kind": "markdown", "computed": true}, "schedule_mode": {"type": "string", "description": "Only set for schedule targets, and either currently_on_call, all_users or all_users_for_rota and specifies which users to fetch from the schedule", "description_kind": "markdown", "computed": true}, "type": {"type": "string", "description": "Controls what type of entity this target identifies, such as EscalationPolicy or User", "description_kind": "markdown", "computed": true}, "urgency": {"type": "string", "description": "The urgency of this escalation path target", "description_kind": "markdown", "computed": true}}, "description": "The targets (users or schedules) for this level", "description_kind": "markdown"}}}}, "max_items": 1}, "notify_channel": {"nesting_mode": "single", "block": {"attributes": {"time_to_ack_interval_condition": {"type": "string", "description": "If the time to ack is relative to a time window, this defines whether we move when the window is active or inactive", "description_kind": "markdown", "computed": true}, "time_to_ack_seconds": {"type": "number", "description": "How long should we wait for this level to acknowledge before moving on to the next node in the path?", "description_kind": "markdown", "computed": true}, "time_to_ack_weekday_interval_config_id": {"type": "string", "description": "If the time to ack is relative to a time window, this identifies which window it is relative to", "description_kind": "markdown", "computed": true}}, "description": "", "description_kind": "plain", "block_types": {"targets": {"nesting_mode": "list", "block": {"attributes": {"id": {"type": "string", "description": "Uniquely identifies an entity of this type", "description_kind": "markdown", "computed": true}, "schedule_mode": {"type": "string", "description": "Only set for schedule targets, and either currently_on_call, all_users or all_users_for_rota and specifies which users to fetch from the schedule", "description_kind": "markdown", "computed": true}, "type": {"type": "string", "description": "Controls what type of entity this target identifies, such as EscalationPolicy or User", "description_kind": "markdown", "computed": true}, "urgency": {"type": "string", "description": "The urgency of this escalation path target", "description_kind": "markdown", "computed": true}}, "description": "The targets (Slack channels) for this level", "description_kind": "markdown"}}}}, "max_items": 1}, "repeat": {"nesting_mode": "single", "block": {"attributes": {"repeat_times": {"type": "number", "description": "How many times to repeat these nodes", "description_kind": "markdown", "computed": true}, "to_node": {"type": "string", "description": "Which node ID we begin repeating from.", "description_kind": "markdown", "computed": true}}, "description": "", "description_kind": "plain"}, "max_items": 1}}}}}}, "max_items": 1}, "level": {"nesting_mode": "single", "block": {"attributes": {"ack_mode": {"type": "string", "description": "Controls the behaviour of acknowledgements for this level, with 'first' cancelling all other escalations on the same level when someone acks", "description_kind": "markdown", "computed": true}, "time_to_ack_interval_condition": {"type": "string", "description": "If the time to ack is relative to a time window, this defines whether we move when the window is active or inactive", "description_kind": "markdown", "computed": true}, "time_to_ack_seconds": {"type": "number", "description": "How long should we wait for this level to acknowledge before proceeding to the next node in the path?", "description_kind": "markdown", "computed": true}, "time_to_ack_weekday_interval_config_id": {"type": "string", "description": "If the time to ack is relative to a time window, this identifies which window it is relative to", "description_kind": "markdown", "computed": true}}, "description": "", "description_kind": "plain", "block_types": {"round_robin_config": {"nesting_mode": "single", "block": {"attributes": {"enabled": {"type": "bool", "description": "Whether round robin is enabled for this level", "description_kind": "markdown", "computed": true}, "rotate_after_seconds": {"type": "number", "description": "How long should we wait before rotating to the next target in a round robin, if not set will stick with a single target per level.", "description_kind": "markdown", "computed": true}}, "description": "", "description_kind": "plain"}, "max_items": 1}, "targets": {"nesting_mode": "list", "block": {"attributes": {"id": {"type": "string", "description": "Uniquely identifies an entity of this type", "description_kind": "markdown", "computed": true}, "schedule_mode": {"type": "string", "description": "Only set for schedule targets, and either currently_on_call, all_users or all_users_for_rota and specifies which users to fetch from the schedule", "description_kind": "markdown", "computed": true}, "type": {"type": "string", "description": "Controls what type of entity this target identifies, such as EscalationPolicy or User", "description_kind": "markdown", "computed": true}, "urgency": {"type": "string", "description": "The urgency of this escalation path target", "description_kind": "markdown", "computed": true}}, "description": "The targets (users or schedules) for this level", "description_kind": "markdown"}}}}, "max_items": 1}, "notify_channel": {"nesting_mode": "single", "block": {"attributes": {"time_to_ack_interval_condition": {"type": "string", "description": "If the time to ack is relative to a time window, this defines whether we move when the window is active or inactive", "description_kind": "markdown", "computed": true}, "time_to_ack_seconds": {"type": "number", "description": "How long should we wait for this level to acknowledge before moving on to the next node in the path?", "description_kind": "markdown", "computed": true}, "time_to_ack_weekday_interval_config_id": {"type": "string", "description": "If the time to ack is relative to a time window, this identifies which window it is relative to", "description_kind": "markdown", "computed": true}}, "description": "", "description_kind": "plain", "block_types": {"targets": {"nesting_mode": "list", "block": {"attributes": {"id": {"type": "string", "description": "Uniquely identifies an entity of this type", "description_kind": "markdown", "computed": true}, "schedule_mode": {"type": "string", "description": "Only set for schedule targets, and either currently_on_call, all_users or all_users_for_rota and specifies which users to fetch from the schedule", "description_kind": "markdown", "computed": true}, "type": {"type": "string", "description": "Controls what type of entity this target identifies, such as EscalationPolicy or User", "description_kind": "markdown", "computed": true}, "urgency": {"type": "string", "description": "The urgency of this escalation path target", "description_kind": "markdown", "computed": true}}, "description": "The targets (Slack channels) for this level", "description_kind": "markdown"}}}}, "max_items": 1}, "repeat": {"nesting_mode": "single", "block": {"attributes": {"repeat_times": {"type": "number", "description": "How many times to repeat these nodes", "description_kind": "markdown", "computed": true}, "to_node": {"type": "string", "description": "Which node ID we begin repeating from.", "description_kind": "markdown", "computed": true}}, "description": "", "description_kind": "plain"}, "max_items": 1}}}}, "then_path": {"nesting_mode": "list", "block": {"attributes": {"id": {"type": "string", "description": "An ID for this node, unique within the escalation path.\n\nThis allows you to reference the node in other nodes, such as when configuring a 'repeat' node.", "description_kind": "markdown", "computed": true}, "type": {"type": "string", "description": "The type of this node. Available types are:\n* level: A set of targets (users or schedules) that should be paged, either all at once, or with a round-robin configuration.\n* notify_channel: Send the escalation to a Slack channel, where it can be acked by anyone in the channel.\n* if_else: Branch the escalation based on a set of conditions.\n* repeat: Go back to a previous node and repeat the logic from there.\n* delay: Pause the escalation for a configured duration before advancing to the next node.", "description_kind": "markdown", "computed": true}}, "description": "Then path nodes", "description_kind": "markdown", "block_types": {"delay": {"nesting_mode": "single", "block": {"attributes": {"delay_interval_condition": {"type": "string", "description": "If the delay is relative to a time window, this defines whether we advance when the window is active or inactive", "description_kind": "markdown", "computed": true}, "delay_seconds": {"type": "number", "description": "How long to delay before advancing to the next node in the path, in seconds", "description_kind": "markdown", "computed": true}, "delay_weekday_interval_config_id": {"type": "string", "description": "If the delay is relative to a time window, this identifies which window it is relative to", "description_kind": "markdown", "computed": true}}, "description": "", "description_kind": "plain"}, "max_items": 1}, "if_else": {"nesting_mode": "single", "block": {"attributes": {}, "description": "", "description_kind": "plain", "block_types": {"conditions": {"nesting_mode": "list", "block": {"attributes": {"operation": {"type": "string", "description": "The logical operation to be applied", "description_kind": "markdown", "computed": true}, "subject": {"type": "string", "description": "The subject of the condition, on which the operation is applied", "description_kind": "markdown", "computed": true}}, "description": "The prerequisite conditions that must all be satisfied", "description_kind": "markdown", "block_types": {"param_bindings": {"nesting_mode": "list", "block": {"attributes": {}, "description": "Bindings for the operation parameters", "description_kind": "markdown", "block_types": {"array_value": {"nesting_mode": "list", "block": {"attributes": {"literal": {"type": "string", "description": "If set, this is the literal value of the step parameter", "description_kind": "markdown", "computed": true}, "reference": {"type": "string", "description": "If set, this is the reference into the trigger scope that is the value of this parameter", "description_kind": "markdown", "computed": true}}, "description": "The array of literal or reference parameter values", "description_kind": "markdown"}}, "value": {"nesting_mode": "single", "block": {"attributes": {"literal": {"type": "string", "description": "If set, this is the literal value of the step parameter", "description_kind": "markdown", "computed": true}, "reference": {"type": "string", "description": "If set, this is the reference into the trigger scope that is the value of this parameter", "description_kind": "markdown", "computed": true}}, "description": "The literal or reference parameter value", "description_kind": "markdown"}, "max_items": 1}}}}}}}, "else_path": {"nesting_mode": "list", "block": {"attributes": {"id": {"type": "string", "description": "An ID for this node, unique within the escalation path.\n\nThis allows you to reference the node in other nodes, such as when configuring a 'repeat' node.", "description_kind": "markdown", "computed": true}, "type": {"type": "string", "description": "The type of this node. Available types are:\n* level: A set of targets (users or schedules) that should be paged, either all at once, or with a round-robin configuration.\n* notify_channel: Send the escalation to a Slack channel, where it can be acked by anyone in the channel.\n* if_else: Branch the escalation based on a set of conditions.\n* repeat: Go back to a previous node and repeat the logic from there.\n* delay: Pause the escalation for a configured duration before advancing to the next node.", "description_kind": "markdown", "computed": true}}, "description": "The nodes that form the levels if our condition is not met", "description_kind": "markdown", "block_types": {"delay": {"nesting_mode": "single", "block": {"attributes": {"delay_interval_condition": {"type": "string", "description": "If the delay is relative to a time window, this defines whether we advance when the window is active or inactive", "description_kind": "markdown", "computed": true}, "delay_seconds": {"type": "number", "description": "How long to delay before advancing to the next node in the path, in seconds", "description_kind": "markdown", "computed": true}, "delay_weekday_interval_config_id": {"type": "string", "description": "If the delay is relative to a time window, this identifies which window it is relative to", "description_kind": "markdown", "computed": true}}, "description": "", "description_kind": "plain"}, "max_items": 1}, "level": {"nesting_mode": "single", "block": {"attributes": {"ack_mode": {"type": "string", "description": "Controls the behaviour of acknowledgements for this level, with 'first' cancelling all other escalations on the same level when someone acks", "description_kind": "markdown", "computed": true}, "time_to_ack_interval_condition": {"type": "string", "description": "If the time to ack is relative to a time window, this defines whether we move when the window is active or inactive", "description_kind": "markdown", "computed": true}, "time_to_ack_seconds": {"type": "number", "description": "How long should we wait for this level to acknowledge before proceeding to the next node in the path?", "description_kind": "markdown", "computed": true}, "time_to_ack_weekday_interval_config_id": {"type": "string", "description": "If the time to ack is relative to a time window, this identifies which window it is relative to", "description_kind": "markdown", "computed": true}}, "description": "", "description_kind": "plain", "block_types": {"round_robin_config": {"nesting_mode": "single", "block": {"attributes": {"enabled": {"type": "bool", "description": "Whether round robin is enabled for this level", "description_kind": "markdown", "computed": true}, "rotate_after_seconds": {"type": "number", "description": "How long should we wait before rotating to the next target in a round robin, if not set will stick with a single target per level.", "description_kind": "markdown", "computed": true}}, "description": "", "description_kind": "plain"}, "max_items": 1}, "targets": {"nesting_mode": "list", "block": {"attributes": {"id": {"type": "string", "description": "Uniquely identifies an entity of this type", "description_kind": "markdown", "computed": true}, "schedule_mode": {"type": "string", "description": "Only set for schedule targets, and either currently_on_call, all_users or all_users_for_rota and specifies which users to fetch from the schedule", "description_kind": "markdown", "computed": true}, "type": {"type": "string", "description": "Controls what type of entity this target identifies, such as EscalationPolicy or User", "description_kind": "markdown", "computed": true}, "urgency": {"type": "string", "description": "The urgency of this escalation path target", "description_kind": "markdown", "computed": true}}, "description": "The targets (users or schedules) for this level", "description_kind": "markdown"}}}}, "max_items": 1}, "notify_channel": {"nesting_mode": "single", "block": {"attributes": {"time_to_ack_interval_condition": {"type": "string", "description": "If the time to ack is relative to a time window, this defines whether we move when the window is active or inactive", "description_kind": "markdown", "computed": true}, "time_to_ack_seconds": {"type": "number", "description": "How long should we wait for this level to acknowledge before moving on to the next node in the path?", "description_kind": "markdown", "computed": true}, "time_to_ack_weekday_interval_config_id": {"type": "string", "description": "If the time to ack is relative to a time window, this identifies which window it is relative to", "description_kind": "markdown", "computed": true}}, "description": "", "description_kind": "plain", "block_types": {"targets": {"nesting_mode": "list", "block": {"attributes": {"id": {"type": "string", "description": "Uniquely identifies an entity of this type", "description_kind": "markdown", "computed": true}, "schedule_mode": {"type": "string", "description": "Only set for schedule targets, and either currently_on_call, all_users or all_users_for_rota and specifies which users to fetch from the schedule", "description_kind": "markdown", "computed": true}, "type": {"type": "string", "description": "Controls what type of entity this target identifies, such as EscalationPolicy or User", "description_kind": "markdown", "computed": true}, "urgency": {"type": "string", "description": "The urgency of this escalation path target", "description_kind": "markdown", "computed": true}}, "description": "The targets (Slack channels) for this level", "description_kind": "markdown"}}}}, "max_items": 1}, "repeat": {"nesting_mode": "single", "block": {"attributes": {"repeat_times": {"type": "number", "description": "How many times to repeat these nodes", "description_kind": "markdown", "computed": true}, "to_node": {"type": "string", "description": "Which node ID we begin repeating from.", "description_kind": "markdown", "computed": true}}, "description": "", "description_kind": "plain"}, "max_items": 1}}}}, "then_path": {"nesting_mode": "list", "block": {"attributes": {"id": {"type": "string", "description": "An ID for this node, unique within the escalation path.\n\nThis allows you to reference the node in other nodes, such as when configuring a 'repeat' node.", "description_kind": "markdown", "computed": true}, "type": {"type": "string", "description": "The type of this node. Available types are:\n* level: A set of targets (users or schedules) that should be paged, either all at once, or with a round-robin configuration.\n* notify_channel: Send the escalation to a Slack channel, where it can be acked by anyone in the channel.\n* if_else: Branch the escalation based on a set of conditions.\n* repeat: Go back to a previous node and repeat the logic from there.\n* delay: Pause the escalation for a configured duration before advancing to the next node.", "description_kind": "markdown", "computed": true}}, "description": "Then path nodes", "description_kind": "markdown", "block_types": {"delay": {"nesting_mode": "single", "block": {"attributes": {"delay_interval_condition": {"type": "string", "description": "If the delay is relative to a time window, this defines whether we advance when the window is active or inactive", "description_kind": "markdown", "computed": true}, "delay_seconds": {"type": "number", "description": "How long to delay before advancing to the next node in the path, in seconds", "description_kind": "markdown", "computed": true}, "delay_weekday_interval_config_id": {"type": "string", "description": "If the delay is relative to a time window, this identifies which window it is relative to", "description_kind": "markdown", "computed": true}}, "description": "", "description_kind": "plain"}, "max_items": 1}, "level": {"nesting_mode": "single", "block": {"attributes": {"ack_mode": {"type": "string", "description": "Controls the behaviour of acknowledgements for this level, with 'first' cancelling all other escalations on the same level when someone acks", "description_kind": "markdown", "computed": true}, "time_to_ack_interval_condition": {"type": "string", "description": "If the time to ack is relative to a time window, this defines whether we move when the window is active or inactive", "description_kind": "markdown", "computed": true}, "time_to_ack_seconds": {"type": "number", "description": "How long should we wait for this level to acknowledge before proceeding to the next node in the path?", "description_kind": "markdown", "computed": true}, "time_to_ack_weekday_interval_config_id": {"type": "string", "description": "If the time to ack is relative to a time window, this identifies which window it is relative to", "description_kind": "markdown", "computed": true}}, "description": "", "description_kind": "plain", "block_types": {"round_robin_config": {"nesting_mode": "single", "block": {"attributes": {"enabled": {"type": "bool", "description": "Whether round robin is enabled for this level", "description_kind": "markdown", "computed": true}, "rotate_after_seconds": {"type": "number", "description": "How long should we wait before rotating to the next target in a round robin, if not set will stick with a single target per level.", "description_kind": "markdown", "computed": true}}, "description": "", "description_kind": "plain"}, "max_items": 1}, "targets": {"nesting_mode": "list", "block": {"attributes": {"id": {"type": "string", "description": "Uniquely identifies an entity of this type", "description_kind": "markdown", "computed": true}, "schedule_mode": {"type": "string", "description": "Only set for schedule targets, and either currently_on_call, all_users or all_users_for_rota and specifies which users to fetch from the schedule", "description_kind": "markdown", "computed": true}, "type": {"type": "string", "description": "Controls what type of entity this target identifies, such as EscalationPolicy or User", "description_kind": "markdown", "computed": true}, "urgency": {"type": "string", "description": "The urgency of this escalation path target", "description_kind": "markdown", "computed": true}}, "description": "The targets (users or schedules) for this level", "description_kind": "markdown"}}}}, "max_items": 1}, "notify_channel": {"nesting_mode": "single", "block": {"attributes": {"time_to_ack_interval_condition": {"type": "string", "description": "If the time to ack is relative to a time window, this defines whether we move when the window is active or inactive", "description_kind": "markdown", "computed": true}, "time_to_ack_seconds": {"type": "number", "description": "How long should we wait for this level to acknowledge before moving on to the next node in the path?", "description_kind": "markdown", "computed": true}, "time_to_ack_weekday_interval_config_id": {"type": "string", "description": "If the time to ack is relative to a time window, this identifies which window it is relative to", "description_kind": "markdown", "computed": true}}, "description": "", "description_kind": "plain", "block_types": {"targets": {"nesting_mode": "list", "block": {"attributes": {"id": {"type": "string", "description": "Uniquely identifies an entity of this type", "description_kind": "markdown", "computed": true}, "schedule_mode": {"type": "string", "description": "Only set for schedule targets, and either currently_on_call, all_users or all_users_for_rota and specifies which users to fetch from the schedule", "description_kind": "markdown", "computed": true}, "type": {"type": "string", "description": "Controls what type of entity this target identifies, such as EscalationPolicy or User", "description_kind": "markdown", "computed": true}, "urgency": {"type": "string", "description": "The urgency of this escalation path target", "description_kind": "markdown", "computed": true}}, "description": "The targets (Slack channels) for this level", "description_kind": "markdown"}}}}, "max_items": 1}, "repeat": {"nesting_mode": "single", "block": {"attributes": {"repeat_times": {"type": "number", "description": "How many times to repeat these nodes", "description_kind": "markdown", "computed": true}, "to_node": {"type": "string", "description": "Which node ID we begin repeating from.", "description_kind": "markdown", "computed": true}}, "description": "", "description_kind": "plain"}, "max_items": 1}}}}}}, "max_items": 1}, "level": {"nesting_mode": "single", "block": {"attributes": {"ack_mode": {"type": "string", "description": "Controls the behaviour of acknowledgements for this level, with 'first' cancelling all other escalations on the same level when someone acks", "description_kind": "markdown", "computed": true}, "time_to_ack_interval_condition": {"type": "string", "description": "If the time to ack is relative to a time window, this defines whether we move when the window is active or inactive", "description_kind": "markdown", "computed": true}, "time_to_ack_seconds": {"type": "number", "description": "How long should we wait for this level to acknowledge before proceeding to the next node in the path?", "description_kind": "markdown", "computed": true}, "time_to_ack_weekday_interval_config_id": {"type": "string", "description": "If the time to ack is relative to a time window, this identifies which window it is relative to", "description_kind": "markdown", "computed": true}}, "description": "", "description_kind": "plain", "block_types": {"round_robin_config": {"nesting_mode": "single", "block": {"attributes": {"enabled": {"type": "bool", "description": "Whether round robin is enabled for this level", "description_kind": "markdown", "computed": true}, "rotate_after_seconds": {"type": "number", "description": "How long should we wait before rotating to the next target in a round robin, if not set will stick with a single target per level.", "description_kind": "markdown", "computed": true}}, "description": "", "description_kind": "plain"}, "max_items": 1}, "targets": {"nesting_mode": "list", "block": {"attributes": {"id": {"type": "string", "description": "Uniquely identifies an entity of this type", "description_kind": "markdown", "computed": true}, "schedule_mode": {"type": "string", "description": "Only set for schedule targets, and either currently_on_call, all_users or all_users_for_rota and specifies which users to fetch from the schedule", "description_kind": "markdown", "computed": true}, "type": {"type": "string", "description": "Controls what type of entity this target identifies, such as EscalationPolicy or User", "description_kind": "markdown", "computed": true}, "urgency": {"type": "string", "description": "The urgency of this escalation path target", "description_kind": "markdown", "computed": true}}, "description": "The targets (users or schedules) for this level", "description_kind": "markdown"}}}}, "max_items": 1}, "notify_channel": {"nesting_mode": "single", "block": {"attributes": {"time_to_ack_interval_condition": {"type": "string", "description": "If the time to ack is relative to a time window, this defines whether we move when the window is active or inactive", "description_kind": "markdown", "computed": true}, "time_to_ack_seconds": {"type": "number", "description": "How long should we wait for this level to acknowledge before moving on to the next node in the path?", "description_kind": "markdown", "computed": true}, "time_to_ack_weekday_interval_config_id": {"type": "string", "description": "If the time to ack is relative to a time window, this identifies which window it is relative to", "description_kind": "markdown", "computed": true}}, "description": "", "description_kind": "plain", "block_types": {"targets": {"nesting_mode": "list", "block": {"attributes": {"id": {"type": "string", "description": "Uniquely identifies an entity of this type", "description_kind": "markdown", "computed": true}, "schedule_mode": {"type": "string", "description": "Only set for schedule targets, and either currently_on_call, all_users or all_users_for_rota and specifies which users to fetch from the schedule", "description_kind": "markdown", "computed": true}, "type": {"type": "string", "description": "Controls what type of entity this target identifies, such as EscalationPolicy or User", "description_kind": "markdown", "computed": true}, "urgency": {"type": "string", "description": "The urgency of this escalation path target", "description_kind": "markdown", "computed": true}}, "description": "The targets (Slack channels) for this level", "description_kind": "markdown"}}}}, "max_items": 1}, "repeat": {"nesting_mode": "single", "block": {"attributes": {"repeat_times": {"type": "number", "description": "How many times to repeat these nodes", "description_kind": "markdown", "computed": true}, "to_node": {"type": "string", "description": "Which node ID we begin repeating from.", "description_kind": "markdown", "computed": true}}, "description": "", "description_kind": "plain"}, "max_items": 1}}}}}}, "max_items": 1}, "level": {"nesting_mode": "single", "block": {"attributes": {"ack_mode": {"type": "string", "description": "Controls the behaviour of acknowledgements for this level, with 'first' cancelling all other escalations on the same level when someone acks", "description_kind": "markdown", "computed": true}, "time_to_ack_interval_condition": {"type": "string", "description": "If the time to ack is relative to a time window, this defines whether we move when the window is active or inactive", "description_kind": "markdown", "computed": true}, "time_to_ack_seconds": {"type": "number", "description": "How long should we wait for this level to acknowledge before proceeding to the next node in the path?", "description_kind": "markdown", "computed": true}, "time_to_ack_weekday_interval_config_id": {"type": "string", "description": "If the time to ack is relative to a time window, this identifies which window it is relative to", "description_kind": "markdown", "computed": true}}, "description": "", "description_kind": "plain", "block_types": {"round_robin_config": {"nesting_mode": "single", "block": {"attributes": {"enabled": {"type": "bool", "description": "Whether round robin is enabled for this level", "description_kind": "markdown", "computed": true}, "rotate_after_seconds": {"type": "number", "description": "How long should we wait before rotating to the next target in a round robin, if not set will stick with a single target per level.", "description_kind": "markdown", "computed": true}}, "description": "", "description_kind": "plain"}, "max_items": 1}, "targets": {"nesting_mode": "list", "block": {"attributes": {"id": {"type": "string", "description": "Uniquely identifies an entity of this type", "description_kind": "markdown", "computed": true}, "schedule_mode": {"type": "string", "description": "Only set for schedule targets, and either currently_on_call, all_users or all_users_for_rota and specifies which users to fetch from the schedule", "description_kind": "markdown", "computed": true}, "type": {"type": "string", "description": "Controls what type of entity this target identifies, such as EscalationPolicy or User", "description_kind": "markdown", "computed": true}, "urgency": {"type": "string", "description": "The urgency of this escalation path target", "description_kind": "markdown", "computed": true}}, "description": "The targets (users or schedules) for this level", "description_kind": "markdown"}}}}, "max_items": 1}, "notify_channel": {"nesting_mode": "single", "block": {"attributes": {"time_to_ack_interval_condition": {"type": "string", "description": "If the time to ack is relative to a time window, this defines whether we move when the window is active or inactive", "description_kind": "markdown", "computed": true}, "time_to_ack_seconds": {"type": "number", "description": "How long should we wait for this level to acknowledge before moving on to the next node in the path?", "description_kind": "markdown", "computed": true}, "time_to_ack_weekday_interval_config_id": {"type": "string", "description": "If the time to ack is relative to a time window, this identifies which window it is relative to", "description_kind": "markdown", "computed": true}}, "description": "", "description_kind": "plain", "block_types": {"targets": {"nesting_mode": "list", "block": {"attributes": {"id": {"type": "string", "description": "Uniquely identifies an entity of this type", "description_kind": "markdown", "computed": true}, "schedule_mode": {"type": "string", "description": "Only set for schedule targets, and either currently_on_call, all_users or all_users_for_rota and specifies which users to fetch from the schedule", "description_kind": "markdown", "computed": true}, "type": {"type": "string", "description": "Controls what type of entity this target identifies, such as EscalationPolicy or User", "description_kind": "markdown", "computed": true}, "urgency": {"type": "string", "description": "The urgency of this escalation path target", "description_kind": "markdown", "computed": true}}, "description": "The targets (Slack channels) for this level", "description_kind": "markdown"}}}}, "max_items": 1}, "repeat": {"nesting_mode": "single", "block": {"attributes": {"repeat_times": {"type": "number", "description": "How many times to repeat these nodes", "description_kind": "markdown", "computed": true}, "to_node": {"type": "string", "description": "Which node ID we begin repeating from.", "description_kind": "markdown", "computed": true}}, "description": "", "description_kind": "plain"}, "max_items": 1}}}}}}, "max_items": 1}, "level": {"nesting_mode": "single", "block": {"attributes": {"ack_mode": {"type": "string", "description": "Controls the behaviour of acknowledgements for this level, with 'first' cancelling all other escalations on the same level when someone acks", "description_kind": "markdown", "computed": true}, "time_to_ack_interval_condition": {"type": "string", "description": "If the time to ack is relative to a time window, this defines whether we move when the window is active or inactive", "description_kind": "markdown", "computed": true}, "time_to_ack_seconds": {"type": "number", "description": "How long should we wait for this level to acknowledge before proceeding to the next node in the path?", "description_kind": "markdown", "computed": true}, "time_to_ack_weekday_interval_config_id": {"type": "string", "description": "If the time to ack is relative to a time window, this identifies which window it is relative to", "description_kind": "markdown", "computed": true}}, "description": "", "description_kind": "plain", "block_types": {"round_robin_config": {"nesting_mode": "single", "block": {"attributes": {"enabled": {"type": "bool", "description": "Whether round robin is enabled for this level", "description_kind": "markdown", "computed": true}, "rotate_after_seconds": {"type": "number", "description": "How long should we wait before rotating to the next target in a round robin, if not set will stick with a single target per level.", "description_kind": "markdown", "computed": true}}, "description": "", "description_kind": "plain"}, "max_items": 1}, "targets": {"nesting_mode": "list", "block": {"attributes": {"id": {"type": "string", "description": "Uniquely identifies an entity of this type", "description_kind": "markdown", "computed": true}, "schedule_mode": {"type": "string", "description": "Only set for schedule targets, and either currently_on_call, all_users or all_users_for_rota and specifies which users to fetch from the schedule", "description_kind": "markdown", "computed": true}, "type": {"type": "string", "description": "Controls what type of entity this target identifies, such as EscalationPolicy or User", "description_kind": "markdown", "computed": true}, "urgency": {"type": "string", "description": "The urgency of this escalation path target", "description_kind": "markdown", "computed": true}}, "description": "The targets (users or schedules) for this level", "description_kind": "markdown"}}}}, "max_items": 1}, "notify_channel": {"nesting_mode": "single", "block": {"attributes": {"time_to_ack_interval_condition": {"type": "string", "description": "If the time to ack is relative to a time window, this defines whether we move when the window is active or inactive", "description_kind": "markdown", "computed": true}, "time_to_ack_seconds": {"type": "number", "description": "How long should we wait for this level to acknowledge before moving on to the next node in the path?", "description_kind": "markdown", "computed": true}, "time_to_ack_weekday_interval_config_id": {"type": "string", "description": "If the time to ack is relative to a time window, this identifies which window it is relative to", "description_kind": "markdown", "computed": true}}, "description": "", "description_kind": "plain", "block_types": {"targets": {"nesting_mode": "list", "block": {"attributes": {"id": {"type": "string", "description": "Uniquely identifies an entity of this type", "description_kind": "markdown", "computed": true}, "schedule_mode": {"type": "string", "description": "Only set for schedule targets, and either currently_on_call, all_users or all_users_for_rota and specifies which users to fetch from the schedule", "description_kind": "markdown", "computed": true}, "type": {"type": "string", "description": "Controls what type of entity this target identifies, such as EscalationPolicy or User", "description_kind": "markdown", "computed": true}, "urgency": {"type": "string", "description": "The urgency of this escalation path target", "description_kind": "markdown", "computed": true}}, "description": "The targets (Slack channels) for this level", "description_kind": "markdown"}}}}, "max_items": 1}, "repeat": {"nesting_mode": "single", "block": {"attributes": {"repeat_times": {"type": "number", "description": "How many times to repeat these nodes", "description_kind": "markdown", "computed": true}, "to_node": {"type": "string", "description": "Which node ID we begin repeating from.", "description_kind": "markdown", "computed": true}}, "description": "", "description_kind": "plain"}, "max_items": 1}}}}, "then_path": {"nesting_mode": "list", "block": {"attributes": {"id": {"type": "string", "description": "An ID for this node, unique within the escalation path.\n\nThis allows you to reference the node in other nodes, such as when configuring a 'repeat' node.", "description_kind": "markdown", "computed": true}, "type": {"type": "string", "description": "The type of this node. Available types are:\n* level: A set of targets (users or schedules) that should be paged, either all at once, or with a round-robin configuration.\n* notify_channel: Send the escalation to a Slack channel, where it can be acked by anyone in the channel.\n* if_else: Branch the escalation based on a set of conditions.\n* repeat: Go back to a previous node and repeat the logic from there.\n* delay: Pause the escalation for a configured duration before advancing to the next node.", "description_kind": "markdown", "computed": true}}, "description": "Then path nodes", "description_kind": "markdown", "block_types": {"delay": {"nesting_mode": "single", "block": {"attributes": {"delay_interval_condition": {"type": "string", "description": "If the delay is relative to a time window, this defines whether we advance when the window is active or inactive", "description_kind": "markdown", "computed": true}, "delay_seconds": {"type": "number", "description": "How long to delay before advancing to the next node in the path, in seconds", "description_kind": "markdown", "computed": true}, "delay_weekday_interval_config_id": {"type": "string", "description": "If the delay is relative to a time window, this identifies which window it is relative to", "description_kind": "markdown", "computed": true}}, "description": "", "description_kind": "plain"}, "max_items": 1}, "if_else": {"nesting_mode": "single", "block": {"attributes": {}, "description": "", "description_kind": "plain", "block_types": {"conditions": {"nesting_mode": "list", "block": {"attributes": {"operation": {"type": "string", "description": "The logical operation to be applied", "description_kind": "markdown", "computed": true}, "subject": {"type": "string", "description": "The subject of the condition, on which the operation is applied", "description_kind": "markdown", "computed": true}}, "description": "The prerequisite conditions that must all be satisfied", "description_kind": "markdown", "block_types": {"param_bindings": {"nesting_mode": "list", "block": {"attributes": {}, "description": "Bindings for the operation parameters", "description_kind": "markdown", "block_types": {"array_value": {"nesting_mode": "list", "block": {"attributes": {"literal": {"type": "string", "description": "If set, this is the literal value of the step parameter", "description_kind": "markdown", "computed": true}, "reference": {"type": "string", "description": "If set, this is the reference into the trigger scope that is the value of this parameter", "description_kind": "markdown", "computed": true}}, "description": "The array of literal or reference parameter values", "description_kind": "markdown"}}, "value": {"nesting_mode": "single", "block": {"attributes": {"literal": {"type": "string", "description": "If set, this is the literal value of the step parameter", "description_kind": "markdown", "computed": true}, "reference": {"type": "string", "description": "If set, this is the reference into the trigger scope that is the value of this parameter", "description_kind": "markdown", "computed": true}}, "description": "The literal or reference parameter value", "description_kind": "markdown"}, "max_items": 1}}}}}}}, "else_path": {"nesting_mode": "list", "block": {"attributes": {"id": {"type": "string", "description": "An ID for this node, unique within the escalation path.\n\nThis allows you to reference the node in other nodes, such as when configuring a 'repeat' node.", "description_kind": "markdown", "computed": true}, "type": {"type": "string", "description": "The type of this node. Available types are:\n* level: A set of targets (users or schedules) that should be paged, either all at once, or with a round-robin configuration.\n* notify_channel: Send the escalation to a Slack channel, where it can be acked by anyone in the channel.\n* if_else: Branch the escalation based on a set of conditions.\n* repeat: Go back to a previous node and repeat the logic from there.\n* delay: Pause the escalation for a configured duration before advancing to the next node.", "description_kind": "markdown", "computed": true}}, "description": "The nodes that form the levels if our condition is not met", "description_kind": "markdown", "block_types": {"delay": {"nesting_mode": "single", "block": {"attributes": {"delay_interval_condition": {"type": "string", "description": "If the delay is relative to a time window, this defines whether we advance when the window is active or inactive", "description_kind": "markdown", "computed": true}, "delay_seconds": {"type": "number", "description": "How long to delay before advancing to the next node in the path, in seconds", "description_kind": "markdown", "computed": true}, "delay_weekday_interval_config_id": {"type": "string", "description": "If the delay is relative to a time window, this identifies which window it is relative to", "description_kind": "markdown", "computed": true}}, "description": "", "description_kind": "plain"}, "max_items": 1}, "if_else": {"nesting_mode": "single", "block": {"attributes": {}, "description": "", "description_kind": "plain", "block_types": {"conditions": {"nesting_mode": "list", "block": {"attributes": {"operation": {"type": "string", "description": "The logical operation to be applied", "description_kind": "markdown", "computed": true}, "subject": {"type": "string", "description": "The subject of the condition, on which the operation is applied", "description_kind": "markdown", "computed": true}}, "description": "The prerequisite conditions that must all be satisfied", "description_kind": "markdown", "block_types": {"param_bindings": {"nesting_mode": "list", "block": {"attributes": {}, "description": "Bindings for the operation parameters", "description_kind": "markdown", "block_types": {"array_value": {"nesting_mode": "list", "block": {"attributes": {"literal": {"type": "string", "description": "If set, this is the literal value of the step parameter", "description_kind": "markdown", "computed": true}, "reference": {"type": "string", "description": "If set, this is the reference into the trigger scope that is the value of this parameter", "description_kind": "markdown", "computed": true}}, "description": "The array of literal or reference parameter values", "description_kind": "markdown"}}, "value": {"nesting_mode": "single", "block": {"attributes": {"literal": {"type": "string", "description": "If set, this is the literal value of the step parameter", "description_kind": "markdown", "computed": true}, "reference": {"type": "string", "description": "If set, this is the reference into the trigger scope that is the value of this parameter", "description_kind": "markdown", "computed": true}}, "description": "The literal or reference parameter value", "description_kind": "markdown"}, "max_items": 1}}}}}}}, "else_path": {"nesting_mode": "list", "block": {"attributes": {"id": {"type": "string", "description": "An ID for this node, unique within the escalation path.\n\nThis allows you to reference the node in other nodes, such as when configuring a 'repeat' node.", "description_kind": "markdown", "computed": true}, "type": {"type": "string", "description": "The type of this node. Available types are:\n* level: A set of targets (users or schedules) that should be paged, either all at once, or with a round-robin configuration.\n* notify_channel: Send the escalation to a Slack channel, where it can be acked by anyone in the channel.\n* if_else: Branch the escalation based on a set of conditions.\n* repeat: Go back to a previous node and repeat the logic from there.\n* delay: Pause the escalation for a configured duration before advancing to the next node.", "description_kind": "markdown", "computed": true}}, "description": "The nodes that form the levels if our condition is not met", "description_kind": "markdown", "block_types": {"delay": {"nesting_mode": "single", "block": {"attributes": {"delay_interval_condition": {"type": "string", "description": "If the delay is relative to a time window, this defines whether we advance when the window is active or inactive", "description_kind": "markdown", "computed": true}, "delay_seconds": {"type": "number", "description": "How long to delay before advancing to the next node in the path, in seconds", "description_kind": "markdown", "computed": true}, "delay_weekday_interval_config_id": {"type": "string", "description": "If the delay is relative to a time window, this identifies which window it is relative to", "description_kind": "markdown", "computed": true}}, "description": "", "description_kind": "plain"}, "max_items": 1}, "if_else": {"nesting_mode": "single", "block": {"attributes": {}, "description": "", "description_kind": "plain", "block_types": {"conditions": {"nesting_mode": "list", "block": {"attributes": {"operation": {"type": "string", "description": "The logical operation to be applied", "description_kind": "markdown", "computed": true}, "subject": {"type": "string", "description": "The subject of the condition, on which the operation is applied", "description_kind": "markdown", "computed": true}}, "description": "The prerequisite conditions that must all be satisfied", "description_kind": "markdown", "block_types": {"param_bindings": {"nesting_mode": "list", "block": {"attributes": {}, "description": "Bindings for the operation parameters", "description_kind": "markdown", "block_types": {"array_value": {"nesting_mode": "list", "block": {"attributes": {"literal": {"type": "string", "description": "If set, this is the literal value of the step parameter", "description_kind": "markdown", "computed": true}, "reference": {"type": "string", "description": "If set, this is the reference into the trigger scope that is the value of this parameter", "description_kind": "markdown", "computed": true}}, "description": "The array of literal or reference parameter values", "description_kind": "markdown"}}, "value": {"nesting_mode": "single", "block": {"attributes": {"literal": {"type": "string", "description": "If set, this is the literal value of the step parameter", "description_kind": "markdown", "computed": true}, "reference": {"type": "string", "description": "If set, this is the reference into the trigger scope that is the value of this parameter", "description_kind": "markdown", "computed": true}}, "description": "The literal or reference parameter value", "description_kind": "markdown"}, "max_items": 1}}}}}}}, "else_path": {"nesting_mode": "list", "block": {"attributes": {"id": {"type": "string", "description": "An ID for this node, unique within the escalation path.\n\nThis allows you to reference the node in other nodes, such as when configuring a 'repeat' node.", "description_kind": "markdown", "computed": true}, "type": {"type": "string", "description": "The type of this node. Available types are:\n* level: A set of targets (users or schedules) that should be paged, either all at once, or with a round-robin configuration.\n* notify_channel: Send the escalation to a Slack channel, where it can be acked by anyone in the channel.\n* if_else: Branch the escalation based on a set of conditions.\n* repeat: Go back to a previous node and repeat the logic from there.\n* delay: Pause the escalation for a configured duration before advancing to the next node.", "description_kind": "markdown", "computed": true}}, "description": "The nodes that form the levels if our condition is not met", "description_kind": "markdown", "block_types": {"delay": {"nesting_mode": "single", "block": {"attributes": {"delay_interval_condition": {"type": "string", "description": "If the delay is relative to a time window, this defines whether we advance when the window is active or inactive", "description_kind": "markdown", "computed": true}, "delay_seconds": {"type": "number", "description": "How long to delay before advancing to the next node in the path, in seconds", "description_kind": "markdown", "computed": true}, "delay_weekday_interval_config_id": {"type": "string", "description": "If the delay is relative to a time window, this identifies which window it is relative to", "description_kind": "markdown", "computed": true}}, "description": "", "description_kind": "plain"}, "max_items": 1}, "level": {"nesting_mode": "single", "block": {"attributes": {"ack_mode": {"type": "string", "description": "Controls the behaviour of acknowledgements for this level, with 'first' cancelling all other escalations on the same level when someone acks", "description_kind": "markdown", "computed": true}, "time_to_ack_interval_condition": {"type": "string", "description": "If the time to ack is relative to a time window, this defines whether we move when the window is active or inactive", "description_kind": "markdown", "computed": true}, "time_to_ack_seconds": {"type": "number", "description": "How long should we wait for this level to acknowledge before proceeding to the next node in the path?", "description_kind": "markdown", "computed": true}, "time_to_ack_weekday_interval_config_id": {"type": "string", "description": "If the time to ack is relative to a time window, this identifies which window it is relative to", "description_kind": "markdown", "computed": true}}, "description": "", "description_kind": "plain", "block_types": {"round_robin_config": {"nesting_mode": "single", "block": {"attributes": {"enabled": {"type": "bool", "description": "Whether round robin is enabled for this level", "description_kind": "markdown", "computed": true}, "rotate_after_seconds": {"type": "number", "description": "How long should we wait before rotating to the next target in a round robin, if not set will stick with a single target per level.", "description_kind": "markdown", "computed": true}}, "description": "", "description_kind": "plain"}, "max_items": 1}, "targets": {"nesting_mode": "list", "block": {"attributes": {"id": {"type": "string", "description": "Uniquely identifies an entity of this type", "description_kind": "markdown", "computed": true}, "schedule_mode": {"type": "string", "description": "Only set for schedule targets, and either currently_on_call, all_users or all_users_for_rota and specifies which users to fetch from the schedule", "description_kind": "markdown", "computed": true}, "type": {"type": "string", "description": "Controls what type of entity this target identifies, such as EscalationPolicy or User", "description_kind": "markdown", "computed": true}, "urgency": {"type": "string", "description": "The urgency of this escalation path target", "description_kind": "markdown", "computed": true}}, "description": "The targets (users or schedules) for this level", "description_kind": "markdown"}}}}, "max_items": 1}, "notify_channel": {"nesting_mode": "single", "block": {"attributes": {"time_to_ack_interval_condition": {"type": "string", "description": "If the time to ack is relative to a time window, this defines whether we move when the window is active or inactive", "description_kind": "markdown", "computed": true}, "time_to_ack_seconds": {"type": "number", "description": "How long should we wait for this level to acknowledge before moving on to the next node in the path?", "description_kind": "markdown", "computed": true}, "time_to_ack_weekday_interval_config_id": {"type": "string", "description": "If the time to ack is relative to a time window, this identifies which window it is relative to", "description_kind": "markdown", "computed": true}}, "description": "", "description_kind": "plain", "block_types": {"targets": {"nesting_mode": "list", "block": {"attributes": {"id": {"type": "string", "description": "Uniquely identifies an entity of this type", "description_kind": "markdown", "computed": true}, "schedule_mode": {"type": "string", "description": "Only set for schedule targets, and either currently_on_call, all_users or all_users_for_rota and specifies which users to fetch from the schedule", "description_kind": "markdown", "computed": true}, "type": {"type": "string", "description": "Controls what type of entity this target identifies, such as EscalationPolicy or User", "description_kind": "markdown", "computed": true}, "urgency": {"type": "string", "description": "The urgency of this escalation path target", "description_kind": "markdown", "computed": true}}, "description": "The targets (Slack channels) for this level", "description_kind": "markdown"}}}}, "max_items": 1}, "repeat": {"nesting_mode": "single", "block": {"attributes": {"repeat_times": {"type": "number", "description": "How many times to repeat these nodes", "description_kind": "markdown", "computed": true}, "to_node": {"type": "string", "description": "Which node ID we begin repeating from.", "description_kind": "markdown", "computed": true}}, "description": "", "description_kind": "plain"}, "max_items": 1}}}}, "then_path": {"nesting_mode": "list", "block": {"attributes": {"id": {"type": "string", "description": "An ID for this node, unique within the escalation path.\n\nThis allows you to reference the node in other nodes, such as when configuring a 'repeat' node.", "description_kind": "markdown", "computed": true}, "type": {"type": "string", "description": "The type of this node. Available types are:\n* level: A set of targets (users or schedules) that should be paged, either all at once, or with a round-robin configuration.\n* notify_channel: Send the escalation to a Slack channel, where it can be acked by anyone in the channel.\n* if_else: Branch the escalation based on a set of conditions.\n* repeat: Go back to a previous node and repeat the logic from there.\n* delay: Pause the escalation for a configured duration before advancing to the next node.", "description_kind": "markdown", "computed": true}}, "description": "Then path nodes", "description_kind": "markdown", "block_types": {"delay": {"nesting_mode": "single", "block": {"attributes": {"delay_interval_condition": {"type": "string", "description": "If the delay is relative to a time window, this defines whether we advance when the window is active or inactive", "description_kind": "markdown", "computed": true}, "delay_seconds": {"type": "number", "description": "How long to delay before advancing to the next node in the path, in seconds", "description_kind": "markdown", "computed": true}, "delay_weekday_interval_config_id": {"type": "string", "description": "If the delay is relative to a time window, this identifies which window it is relative to", "description_kind": "markdown", "computed": true}}, "description": "", "description_kind": "plain"}, "max_items": 1}, "level": {"nesting_mode": "single", "block": {"attributes": {"ack_mode": {"type": "string", "description": "Controls the behaviour of acknowledgements for this level, with 'first' cancelling all other escalations on the same level when someone acks", "description_kind": "markdown", "computed": true}, "time_to_ack_interval_condition": {"type": "string", "description": "If the time to ack is relative to a time window, this defines whether we move when the window is active or inactive", "description_kind": "markdown", "computed": true}, "time_to_ack_seconds": {"type": "number", "description": "How long should we wait for this level to acknowledge before proceeding to the next node in the path?", "description_kind": "markdown", "computed": true}, "time_to_ack_weekday_interval_config_id": {"type": "string", "description": "If the time to ack is relative to a time window, this identifies which window it is relative to", "description_kind": "markdown", "computed": true}}, "description": "", "description_kind": "plain", "block_types": {"round_robin_config": {"nesting_mode": "single", "block": {"attributes": {"enabled": {"type": "bool", "description": "Whether round robin is enabled for this level", "description_kind": "markdown", "computed": true}, "rotate_after_seconds": {"type": "number", "description": "How long should we wait before rotating to the next target in a round robin, if not set will stick with a single target per level.", "description_kind": "markdown", "computed": true}}, "description": "", "description_kind": "plain"}, "max_items": 1}, "targets": {"nesting_mode": "list", "block": {"attributes": {"id": {"type": "string", "description": "Uniquely identifies an entity of this type", "description_kind": "markdown", "computed": true}, "schedule_mode": {"type": "string", "description": "Only set for schedule targets, and either currently_on_call, all_users or all_users_for_rota and specifies which users to fetch from the schedule", "description_kind": "markdown", "computed": true}, "type": {"type": "string", "description": "Controls what type of entity this target identifies, such as EscalationPolicy or User", "description_kind": "markdown", "computed": true}, "urgency": {"type": "string", "description": "The urgency of this escalation path target", "description_kind": "markdown", "computed": true}}, "description": "The targets (users or schedules) for this level", "description_kind": "markdown"}}}}, "max_items": 1}, "notify_channel": {"nesting_mode": "single", "block": {"attributes": {"time_to_ack_interval_condition": {"type": "string", "description": "If the time to ack is relative to a time window, this defines whether we move when the window is active or inactive", "description_kind": "markdown", "computed": true}, "time_to_ack_seconds": {"type": "number", "description": "How long should we wait for this level to acknowledge before moving on to the next node in the path?", "description_kind": "markdown", "computed": true}, "time_to_ack_weekday_interval_config_id": {"type": "string", "description": "If the time to ack is relative to a time window, this identifies which window it is relative to", "description_kind": "markdown", "computed": true}}, "description": "", "description_kind": "plain", "block_types": {"targets": {"nesting_mode": "list", "block": {"attributes": {"id": {"type": "string", "description": "Uniquely identifies an entity of this type", "description_kind": "markdown", "computed": true}, "schedule_mode": {"type": "string", "description": "Only set for schedule targets, and either currently_on_call, all_users or all_users_for_rota and specifies which users to fetch from the schedule", "description_kind": "markdown", "computed": true}, "type": {"type": "string", "description": "Controls what type of entity this target identifies, such as EscalationPolicy or User", "description_kind": "markdown", "computed": true}, "urgency": {"type": "string", "description": "The urgency of this escalation path target", "description_kind": "markdown", "computed": true}}, "description": "The targets (Slack channels) for this level", "description_kind": "markdown"}}}}, "max_items": 1}, "repeat": {"nesting_mode": "single", "block": {"attributes": {"repeat_times": {"type": "number", "description": "How many times to repeat these nodes", "description_kind": "markdown", "computed": true}, "to_node": {"type": "string", "description": "Which node ID we begin repeating from.", "description_kind": "markdown", "computed": true}}, "description": "", "description_kind": "plain"}, "max_items": 1}}}}}}, "max_items": 1}, "level": {"nesting_mode": "single", "block": {"attributes": {"ack_mode": {"type": "string", "description": "Controls the behaviour of acknowledgements for this level, with 'first' cancelling all other escalations on the same level when someone acks", "description_kind": "markdown", "computed": true}, "time_to_ack_interval_condition": {"type": "string", "description": "If the time to ack is relative to a time window, this defines whether we move when the window is active or inactive", "description_kind": "markdown", "computed": true}, "time_to_ack_seconds": {"type": "number", "description": "How long should we wait for this level to acknowledge before proceeding to the next node in the path?", "description_kind": "markdown", "computed": true}, "time_to_ack_weekday_interval_config_id": {"type": "string", "description": "If the time to ack is relative to a time window, this identifies which window it is relative to", "description_kind": "markdown", "computed": true}}, "description": "", "description_kind": "plain", "block_types": {"round_robin_config": {"nesting_mode": "single", "block": {"attributes": {"enabled": {"type": "bool", "description": "Whether round robin is enabled for this level", "description_kind": "markdown", "computed": true}, "rotate_after_seconds": {"type": "number", "description": "How long should we wait before rotating to the next target in a round robin, if not set will stick with a single target per level.", "description_kind": "markdown", "computed": true}}, "description": "", "description_kind": "plain"}, "max_items": 1}, "targets": {"nesting_mode": "list", "block": {"attributes": {"id": {"type": "string", "description": "Uniquely identifies an entity of this type", "description_kind": "markdown", "computed": true}, "schedule_mode": {"type": "string", "description": "Only set for schedule targets, and either currently_on_call, all_users or all_users_for_rota and specifies which users to fetch from the schedule", "description_kind": "markdown", "computed": true}, "type": {"type": "string", "description": "Controls what type of entity this target identifies, such as EscalationPolicy or User", "description_kind": "markdown", "computed": true}, "urgency": {"type": "string", "description": "The urgency of this escalation path target", "description_kind": "markdown", "computed": true}}, "description": "The targets (users or schedules) for this level", "description_kind": "markdown"}}}}, "max_items": 1}, "notify_channel": {"nesting_mode": "single", "block": {"attributes": {"time_to_ack_interval_condition": {"type": "string", "description": "If the time to ack is relative to a time window, this defines whether we move when the window is active or inactive", "description_kind": "markdown", "computed": true}, "time_to_ack_seconds": {"type": "number", "description": "How long should we wait for this level to acknowledge before moving on to the next node in the path?", "description_kind": "markdown", "computed": true}, "time_to_ack_weekday_interval_config_id": {"type": "string", "description": "If the time to ack is relative to a time window, this identifies which window it is relative to", "description_kind": "markdown", "computed": true}}, "description": "", "description_kind": "plain", "block_types": {"targets": {"nesting_mode": "list", "block": {"attributes": {"id": {"type": "string", "description": "Uniquely identifies an entity of this type", "description_kind": "markdown", "computed": true}, "schedule_mode": {"type": "string", "description": "Only set for schedule targets, and either currently_on_call, all_users or all_users_for_rota and specifies which users to fetch from the schedule", "description_kind": "markdown", "computed": true}, "type": {"type": "string", "description": "Controls what type of entity this target identifies, such as EscalationPolicy or User", "description_kind": "markdown", "computed": true}, "urgency": {"type": "string", "description": "The urgency of this escalation path target", "description_kind": "markdown", "computed": true}}, "description": "The targets (Slack channels) for this level", "description_kind": "markdown"}}}}, "max_items": 1}, "repeat": {"nesting_mode": "single", "block": {"attributes": {"repeat_times": {"type": "number", "description": "How many times to repeat these nodes", "description_kind": "markdown", "computed": true}, "to_node": {"type": "string", "description": "Which node ID we begin repeating from.", "description_kind": "markdown", "computed": true}}, "description": "", "description_kind": "plain"}, "max_items": 1}}}}, "then_path": {"nesting_mode": "list", "block": {"attributes": {"id": {"type": "string", "description": "An ID for this node, unique within the escalation path.\n\nThis allows you to reference the node in other nodes, such as when configuring a 'repeat' node.", "description_kind": "markdown", "computed": true}, "type": {"type": "string", "description": "The type of this node. Available types are:\n* level: A set of targets (users or schedules) that should be paged, either all at once, or with a round-robin configuration.\n* notify_channel: Send the escalation to a Slack channel, where it can be acked by anyone in the channel.\n* if_else: Branch the escalation based on a set of conditions.\n* repeat: Go back to a previous node and repeat the logic from there.\n* delay: Pause the escalation for a configured duration before advancing to the next node.", "description_kind": "markdown", "computed": true}}, "description": "Then path nodes", "description_kind": "markdown", "block_types": {"delay": {"nesting_mode": "single", "block": {"attributes": {"delay_interval_condition": {"type": "string", "description": "If the delay is relative to a time window, this defines whether we advance when the window is active or inactive", "description_kind": "markdown", "computed": true}, "delay_seconds": {"type": "number", "description": "How long to delay before advancing to the next node in the path, in seconds", "description_kind": "markdown", "computed": true}, "delay_weekday_interval_config_id": {"type": "string", "description": "If the delay is relative to a time window, this identifies which window it is relative to", "description_kind": "markdown", "computed": true}}, "description": "", "description_kind": "plain"}, "max_items": 1}, "if_else": {"nesting_mode": "single", "block": {"attributes": {}, "description": "", "description_kind": "plain", "block_types": {"conditions": {"nesting_mode": "list", "block": {"attributes": {"operation": {"type": "string", "description": "The logical operation to be applied", "description_kind": "markdown", "computed": true}, "subject": {"type": "string", "description": "The subject of the condition, on which the operation is applied", "description_kind": "markdown", "computed": true}}, "description": "The prerequisite conditions that must all be satisfied", "description_kind": "markdown", "block_types": {"param_bindings": {"nesting_mode": "list", "block": {"attributes": {}, "description": "Bindings for the operation parameters", "description_kind": "markdown", "block_types": {"array_value": {"nesting_mode": "list", "block": {"attributes": {"literal": {"type": "string", "description": "If set, this is the literal value of the step parameter", "description_kind": "markdown", "computed": true}, "reference": {"type": "string", "description": "If set, this is the reference into the trigger scope that is the value of this parameter", "description_kind": "markdown", "computed": true}}, "description": "The array of literal or reference parameter values", "description_kind": "markdown"}}, "value": {"nesting_mode": "single", "block": {"attributes": {"literal": {"type": "string", "description": "If set, this is the literal value of the step parameter", "description_kind": "markdown", "computed": true}, "reference": {"type": "string", "description": "If set, this is the reference into the trigger scope that is the value of this parameter", "description_kind": "markdown", "computed": true}}, "description": "The literal or reference parameter value", "description_kind": "markdown"}, "max_items": 1}}}}}}}, "else_path": {"nesting_mode": "list", "block": {"attributes": {"id": {"type": "string", "description": "An ID for this node, unique within the escalation path.\n\nThis allows you to reference the node in other nodes, such as when configuring a 'repeat' node.", "description_kind": "markdown", "computed": true}, "type": {"type": "string", "description": "The type of this node. Available types are:\n* level: A set of targets (users or schedules) that should be paged, either all at once, or with a round-robin configuration.\n* notify_channel: Send the escalation to a Slack channel, where it can be acked by anyone in the channel.\n* if_else: Branch the escalation based on a set of conditions.\n* repeat: Go back to a previous node and repeat the logic from there.\n* delay: Pause the escalation for a configured duration before advancing to the next node.", "description_kind": "markdown", "computed": true}}, "description": "The nodes that form the levels if our condition is not met", "description_kind": "markdown", "block_types": {"delay": {"nesting_mode": "single", "block": {"attributes": {"delay_interval_condition": {"type": "string", "description": "If the delay is relative to a time window, this defines whether we advance when the window is active or inactive", "description_kind": "markdown", "computed": true}, "delay_seconds": {"type": "number", "description": "How long to delay before advancing to the next node in the path, in seconds", "description_kind": "markdown", "computed": true}, "delay_weekday_interval_config_id": {"type": "string", "description": "If the delay is relative to a time window, this identifies which window it is relative to", "description_kind": "markdown", "computed": true}}, "description": "", "description_kind": "plain"}, "max_items": 1}, "level": {"nesting_mode": "single", "block": {"attributes": {"ack_mode": {"type": "string", "description": "Controls the behaviour of acknowledgements for this level, with 'first' cancelling all other escalations on the same level when someone acks", "description_kind": "markdown", "computed": true}, "time_to_ack_interval_condition": {"type": "string", "description": "If the time to ack is relative to a time window, this defines whether we move when the window is active or inactive", "description_kind": "markdown", "computed": true}, "time_to_ack_seconds": {"type": "number", "description": "How long should we wait for this level to acknowledge before proceeding to the next node in the path?", "description_kind": "markdown", "computed": true}, "time_to_ack_weekday_interval_config_id": {"type": "string", "description": "If the time to ack is relative to a time window, this identifies which window it is relative to", "description_kind": "markdown", "computed": true}}, "description": "", "description_kind": "plain", "block_types": {"round_robin_config": {"nesting_mode": "single", "block": {"attributes": {"enabled": {"type": "bool", "description": "Whether round robin is enabled for this level", "description_kind": "markdown", "computed": true}, "rotate_after_seconds": {"type": "number", "description": "How long should we wait before rotating to the next target in a round robin, if not set will stick with a single target per level.", "description_kind": "markdown", "computed": true}}, "description": "", "description_kind": "plain"}, "max_items": 1}, "targets": {"nesting_mode": "list", "block": {"attributes": {"id": {"type": "string", "description": "Uniquely identifies an entity of this type", "description_kind": "markdown", "computed": true}, "schedule_mode": {"type": "string", "description": "Only set for schedule targets, and either currently_on_call, all_users or all_users_for_rota and specifies which users to fetch from the schedule", "description_kind": "markdown", "computed": true}, "type": {"type": "string", "description": "Controls what type of entity this target identifies, such as EscalationPolicy or User", "description_kind": "markdown", "computed": true}, "urgency": {"type": "string", "description": "The urgency of this escalation path target", "description_kind": "markdown", "computed": true}}, "description": "The targets (users or schedules) for this level", "description_kind": "markdown"}}}}, "max_items": 1}, "notify_channel": {"nesting_mode": "single", "block": {"attributes": {"time_to_ack_interval_condition": {"type": "string", "description": "If the time to ack is relative to a time window, this defines whether we move when the window is active or inactive", "description_kind": "markdown", "computed": true}, "time_to_ack_seconds": {"type": "number", "description": "How long should we wait for this level to acknowledge before moving on to the next node in the path?", "description_kind": "markdown", "computed": true}, "time_to_ack_weekday_interval_config_id": {"type": "string", "description": "If the time to ack is relative to a time window, this identifies which window it is relative to", "description_kind": "markdown", "computed": true}}, "description": "", "description_kind": "plain", "block_types": {"targets": {"nesting_mode": "list", "block": {"attributes": {"id": {"type": "string", "description": "Uniquely identifies an entity of this type", "description_kind": "markdown", "computed": true}, "schedule_mode": {"type": "string", "description": "Only set for schedule targets, and either currently_on_call, all_users or all_users_for_rota and specifies which users to fetch from the schedule", "description_kind": "markdown", "computed": true}, "type": {"type": "string", "description": "Controls what type of entity this target identifies, such as EscalationPolicy or User", "description_kind": "markdown", "computed": true}, "urgency": {"type": "string", "description": "The urgency of this escalation path target", "description_kind": "markdown", "computed": true}}, "description": "The targets (Slack channels) for this level", "description_kind": "markdown"}}}}, "max_items": 1}, "repeat": {"nesting_mode": "single", "block": {"attributes": {"repeat_times": {"type": "number", "description": "How many times to repeat these nodes", "description_kind": "markdown", "computed": true}, "to_node": {"type": "string", "description": "Which node ID we begin repeating from.", "description_kind": "markdown", "computed": true}}, "description": "", "description_kind": "plain"}, "max_items": 1}}}}, "then_path": {"nesting_mode": "list", "block": {"attributes": {"id": {"type": "string", "description": "An ID for this node, unique within the escalation path.\n\nThis allows you to reference the node in other nodes, such as when configuring a 'repeat' node.", "description_kind": "markdown", "computed": true}, "type": {"type": "string", "description": "The type of this node. Available types are:\n* level: A set of targets (users or schedules) that should be paged, either all at once, or with a round-robin configuration.\n* notify_channel: Send the escalation to a Slack channel, where it can be acked by anyone in the channel.\n* if_else: Branch the escalation based on a set of conditions.\n* repeat: Go back to a previous node and repeat the logic from there.\n* delay: Pause the escalation for a configured duration before advancing to the next node.", "description_kind": "markdown", "computed": true}}, "description": "Then path nodes", "description_kind": "markdown", "block_types": {"delay": {"nesting_mode": "single", "block": {"attributes": {"delay_interval_condition": {"type": "string", "description": "If the delay is relative to a time window, this defines whether we advance when the window is active or inactive", "description_kind": "markdown", "computed": true}, "delay_seconds": {"type": "number", "description": "How long to delay before advancing to the next node in the path, in seconds", "description_kind": "markdown", "computed": true}, "delay_weekday_interval_config_id": {"type": "string", "description": "If the delay is relative to a time window, this identifies which window it is relative to", "description_kind": "markdown", "computed": true}}, "description": "", "description_kind": "plain"}, "max_items": 1}, "level": {"nesting_mode": "single", "block": {"attributes": {"ack_mode": {"type": "string", "description": "Controls the behaviour of acknowledgements for this level, with 'first' cancelling all other escalations on the same level when someone acks", "description_kind": "markdown", "computed": true}, "time_to_ack_interval_condition": {"type": "string", "description": "If the time to ack is relative to a time window, this defines whether we move when the window is active or inactive", "description_kind": "markdown", "computed": true}, "time_to_ack_seconds": {"type": "number", "description": "How long should we wait for this level to acknowledge before proceeding to the next node in the path?", "description_kind": "markdown", "computed": true}, "time_to_ack_weekday_interval_config_id": {"type": "string", "description": "If the time to ack is relative to a time window, this identifies which window it is relative to", "description_kind": "markdown", "computed": true}}, "description": "", "description_kind": "plain", "block_types": {"round_robin_config": {"nesting_mode": "single", "block": {"attributes": {"enabled": {"type": "bool", "description": "Whether round robin is enabled for this level", "description_kind": "markdown", "computed": true}, "rotate_after_seconds": {"type": "number", "description": "How long should we wait before rotating to the next target in a round robin, if not set will stick with a single target per level.", "description_kind": "markdown", "computed": true}}, "description": "", "description_kind": "plain"}, "max_items": 1}, "targets": {"nesting_mode": "list", "block": {"attributes": {"id": {"type": "string", "description": "Uniquely identifies an entity of this type", "description_kind": "markdown", "computed": true}, "schedule_mode": {"type": "string", "description": "Only set for schedule targets, and either currently_on_call, all_users or all_users_for_rota and specifies which users to fetch from the schedule", "description_kind": "markdown", "computed": true}, "type": {"type": "string", "description": "Controls what type of entity this target identifies, such as EscalationPolicy or User", "description_kind": "markdown", "computed": true}, "urgency": {"type": "string", "description": "The urgency of this escalation path target", "description_kind": "markdown", "computed": true}}, "description": "The targets (users or schedules) for this level", "description_kind": "markdown"}}}}, "max_items": 1}, "notify_channel": {"nesting_mode": "single", "block": {"attributes": {"time_to_ack_interval_condition": {"type": "string", "description": "If the time to ack is relative to a time window, this defines whether we move when the window is active or inactive", "description_kind": "markdown", "computed": true}, "time_to_ack_seconds": {"type": "number", "description": "How long should we wait for this level to acknowledge before moving on to the next node in the path?", "description_kind": "markdown", "computed": true}, "time_to_ack_weekday_interval_config_id": {"type": "string", "description": "If the time to ack is relative to a time window, this identifies which window it is relative to", "description_kind": "markdown", "computed": true}}, "description": "", "description_kind": "plain", "block_types": {"targets": {"nesting_mode": "list", "block": {"attributes": {"id": {"type": "string", "description": "Uniquely identifies an entity of this type", "description_kind": "markdown", "computed": true}, "schedule_mode": {"type": "string", "description": "Only set for schedule targets, and either currently_on_call, all_users or all_users_for_rota and specifies which users to fetch from the schedule", "description_kind": "markdown", "computed": true}, "type": {"type": "string", "description": "Controls what type of entity this target identifies, such as EscalationPolicy or User", "description_kind": "markdown", "computed": true}, "urgency": {"type": "string", "description": "The urgency of this escalation path target", "description_kind": "markdown", "computed": true}}, "description": "The targets (Slack channels) for this level", "description_kind": "markdown"}}}}, "max_items": 1}, "repeat": {"nesting_mode": "single", "block": {"attributes": {"repeat_times": {"type": "number", "description": "How many times to repeat these nodes", "description_kind": "markdown", "computed": true}, "to_node": {"type": "string", "description": "Which node ID we begin repeating from.", "description_kind": "markdown", "computed": true}}, "description": "", "description_kind": "plain"}, "max_items": 1}}}}}}, "max_items": 1}, "level": {"nesting_mode": "single", "block": {"attributes": {"ack_mode": {"type": "string", "description": "Controls the behaviour of acknowledgements for this level, with 'first' cancelling all other escalations on the same level when someone acks", "description_kind": "markdown", "computed": true}, "time_to_ack_interval_condition": {"type": "string", "description": "If the time to ack is relative to a time window, this defines whether we move when the window is active or inactive", "description_kind": "markdown", "computed": true}, "time_to_ack_seconds": {"type": "number", "description": "How long should we wait for this level to acknowledge before proceeding to the next node in the path?", "description_kind": "markdown", "computed": true}, "time_to_ack_weekday_interval_config_id": {"type": "string", "description": "If the time to ack is relative to a time window, this identifies which window it is relative to", "description_kind": "markdown", "computed": true}}, "description": "", "description_kind": "plain", "block_types": {"round_robin_config": {"nesting_mode": "single", "block": {"attributes": {"enabled": {"type": "bool", "description": "Whether round robin is enabled for this level", "description_kind": "markdown", "computed": true}, "rotate_after_seconds": {"type": "number", "description": "How long should we wait before rotating to the next target in a round robin, if not set will stick with a single target per level.", "description_kind": "markdown", "computed": true}}, "description": "", "description_kind": "plain"}, "max_items": 1}, "targets": {"nesting_mode": "list", "block": {"attributes": {"id": {"type": "string", "description": "Uniquely identifies an entity of this type", "description_kind": "markdown", "computed": true}, "schedule_mode": {"type": "string", "description": "Only set for schedule targets, and either currently_on_call, all_users or all_users_for_rota and specifies which users to fetch from the schedule", "description_kind": "markdown", "computed": true}, "type": {"type": "string", "description": "Controls what type of entity this target identifies, such as EscalationPolicy or User", "description_kind": "markdown", "computed": true}, "urgency": {"type": "string", "description": "The urgency of this escalation path target", "description_kind": "markdown", "computed": true}}, "description": "The targets (users or schedules) for this level", "description_kind": "markdown"}}}}, "max_items": 1}, "notify_channel": {"nesting_mode": "single", "block": {"attributes": {"time_to_ack_interval_condition": {"type": "string", "description": "If the time to ack is relative to a time window, this defines whether we move when the window is active or inactive", "description_kind": "markdown", "computed": true}, "time_to_ack_seconds": {"type": "number", "description": "How long should we wait for this level to acknowledge before moving on to the next node in the path?", "description_kind": "markdown", "computed": true}, "time_to_ack_weekday_interval_config_id": {"type": "string", "description": "If the time to ack is relative to a time window, this identifies which window it is relative to", "description_kind": "markdown", "computed": true}}, "description": "", "description_kind": "plain", "block_types": {"targets": {"nesting_mode": "list", "block": {"attributes": {"id": {"type": "string", "description": "Uniquely identifies an entity of this type", "description_kind": "markdown", "computed": true}, "schedule_mode": {"type": "string", "description": "Only set for schedule targets, and either currently_on_call, all_users or all_users_for_rota and specifies which users to fetch from the schedule", "description_kind": "markdown", "computed": true}, "type": {"type": "string", "description": "Controls what type of entity this target identifies, such as EscalationPolicy or User", "description_kind": "markdown", "computed": true}, "urgency": {"type": "string", "description": "The urgency of this escalation path target", "description_kind": "markdown", "computed": true}}, "description": "The targets (Slack channels) for this level", "description_kind": "markdown"}}}}, "max_items": 1}, "repeat": {"nesting_mode": "single", "block": {"attributes": {"repeat_times": {"type": "number", "description": "How many times to repeat these nodes", "description_kind": "markdown", "computed": true}, "to_node": {"type": "string", "description": "Which node ID we begin repeating from.", "description_kind": "markdown", "computed": true}}, "description": "", "description_kind": "plain"}, "max_items": 1}}}}}}, "max_items": 1}, "level": {"nesting_mode": "single", "block": {"attributes": {"ack_mode": {"type": "string", "description": "Controls the behaviour of acknowledgements for this level, with 'first' cancelling all other escalations on the same level when someone acks", "description_kind": "markdown", "computed": true}, "time_to_ack_interval_condition": {"type": "string", "description": "If the time to ack is relative to a time window, this defines whether we move when the window is active or inactive", "description_kind": "markdown", "computed": true}, "time_to_ack_seconds": {"type": "number", "description": "How long should we wait for this level to acknowledge before proceeding to the next node in the path?", "description_kind": "markdown", "computed": true}, "time_to_ack_weekday_interval_config_id": {"type": "string", "description": "If the time to ack is relative to a time window, this identifies which window it is relative to", "description_kind": "markdown", "computed": true}}, "description": "", "description_kind": "plain", "block_types": {"round_robin_config": {"nesting_mode": "single", "block": {"attributes": {"enabled": {"type": "bool", "description": "Whether round robin is enabled for this level", "description_kind": "markdown", "computed": true}, "rotate_after_seconds": {"type": "number", "description": "How long should we wait before rotating to the next target in a round robin, if not set will stick with a single target per level.", "description_kind": "markdown", "computed": true}}, "description": "", "description_kind": "plain"}, "max_items": 1}, "targets": {"nesting_mode": "list", "block": {"attributes": {"id": {"type": "string", "description": "Uniquely identifies an entity of this type", "description_kind": "markdown", "computed": true}, "schedule_mode": {"type": "string", "description": "Only set for schedule targets, and either currently_on_call, all_users or all_users_for_rota and specifies which users to fetch from the schedule", "description_kind": "markdown", "computed": true}, "type": {"type": "string", "description": "Controls what type of entity this target identifies, such as EscalationPolicy or User", "description_kind": "markdown", "computed": true}, "urgency": {"type": "string", "description": "The urgency of this escalation path target", "description_kind": "markdown", "computed": true}}, "description": "The targets (users or schedules) for this level", "description_kind": "markdown"}}}}, "max_items": 1}, "notify_channel": {"nesting_mode": "single", "block": {"attributes": {"time_to_ack_interval_condition": {"type": "string", "description": "If the time to ack is relative to a time window, this defines whether we move when the window is active or inactive", "description_kind": "markdown", "computed": true}, "time_to_ack_seconds": {"type": "number", "description": "How long should we wait for this level to acknowledge before moving on to the next node in the path?", "description_kind": "markdown", "computed": true}, "time_to_ack_weekday_interval_config_id": {"type": "string", "description": "If the time to ack is relative to a time window, this identifies which window it is relative to", "description_kind": "markdown", "computed": true}}, "description": "", "description_kind": "plain", "block_types": {"targets": {"nesting_mode": "list", "block": {"attributes": {"id": {"type": "string", "description": "Uniquely identifies an entity of this type", "description_kind": "markdown", "computed": true}, "schedule_mode": {"type": "string", "description": "Only set for schedule targets, and either currently_on_call, all_users or all_users_for_rota and specifies which users to fetch from the schedule", "description_kind": "markdown", "computed": true}, "type": {"type": "string", "description": "Controls what type of entity this target identifies, such as EscalationPolicy or User", "description_kind": "markdown", "computed": true}, "urgency": {"type": "string", "description": "The urgency of this escalation path target", "description_kind": "markdown", "computed": true}}, "description": "The targets (Slack channels) for this level", "description_kind": "markdown"}}}}, "max_items": 1}, "repeat": {"nesting_mode": "single", "block": {"attributes": {"repeat_times": {"type": "number", "description": "How many times to repeat these nodes", "description_kind": "markdown", "computed": true}, "to_node": {"type": "string", "description": "Which node ID we begin repeating from.", "description_kind": "markdown", "computed": true}}, "description": "", "description_kind": "plain"}, "max_items": 1}}}}, "then_path": {"nesting_mode": "list", "block": {"attributes": {"id": {"type": "string", "description": "An ID for this node, unique within the escalation path.\n\nThis allows you to reference the node in other nodes, such as when configuring a 'repeat' node.", "description_kind": "markdown", "computed": true}, "type": {"type": "string", "description": "The type of this node. Available types are:\n* level: A set of targets (users or schedules) that should be paged, either all at once, or with a round-robin configuration.\n* notify_channel: Send the escalation to a Slack channel, where it can be acked by anyone in the channel.\n* if_else: Branch the escalation based on a set of conditions.\n* repeat: Go back to a previous node and repeat the logic from there.\n* delay: Pause the escalation for a configured duration before advancing to the next node.", "description_kind": "markdown", "computed": true}}, "description": "Then path nodes", "description_kind": "markdown", "block_types": {"delay": {"nesting_mode": "single", "block": {"attributes": {"delay_interval_condition": {"type": "string", "description": "If the delay is relative to a time window, this defines whether we advance when the window is active or inactive", "description_kind": "markdown", "computed": true}, "delay_seconds": {"type": "number", "description": "How long to delay before advancing to the next node in the path, in seconds", "description_kind": "markdown", "computed": true}, "delay_weekday_interval_config_id": {"type": "string", "description": "If the delay is relative to a time window, this identifies which window it is relative to", "description_kind": "markdown", "computed": true}}, "description": "", "description_kind": "plain"}, "max_items": 1}, "if_else": {"nesting_mode": "single", "block": {"attributes": {}, "description": "", "description_kind": "plain", "block_types": {"conditions": {"nesting_mode": "list", "block": {"attributes": {"operation": {"type": "string", "description": "The logical operation to be applied", "description_kind": "markdown", "computed": true}, "subject": {"type": "string", "description": "The subject of the condition, on which the operation is applied", "description_kind": "markdown", "computed": true}}, "description": "The prerequisite conditions that must all be satisfied", "description_kind": "markdown", "block_types": {"param_bindings": {"nesting_mode": "list", "block": {"attributes": {}, "description": "Bindings for the operation parameters", "description_kind": "markdown", "block_types": {"array_value": {"nesting_mode": "list", "block": {"attributes": {"literal": {"type": "string", "description": "If set, this is the literal value of the step parameter", "description_kind": "markdown", "computed": true}, "reference": {"type": "string", "description": "If set, this is the reference into the trigger scope that is the value of this parameter", "description_kind": "markdown", "computed": true}}, "description": "The array of literal or reference parameter values", "description_kind": "markdown"}}, "value": {"nesting_mode": "single", "block": {"attributes": {"literal": {"type": "string", "description": "If set, this is the literal value of the step parameter", "description_kind": "markdown", "computed": true}, "reference": {"type": "string", "description": "If set, this is the reference into the trigger scope that is the value of this parameter", "description_kind": "markdown", "computed": true}}, "description": "The literal or reference parameter value", "description_kind": "markdown"}, "max_items": 1}}}}}}}, "else_path": {"nesting_mode": "list", "block": {"attributes": {"id": {"type": "string", "description": "An ID for this node, unique within the escalation path.\n\nThis allows you to reference the node in other nodes, such as when configuring a 'repeat' node.", "description_kind": "markdown", "computed": true}, "type": {"type": "string", "description": "The type of this node. Available types are:\n* level: A set of targets (users or schedules) that should be paged, either all at once, or with a round-robin configuration.\n* notify_channel: Send the escalation to a Slack channel, where it can be acked by anyone in the channel.\n* if_else: Branch the escalation based on a set of conditions.\n* repeat: Go back to a previous node and repeat the logic from there.\n* delay: Pause the escalation for a configured duration before advancing to the next node.", "description_kind": "markdown", "computed": true}}, "description": "The nodes that form the levels if our condition is not met", "description_kind": "markdown", "block_types": {"delay": {"nesting_mode": "single", "block": {"attributes": {"delay_interval_condition": {"type": "string", "description": "If the delay is relative to a time window, this defines whether we advance when the window is active or inactive", "description_kind": "markdown", "computed": true}, "delay_seconds": {"type": "number", "description": "How long to delay before advancing to the next node in the path, in seconds", "description_kind": "markdown", "computed": true}, "delay_weekday_interval_config_id": {"type": "string", "description": "If the delay is relative to a time window, this identifies which window it is relative to", "description_kind": "markdown", "computed": true}}, "description": "", "description_kind": "plain"}, "max_items": 1}, "if_else": {"nesting_mode": "single", "block": {"attributes": {}, "description": "", "description_kind": "plain", "block_types": {"conditions": {"nesting_mode": "list", "block": {"attributes": {"operation": {"type": "string", "description": "The logical operation to be applied", "description_kind": "markdown", "computed": true}, "subject": {"type": "string", "description": "The subject of the condition, on which the operation is applied", "description_kind": "markdown", "computed": true}}, "description": "The prerequisite conditions that must all be satisfied", "description_kind": "markdown", "block_types": {"param_bindings": {"nesting_mode": "list", "block": {"attributes": {}, "description": "Bindings for the operation parameters", "description_kind": "markdown", "block_types": {"array_value": {"nesting_mode": "list", "block": {"attributes": {"literal": {"type": "string", "description": "If set, this is the literal value of the step parameter", "description_kind": "markdown", "computed": true}, "reference": {"type": "string", "description": "If set, this is the reference into the trigger scope that is the value of this parameter", "description_kind": "markdown", "computed": true}}, "description": "The array of literal or reference parameter values", "description_kind": "markdown"}}, "value": {"nesting_mode": "single", "block": {"attributes": {"literal": {"type": "string", "description": "If set, this is the literal value of the step parameter", "description_kind": "markdown", "computed": true}, "reference": {"type": "string", "description": "If set, this is the reference into the trigger scope that is the value of this parameter", "description_kind": "markdown", "computed": true}}, "description": "The literal or reference parameter value", "description_kind": "markdown"}, "max_items": 1}}}}}}}, "else_path": {"nesting_mode": "list", "block": {"attributes": {"id": {"type": "string", "description": "An ID for this node, unique within the escalation path.\n\nThis allows you to reference the node in other nodes, such as when configuring a 'repeat' node.", "description_kind": "markdown", "computed": true}, "type": {"type": "string", "description": "The type of this node. Available types are:\n* level: A set of targets (users or schedules) that should be paged, either all at once, or with a round-robin configuration.\n* notify_channel: Send the escalation to a Slack channel, where it can be acked by anyone in the channel.\n* if_else: Branch the escalation based on a set of conditions.\n* repeat: Go back to a previous node and repeat the logic from there.\n* delay: Pause the escalation for a configured duration before advancing to the next node.", "description_kind": "markdown", "computed": true}}, "description": "The nodes that form the levels if our condition is not met", "description_kind": "markdown", "block_types": {"delay": {"nesting_mode": "single", "block": {"attributes": {"delay_interval_condition": {"type": "string", "description": "If the delay is relative to a time window, this defines whether we advance when the window is active or inactive", "description_kind": "markdown", "computed": true}, "delay_seconds": {"type": "number", "description": "How long to delay before advancing to the next node in the path, in seconds", "description_kind": "markdown", "computed": true}, "delay_weekday_interval_config_id": {"type": "string", "description": "If the delay is relative to a time window, this identifies which window it is relative to", "description_kind": "markdown", "computed": true}}, "description": "", "description_kind": "plain"}, "max_items": 1}, "level": {"nesting_mode": "single", "block": {"attributes": {"ack_mode": {"type": "string", "description": "Controls the behaviour of acknowledgements for this level, with 'first' cancelling all other escalations on the same level when someone acks", "description_kind": "markdown", "computed": true}, "time_to_ack_interval_condition": {"type": "string", "description": "If the time to ack is relative to a time window, this defines whether we move when the window is active or inactive", "description_kind": "markdown", "computed": true}, "time_to_ack_seconds": {"type": "number", "description": "How long should we wait for this level to acknowledge before proceeding to the next node in the path?", "description_kind": "markdown", "computed": true}, "time_to_ack_weekday_interval_config_id": {"type": "string", "description": "If the time to ack is relative to a time window, this identifies which window it is relative to", "description_kind": "markdown", "computed": true}}, "description": "", "description_kind": "plain", "block_types": {"round_robin_config": {"nesting_mode": "single", "block": {"attributes": {"enabled": {"type": "bool", "description": "Whether round robin is enabled for this level", "description_kind": "markdown", "computed": true}, "rotate_after_seconds": {"type": "number", "description": "How long should we wait before rotating to the next target in a round robin, if not set will stick with a single target per level.", "description_kind": "markdown", "computed": true}}, "description": "", "description_kind": "plain"}, "max_items": 1}, "targets": {"nesting_mode": "list", "block": {"attributes": {"id": {"type": "string", "description": "Uniquely identifies an entity of this type", "description_kind": "markdown", "computed": true}, "schedule_mode": {"type": "string", "description": "Only set for schedule targets, and either currently_on_call, all_users or all_users_for_rota and specifies which users to fetch from the schedule", "description_kind": "markdown", "computed": true}, "type": {"type": "string", "description": "Controls what type of entity this target identifies, such as EscalationPolicy or User", "description_kind": "markdown", "computed": true}, "urgency": {"type": "string", "description": "The urgency of this escalation path target", "description_kind": "markdown", "computed": true}}, "description": "The targets (users or schedules) for this level", "description_kind": "markdown"}}}}, "max_items": 1}, "notify_channel": {"nesting_mode": "single", "block": {"attributes": {"time_to_ack_interval_condition": {"type": "string", "description": "If the time to ack is relative to a time window, this defines whether we move when the window is active or inactive", "description_kind": "markdown", "computed": true}, "time_to_ack_seconds": {"type": "number", "description": "How long should we wait for this level to acknowledge before moving on to the next node in the path?", "description_kind": "markdown", "computed": true}, "time_to_ack_weekday_interval_config_id": {"type": "string", "description": "If the time to ack is relative to a time window, this identifies which window it is relative to", "description_kind": "markdown", "computed": true}}, "description": "", "description_kind": "plain", "block_types": {"targets": {"nesting_mode": "list", "block": {"attributes": {"id": {"type": "string", "description": "Uniquely identifies an entity of this type", "description_kind": "markdown", "computed": true}, "schedule_mode": {"type": "string", "description": "Only set for schedule targets, and either currently_on_call, all_users or all_users_for_rota and specifies which users to fetch from the schedule", "description_kind": "markdown", "computed": true}, "type": {"type": "string", "description": "Controls what type of entity this target identifies, such as EscalationPolicy or User", "description_kind": "markdown", "computed": true}, "urgency": {"type": "string", "description": "The urgency of this escalation path target", "description_kind": "markdown", "computed": true}}, "description": "The targets (Slack channels) for this level", "description_kind": "markdown"}}}}, "max_items": 1}, "repeat": {"nesting_mode": "single", "block": {"attributes": {"repeat_times": {"type": "number", "description": "How many times to repeat these nodes", "description_kind": "markdown", "computed": true}, "to_node": {"type": "string", "description": "Which node ID we begin repeating from.", "description_kind": "markdown", "computed": true}}, "description": "", "description_kind": "plain"}, "max_items": 1}}}}, "then_path": {"nesting_mode": "list", "block": {"attributes": {"id": {"type": "string", "description": "An ID for this node, unique within the escalation path.\n\nThis allows you to reference the node in other nodes, such as when configuring a 'repeat' node.", "description_kind": "markdown", "computed": true}, "type": {"type": "string", "description": "The type of this node. Available types are:\n* level: A set of targets (users or schedules) that should be paged, either all at once, or with a round-robin configuration.\n* notify_channel: Send the escalation to a Slack channel, where it can be acked by anyone in the channel.\n* if_else: Branch the escalation based on a set of conditions.\n* repeat: Go back to a previous node and repeat the logic from there.\n* delay: Pause the escalation for a configured duration before advancing to the next node.", "description_kind": "markdown", "computed": true}}, "description": "Then path nodes", "description_kind": "markdown", "block_types": {"delay": {"nesting_mode": "single", "block": {"attributes": {"delay_interval_condition": {"type": "string", "description": "If the delay is relative to a time window, this defines whether we advance when the window is active or inactive", "description_kind": "markdown", "computed": true}, "delay_seconds": {"type": "number", "description": "How long to delay before advancing to the next node in the path, in seconds", "description_kind": "markdown", "computed": true}, "delay_weekday_interval_config_id": {"type": "string", "description": "If the delay is relative to a time window, this identifies which window it is relative to", "description_kind": "markdown", "computed": true}}, "description": "", "description_kind": "plain"}, "max_items": 1}, "level": {"nesting_mode": "single", "block": {"attributes": {"ack_mode": {"type": "string", "description": "Controls the behaviour of acknowledgements for this level, with 'first' cancelling all other escalations on the same level when someone acks", "description_kind": "markdown", "computed": true}, "time_to_ack_interval_condition": {"type": "string", "description": "If the time to ack is relative to a time window, this defines whether we move when the window is active or inactive", "description_kind": "markdown", "computed": true}, "time_to_ack_seconds": {"type": "number", "description": "How long should we wait for this level to acknowledge before proceeding to the next node in the path?", "description_kind": "markdown", "computed": true}, "time_to_ack_weekday_interval_config_id": {"type": "string", "description": "If the time to ack is relative to a time window, this identifies which window it is relative to", "description_kind": "markdown", "computed": true}}, "description": "", "description_kind": "plain", "block_types": {"round_robin_config": {"nesting_mode": "single", "block": {"attributes": {"enabled": {"type": "bool", "description": "Whether round robin is enabled for this level", "description_kind": "markdown", "computed": true}, "rotate_after_seconds": {"type": "number", "description": "How long should we wait before rotating to the next target in a round robin, if not set will stick with a single target per level.", "description_kind": "markdown", "computed": true}}, "description": "", "description_kind": "plain"}, "max_items": 1}, "targets": {"nesting_mode": "list", "block": {"attributes": {"id": {"type": "string", "description": "Uniquely identifies an entity of this type", "description_kind": "markdown", "computed": true}, "schedule_mode": {"type": "string", "description": "Only set for schedule targets, and either currently_on_call, all_users or all_users_for_rota and specifies which users to fetch from the schedule", "description_kind": "markdown", "computed": true}, "type": {"type": "string", "description": "Controls what type of entity this target identifies, such as EscalationPolicy or User", "description_kind": "markdown", "computed": true}, "urgency": {"type": "string", "description": "The urgency of this escalation path target", "description_kind": "markdown", "computed": true}}, "description": "The targets (users or schedules) for this level", "description_kind": "markdown"}}}}, "max_items": 1}, "notify_channel": {"nesting_mode": "single", "block": {"attributes": {"time_to_ack_interval_condition": {"type": "string", "description": "If the time to ack is relative to a time window, this defines whether we move when the window is active or inactive", "description_kind": "markdown", "computed": true}, "time_to_ack_seconds": {"type": "number", "description": "How long should we wait for this level to acknowledge before moving on to the next node in the path?", "description_kind": "markdown", "computed": true}, "time_to_ack_weekday_interval_config_id": {"type": "string", "description": "If the time to ack is relative to a time window, this identifies which window it is relative to", "description_kind": "markdown", "computed": true}}, "description": "", "description_kind": "plain", "block_types": {"targets": {"nesting_mode": "list", "block": {"attributes": {"id": {"type": "string", "description": "Uniquely identifies an entity of this type", "description_kind": "markdown", "computed": true}, "schedule_mode": {"type": "string", "description": "Only set for schedule targets, and either currently_on_call, all_users or all_users_for_rota and specifies which users to fetch from the schedule", "description_kind": "markdown", "computed": true}, "type": {"type": "string", "description": "Controls what type of entity this target identifies, such as EscalationPolicy or User", "description_kind": "markdown", "computed": true}, "urgency": {"type": "string", "description": "The urgency of this escalation path target", "description_kind": "markdown", "computed": true}}, "description": "The targets (Slack channels) for this level", "description_kind": "markdown"}}}}, "max_items": 1}, "repeat": {"nesting_mode": "single", "block": {"attributes": {"repeat_times": {"type": "number", "description": "How many times to repeat these nodes", "description_kind": "markdown", "computed": true}, "to_node": {"type": "string", "description": "Which node ID we begin repeating from.", "description_kind": "markdown", "computed": true}}, "description": "", "description_kind": "plain"}, "max_items": 1}}}}}}, "max_items": 1}, "level": {"nesting_mode": "single", "block": {"attributes": {"ack_mode": {"type": "string", "description": "Controls the behaviour of acknowledgements for this level, with 'first' cancelling all other escalations on the same level when someone acks", "description_kind": "markdown", "computed": true}, "time_to_ack_interval_condition": {"type": "string", "description": "If the time to ack is relative to a time window, this defines whether we move when the window is active or inactive", "description_kind": "markdown", "computed": true}, "time_to_ack_seconds": {"type": "number", "description": "How long should we wait for this level to acknowledge before proceeding to the next node in the path?", "description_kind": "markdown", "computed": true}, "time_to_ack_weekday_interval_config_id": {"type": "string", "description": "If the time to ack is relative to a time window, this identifies which window it is relative to", "description_kind": "markdown", "computed": true}}, "description": "", "description_kind": "plain", "block_types": {"round_robin_config": {"nesting_mode": "single", "block": {"attributes": {"enabled": {"type": "bool", "description": "Whether round robin is enabled for this level", "description_kind": "markdown", "computed": true}, "rotate_after_seconds": {"type": "number", "description": "How long should we wait before rotating to the next target in a round robin, if not set will stick with a single target per level.", "description_kind": "markdown", "computed": true}}, "description": "", "description_kind": "plain"}, "max_items": 1}, "targets": {"nesting_mode": "list", "block": {"attributes": {"id": {"type": "string", "description": "Uniquely identifies an entity of this type", "description_kind": "markdown", "computed": true}, "schedule_mode": {"type": "string", "description": "Only set for schedule targets, and either currently_on_call, all_users or all_users_for_rota and specifies which users to fetch from the schedule", "description_kind": "markdown", "computed": true}, "type": {"type": "string", "description": "Controls what type of entity this target identifies, such as EscalationPolicy or User", "description_kind": "markdown", "computed": true}, "urgency": {"type": "string", "description": "The urgency of this escalation path target", "description_kind": "markdown", "computed": true}}, "description": "The targets (users or schedules) for this level", "description_kind": "markdown"}}}}, "max_items": 1}, "notify_channel": {"nesting_mode": "single", "block": {"attributes": {"time_to_ack_interval_condition": {"type": "string", "description": "If the time to ack is relative to a time window, this defines whether we move when the window is active or inactive", "description_kind": "markdown", "computed": true}, "time_to_ack_seconds": {"type": "number", "description": "How long should we wait for this level to acknowledge before moving on to the next node in the path?", "description_kind": "markdown", "computed": true}, "time_to_ack_weekday_interval_config_id": {"type": "string", "description": "If the time to ack is relative to a time window, this identifies which window it is relative to", "description_kind": "markdown", "computed": true}}, "description": "", "description_kind": "plain", "block_types": {"targets": {"nesting_mode": "list", "block": {"attributes": {"id": {"type": "string", "description": "Uniquely identifies an entity of this type", "description_kind": "markdown", "computed": true}, "schedule_mode": {"type": "string", "description": "Only set for schedule targets, and either currently_on_call, all_users or all_users_for_rota and specifies which users to fetch from the schedule", "description_kind": "markdown", "computed": true}, "type": {"type": "string", "description": "Controls what type of entity this target identifies, such as EscalationPolicy or User", "description_kind": "markdown", "computed": true}, "urgency": {"type": "string", "description": "The urgency of this escalation path target", "description_kind": "markdown", "computed": true}}, "description": "The targets (Slack channels) for this level", "description_kind": "markdown"}}}}, "max_items": 1}, "repeat": {"nesting_mode": "single", "block": {"attributes": {"repeat_times": {"type": "number", "description": "How many times to repeat these nodes", "description_kind": "markdown", "computed": true}, "to_node": {"type": "string", "description": "Which node ID we begin repeating from.", "description_kind": "markdown", "computed": true}}, "description": "", "description_kind": "plain"}, "max_items": 1}}}}, "then_path": {"nesting_mode": "list", "block": {"attributes": {"id": {"type": "string", "description": "An ID for this node, unique within the escalation path.\n\nThis allows you to reference the node in other nodes, such as when configuring a 'repeat' node.", "description_kind": "markdown", "computed": true}, "type": {"type": "string", "description": "The type of this node. Available types are:\n* level: A set of targets (users or schedules) that should be paged, either all at once, or with a round-robin configuration.\n* notify_channel: Send the escalation to a Slack channel, where it can be acked by anyone in the channel.\n* if_else: Branch the escalation based on a set of conditions.\n* repeat: Go back to a previous node and repeat the logic from there.\n* delay: Pause the escalation for a configured duration before advancing to the next node.", "description_kind": "markdown", "computed": true}}, "description": "Then path nodes", "description_kind": "markdown", "block_types": {"delay": {"nesting_mode": "single", "block": {"attributes": {"delay_interval_condition": {"type": "string", "description": "If the delay is relative to a time window, this defines whether we advance when the window is active or inactive", "description_kind": "markdown", "computed": true}, "delay_seconds": {"type": "number", "description": "How long to delay before advancing to the next node in the path, in seconds", "description_kind": "markdown", "computed": true}, "delay_weekday_interval_config_id": {"type": "string", "description": "If the delay is relative to a time window, this identifies which window it is relative to", "description_kind": "markdown", "computed": true}}, "description": "", "description_kind": "plain"}, "max_items": 1}, "if_else": {"nesting_mode": "single", "block": {"attributes": {}, "description": "", "description_kind": "plain", "block_types": {"conditions": {"nesting_mode": "list", "block": {"attributes": {"operation": {"type": "string", "description": "The logical operation to be applied", "description_kind": "markdown", "computed": true}, "subject": {"type": "string", "description": "The subject of the condition, on which the operation is applied", "description_kind": "markdown", "computed": true}}, "description": "The prerequisite conditions that must all be satisfied", "description_kind": "markdown", "block_types": {"param_bindings": {"nesting_mode": "list", "block": {"attributes": {}, "description": "Bindings for the operation parameters", "description_kind": "markdown", "block_types": {"array_value": {"nesting_mode": "list", "block": {"attributes": {"literal": {"type": "string", "description": "If set, this is the literal value of the step parameter", "description_kind": "markdown", "computed": true}, "reference": {"type": "string", "description": "If set, this is the reference into the trigger scope that is the value of this parameter", "description_kind": "markdown", "computed": true}}, "description": "The array of literal or reference parameter values", "description_kind": "markdown"}}, "value": {"nesting_mode": "single", "block": {"attributes": {"literal": {"type": "string", "description": "If set, this is the literal value of the step parameter", "description_kind": "markdown", "computed": true}, "reference": {"type": "string", "description": "If set, this is the reference into the trigger scope that is the value of this parameter", "description_kind": "markdown", "computed": true}}, "description": "The literal or reference parameter value", "description_kind": "markdown"}, "max_items": 1}}}}}}}, "else_path": {"nesting_mode": "list", "block": {"attributes": {"id": {"type": "string", "description": "An ID for this node, unique within the escalation path.\n\nThis allows you to reference the node in other nodes, such as when configuring a 'repeat' node.", "description_kind": "markdown", "computed": true}, "type": {"type": "string", "description": "The type of this node. Available types are:\n* level: A set of targets (users or schedules) that should be paged, either all at once, or with a round-robin configuration.\n* notify_channel: Send the escalation to a Slack channel, where it can be acked by anyone in the channel.\n* if_else: Branch the escalation based on a set of conditions.\n* repeat: Go back to a previous node and repeat the logic from there.\n* delay: Pause the escalation for a configured duration before advancing to the next node.", "description_kind": "markdown", "computed": true}}, "description": "The nodes that form the levels if our condition is not met", "description_kind": "markdown", "block_types": {"delay": {"nesting_mode": "single", "block": {"attributes": {"delay_interval_condition": {"type": "string", "description": "If the delay is relative to a time window, this defines whether we advance when the window is active or inactive", "description_kind": "markdown", "computed": true}, "delay_seconds": {"type": "number", "description": "How long to delay before advancing to the next node in the path, in seconds", "description_kind": "markdown", "computed": true}, "delay_weekday_interval_config_id": {"type": "string", "description": "If the delay is relative to a time window, this identifies which window it is relative to", "description_kind": "markdown", "computed": true}}, "description": "", "description_kind": "plain"}, "max_items": 1}, "level": {"nesting_mode": "single", "block": {"attributes": {"ack_mode": {"type": "string", "description": "Controls the behaviour of acknowledgements for this level, with 'first' cancelling all other escalations on the same level when someone acks", "description_kind": "markdown", "computed": true}, "time_to_ack_interval_condition": {"type": "string", "description": "If the time to ack is relative to a time window, this defines whether we move when the window is active or inactive", "description_kind": "markdown", "computed": true}, "time_to_ack_seconds": {"type": "number", "description": "How long should we wait for this level to acknowledge before proceeding to the next node in the path?", "description_kind": "markdown", "computed": true}, "time_to_ack_weekday_interval_config_id": {"type": "string", "description": "If the time to ack is relative to a time window, this identifies which window it is relative to", "description_kind": "markdown", "computed": true}}, "description": "", "description_kind": "plain", "block_types": {"round_robin_config": {"nesting_mode": "single", "block": {"attributes": {"enabled": {"type": "bool", "description": "Whether round robin is enabled for this level", "description_kind": "markdown", "computed": true}, "rotate_after_seconds": {"type": "number", "description": "How long should we wait before rotating to the next target in a round robin, if not set will stick with a single target per level.", "description_kind": "markdown", "computed": true}}, "description": "", "description_kind": "plain"}, "max_items": 1}, "targets": {"nesting_mode": "list", "block": {"attributes": {"id": {"type": "string", "description": "Uniquely identifies an entity of this type", "description_kind": "markdown", "computed": true}, "schedule_mode": {"type": "string", "description": "Only set for schedule targets, and either currently_on_call, all_users or all_users_for_rota and specifies which users to fetch from the schedule", "description_kind": "markdown", "computed": true}, "type": {"type": "string", "description": "Controls what type of entity this target identifies, such as EscalationPolicy or User", "description_kind": "markdown", "computed": true}, "urgency": {"type": "string", "description": "The urgency of this escalation path target", "description_kind": "markdown", "computed": true}}, "description": "The targets (users or schedules) for this level", "description_kind": "markdown"}}}}, "max_items": 1}, "notify_channel": {"nesting_mode": "single", "block": {"attributes": {"time_to_ack_interval_condition": {"type": "string", "description": "If the time to ack is relative to a time window, this defines whether we move when the window is active or inactive", "description_kind": "markdown", "computed": true}, "time_to_ack_seconds": {"type": "number", "description": "How long should we wait for this level to acknowledge before moving on to the next node in the path?", "description_kind": "markdown", "computed": true}, "time_to_ack_weekday_interval_config_id": {"type": "string", "description": "If the time to ack is relative to a time window, this identifies which window it is relative to", "description_kind": "markdown", "computed": true}}, "description": "", "description_kind": "plain", "block_types": {"targets": {"nesting_mode": "list", "block": {"attributes": {"id": {"type": "string", "description": "Uniquely identifies an entity of this type", "description_kind": "markdown", "computed": true}, "schedule_mode": {"type": "string", "description": "Only set for schedule targets, and either currently_on_call, all_users or all_users_for_rota and specifies which users to fetch from the schedule", "description_kind": "markdown", "computed": true}, "type": {"type": "string", "description": "Controls what type of entity this target identifies, such as EscalationPolicy or User", "description_kind": "markdown", "computed": true}, "urgency": {"type": "string", "description": "The urgency of this escalation path target", "description_kind": "markdown", "computed": true}}, "description": "The targets (Slack channels) for this level", "description_kind": "markdown"}}}}, "max_items": 1}, "repeat": {"nesting_mode": "single", "block": {"attributes": {"repeat_times": {"type": "number", "description": "How many times to repeat these nodes", "description_kind": "markdown", "computed": true}, "to_node": {"type": "string", "description": "Which node ID we begin repeating from.", "description_kind": "markdown", "computed": true}}, "description": "", "description_kind": "plain"}, "max_items": 1}}}}, "then_path": {"nesting_mode": "list", "block": {"attributes": {"id": {"type": "string", "description": "An ID for this node, unique within the escalation path.\n\nThis allows you to reference the node in other nodes, such as when configuring a 'repeat' node.", "description_kind": "markdown", "computed": true}, "type": {"type": "string", "description": "The type of this node. Available types are:\n* level: A set of targets (users or schedules) that should be paged, either all at once, or with a round-robin configuration.\n* notify_channel: Send the escalation to a Slack channel, where it can be acked by anyone in the channel.\n* if_else: Branch the escalation based on a set of conditions.\n* repeat: Go back to a previous node and repeat the logic from there.\n* delay: Pause the escalation for a configured duration before advancing to the next node.", "description_kind": "markdown", "computed": true}}, "description": "Then path nodes", "description_kind": "markdown", "block_types": {"delay": {"nesting_mode": "single", "block": {"attributes": {"delay_interval_condition": {"type": "string", "description": "If the delay is relative to a time window, this defines whether we advance when the window is active or inactive", "description_kind": "markdown", "computed": true}, "delay_seconds": {"type": "number", "description": "How long to delay before advancing to the next node in the path, in seconds", "description_kind": "markdown", "computed": true}, "delay_weekday_interval_config_id": {"type": "string", "description": "If the delay is relative to a time window, this identifies which window it is relative to", "description_kind": "markdown", "computed": true}}, "description": "", "description_kind": "plain"}, "max_items": 1}, "level": {"nesting_mode": "single", "block": {"attributes": {"ack_mode": {"type": "string", "description": "Controls the behaviour of acknowledgements for this level, with 'first' cancelling all other escalations on the same level when someone acks", "description_kind": "markdown", "computed": true}, "time_to_ack_interval_condition": {"type": "string", "description": "If the time to ack is relative to a time window, this defines whether we move when the window is active or inactive", "description_kind": "markdown", "computed": true}, "time_to_ack_seconds": {"type": "number", "description": "How long should we wait for this level to acknowledge before proceeding to the next node in the path?", "description_kind": "markdown", "computed": true}, "time_to_ack_weekday_interval_config_id": {"type": "string", "description": "If the time to ack is relative to a time window, this identifies which window it is relative to", "description_kind": "markdown", "computed": true}}, "description": "", "description_kind": "plain", "block_types": {"round_robin_config": {"nesting_mode": "single", "block": {"attributes": {"enabled": {"type": "bool", "description": "Whether round robin is enabled for this level", "description_kind": "markdown", "computed": true}, "rotate_after_seconds": {"type": "number", "description": "How long should we wait before rotating to the next target in a round robin, if not set will stick with a single target per level.", "description_kind": "markdown", "computed": true}}, "description": "", "description_kind": "plain"}, "max_items": 1}, "targets": {"nesting_mode": "list", "block": {"attributes": {"id": {"type": "string", "description": "Uniquely identifies an entity of this type", "description_kind": "markdown", "computed": true}, "schedule_mode": {"type": "string", "description": "Only set for schedule targets, and either currently_on_call, all_users or all_users_for_rota and specifies which users to fetch from the schedule", "description_kind": "markdown", "computed": true}, "type": {"type": "string", "description": "Controls what type of entity this target identifies, such as EscalationPolicy or User", "description_kind": "markdown", "computed": true}, "urgency": {"type": "string", "description": "The urgency of this escalation path target", "description_kind": "markdown", "computed": true}}, "description": "The targets (users or schedules) for this level", "description_kind": "markdown"}}}}, "max_items": 1}, "notify_channel": {"nesting_mode": "single", "block": {"attributes": {"time_to_ack_interval_condition": {"type": "string", "description": "If the time to ack is relative to a time window, this defines whether we move when the window is active or inactive", "description_kind": "markdown", "computed": true}, "time_to_ack_seconds": {"type": "number", "description": "How long should we wait for this level to acknowledge before moving on to the next node in the path?", "description_kind": "markdown", "computed": true}, "time_to_ack_weekday_interval_config_id": {"type": "string", "description": "If the time to ack is relative to a time window, this identifies which window it is relative to", "description_kind": "markdown", "computed": true}}, "description": "", "description_kind": "plain", "block_types": {"targets": {"nesting_mode": "list", "block": {"attributes": {"id": {"type": "string", "description": "Uniquely identifies an entity of this type", "description_kind": "markdown", "computed": true}, "schedule_mode": {"type": "string", "description": "Only set for schedule targets, and either currently_on_call, all_users or all_users_for_rota and specifies which users to fetch from the schedule", "description_kind": "markdown", "computed": true}, "type": {"type": "string", "description": "Controls what type of entity this target identifies, such as EscalationPolicy or User", "description_kind": "markdown", "computed": true}, "urgency": {"type": "string", "description": "The urgency of this escalation path target", "description_kind": "markdown", "computed": true}}, "description": "The targets (Slack channels) for this level", "description_kind": "markdown"}}}}, "max_items": 1}, "repeat": {"nesting_mode": "single", "block": {"attributes": {"repeat_times": {"type": "number", "description": "How many times to repeat these nodes", "description_kind": "markdown", "computed": true}, "to_node": {"type": "string", "description": "Which node ID we begin repeating from.", "description_kind": "markdown", "computed": true}}, "description": "", "description_kind": "plain"}, "max_items": 1}}}}}}, "max_items": 1}, "level": {"nesting_mode": "single", "block": {"attributes": {"ack_mode": {"type": "string", "description": "Controls the behaviour of acknowledgements for this level, with 'first' cancelling all other escalations on the same level when someone acks", "description_kind": "markdown", "computed": true}, "time_to_ack_interval_condition": {"type": "string", "description": "If the time to ack is relative to a time window, this defines whether we move when the window is active or inactive", "description_kind": "markdown", "computed": true}, "time_to_ack_seconds": {"type": "number", "description": "How long should we wait for this level to acknowledge before proceeding to the next node in the path?", "description_kind": "markdown", "computed": true}, "time_to_ack_weekday_interval_config_id": {"type": "string", "description": "If the time to ack is relative to a time window, this identifies which window it is relative to", "description_kind": "markdown", "computed": true}}, "description": "", "description_kind": "plain", "block_types": {"round_robin_config": {"nesting_mode": "single", "block": {"attributes": {"enabled": {"type": "bool", "description": "Whether round robin is enabled for this level", "description_kind": "markdown", "computed": true}, "rotate_after_seconds": {"type": "number", "description": "How long should we wait before rotating to the next target in a round robin, if not set will stick with a single target per level.", "description_kind": "markdown", "computed": true}}, "description": "", "description_kind": "plain"}, "max_items": 1}, "targets": {"nesting_mode": "list", "block": {"attributes": {"id": {"type": "string", "description": "Uniquely identifies an entity of this type", "description_kind": "markdown", "computed": true}, "schedule_mode": {"type": "string", "description": "Only set for schedule targets, and either currently_on_call, all_users or all_users_for_rota and specifies which users to fetch from the schedule", "description_kind": "markdown", "computed": true}, "type": {"type": "string", "description": "Controls what type of entity this target identifies, such as EscalationPolicy or User", "description_kind": "markdown", "computed": true}, "urgency": {"type": "string", "description": "The urgency of this escalation path target", "description_kind": "markdown", "computed": true}}, "description": "The targets (users or schedules) for this level", "description_kind": "markdown"}}}}, "max_items": 1}, "notify_channel": {"nesting_mode": "single", "block": {"attributes": {"time_to_ack_interval_condition": {"type": "string", "description": "If the time to ack is relative to a time window, this defines whether we move when the window is active or inactive", "description_kind": "markdown", "computed": true}, "time_to_ack_seconds": {"type": "number", "description": "How long should we wait for this level to acknowledge before moving on to the next node in the path?", "description_kind": "markdown", "computed": true}, "time_to_ack_weekday_interval_config_id": {"type": "string", "description": "If the time to ack is relative to a time window, this identifies which window it is relative to", "description_kind": "markdown", "computed": true}}, "description": "", "description_kind": "plain", "block_types": {"targets": {"nesting_mode": "list", "block": {"attributes": {"id": {"type": "string", "description": "Uniquely identifies an entity of this type", "description_kind": "markdown", "computed": true}, "schedule_mode": {"type": "string", "description": "Only set for schedule targets, and either currently_on_call, all_users or all_users_for_rota and specifies which users to fetch from the schedule", "description_kind": "markdown", "computed": true}, "type": {"type": "string", "description": "Controls what type of entity this target identifies, such as EscalationPolicy or User", "description_kind": "markdown", "computed": true}, "urgency": {"type": "string", "description": "The urgency of this escalation path target", "description_kind": "markdown", "computed": true}}, "description": "The targets (Slack channels) for this level", "description_kind": "markdown"}}}}, "max_items": 1}, "repeat": {"nesting_mode": "single", "block": {"attributes": {"repeat_times": {"type": "number", "description": "How many times to repeat these nodes", "description_kind": "markdown", "computed": true}, "to_node": {"type": "string", "description": "Which node ID we begin repeating from.", "description_kind": "markdown", "computed": true}}, "description": "", "description_kind": "plain"}, "max_items": 1}}}}}}, "max_items": 1}, "level": {"nesting_mode": "single", "block": {"attributes": {"ack_mode": {"type": "string", "description": "Controls the behaviour of acknowledgements for this level, with 'first' cancelling all other escalations on the same level when someone acks", "description_kind": "markdown", "computed": true}, "time_to_ack_interval_condition": {"type": "string", "description": "If the time to ack is relative to a time window, this defines whether we move when the window is active or inactive", "description_kind": "markdown", "computed": true}, "time_to_ack_seconds": {"type": "number", "description": "How long should we wait for this level to acknowledge before proceeding to the next node in the path?", "description_kind": "markdown", "computed": true}, "time_to_ack_weekday_interval_config_id": {"type": "string", "description": "If the time to ack is relative to a time window, this identifies which window it is relative to", "description_kind": "markdown", "computed": true}}, "description": "", "description_kind": "plain", "block_types": {"round_robin_config": {"nesting_mode": "single", "block": {"attributes": {"enabled": {"type": "bool", "description": "Whether round robin is enabled for this level", "description_kind": "markdown", "computed": true}, "rotate_after_seconds": {"type": "number", "description": "How long should we wait before rotating to the next target in a round robin, if not set will stick with a single target per level.", "description_kind": "markdown", "computed": true}}, "description": "", "description_kind": "plain"}, "max_items": 1}, "targets": {"nesting_mode": "list", "block": {"attributes": {"id": {"type": "string", "description": "Uniquely identifies an entity of this type", "description_kind": "markdown", "computed": true}, "schedule_mode": {"type": "string", "description": "Only set for schedule targets, and either currently_on_call, all_users or all_users_for_rota and specifies which users to fetch from the schedule", "description_kind": "markdown", "computed": true}, "type": {"type": "string", "description": "Controls what type of entity this target identifies, such as EscalationPolicy or User", "description_kind": "markdown", "computed": true}, "urgency": {"type": "string", "description": "The urgency of this escalation path target", "description_kind": "markdown", "computed": true}}, "description": "The targets (users or schedules) for this level", "description_kind": "markdown"}}}}, "max_items": 1}, "notify_channel": {"nesting_mode": "single", "block": {"attributes": {"time_to_ack_interval_condition": {"type": "string", "description": "If the time to ack is relative to a time window, this defines whether we move when the window is active or inactive", "description_kind": "markdown", "computed": true}, "time_to_ack_seconds": {"type": "number", "description": "How long should we wait for this level to acknowledge before moving on to the next node in the path?", "description_kind": "markdown", "computed": true}, "time_to_ack_weekday_interval_config_id": {"type": "string", "description": "If the time to ack is relative to a time window, this identifies which window it is relative to", "description_kind": "markdown", "computed": true}}, "description": "", "description_kind": "plain", "block_types": {"targets": {"nesting_mode": "list", "block": {"attributes": {"id": {"type": "string", "description": "Uniquely identifies an entity of this type", "description_kind": "markdown", "computed": true}, "schedule_mode": {"type": "string", "description": "Only set for schedule targets, and either currently_on_call, all_users or all_users_for_rota and specifies which users to fetch from the schedule", "description_kind": "markdown", "computed": true}, "type": {"type": "string", "description": "Controls what type of entity this target identifies, such as EscalationPolicy or User", "description_kind": "markdown", "computed": true}, "urgency": {"type": "string", "description": "The urgency of this escalation path target", "description_kind": "markdown", "computed": true}}, "description": "The targets (Slack channels) for this level", "description_kind": "markdown"}}}}, "max_items": 1}, "repeat": {"nesting_mode": "single", "block": {"attributes": {"repeat_times": {"type": "number", "description": "How many times to repeat these nodes", "description_kind": "markdown", "computed": true}, "to_node": {"type": "string", "description": "Which node ID we begin repeating from.", "description_kind": "markdown", "computed": true}}, "description": "", "description_kind": "plain"}, "max_items": 1}}}}}}, "max_items": 1}, "level": {"nesting_mode": "single", "block": {"attributes": {"ack_mode": {"type": "string", "description": "Controls the behaviour of acknowledgements for this level, with 'first' cancelling all other escalations on the same level when someone acks", "description_kind": "markdown", "computed": true}, "time_to_ack_interval_condition": {"type": "string", "description": "If the time to ack is relative to a time window, this defines whether we move when the window is active or inactive", "description_kind": "markdown", "computed": true}, "time_to_ack_seconds": {"type": "number", "description": "How long should we wait for this level to acknowledge before proceeding to the next node in the path?", "description_kind": "markdown", "computed": true}, "time_to_ack_weekday_interval_config_id": {"type": "string", "description": "If the time to ack is relative to a time window, this identifies which window it is relative to", "description_kind": "markdown", "computed": true}}, "description": "", "description_kind": "plain", "block_types": {"round_robin_config": {"nesting_mode": "single", "block": {"attributes": {"enabled": {"type": "bool", "description": "Whether round robin is enabled for this level", "description_kind": "markdown", "computed": true}, "rotate_after_seconds": {"type": "number", "description": "How long should we wait before rotating to the next target in a round robin, if not set will stick with a single target per level.", "description_kind": "markdown", "computed": true}}, "description": "", "description_kind": "plain"}, "max_items": 1}, "targets": {"nesting_mode": "list", "block": {"attributes": {"id": {"type": "string", "description": "Uniquely identifies an entity of this type", "description_kind": "markdown", "computed": true}, "schedule_mode": {"type": "string", "description": "Only set for schedule targets, and either currently_on_call, all_users or all_users_for_rota and specifies which users to fetch from the schedule", "description_kind": "markdown", "computed": true}, "type": {"type": "string", "description": "Controls what type of entity this target identifies, such as EscalationPolicy or User", "description_kind": "markdown", "computed": true}, "urgency": {"type": "string", "description": "The urgency of this escalation path target", "description_kind": "markdown", "computed": true}}, "description": "The targets (users or schedules) for this level", "description_kind": "markdown"}}}}, "max_items": 1}, "notify_channel": {"nesting_mode": "single", "block": {"attributes": {"time_to_ack_interval_condition": {"type": "string", "description": "If the time to ack is relative to a time window, this defines whether we move when the window is active or inactive", "description_kind": "markdown", "computed": true}, "time_to_ack_seconds": {"type": "number", "description": "How long should we wait for this level to acknowledge before moving on to the next node in the path?", "description_kind": "markdown", "computed": true}, "time_to_ack_weekday_interval_config_id": {"type": "string", "description": "If the time to ack is relative to a time window, this identifies which window it is relative to", "description_kind": "markdown", "computed": true}}, "description": "", "description_kind": "plain", "block_types": {"targets": {"nesting_mode": "list", "block": {"attributes": {"id": {"type": "string", "description": "Uniquely identifies an entity of this type", "description_kind": "markdown", "computed": true}, "schedule_mode": {"type": "string", "description": "Only set for schedule targets, and either currently_on_call, all_users or all_users_for_rota and specifies which users to fetch from the schedule", "description_kind": "markdown", "computed": true}, "type": {"type": "string", "description": "Controls what type of entity this target identifies, such as EscalationPolicy or User", "description_kind": "markdown", "computed": true}, "urgency": {"type": "string", "description": "The urgency of this escalation path target", "description_kind": "markdown", "computed": true}}, "description": "The targets (Slack channels) for this level", "description_kind": "markdown"}}}}, "max_items": 1}, "repeat": {"nesting_mode": "single", "block": {"attributes": {"repeat_times": {"type": "number", "description": "How many times to repeat these nodes", "description_kind": "markdown", "computed": true}, "to_node": {"type": "string", "description": "Which node ID we begin repeating from.", "description_kind": "markdown", "computed": true}}, "description": "", "description_kind": "plain"}, "max_items": 1}}}}}}, "max_items": 1}, "level": {"nesting_mode": "single", "block": {"attributes": {"ack_mode": {"type": "string", "description": "Controls the behaviour of acknowledgements for this level, with 'first' cancelling all other escalations on the same level when someone acks", "description_kind": "markdown", "computed": true}, "time_to_ack_interval_condition": {"type": "string", "description": "If the time to ack is relative to a time window, this defines whether we move when the window is active or inactive", "description_kind": "markdown", "computed": true}, "time_to_ack_seconds": {"type": "number", "description": "How long should we wait for this level to acknowledge before proceeding to the next node in the path?", "description_kind": "markdown", "computed": true}, "time_to_ack_weekday_interval_config_id": {"type": "string", "description": "If the time to ack is relative to a time window, this identifies which window it is relative to", "description_kind": "markdown", "computed": true}}, "description": "", "description_kind": "plain", "block_types": {"round_robin_config": {"nesting_mode": "single", "block": {"attributes": {"enabled": {"type": "bool", "description": "Whether round robin is enabled for this level", "description_kind": "markdown", "computed": true}, "rotate_after_seconds": {"type": "number", "description": "How long should we wait before rotating to the next target in a round robin, if not set will stick with a single target per level.", "description_kind": "markdown", "computed": true}}, "description": "", "description_kind": "plain"}, "max_items": 1}, "targets": {"nesting_mode": "list", "block": {"attributes": {"id": {"type": "string", "description": "Uniquely identifies an entity of this type", "description_kind": "markdown", "computed": true}, "schedule_mode": {"type": "string", "description": "Only set for schedule targets, and either currently_on_call, all_users or all_users_for_rota and specifies which users to fetch from the schedule", "description_kind": "markdown", "computed": true}, "type": {"type": "string", "description": "Controls what type of entity this target identifies, such as EscalationPolicy or User", "description_kind": "markdown", "computed": true}, "urgency": {"type": "string", "description": "The urgency of this escalation path target", "description_kind": "markdown", "computed": true}}, "description": "The targets (users or schedules) for this level", "description_kind": "markdown"}}}}, "max_items": 1}, "notify_channel": {"nesting_mode": "single", "block": {"attributes": {"time_to_ack_interval_condition": {"type": "string", "description": "If the time to ack is relative to a time window, this defines whether we move when the window is active or inactive", "description_kind": "markdown", "computed": true}, "time_to_ack_seconds": {"type": "number", "description": "How long should we wait for this level to acknowledge before moving on to the next node in the path?", "description_kind": "markdown", "computed": true}, "time_to_ack_weekday_interval_config_id": {"type": "string", "description": "If the time to ack is relative to a time window, this identifies which window it is relative to", "description_kind": "markdown", "computed": true}}, "description": "", "description_kind": "plain", "block_types": {"targets": {"nesting_mode": "list", "block": {"attributes": {"id": {"type": "string", "description": "Uniquely identifies an entity of this type", "description_kind": "markdown", "computed": true}, "schedule_mode": {"type": "string", "description": "Only set for schedule targets, and either currently_on_call, all_users or all_users_for_rota and specifies which users to fetch from the schedule", "description_kind": "markdown", "computed": true}, "type": {"type": "string", "description": "Controls what type of entity this target identifies, such as EscalationPolicy or User", "description_kind": "markdown", "computed": true}, "urgency": {"type": "string", "description": "The urgency of this escalation path target", "description_kind": "markdown", "computed": true}}, "description": "The targets (Slack channels) for this level", "description_kind": "markdown"}}}}, "max_items": 1}, "repeat": {"nesting_mode": "single", "block": {"attributes": {"repeat_times": {"type": "number", "description": "How many times to repeat these nodes", "description_kind": "markdown", "computed": true}, "to_node": {"type": "string", "description": "Which node ID we begin repeating from.", "description_kind": "markdown", "computed": true}}, "description": "", "description_kind": "plain"}, "max_items": 1}}}}, "repeat_config": {"nesting_mode": "single", "block": {"attributes": {"delay_repeat_on_activity": {"type": "bool", "description": "When true, incident activity resets the repeat timer.", "description_kind": "markdown", "computed": true}, "repeat_after_seconds": {"type": "number", "description": "Number of seconds we'll wait before repeating an escalation.", "description_kind": "markdown", "computed": true}}, "description": "Controls whether and how the escalation path repeats after reaching the end. When configured, the path will restart from the beginning after the specified delay.", "description_kind": "markdown"}, "max_items": 1}, "working_hours": {"nesting_mode": "list", "block": {"attributes": {"id": {"type": "string", "description": "The unique identifier for this set of working intervals", "description_kind": "markdown", "computed": true}, "name": {"type": "string", "description": "A human readable label for this set of working intervals", "description_kind": "markdown", "computed": true}, "timezone": {"type": "string", "description": "How to interpret all the intervals", "description_kind": "markdown", "computed": true}}, "description": "The working hours for this escalation path.", "description_kind": "markdown", "block_types": {"weekday_intervals": {"nesting_mode": "list", "block": {"attributes": {"end_time": {"type": "string", "description": "End time of the interval, in 24hr format", "description_kind": "markdown", "computed": true}, "start_time": {"type": "string", "description": "Start time of the interval, in 24hr format", "description_kind": "markdown", "computed": true}, "weekday": {"type": "string", "description": "Weekdays for use within a schedule or escalation path", "description_kind": "markdown", "computed": true}}, "description": "", "description_kind": "plain"}}}}}}}}, "incident_incident_role": {"version": 0, "block": {"attributes": {"description": {"type": "string", "description": "Describes the purpose of the role", "description_kind": "markdown", "computed": true}, "id": {"type": "string", "description": "Unique identifier for the role", "description_kind": "markdown", "required": true}, "instructions": {"type": "string", "description": "Provided to whoever is nominated for the role. Note that this will be empty for the 'reporter' role.", "description_kind": "markdown", "computed": true}, "name": {"type": "string", "description": "Human readable name of the incident role", "description_kind": "markdown", "computed": true}, "shortform": {"type": "string", "description": "Short human readable name for Slack. Note that this will be empty for the 'reporter' role.", "description_kind": "markdown", "computed": true}}, "description": "This data source provides information about an incident role.", "description_kind": "markdown"}}, "incident_incident_types": {"version": 0, "block": {"attributes": {}, "description": "This data source provides a list of incident types.", "description_kind": "markdown", "block_types": {"incident_types": {"nesting_mode": "list", "block": {"attributes": {"create_in_triage": {"type": "string", "description": "Whether incidents of this must always, or can optionally, be created in triage", "description_kind": "markdown", "computed": true}, "description": {"type": "string", "description": "What is this incident type for?", "description_kind": "markdown", "computed": true}, "id": {"type": "string", "description": "Unique identifier for this Incident Type", "description_kind": "markdown", "computed": true}, "is_default": {"type": "bool", "description": "The default Incident Type is used when no other type is explicitly specified", "description_kind": "markdown", "computed": true}, "name": {"type": "string", "description": "The name of this Incident Type", "description_kind": "markdown", "computed": true}, "private_incidents_only": {"type": "bool", "description": "Should all incidents created with this Incident Type be private?", "description_kind": "markdown", "computed": true}}, "description": "List of incident types.", "description_kind": "markdown"}}}}}, "incident_schedule": {"version": 0, "block": {"attributes": {"id": {"type": "string", "description": "Unique internal ID of the schedule", "description_kind": "markdown", "optional": true, "computed": true}, "name": {"type": "string", "description": "Human readable name synced from external provider", "description_kind": "markdown", "optional": true, "computed": true}, "team_ids": {"type": ["set", "string"], "description": "IDs of teams that own this schedule", "description_kind": "markdown", "computed": true}, "timezone": {"type": "string", "description": "Timezone of the schedule, as interpreted at the point of generating the report", "description_kind": "markdown", "computed": true}}, "description": "View and manage schedules.\nManage your full schedule of on-call rotations, including the users and rotation configuration.\n\n\nUse this data source to retrieve information about an existing schedule.", "description_kind": "markdown"}}, "incident_user": {"version": 0, "block": {"attributes": {"email": {"type": "string", "description_kind": "plain", "optional": true}, "id": {"type": "string", "description_kind": "plain", "optional": true}, "name": {"type": "string", "description_kind": "plain", "computed": true}, "slack_user_id": {"type": "string", "description_kind": "plain", "optional": true}}, "description": "View users.\n\nUsers all have a single base role, and can be assigned multiple custom roles. They can be managed via your Slack workspace or SAML provider.\n", "description_kind": "markdown"}}}}}}